{
  "version": 4,
  "terraform_version": "1.13.0",
  "serial": 1399,
  "lineage": "41a71bb3-9950-e17f-2494-c184cb5ae656",
  "outputs": {
    "api_gateway_url": {
      "value": "https://9p0qb2bwde.execute-api.eu-north-1.amazonaws.com/prod",
      "type": "string"
    },
    "cloudfront_distribution_id": {
      "value": "E392ZD3XPZ9L3L",
      "type": "string"
    },
    "cloudfront_url": {
      "value": "https://d120e83vth7qvx.cloudfront.net",
      "type": "string"
    },
    "cloudwatch_dashboard_url": {
      "value": "https://eu-north-1.console.aws.amazon.com/cloudwatch/home?region=eu-north-1#dashboards:name=recordsw-app-lambda-monitoring",
      "type": "string"
    },
    "dynamodb_table_name": {
      "value": "recordsw-app-auth-tokens",
      "type": "string"
    },
    "eventbridge_rule_name": {
      "value": "recordsw-app-scheduler-rule",
      "type": "string"
    },
    "lambda_functions": {
      "value": {
        "account_names": "recordsw-app-account-names",
        "checkJobStatus": "recordsw-app-check-job-status",
        "create_alert": "recordsw-app-create-alert",
        "get_map_records": "recordsw-app-get-map-records",
        "health": "recordsw-app-health",
        "login": "recordsw-app-login",
        "mapSearch": "recordsw-app-user-maps",
        "mapSearchBackground": "recordsw-app-map-search-background",
        "register": "recordsw-app-register",
        "scheduler": "recordsw-app-scheduler",
        "user_search": "recordsw-app-user-search"
      },
      "type": [
        "object",
        {
          "account_names": "string",
          "checkJobStatus": "string",
          "create_alert": "string",
          "get_map_records": "string",
          "health": "string",
          "login": "string",
          "mapSearch": "string",
          "mapSearchBackground": "string",
          "register": "string",
          "scheduler": "string",
          "user_search": "string"
        }
      ]
    },
    "map_search_results_table_name": {
      "value": "recordsw-app-map-search-results",
      "type": "string"
    },
    "parameter_store_parameters": {
      "value": {
        "account_api": "/prod/ACCOUNT_API",
        "auth_api_url": "/prod/AUTH_API_URL",
        "email_user": "/prod/EMAIL_USER",
        "error_email": "/prod/ERROR_EMAIL",
        "jwt_secret": "/prod/JWT_SECRET",
        "lead_api": "/prod/LEAD_API",
        "neon_db_connection_string": "/prod/NEON_DB_CONNECTION_STRING",
        "neon_db_pw": "/prod/NEON_DB_PW",
        "neon_db_user": "/prod/NEON_DB_USER"
      },
      "type": [
        "object",
        {
          "account_api": "string",
          "auth_api_url": "string",
          "email_user": "string",
          "error_email": "string",
          "jwt_secret": "string",
          "lead_api": "string",
          "neon_db_connection_string": "string",
          "neon_db_pw": "string",
          "neon_db_user": "string"
        }
      ]
    },
    "s3_bucket_name": {
      "value": "recordsw-app-frontend-prod",
      "type": "string"
    },
    "s3_website_url": {
      "value": "http://recordsw-app-frontend-prod.s3-website.eu-north-1.amazonaws.com",
      "type": "string"
    },
    "ses_configuration": {
      "value": {
        "configuration_set_name": "recordsw-app-ses-config",
        "from_email": "recordwatchertm@gmail.com",
        "verified_email": "recordwatchertm@gmail.com"
      },
      "type": [
        "object",
        {
          "configuration_set_name": "string",
          "from_email": "string",
          "verified_email": "string"
        }
      ],
      "sensitive": true
    },
    "sns_topic_arn": {
      "value": "arn:aws:sns:eu-north-1:537928299818:recordsw-app-error-notifications",
      "type": "string"
    }
  },
  "resources": [
    {
      "mode": "data",
      "type": "aws_ssm_parameter",
      "name": "account_api",
      "provider": "provider[\"registry.terraform.io/hashicorp/aws\"]",
      "instances": [
        {
          "schema_version": 0,
          "attributes": {
            "arn": "arn:aws:ssm:eu-north-1:537928299818:parameter/prod/ACCOUNT_API",
            "id": "/prod/ACCOUNT_API",
            "insecure_value": "https://api.trackmania.com/",
            "name": "/prod/ACCOUNT_API",
            "type": "String",
            "value": "https://api.trackmania.com/",
            "version": 1,
            "with_decryption": true
          },
          "sensitive_attributes": [
            [
              {
                "type": "get_attr",
                "value": "value"
              }
            ]
          ],
          "identity_schema_version": 0
        }
      ]
    },
    {
      "mode": "data",
      "type": "aws_ssm_parameter",
      "name": "auth_api_url",
      "provider": "provider[\"registry.terraform.io/hashicorp/aws\"]",
      "instances": [
        {
          "schema_version": 0,
          "attributes": {
            "arn": "arn:aws:ssm:eu-north-1:537928299818:parameter/prod/AUTH_API_URL",
            "id": "/prod/AUTH_API_URL",
            "insecure_value": "https://prod.trackmania.core.nadeo.online/v2/authentication/token/basic",
            "name": "/prod/AUTH_API_URL",
            "type": "String",
            "value": "https://prod.trackmania.core.nadeo.online/v2/authentication/token/basic",
            "version": 1,
            "with_decryption": true
          },
          "sensitive_attributes": [
            [
              {
                "type": "get_attr",
                "value": "value"
              }
            ]
          ],
          "identity_schema_version": 0
        }
      ]
    },
    {
      "mode": "data",
      "type": "aws_ssm_parameter",
      "name": "authorization",
      "provider": "provider[\"registry.terraform.io/hashicorp/aws\"]",
      "instances": [
        {
          "schema_version": 0,
          "attributes": {
            "arn": "arn:aws:ssm:eu-north-1:537928299818:parameter/prod/AUTHORIZATION",
            "id": "/prod/AUTHORIZATION",
            "insecure_value": "",
            "name": "/prod/AUTHORIZATION",
            "type": "SecureString",
            "value": "cmVjb3JkX3dhdGNoZXI6LTRKXT9KLEU8dF1RVnZ6RA==",
            "version": 3,
            "with_decryption": true
          },
          "sensitive_attributes": [
            [
              {
                "type": "get_attr",
                "value": "value"
              }
            ]
          ],
          "identity_schema_version": 0
        }
      ]
    },
    {
      "mode": "data",
      "type": "aws_ssm_parameter",
      "name": "email_user",
      "provider": "provider[\"registry.terraform.io/hashicorp/aws\"]",
      "instances": [
        {
          "schema_version": 0,
          "attributes": {
            "arn": "arn:aws:ssm:eu-north-1:537928299818:parameter/prod/EMAIL_USER",
            "id": "/prod/EMAIL_USER",
            "insecure_value": "",
            "name": "/prod/EMAIL_USER",
            "type": "SecureString",
            "value": "recordwatchertm@gmail.com",
            "version": 3,
            "with_decryption": true
          },
          "sensitive_attributes": [
            [
              {
                "type": "get_attr",
                "value": "value"
              }
            ]
          ],
          "identity_schema_version": 0
        }
      ]
    },
    {
      "mode": "data",
      "type": "aws_ssm_parameter",
      "name": "error_email",
      "provider": "provider[\"registry.terraform.io/hashicorp/aws\"]",
      "instances": [
        {
          "schema_version": 0,
          "attributes": {
            "arn": "arn:aws:ssm:eu-north-1:537928299818:parameter/prod/ERROR_EMAIL",
            "id": "/prod/ERROR_EMAIL",
            "insecure_value": "fantomass@gmail.com",
            "name": "/prod/ERROR_EMAIL",
            "type": "String",
            "value": "fantomass@gmail.com",
            "version": 1,
            "with_decryption": true
          },
          "sensitive_attributes": [
            [
              {
                "type": "get_attr",
                "value": "value"
              }
            ]
          ],
          "identity_schema_version": 0
        }
      ]
    },
    {
      "mode": "data",
      "type": "aws_ssm_parameter",
      "name": "jwt_secret",
      "provider": "provider[\"registry.terraform.io/hashicorp/aws\"]",
      "instances": [
        {
          "schema_version": 0,
          "attributes": {
            "arn": "arn:aws:ssm:eu-north-1:537928299818:parameter/prod/JWT_SECRET",
            "id": "/prod/JWT_SECRET",
            "insecure_value": "",
            "name": "/prod/JWT_SECRET",
            "type": "SecureString",
            "value": "super_secret_key_dev_chatgpt_gave_me_this_lol_prod_version",
            "version": 3,
            "with_decryption": true
          },
          "sensitive_attributes": [
            [
              {
                "type": "get_attr",
                "value": "value"
              }
            ]
          ],
          "identity_schema_version": 0
        }
      ]
    },
    {
      "mode": "data",
      "type": "aws_ssm_parameter",
      "name": "lead_api",
      "provider": "provider[\"registry.terraform.io/hashicorp/aws\"]",
      "instances": [
        {
          "schema_version": 0,
          "attributes": {
            "arn": "arn:aws:ssm:eu-north-1:537928299818:parameter/prod/LEAD_API",
            "id": "/prod/LEAD_API",
            "insecure_value": "https://live-services.trackmania.nadeo.live",
            "name": "/prod/LEAD_API",
            "type": "String",
            "value": "https://live-services.trackmania.nadeo.live",
            "version": 1,
            "with_decryption": true
          },
          "sensitive_attributes": [
            [
              {
                "type": "get_attr",
                "value": "value"
              }
            ]
          ],
          "identity_schema_version": 0
        }
      ]
    },
    {
      "mode": "data",
      "type": "aws_ssm_parameter",
      "name": "neon_db_connection_string",
      "provider": "provider[\"registry.terraform.io/hashicorp/aws\"]",
      "instances": [
        {
          "schema_version": 0,
          "attributes": {
            "arn": "arn:aws:ssm:eu-north-1:537928299818:parameter/prod/NEON_DB_CONNECTION_STRING",
            "id": "/prod/NEON_DB_CONNECTION_STRING",
            "insecure_value": "postgresql://neondb_owner:npg_lx3Cneta9vDy@ep-spring-paper-ag2kheik-pooler.c-2.eu-central-1.aws.neon.tech/neondb?sslmode=require\u0026channel_binding=require",
            "name": "/prod/NEON_DB_CONNECTION_STRING",
            "type": "String",
            "value": "postgresql://neondb_owner:npg_lx3Cneta9vDy@ep-spring-paper-ag2kheik-pooler.c-2.eu-central-1.aws.neon.tech/neondb?sslmode=require\u0026channel_binding=require",
            "version": 1,
            "with_decryption": true
          },
          "sensitive_attributes": [
            [
              {
                "type": "get_attr",
                "value": "value"
              }
            ]
          ],
          "identity_schema_version": 0
        }
      ]
    },
    {
      "mode": "data",
      "type": "aws_ssm_parameter",
      "name": "neon_db_pw",
      "provider": "provider[\"registry.terraform.io/hashicorp/aws\"]",
      "instances": [
        {
          "schema_version": 0,
          "attributes": {
            "arn": "arn:aws:ssm:eu-north-1:537928299818:parameter/prod/NEON_DB_PW",
            "id": "/prod/NEON_DB_PW",
            "insecure_value": "",
            "name": "/prod/NEON_DB_PW",
            "type": "SecureString",
            "value": "npg_lx3Cneta9vDy",
            "version": 1,
            "with_decryption": true
          },
          "sensitive_attributes": [
            [
              {
                "type": "get_attr",
                "value": "value"
              }
            ]
          ],
          "identity_schema_version": 0
        }
      ]
    },
    {
      "mode": "data",
      "type": "aws_ssm_parameter",
      "name": "neon_db_user",
      "provider": "provider[\"registry.terraform.io/hashicorp/aws\"]",
      "instances": [
        {
          "schema_version": 0,
          "attributes": {
            "arn": "arn:aws:ssm:eu-north-1:537928299818:parameter/prod/NEON_DB_USER",
            "id": "/prod/NEON_DB_USER",
            "insecure_value": "neondb_owner",
            "name": "/prod/NEON_DB_USER",
            "type": "String",
            "value": "neondb_owner",
            "version": 1,
            "with_decryption": true
          },
          "sensitive_attributes": [
            [
              {
                "type": "get_attr",
                "value": "value"
              }
            ]
          ],
          "identity_schema_version": 0
        }
      ]
    },
    {
      "mode": "data",
      "type": "aws_ssm_parameter",
      "name": "oclient_id",
      "provider": "provider[\"registry.terraform.io/hashicorp/aws\"]",
      "instances": [
        {
          "schema_version": 0,
          "attributes": {
            "arn": "arn:aws:ssm:eu-north-1:537928299818:parameter/prod/OCLIENT_ID",
            "id": "/prod/OCLIENT_ID",
            "insecure_value": "e6b99c8528829f8045f9",
            "name": "/prod/OCLIENT_ID",
            "type": "String",
            "value": "e6b99c8528829f8045f9",
            "version": 3,
            "with_decryption": true
          },
          "sensitive_attributes": [
            [
              {
                "type": "get_attr",
                "value": "value"
              }
            ]
          ],
          "identity_schema_version": 0
        }
      ]
    },
    {
      "mode": "data",
      "type": "aws_ssm_parameter",
      "name": "oclient_secret",
      "provider": "provider[\"registry.terraform.io/hashicorp/aws\"]",
      "instances": [
        {
          "schema_version": 0,
          "attributes": {
            "arn": "arn:aws:ssm:eu-north-1:537928299818:parameter/prod/OCLIENT_SECRET",
            "id": "/prod/OCLIENT_SECRET",
            "insecure_value": "",
            "name": "/prod/OCLIENT_SECRET",
            "type": "SecureString",
            "value": "ef7ce9af256996f2977bacf1ca0debec4c87339e",
            "version": 3,
            "with_decryption": true
          },
          "sensitive_attributes": [
            [
              {
                "type": "get_attr",
                "value": "value"
              }
            ]
          ],
          "identity_schema_version": 0
        }
      ]
    },
    {
      "mode": "data",
      "type": "aws_ssm_parameter",
      "name": "user_agent",
      "provider": "provider[\"registry.terraform.io/hashicorp/aws\"]",
      "instances": [
        {
          "schema_version": 0,
          "attributes": {
            "arn": "arn:aws:ssm:eu-north-1:537928299818:parameter/prod/USER_AGENT",
            "id": "/prod/USER_AGENT",
            "insecure_value": "",
            "name": "/prod/USER_AGENT",
            "type": "SecureString",
            "value": "record_watcher/fantomass@gmail.com",
            "version": 3,
            "with_decryption": true
          },
          "sensitive_attributes": [
            [
              {
                "type": "get_attr",
                "value": "value"
              }
            ]
          ],
          "identity_schema_version": 0
        }
      ]
    },
    {
      "mode": "managed",
      "type": "aws_api_gateway_deployment",
      "name": "api_deployment",
      "provider": "provider[\"registry.terraform.io/hashicorp/aws\"]",
      "instances": [
        {
          "schema_version": 0,
          "attributes": {
            "canary_settings": [],
            "created_date": "2025-09-12T13:57:59Z",
            "description": "",
            "execution_arn": "arn:aws:execute-api:eu-north-1:537928299818:9p0qb2bwde/",
            "id": "bi1mpb",
            "invoke_url": "https://9p0qb2bwde.execute-api.eu-north-1.amazonaws.com/",
            "rest_api_id": "9p0qb2bwde",
            "stage_description": null,
            "stage_name": null,
            "triggers": {
              "redeployment": "6bf40195f04431cbf0372f93fef891d911de52b7"
            },
            "variables": null
          },
          "sensitive_attributes": [],
          "identity_schema_version": 0,
          "private": "bnVsbA==",
          "dependencies": [
            "aws_api_gateway_integration.account_names_integration",
            "aws_api_gateway_integration.account_names_options_integration",
            "aws_api_gateway_integration.alerts_delete_integration",
            "aws_api_gateway_integration.alerts_get_integration",
            "aws_api_gateway_integration.alerts_id_options_integration",
            "aws_api_gateway_integration.alerts_integration",
            "aws_api_gateway_integration.alerts_options_integration",
            "aws_api_gateway_integration.driver_maps_search_integration",
            "aws_api_gateway_integration.driver_maps_search_options_integration",
            "aws_api_gateway_integration.driver_notifications_delete_integration",
            "aws_api_gateway_integration.driver_notifications_get_integration",
            "aws_api_gateway_integration.driver_notifications_id_options_integration",
            "aws_api_gateway_integration.driver_notifications_options_integration",
            "aws_api_gateway_integration.driver_notifications_post_integration",
            "aws_api_gateway_integration.job_status_integration",
            "aws_api_gateway_integration.job_status_options_integration",
            "aws_api_gateway_integration.latest_integration",
            "aws_api_gateway_integration.latest_options_integration",
            "aws_api_gateway_integration.login_integration",
            "aws_api_gateway_integration.login_options_integration",
            "aws_api_gateway_integration.logout_integration",
            "aws_api_gateway_integration.logout_options_integration",
            "aws_api_gateway_integration.maps_integration",
            "aws_api_gateway_integration.maps_options_integration",
            "aws_api_gateway_integration.refresh_integration",
            "aws_api_gateway_integration.refresh_options_integration",
            "aws_api_gateway_integration.register_integration",
            "aws_api_gateway_integration.register_options_integration",
            "aws_api_gateway_integration.search_integration",
            "aws_api_gateway_integration.search_options_integration",
            "aws_api_gateway_integration.test_advanced_get_integration",
            "aws_api_gateway_integration.test_advanced_options_integration",
            "aws_api_gateway_integration.test_advanced_post_integration",
            "aws_api_gateway_integration.test_get_integration",
            "aws_api_gateway_integration.test_options_integration",
            "aws_api_gateway_integration.test_post_integration",
            "aws_api_gateway_integration.user_tm_username_get_integration",
            "aws_api_gateway_integration.user_tm_username_options_integration",
            "aws_api_gateway_integration.user_tm_username_post_integration",
            "aws_api_gateway_integration_response.account_names_options_integration_response",
            "aws_api_gateway_integration_response.alerts_id_options_integration_response",
            "aws_api_gateway_integration_response.alerts_options_integration_response",
            "aws_api_gateway_integration_response.driver_maps_search_options_integration_response",
            "aws_api_gateway_integration_response.driver_notifications_id_options_integration_response",
            "aws_api_gateway_integration_response.driver_notifications_options_integration_response",
            "aws_api_gateway_integration_response.job_status_options_integration_response",
            "aws_api_gateway_integration_response.latest_options_integration_response",
            "aws_api_gateway_integration_response.login_options_integration_response",
            "aws_api_gateway_integration_response.logout_options_integration_response",
            "aws_api_gateway_integration_response.maps_options_integration_response",
            "aws_api_gateway_integration_response.refresh_options_integration_response",
            "aws_api_gateway_integration_response.register_options_integration_response",
            "aws_api_gateway_integration_response.search_options_integration_response",
            "aws_api_gateway_integration_response.test_advanced_options_integration_response",
            "aws_api_gateway_integration_response.test_options_integration_response",
            "aws_api_gateway_integration_response.user_tm_username_options_integration_response",
            "aws_api_gateway_method.account_names_options",
            "aws_api_gateway_method.account_names_post",
            "aws_api_gateway_method.alerts_delete",
            "aws_api_gateway_method.alerts_get",
            "aws_api_gateway_method.alerts_id_options",
            "aws_api_gateway_method.alerts_options",
            "aws_api_gateway_method.alerts_post",
            "aws_api_gateway_method.driver_maps_search_get",
            "aws_api_gateway_method.driver_maps_search_options",
            "aws_api_gateway_method.driver_notifications_delete",
            "aws_api_gateway_method.driver_notifications_get",
            "aws_api_gateway_method.driver_notifications_id_options",
            "aws_api_gateway_method.driver_notifications_options",
            "aws_api_gateway_method.driver_notifications_post",
            "aws_api_gateway_method.job_status_get",
            "aws_api_gateway_method.job_status_options",
            "aws_api_gateway_method.latest_get",
            "aws_api_gateway_method.latest_options",
            "aws_api_gateway_method.login_options",
            "aws_api_gateway_method.login_post",
            "aws_api_gateway_method.logout_options",
            "aws_api_gateway_method.logout_post",
            "aws_api_gateway_method.maps_get",
            "aws_api_gateway_method.maps_options",
            "aws_api_gateway_method.refresh_options",
            "aws_api_gateway_method.refresh_post",
            "aws_api_gateway_method.register_options",
            "aws_api_gateway_method.register_post",
            "aws_api_gateway_method.search_get",
            "aws_api_gateway_method.search_options",
            "aws_api_gateway_method.test_advanced_get",
            "aws_api_gateway_method.test_advanced_options",
            "aws_api_gateway_method.test_advanced_post",
            "aws_api_gateway_method.test_get",
            "aws_api_gateway_method.test_options",
            "aws_api_gateway_method.test_post",
            "aws_api_gateway_method.user_tm_username_get",
            "aws_api_gateway_method.user_tm_username_options",
            "aws_api_gateway_method.user_tm_username_post",
            "aws_api_gateway_method_response.account_names_options_200",
            "aws_api_gateway_method_response.alerts_id_options_200",
            "aws_api_gateway_method_response.alerts_options_200",
            "aws_api_gateway_method_response.driver_maps_search_options_200",
            "aws_api_gateway_method_response.driver_notifications_id_options_200",
            "aws_api_gateway_method_response.driver_notifications_options_200",
            "aws_api_gateway_method_response.job_status_options_200",
            "aws_api_gateway_method_response.latest_options_200",
            "aws_api_gateway_method_response.login_options_200",
            "aws_api_gateway_method_response.logout_options_200",
            "aws_api_gateway_method_response.maps_options_200",
            "aws_api_gateway_method_response.refresh_options_200",
            "aws_api_gateway_method_response.register_options_200",
            "aws_api_gateway_method_response.search_options_200",
            "aws_api_gateway_method_response.test_advanced_options_200",
            "aws_api_gateway_method_response.test_options_200",
            "aws_api_gateway_method_response.user_tm_username_options_200",
            "aws_api_gateway_resource.account_names",
            "aws_api_gateway_resource.alerts",
            "aws_api_gateway_resource.alerts_id",
            "aws_api_gateway_resource.api_v1",
            "aws_api_gateway_resource.driver",
            "aws_api_gateway_resource.driver_maps",
            "aws_api_gateway_resource.driver_maps_search",
            "aws_api_gateway_resource.driver_notifications",
            "aws_api_gateway_resource.driver_notifications_id",
            "aws_api_gateway_resource.job_id",
            "aws_api_gateway_resource.latest",
            "aws_api_gateway_resource.login",
            "aws_api_gateway_resource.logout",
            "aws_api_gateway_resource.maps",
            "aws_api_gateway_resource.maps_status",
            "aws_api_gateway_resource.records",
            "aws_api_gateway_resource.refresh",
            "aws_api_gateway_resource.register",
            "aws_api_gateway_resource.search",
            "aws_api_gateway_resource.test",
            "aws_api_gateway_resource.test_advanced",
            "aws_api_gateway_resource.user_tm_username",
            "aws_api_gateway_resource.users",
            "aws_api_gateway_resource.v1",
            "aws_api_gateway_rest_api.api",
            "aws_dynamodb_table.auth_tokens",
            "aws_dynamodb_table.daily_emails",
            "aws_dynamodb_table.driver_notification_jobs",
            "aws_dynamodb_table.map_search_results",
            "aws_dynamodb_table.user_sessions",
            "aws_iam_role.lambda_role",
            "aws_iam_role_policy.lambda_dynamodb_policy",
            "aws_iam_role_policy_attachment.lambda_policy",
            "aws_lambda_function.account_names",
            "aws_lambda_function.checkJobStatus",
            "aws_lambda_function.create_alert",
            "aws_lambda_function.driver_notifications",
            "aws_lambda_function.get_map_records",
            "aws_lambda_function.login",
            "aws_lambda_function.logout",
            "aws_lambda_function.mapSearch",
            "aws_lambda_function.map_search_driver",
            "aws_lambda_function.refresh_token",
            "aws_lambda_function.register",
            "aws_lambda_function.test",
            "aws_lambda_function.test_advanced",
            "aws_lambda_function.user_search",
            "aws_lambda_function.verify_tm_username",
            "aws_sns_topic.error_notifications",
            "aws_sqs_queue.driver_notification_dlq",
            "aws_sqs_queue.driver_notification_queue",
            "aws_sqs_queue.map_search_dlq",
            "aws_sqs_queue.map_search_queue",
            "aws_sqs_queue.scheduler_dlq",
            "aws_sqs_queue.scheduler_queue",
            "data.aws_ssm_parameter.auth_api_url",
            "data.aws_ssm_parameter.authorization",
            "data.aws_ssm_parameter.jwt_secret",
            "data.aws_ssm_parameter.lead_api",
            "data.aws_ssm_parameter.neon_db_connection_string",
            "data.aws_ssm_parameter.oclient_id",
            "data.aws_ssm_parameter.oclient_secret",
            "data.aws_ssm_parameter.user_agent"
          ],
          "create_before_destroy": true
        }
      ]
    },
    {
      "mode": "managed",
      "type": "aws_api_gateway_gateway_response",
      "name": "default_4xx",
      "provider": "provider[\"registry.terraform.io/hashicorp/aws\"]",
      "instances": [
        {
          "schema_version": 0,
          "attributes": {
            "id": "aggr-9p0qb2bwde-DEFAULT_4XX",
            "response_parameters": {
              "gatewayresponse.header.Access-Control-Allow-Headers": "'*'",
              "gatewayresponse.header.Access-Control-Allow-Methods": "'GET,POST,DELETE,OPTIONS'",
              "gatewayresponse.header.Access-Control-Allow-Origin": "'*'"
            },
            "response_templates": {
              "application/json": "{\"message\":$context.error.messageString}"
            },
            "response_type": "DEFAULT_4XX",
            "rest_api_id": "9p0qb2bwde",
            "status_code": ""
          },
          "sensitive_attributes": [],
          "identity_schema_version": 0,
          "private": "bnVsbA==",
          "dependencies": [
            "aws_api_gateway_rest_api.api"
          ]
        }
      ]
    },
    {
      "mode": "managed",
      "type": "aws_api_gateway_gateway_response",
      "name": "default_5xx",
      "provider": "provider[\"registry.terraform.io/hashicorp/aws\"]",
      "instances": [
        {
          "schema_version": 0,
          "attributes": {
            "id": "aggr-9p0qb2bwde-DEFAULT_5XX",
            "response_parameters": {
              "gatewayresponse.header.Access-Control-Allow-Headers": "'*'",
              "gatewayresponse.header.Access-Control-Allow-Methods": "'GET,POST,DELETE,OPTIONS'",
              "gatewayresponse.header.Access-Control-Allow-Origin": "'*'"
            },
            "response_templates": {
              "application/json": "{\"message\":$context.error.messageString}"
            },
            "response_type": "DEFAULT_5XX",
            "rest_api_id": "9p0qb2bwde",
            "status_code": ""
          },
          "sensitive_attributes": [],
          "identity_schema_version": 0,
          "private": "bnVsbA==",
          "dependencies": [
            "aws_api_gateway_rest_api.api"
          ]
        }
      ]
    },
    {
      "mode": "managed",
      "type": "aws_api_gateway_integration",
      "name": "account_names_integration",
      "provider": "provider[\"registry.terraform.io/hashicorp/aws\"]",
      "instances": [
        {
          "schema_version": 0,
          "attributes": {
            "cache_key_parameters": [],
            "cache_namespace": "bzf6cf",
            "connection_id": "",
            "connection_type": "INTERNET",
            "content_handling": "",
            "credentials": "",
            "http_method": "POST",
            "id": "agi-9p0qb2bwde-bzf6cf-POST",
            "integration_http_method": "POST",
            "passthrough_behavior": "WHEN_NO_MATCH",
            "request_parameters": {},
            "request_templates": {},
            "resource_id": "bzf6cf",
            "rest_api_id": "9p0qb2bwde",
            "timeout_milliseconds": 29000,
            "tls_config": [],
            "type": "AWS_PROXY",
            "uri": "arn:aws:apigateway:eu-north-1:lambda:path/2015-03-31/functions/arn:aws:lambda:eu-north-1:537928299818:function:recordsw-app-account-names/invocations"
          },
          "sensitive_attributes": [],
          "identity_schema_version": 0,
          "private": "bnVsbA==",
          "dependencies": [
            "aws_api_gateway_method.account_names_post",
            "aws_api_gateway_resource.account_names",
            "aws_api_gateway_resource.api_v1",
            "aws_api_gateway_resource.users",
            "aws_api_gateway_resource.v1",
            "aws_api_gateway_rest_api.api",
            "aws_dynamodb_table.auth_tokens",
            "aws_dynamodb_table.daily_emails",
            "aws_dynamodb_table.driver_notification_jobs",
            "aws_dynamodb_table.map_search_results",
            "aws_dynamodb_table.user_sessions",
            "aws_iam_role.lambda_role",
            "aws_iam_role_policy.lambda_dynamodb_policy",
            "aws_iam_role_policy_attachment.lambda_policy",
            "aws_lambda_function.account_names",
            "aws_sns_topic.error_notifications",
            "aws_sqs_queue.driver_notification_dlq",
            "aws_sqs_queue.driver_notification_queue",
            "aws_sqs_queue.map_search_dlq",
            "aws_sqs_queue.map_search_queue",
            "aws_sqs_queue.scheduler_dlq",
            "aws_sqs_queue.scheduler_queue",
            "data.aws_ssm_parameter.oclient_id",
            "data.aws_ssm_parameter.oclient_secret"
          ],
          "create_before_destroy": true
        }
      ]
    },
    {
      "mode": "managed",
      "type": "aws_api_gateway_integration",
      "name": "account_names_options_integration",
      "provider": "provider[\"registry.terraform.io/hashicorp/aws\"]",
      "instances": [
        {
          "schema_version": 0,
          "attributes": {
            "cache_key_parameters": [],
            "cache_namespace": "bzf6cf",
            "connection_id": "",
            "connection_type": "INTERNET",
            "content_handling": "",
            "credentials": "",
            "http_method": "OPTIONS",
            "id": "agi-9p0qb2bwde-bzf6cf-OPTIONS",
            "integration_http_method": "",
            "passthrough_behavior": "WHEN_NO_MATCH",
            "request_parameters": {},
            "request_templates": {
              "application/json": "{\"statusCode\": 200}"
            },
            "resource_id": "bzf6cf",
            "rest_api_id": "9p0qb2bwde",
            "timeout_milliseconds": 29000,
            "tls_config": [],
            "type": "MOCK",
            "uri": ""
          },
          "sensitive_attributes": [],
          "identity_schema_version": 0,
          "private": "bnVsbA==",
          "dependencies": [
            "aws_api_gateway_method.account_names_options",
            "aws_api_gateway_resource.account_names",
            "aws_api_gateway_resource.api_v1",
            "aws_api_gateway_resource.users",
            "aws_api_gateway_resource.v1",
            "aws_api_gateway_rest_api.api"
          ],
          "create_before_destroy": true
        }
      ]
    },
    {
      "mode": "managed",
      "type": "aws_api_gateway_integration",
      "name": "alerts_delete_integration",
      "provider": "provider[\"registry.terraform.io/hashicorp/aws\"]",
      "instances": [
        {
          "schema_version": 0,
          "attributes": {
            "cache_key_parameters": [],
            "cache_namespace": "ge0es9",
            "connection_id": "",
            "connection_type": "INTERNET",
            "content_handling": "",
            "credentials": "",
            "http_method": "DELETE",
            "id": "agi-9p0qb2bwde-ge0es9-DELETE",
            "integration_http_method": "POST",
            "passthrough_behavior": "WHEN_NO_MATCH",
            "request_parameters": {},
            "request_templates": {},
            "resource_id": "ge0es9",
            "rest_api_id": "9p0qb2bwde",
            "timeout_milliseconds": 29000,
            "tls_config": [],
            "type": "AWS_PROXY",
            "uri": "arn:aws:apigateway:eu-north-1:lambda:path/2015-03-31/functions/arn:aws:lambda:eu-north-1:537928299818:function:recordsw-app-create-alert/invocations"
          },
          "sensitive_attributes": [],
          "identity_schema_version": 0,
          "private": "bnVsbA==",
          "dependencies": [
            "aws_api_gateway_method.alerts_delete",
            "aws_api_gateway_resource.alerts",
            "aws_api_gateway_resource.alerts_id",
            "aws_api_gateway_resource.api_v1",
            "aws_api_gateway_resource.users",
            "aws_api_gateway_resource.v1",
            "aws_api_gateway_rest_api.api",
            "aws_dynamodb_table.auth_tokens",
            "aws_dynamodb_table.daily_emails",
            "aws_dynamodb_table.driver_notification_jobs",
            "aws_dynamodb_table.map_search_results",
            "aws_dynamodb_table.user_sessions",
            "aws_iam_role.lambda_role",
            "aws_iam_role_policy.lambda_dynamodb_policy",
            "aws_iam_role_policy_attachment.lambda_policy",
            "aws_lambda_function.create_alert",
            "aws_sns_topic.error_notifications",
            "aws_sqs_queue.driver_notification_dlq",
            "aws_sqs_queue.driver_notification_queue",
            "aws_sqs_queue.map_search_dlq",
            "aws_sqs_queue.map_search_queue",
            "aws_sqs_queue.scheduler_dlq",
            "aws_sqs_queue.scheduler_queue",
            "data.aws_ssm_parameter.jwt_secret",
            "data.aws_ssm_parameter.neon_db_connection_string"
          ],
          "create_before_destroy": true
        }
      ]
    },
    {
      "mode": "managed",
      "type": "aws_api_gateway_integration",
      "name": "alerts_get_integration",
      "provider": "provider[\"registry.terraform.io/hashicorp/aws\"]",
      "instances": [
        {
          "schema_version": 0,
          "attributes": {
            "cache_key_parameters": [],
            "cache_namespace": "pb2zk4",
            "connection_id": "",
            "connection_type": "INTERNET",
            "content_handling": "",
            "credentials": "",
            "http_method": "GET",
            "id": "agi-9p0qb2bwde-pb2zk4-GET",
            "integration_http_method": "POST",
            "passthrough_behavior": "WHEN_NO_MATCH",
            "request_parameters": {},
            "request_templates": {},
            "resource_id": "pb2zk4",
            "rest_api_id": "9p0qb2bwde",
            "timeout_milliseconds": 29000,
            "tls_config": [],
            "type": "AWS_PROXY",
            "uri": "arn:aws:apigateway:eu-north-1:lambda:path/2015-03-31/functions/arn:aws:lambda:eu-north-1:537928299818:function:recordsw-app-create-alert/invocations"
          },
          "sensitive_attributes": [],
          "identity_schema_version": 0,
          "private": "bnVsbA==",
          "dependencies": [
            "aws_api_gateway_method.alerts_get",
            "aws_api_gateway_resource.alerts",
            "aws_api_gateway_resource.api_v1",
            "aws_api_gateway_resource.users",
            "aws_api_gateway_resource.v1",
            "aws_api_gateway_rest_api.api",
            "aws_dynamodb_table.auth_tokens",
            "aws_dynamodb_table.daily_emails",
            "aws_dynamodb_table.driver_notification_jobs",
            "aws_dynamodb_table.map_search_results",
            "aws_dynamodb_table.user_sessions",
            "aws_iam_role.lambda_role",
            "aws_iam_role_policy.lambda_dynamodb_policy",
            "aws_iam_role_policy_attachment.lambda_policy",
            "aws_lambda_function.create_alert",
            "aws_sns_topic.error_notifications",
            "aws_sqs_queue.driver_notification_dlq",
            "aws_sqs_queue.driver_notification_queue",
            "aws_sqs_queue.map_search_dlq",
            "aws_sqs_queue.map_search_queue",
            "aws_sqs_queue.scheduler_dlq",
            "aws_sqs_queue.scheduler_queue",
            "data.aws_ssm_parameter.jwt_secret",
            "data.aws_ssm_parameter.neon_db_connection_string"
          ],
          "create_before_destroy": true
        }
      ]
    },
    {
      "mode": "managed",
      "type": "aws_api_gateway_integration",
      "name": "alerts_id_options_integration",
      "provider": "provider[\"registry.terraform.io/hashicorp/aws\"]",
      "instances": [
        {
          "schema_version": 0,
          "attributes": {
            "cache_key_parameters": [],
            "cache_namespace": "ge0es9",
            "connection_id": "",
            "connection_type": "INTERNET",
            "content_handling": "",
            "credentials": "",
            "http_method": "OPTIONS",
            "id": "agi-9p0qb2bwde-ge0es9-OPTIONS",
            "integration_http_method": "",
            "passthrough_behavior": "WHEN_NO_MATCH",
            "request_parameters": {},
            "request_templates": {
              "application/json": "{\"statusCode\": 200}"
            },
            "resource_id": "ge0es9",
            "rest_api_id": "9p0qb2bwde",
            "timeout_milliseconds": 29000,
            "tls_config": [],
            "type": "MOCK",
            "uri": ""
          },
          "sensitive_attributes": [],
          "identity_schema_version": 0,
          "private": "bnVsbA==",
          "dependencies": [
            "aws_api_gateway_method.alerts_id_options",
            "aws_api_gateway_resource.alerts",
            "aws_api_gateway_resource.alerts_id",
            "aws_api_gateway_resource.api_v1",
            "aws_api_gateway_resource.users",
            "aws_api_gateway_resource.v1",
            "aws_api_gateway_rest_api.api"
          ],
          "create_before_destroy": true
        }
      ]
    },
    {
      "mode": "managed",
      "type": "aws_api_gateway_integration",
      "name": "alerts_integration",
      "provider": "provider[\"registry.terraform.io/hashicorp/aws\"]",
      "instances": [
        {
          "schema_version": 0,
          "attributes": {
            "cache_key_parameters": [],
            "cache_namespace": "pb2zk4",
            "connection_id": "",
            "connection_type": "INTERNET",
            "content_handling": "",
            "credentials": "",
            "http_method": "POST",
            "id": "agi-9p0qb2bwde-pb2zk4-POST",
            "integration_http_method": "POST",
            "passthrough_behavior": "WHEN_NO_MATCH",
            "request_parameters": {},
            "request_templates": {},
            "resource_id": "pb2zk4",
            "rest_api_id": "9p0qb2bwde",
            "timeout_milliseconds": 29000,
            "tls_config": [],
            "type": "AWS_PROXY",
            "uri": "arn:aws:apigateway:eu-north-1:lambda:path/2015-03-31/functions/arn:aws:lambda:eu-north-1:537928299818:function:recordsw-app-create-alert/invocations"
          },
          "sensitive_attributes": [],
          "identity_schema_version": 0,
          "private": "bnVsbA==",
          "dependencies": [
            "aws_api_gateway_method.alerts_post",
            "aws_api_gateway_resource.alerts",
            "aws_api_gateway_resource.api_v1",
            "aws_api_gateway_resource.users",
            "aws_api_gateway_resource.v1",
            "aws_api_gateway_rest_api.api",
            "aws_dynamodb_table.auth_tokens",
            "aws_dynamodb_table.daily_emails",
            "aws_dynamodb_table.driver_notification_jobs",
            "aws_dynamodb_table.map_search_results",
            "aws_dynamodb_table.user_sessions",
            "aws_iam_role.lambda_role",
            "aws_iam_role_policy.lambda_dynamodb_policy",
            "aws_iam_role_policy_attachment.lambda_policy",
            "aws_lambda_function.create_alert",
            "aws_sns_topic.error_notifications",
            "aws_sqs_queue.driver_notification_dlq",
            "aws_sqs_queue.driver_notification_queue",
            "aws_sqs_queue.map_search_dlq",
            "aws_sqs_queue.map_search_queue",
            "aws_sqs_queue.scheduler_dlq",
            "aws_sqs_queue.scheduler_queue",
            "data.aws_ssm_parameter.jwt_secret",
            "data.aws_ssm_parameter.neon_db_connection_string"
          ],
          "create_before_destroy": true
        }
      ]
    },
    {
      "mode": "managed",
      "type": "aws_api_gateway_integration",
      "name": "alerts_options_integration",
      "provider": "provider[\"registry.terraform.io/hashicorp/aws\"]",
      "instances": [
        {
          "schema_version": 0,
          "attributes": {
            "cache_key_parameters": [],
            "cache_namespace": "pb2zk4",
            "connection_id": "",
            "connection_type": "INTERNET",
            "content_handling": "",
            "credentials": "",
            "http_method": "OPTIONS",
            "id": "agi-9p0qb2bwde-pb2zk4-OPTIONS",
            "integration_http_method": "",
            "passthrough_behavior": "WHEN_NO_MATCH",
            "request_parameters": {},
            "request_templates": {
              "application/json": "{\"statusCode\": 200}"
            },
            "resource_id": "pb2zk4",
            "rest_api_id": "9p0qb2bwde",
            "timeout_milliseconds": 29000,
            "tls_config": [],
            "type": "MOCK",
            "uri": ""
          },
          "sensitive_attributes": [],
          "identity_schema_version": 0,
          "private": "bnVsbA==",
          "dependencies": [
            "aws_api_gateway_method.alerts_options",
            "aws_api_gateway_resource.alerts",
            "aws_api_gateway_resource.api_v1",
            "aws_api_gateway_resource.users",
            "aws_api_gateway_resource.v1",
            "aws_api_gateway_rest_api.api"
          ],
          "create_before_destroy": true
        }
      ]
    },
    {
      "mode": "managed",
      "type": "aws_api_gateway_integration",
      "name": "driver_maps_search_integration",
      "provider": "provider[\"registry.terraform.io/hashicorp/aws\"]",
      "instances": [
        {
          "schema_version": 0,
          "attributes": {
            "cache_key_parameters": [],
            "cache_namespace": "bmkuz3",
            "connection_id": "",
            "connection_type": "INTERNET",
            "content_handling": "",
            "credentials": "",
            "http_method": "GET",
            "id": "agi-9p0qb2bwde-bmkuz3-GET",
            "integration_http_method": "POST",
            "passthrough_behavior": "WHEN_NO_MATCH",
            "request_parameters": {},
            "request_templates": {},
            "resource_id": "bmkuz3",
            "rest_api_id": "9p0qb2bwde",
            "timeout_milliseconds": 29000,
            "tls_config": [],
            "type": "AWS_PROXY",
            "uri": "arn:aws:apigateway:eu-north-1:lambda:path/2015-03-31/functions/arn:aws:lambda:eu-north-1:537928299818:function:recordsw-app-map-search-driver/invocations"
          },
          "sensitive_attributes": [],
          "identity_schema_version": 0,
          "private": "bnVsbA==",
          "dependencies": [
            "aws_api_gateway_method.driver_maps_search_get",
            "aws_api_gateway_resource.api_v1",
            "aws_api_gateway_resource.driver",
            "aws_api_gateway_resource.driver_maps",
            "aws_api_gateway_resource.driver_maps_search",
            "aws_api_gateway_resource.v1",
            "aws_api_gateway_rest_api.api",
            "aws_iam_role.lambda_role",
            "aws_iam_role_policy_attachment.lambda_policy",
            "aws_lambda_function.map_search_driver",
            "data.aws_ssm_parameter.jwt_secret"
          ],
          "create_before_destroy": true
        }
      ]
    },
    {
      "mode": "managed",
      "type": "aws_api_gateway_integration",
      "name": "driver_maps_search_options_integration",
      "provider": "provider[\"registry.terraform.io/hashicorp/aws\"]",
      "instances": [
        {
          "schema_version": 0,
          "attributes": {
            "cache_key_parameters": [],
            "cache_namespace": "bmkuz3",
            "connection_id": "",
            "connection_type": "INTERNET",
            "content_handling": "",
            "credentials": "",
            "http_method": "OPTIONS",
            "id": "agi-9p0qb2bwde-bmkuz3-OPTIONS",
            "integration_http_method": "",
            "passthrough_behavior": "WHEN_NO_MATCH",
            "request_parameters": {},
            "request_templates": {
              "application/json": "{\"statusCode\": 200}"
            },
            "resource_id": "bmkuz3",
            "rest_api_id": "9p0qb2bwde",
            "timeout_milliseconds": 29000,
            "tls_config": [],
            "type": "MOCK",
            "uri": ""
          },
          "sensitive_attributes": [],
          "identity_schema_version": 0,
          "private": "bnVsbA==",
          "dependencies": [
            "aws_api_gateway_method.driver_maps_search_options",
            "aws_api_gateway_resource.api_v1",
            "aws_api_gateway_resource.driver",
            "aws_api_gateway_resource.driver_maps",
            "aws_api_gateway_resource.driver_maps_search",
            "aws_api_gateway_resource.v1",
            "aws_api_gateway_rest_api.api"
          ],
          "create_before_destroy": true
        }
      ]
    },
    {
      "mode": "managed",
      "type": "aws_api_gateway_integration",
      "name": "driver_notifications_delete_integration",
      "provider": "provider[\"registry.terraform.io/hashicorp/aws\"]",
      "instances": [
        {
          "schema_version": 0,
          "attributes": {
            "cache_key_parameters": [],
            "cache_namespace": "9l4rx0",
            "connection_id": "",
            "connection_type": "INTERNET",
            "content_handling": "",
            "credentials": "",
            "http_method": "DELETE",
            "id": "agi-9p0qb2bwde-9l4rx0-DELETE",
            "integration_http_method": "POST",
            "passthrough_behavior": "WHEN_NO_MATCH",
            "request_parameters": {},
            "request_templates": {},
            "resource_id": "9l4rx0",
            "rest_api_id": "9p0qb2bwde",
            "timeout_milliseconds": 29000,
            "tls_config": [],
            "type": "AWS_PROXY",
            "uri": "arn:aws:apigateway:eu-north-1:lambda:path/2015-03-31/functions/arn:aws:lambda:eu-north-1:537928299818:function:recordsw-app-driver-notifications/invocations"
          },
          "sensitive_attributes": [],
          "identity_schema_version": 0,
          "private": "bnVsbA==",
          "dependencies": [
            "aws_api_gateway_method.driver_notifications_delete",
            "aws_api_gateway_resource.api_v1",
            "aws_api_gateway_resource.driver",
            "aws_api_gateway_resource.driver_notifications",
            "aws_api_gateway_resource.driver_notifications_id",
            "aws_api_gateway_resource.v1",
            "aws_api_gateway_rest_api.api",
            "aws_dynamodb_table.auth_tokens",
            "aws_dynamodb_table.daily_emails",
            "aws_dynamodb_table.driver_notification_jobs",
            "aws_dynamodb_table.map_search_results",
            "aws_dynamodb_table.user_sessions",
            "aws_iam_role.lambda_role",
            "aws_iam_role_policy.lambda_dynamodb_policy",
            "aws_iam_role_policy_attachment.lambda_policy",
            "aws_lambda_function.driver_notifications",
            "aws_sns_topic.error_notifications",
            "aws_sqs_queue.driver_notification_dlq",
            "aws_sqs_queue.driver_notification_queue",
            "aws_sqs_queue.map_search_dlq",
            "aws_sqs_queue.map_search_queue",
            "aws_sqs_queue.scheduler_dlq",
            "aws_sqs_queue.scheduler_queue",
            "data.aws_ssm_parameter.auth_api_url",
            "data.aws_ssm_parameter.authorization",
            "data.aws_ssm_parameter.jwt_secret",
            "data.aws_ssm_parameter.lead_api",
            "data.aws_ssm_parameter.neon_db_connection_string",
            "data.aws_ssm_parameter.oclient_id",
            "data.aws_ssm_parameter.oclient_secret",
            "data.aws_ssm_parameter.user_agent"
          ],
          "create_before_destroy": true
        }
      ]
    },
    {
      "mode": "managed",
      "type": "aws_api_gateway_integration",
      "name": "driver_notifications_get_integration",
      "provider": "provider[\"registry.terraform.io/hashicorp/aws\"]",
      "instances": [
        {
          "schema_version": 0,
          "attributes": {
            "cache_key_parameters": [],
            "cache_namespace": "vd2vqh",
            "connection_id": "",
            "connection_type": "INTERNET",
            "content_handling": "",
            "credentials": "",
            "http_method": "GET",
            "id": "agi-9p0qb2bwde-vd2vqh-GET",
            "integration_http_method": "POST",
            "passthrough_behavior": "WHEN_NO_MATCH",
            "request_parameters": {},
            "request_templates": {},
            "resource_id": "vd2vqh",
            "rest_api_id": "9p0qb2bwde",
            "timeout_milliseconds": 29000,
            "tls_config": [],
            "type": "AWS_PROXY",
            "uri": "arn:aws:apigateway:eu-north-1:lambda:path/2015-03-31/functions/arn:aws:lambda:eu-north-1:537928299818:function:recordsw-app-driver-notifications/invocations"
          },
          "sensitive_attributes": [],
          "identity_schema_version": 0,
          "private": "bnVsbA==",
          "dependencies": [
            "aws_api_gateway_method.driver_notifications_get",
            "aws_api_gateway_resource.api_v1",
            "aws_api_gateway_resource.driver",
            "aws_api_gateway_resource.driver_notifications",
            "aws_api_gateway_resource.v1",
            "aws_api_gateway_rest_api.api",
            "aws_dynamodb_table.auth_tokens",
            "aws_dynamodb_table.daily_emails",
            "aws_dynamodb_table.driver_notification_jobs",
            "aws_dynamodb_table.map_search_results",
            "aws_dynamodb_table.user_sessions",
            "aws_iam_role.lambda_role",
            "aws_iam_role_policy.lambda_dynamodb_policy",
            "aws_iam_role_policy_attachment.lambda_policy",
            "aws_lambda_function.driver_notifications",
            "aws_sns_topic.error_notifications",
            "aws_sqs_queue.driver_notification_dlq",
            "aws_sqs_queue.driver_notification_queue",
            "aws_sqs_queue.map_search_dlq",
            "aws_sqs_queue.map_search_queue",
            "aws_sqs_queue.scheduler_dlq",
            "aws_sqs_queue.scheduler_queue",
            "data.aws_ssm_parameter.auth_api_url",
            "data.aws_ssm_parameter.authorization",
            "data.aws_ssm_parameter.jwt_secret",
            "data.aws_ssm_parameter.lead_api",
            "data.aws_ssm_parameter.neon_db_connection_string",
            "data.aws_ssm_parameter.oclient_id",
            "data.aws_ssm_parameter.oclient_secret",
            "data.aws_ssm_parameter.user_agent"
          ],
          "create_before_destroy": true
        }
      ]
    },
    {
      "mode": "managed",
      "type": "aws_api_gateway_integration",
      "name": "driver_notifications_id_options_integration",
      "provider": "provider[\"registry.terraform.io/hashicorp/aws\"]",
      "instances": [
        {
          "schema_version": 0,
          "attributes": {
            "cache_key_parameters": [],
            "cache_namespace": "9l4rx0",
            "connection_id": "",
            "connection_type": "INTERNET",
            "content_handling": "",
            "credentials": "",
            "http_method": "OPTIONS",
            "id": "agi-9p0qb2bwde-9l4rx0-OPTIONS",
            "integration_http_method": "",
            "passthrough_behavior": "WHEN_NO_MATCH",
            "request_parameters": {},
            "request_templates": {
              "application/json": "{\"statusCode\": 200}"
            },
            "resource_id": "9l4rx0",
            "rest_api_id": "9p0qb2bwde",
            "timeout_milliseconds": 29000,
            "tls_config": [],
            "type": "MOCK",
            "uri": ""
          },
          "sensitive_attributes": [],
          "identity_schema_version": 0,
          "private": "bnVsbA==",
          "dependencies": [
            "aws_api_gateway_method.driver_notifications_id_options",
            "aws_api_gateway_resource.api_v1",
            "aws_api_gateway_resource.driver",
            "aws_api_gateway_resource.driver_notifications",
            "aws_api_gateway_resource.driver_notifications_id",
            "aws_api_gateway_resource.v1",
            "aws_api_gateway_rest_api.api"
          ],
          "create_before_destroy": true
        }
      ]
    },
    {
      "mode": "managed",
      "type": "aws_api_gateway_integration",
      "name": "driver_notifications_options_integration",
      "provider": "provider[\"registry.terraform.io/hashicorp/aws\"]",
      "instances": [
        {
          "schema_version": 0,
          "attributes": {
            "cache_key_parameters": [],
            "cache_namespace": "vd2vqh",
            "connection_id": "",
            "connection_type": "INTERNET",
            "content_handling": "",
            "credentials": "",
            "http_method": "OPTIONS",
            "id": "agi-9p0qb2bwde-vd2vqh-OPTIONS",
            "integration_http_method": "",
            "passthrough_behavior": "WHEN_NO_MATCH",
            "request_parameters": {},
            "request_templates": {
              "application/json": "{\"statusCode\": 200}"
            },
            "resource_id": "vd2vqh",
            "rest_api_id": "9p0qb2bwde",
            "timeout_milliseconds": 29000,
            "tls_config": [],
            "type": "MOCK",
            "uri": ""
          },
          "sensitive_attributes": [],
          "identity_schema_version": 0,
          "private": "bnVsbA==",
          "dependencies": [
            "aws_api_gateway_method.driver_notifications_options",
            "aws_api_gateway_resource.api_v1",
            "aws_api_gateway_resource.driver",
            "aws_api_gateway_resource.driver_notifications",
            "aws_api_gateway_resource.v1",
            "aws_api_gateway_rest_api.api"
          ],
          "create_before_destroy": true
        }
      ]
    },
    {
      "mode": "managed",
      "type": "aws_api_gateway_integration",
      "name": "driver_notifications_post_integration",
      "provider": "provider[\"registry.terraform.io/hashicorp/aws\"]",
      "instances": [
        {
          "schema_version": 0,
          "attributes": {
            "cache_key_parameters": [],
            "cache_namespace": "vd2vqh",
            "connection_id": "",
            "connection_type": "INTERNET",
            "content_handling": "",
            "credentials": "",
            "http_method": "POST",
            "id": "agi-9p0qb2bwde-vd2vqh-POST",
            "integration_http_method": "POST",
            "passthrough_behavior": "WHEN_NO_MATCH",
            "request_parameters": {},
            "request_templates": {},
            "resource_id": "vd2vqh",
            "rest_api_id": "9p0qb2bwde",
            "timeout_milliseconds": 29000,
            "tls_config": [],
            "type": "AWS_PROXY",
            "uri": "arn:aws:apigateway:eu-north-1:lambda:path/2015-03-31/functions/arn:aws:lambda:eu-north-1:537928299818:function:recordsw-app-driver-notifications/invocations"
          },
          "sensitive_attributes": [],
          "identity_schema_version": 0,
          "private": "bnVsbA==",
          "dependencies": [
            "aws_api_gateway_method.driver_notifications_post",
            "aws_api_gateway_resource.api_v1",
            "aws_api_gateway_resource.driver",
            "aws_api_gateway_resource.driver_notifications",
            "aws_api_gateway_resource.v1",
            "aws_api_gateway_rest_api.api",
            "aws_dynamodb_table.auth_tokens",
            "aws_dynamodb_table.daily_emails",
            "aws_dynamodb_table.driver_notification_jobs",
            "aws_dynamodb_table.map_search_results",
            "aws_dynamodb_table.user_sessions",
            "aws_iam_role.lambda_role",
            "aws_iam_role_policy.lambda_dynamodb_policy",
            "aws_iam_role_policy_attachment.lambda_policy",
            "aws_lambda_function.driver_notifications",
            "aws_sns_topic.error_notifications",
            "aws_sqs_queue.driver_notification_dlq",
            "aws_sqs_queue.driver_notification_queue",
            "aws_sqs_queue.map_search_dlq",
            "aws_sqs_queue.map_search_queue",
            "aws_sqs_queue.scheduler_dlq",
            "aws_sqs_queue.scheduler_queue",
            "data.aws_ssm_parameter.auth_api_url",
            "data.aws_ssm_parameter.authorization",
            "data.aws_ssm_parameter.jwt_secret",
            "data.aws_ssm_parameter.lead_api",
            "data.aws_ssm_parameter.neon_db_connection_string",
            "data.aws_ssm_parameter.oclient_id",
            "data.aws_ssm_parameter.oclient_secret",
            "data.aws_ssm_parameter.user_agent"
          ],
          "create_before_destroy": true
        }
      ]
    },
    {
      "mode": "managed",
      "type": "aws_api_gateway_integration",
      "name": "health_integration",
      "provider": "provider[\"registry.terraform.io/hashicorp/aws\"]",
      "instances": [
        {
          "schema_version": 0,
          "attributes": {
            "cache_key_parameters": [],
            "cache_namespace": "xm7yjj",
            "connection_id": "",
            "connection_type": "INTERNET",
            "content_handling": "",
            "credentials": "",
            "http_method": "GET",
            "id": "agi-9p0qb2bwde-xm7yjj-GET",
            "integration_http_method": "POST",
            "passthrough_behavior": "WHEN_NO_MATCH",
            "request_parameters": {},
            "request_templates": {},
            "resource_id": "xm7yjj",
            "rest_api_id": "9p0qb2bwde",
            "timeout_milliseconds": 29000,
            "tls_config": [],
            "type": "AWS_PROXY",
            "uri": "arn:aws:apigateway:eu-north-1:lambda:path/2015-03-31/functions/arn:aws:lambda:eu-north-1:537928299818:function:recordsw-app-health/invocations"
          },
          "sensitive_attributes": [],
          "identity_schema_version": 0,
          "private": "bnVsbA==",
          "dependencies": [
            "aws_api_gateway_method.health_get",
            "aws_api_gateway_resource.health",
            "aws_api_gateway_rest_api.api",
            "aws_dynamodb_table.auth_tokens",
            "aws_dynamodb_table.daily_emails",
            "aws_dynamodb_table.driver_notification_jobs",
            "aws_dynamodb_table.map_search_results",
            "aws_dynamodb_table.user_sessions",
            "aws_iam_role.lambda_role",
            "aws_iam_role_policy.lambda_dynamodb_policy",
            "aws_iam_role_policy_attachment.lambda_policy",
            "aws_lambda_function.health",
            "aws_sns_topic.error_notifications",
            "aws_sqs_queue.driver_notification_dlq",
            "aws_sqs_queue.driver_notification_queue",
            "aws_sqs_queue.map_search_dlq",
            "aws_sqs_queue.map_search_queue",
            "aws_sqs_queue.scheduler_dlq",
            "aws_sqs_queue.scheduler_queue"
          ]
        }
      ]
    },
    {
      "mode": "managed",
      "type": "aws_api_gateway_integration",
      "name": "job_status_integration",
      "provider": "provider[\"registry.terraform.io/hashicorp/aws\"]",
      "instances": [
        {
          "schema_version": 0,
          "attributes": {
            "cache_key_parameters": [],
            "cache_namespace": "7a0cut",
            "connection_id": "",
            "connection_type": "INTERNET",
            "content_handling": "",
            "credentials": "",
            "http_method": "GET",
            "id": "agi-9p0qb2bwde-7a0cut-GET",
            "integration_http_method": "POST",
            "passthrough_behavior": "WHEN_NO_MATCH",
            "request_parameters": {},
            "request_templates": {},
            "resource_id": "7a0cut",
            "rest_api_id": "9p0qb2bwde",
            "timeout_milliseconds": 29000,
            "tls_config": [],
            "type": "AWS_PROXY",
            "uri": "arn:aws:apigateway:eu-north-1:lambda:path/2015-03-31/functions/arn:aws:lambda:eu-north-1:537928299818:function:recordsw-app-check-job-status/invocations"
          },
          "sensitive_attributes": [],
          "identity_schema_version": 0,
          "private": "bnVsbA==",
          "dependencies": [
            "aws_api_gateway_method.job_status_get",
            "aws_api_gateway_resource.api_v1",
            "aws_api_gateway_resource.job_id",
            "aws_api_gateway_resource.maps",
            "aws_api_gateway_resource.maps_status",
            "aws_api_gateway_resource.users",
            "aws_api_gateway_resource.v1",
            "aws_api_gateway_rest_api.api",
            "aws_dynamodb_table.auth_tokens",
            "aws_dynamodb_table.daily_emails",
            "aws_dynamodb_table.driver_notification_jobs",
            "aws_dynamodb_table.map_search_results",
            "aws_dynamodb_table.user_sessions",
            "aws_iam_role.lambda_role",
            "aws_iam_role_policy.lambda_dynamodb_policy",
            "aws_iam_role_policy_attachment.lambda_policy",
            "aws_lambda_function.checkJobStatus",
            "aws_sns_topic.error_notifications",
            "aws_sqs_queue.driver_notification_dlq",
            "aws_sqs_queue.driver_notification_queue",
            "aws_sqs_queue.map_search_dlq",
            "aws_sqs_queue.map_search_queue",
            "aws_sqs_queue.scheduler_dlq",
            "aws_sqs_queue.scheduler_queue"
          ],
          "create_before_destroy": true
        }
      ]
    },
    {
      "mode": "managed",
      "type": "aws_api_gateway_integration",
      "name": "job_status_options_integration",
      "provider": "provider[\"registry.terraform.io/hashicorp/aws\"]",
      "instances": [
        {
          "schema_version": 0,
          "attributes": {
            "cache_key_parameters": [],
            "cache_namespace": "7a0cut",
            "connection_id": "",
            "connection_type": "INTERNET",
            "content_handling": "",
            "credentials": "",
            "http_method": "OPTIONS",
            "id": "agi-9p0qb2bwde-7a0cut-OPTIONS",
            "integration_http_method": "",
            "passthrough_behavior": "WHEN_NO_MATCH",
            "request_parameters": {},
            "request_templates": {
              "application/json": "{\"statusCode\": 200}"
            },
            "resource_id": "7a0cut",
            "rest_api_id": "9p0qb2bwde",
            "timeout_milliseconds": 29000,
            "tls_config": [],
            "type": "MOCK",
            "uri": ""
          },
          "sensitive_attributes": [],
          "identity_schema_version": 0,
          "private": "bnVsbA==",
          "dependencies": [
            "aws_api_gateway_method.job_status_options",
            "aws_api_gateway_resource.api_v1",
            "aws_api_gateway_resource.job_id",
            "aws_api_gateway_resource.maps",
            "aws_api_gateway_resource.maps_status",
            "aws_api_gateway_resource.users",
            "aws_api_gateway_resource.v1",
            "aws_api_gateway_rest_api.api"
          ],
          "create_before_destroy": true
        }
      ]
    },
    {
      "mode": "managed",
      "type": "aws_api_gateway_integration",
      "name": "latest_integration",
      "provider": "provider[\"registry.terraform.io/hashicorp/aws\"]",
      "instances": [
        {
          "schema_version": 0,
          "attributes": {
            "cache_key_parameters": [],
            "cache_namespace": "i2qkpk",
            "connection_id": "",
            "connection_type": "INTERNET",
            "content_handling": "",
            "credentials": "",
            "http_method": "GET",
            "id": "agi-9p0qb2bwde-i2qkpk-GET",
            "integration_http_method": "POST",
            "passthrough_behavior": "WHEN_NO_MATCH",
            "request_parameters": {},
            "request_templates": {},
            "resource_id": "i2qkpk",
            "rest_api_id": "9p0qb2bwde",
            "timeout_milliseconds": 29000,
            "tls_config": [],
            "type": "AWS_PROXY",
            "uri": "arn:aws:apigateway:eu-north-1:lambda:path/2015-03-31/functions/arn:aws:lambda:eu-north-1:537928299818:function:recordsw-app-get-map-records/invocations"
          },
          "sensitive_attributes": [],
          "identity_schema_version": 0,
          "private": "bnVsbA==",
          "dependencies": [
            "aws_api_gateway_method.latest_get",
            "aws_api_gateway_resource.api_v1",
            "aws_api_gateway_resource.latest",
            "aws_api_gateway_resource.records",
            "aws_api_gateway_resource.v1",
            "aws_api_gateway_rest_api.api",
            "aws_dynamodb_table.auth_tokens",
            "aws_dynamodb_table.daily_emails",
            "aws_dynamodb_table.driver_notification_jobs",
            "aws_dynamodb_table.map_search_results",
            "aws_dynamodb_table.user_sessions",
            "aws_iam_role.lambda_role",
            "aws_iam_role_policy.lambda_dynamodb_policy",
            "aws_iam_role_policy_attachment.lambda_policy",
            "aws_lambda_function.get_map_records",
            "aws_sns_topic.error_notifications",
            "aws_sqs_queue.driver_notification_dlq",
            "aws_sqs_queue.driver_notification_queue",
            "aws_sqs_queue.map_search_dlq",
            "aws_sqs_queue.map_search_queue",
            "aws_sqs_queue.scheduler_dlq",
            "aws_sqs_queue.scheduler_queue",
            "data.aws_ssm_parameter.auth_api_url",
            "data.aws_ssm_parameter.authorization",
            "data.aws_ssm_parameter.lead_api",
            "data.aws_ssm_parameter.user_agent"
          ],
          "create_before_destroy": true
        }
      ]
    },
    {
      "mode": "managed",
      "type": "aws_api_gateway_integration",
      "name": "latest_options_integration",
      "provider": "provider[\"registry.terraform.io/hashicorp/aws\"]",
      "instances": [
        {
          "schema_version": 0,
          "attributes": {
            "cache_key_parameters": [],
            "cache_namespace": "i2qkpk",
            "connection_id": "",
            "connection_type": "INTERNET",
            "content_handling": "",
            "credentials": "",
            "http_method": "OPTIONS",
            "id": "agi-9p0qb2bwde-i2qkpk-OPTIONS",
            "integration_http_method": "",
            "passthrough_behavior": "WHEN_NO_MATCH",
            "request_parameters": {},
            "request_templates": {
              "application/json": "{\"statusCode\": 200}"
            },
            "resource_id": "i2qkpk",
            "rest_api_id": "9p0qb2bwde",
            "timeout_milliseconds": 29000,
            "tls_config": [],
            "type": "MOCK",
            "uri": ""
          },
          "sensitive_attributes": [],
          "identity_schema_version": 0,
          "private": "bnVsbA==",
          "dependencies": [
            "aws_api_gateway_method.latest_options",
            "aws_api_gateway_resource.api_v1",
            "aws_api_gateway_resource.latest",
            "aws_api_gateway_resource.records",
            "aws_api_gateway_resource.v1",
            "aws_api_gateway_rest_api.api"
          ],
          "create_before_destroy": true
        }
      ]
    },
    {
      "mode": "managed",
      "type": "aws_api_gateway_integration",
      "name": "login_integration",
      "provider": "provider[\"registry.terraform.io/hashicorp/aws\"]",
      "instances": [
        {
          "schema_version": 0,
          "attributes": {
            "cache_key_parameters": [],
            "cache_namespace": "j80rp0",
            "connection_id": "",
            "connection_type": "INTERNET",
            "content_handling": "",
            "credentials": "",
            "http_method": "POST",
            "id": "agi-9p0qb2bwde-j80rp0-POST",
            "integration_http_method": "POST",
            "passthrough_behavior": "WHEN_NO_MATCH",
            "request_parameters": {},
            "request_templates": {},
            "resource_id": "j80rp0",
            "rest_api_id": "9p0qb2bwde",
            "timeout_milliseconds": 29000,
            "tls_config": [],
            "type": "AWS_PROXY",
            "uri": "arn:aws:apigateway:eu-north-1:lambda:path/2015-03-31/functions/arn:aws:lambda:eu-north-1:537928299818:function:recordsw-app-login/invocations"
          },
          "sensitive_attributes": [],
          "identity_schema_version": 0,
          "private": "bnVsbA==",
          "dependencies": [
            "aws_api_gateway_method.login_post",
            "aws_api_gateway_resource.api_v1",
            "aws_api_gateway_resource.login",
            "aws_api_gateway_resource.users",
            "aws_api_gateway_resource.v1",
            "aws_api_gateway_rest_api.api",
            "aws_dynamodb_table.auth_tokens",
            "aws_dynamodb_table.daily_emails",
            "aws_dynamodb_table.driver_notification_jobs",
            "aws_dynamodb_table.map_search_results",
            "aws_dynamodb_table.user_sessions",
            "aws_iam_role.lambda_role",
            "aws_iam_role_policy.lambda_dynamodb_policy",
            "aws_iam_role_policy_attachment.lambda_policy",
            "aws_lambda_function.login",
            "aws_sns_topic.error_notifications",
            "aws_sqs_queue.driver_notification_dlq",
            "aws_sqs_queue.driver_notification_queue",
            "aws_sqs_queue.map_search_dlq",
            "aws_sqs_queue.map_search_queue",
            "aws_sqs_queue.scheduler_dlq",
            "aws_sqs_queue.scheduler_queue",
            "data.aws_ssm_parameter.jwt_secret",
            "data.aws_ssm_parameter.neon_db_connection_string"
          ],
          "create_before_destroy": true
        }
      ]
    },
    {
      "mode": "managed",
      "type": "aws_api_gateway_integration",
      "name": "login_options_integration",
      "provider": "provider[\"registry.terraform.io/hashicorp/aws\"]",
      "instances": [
        {
          "schema_version": 0,
          "attributes": {
            "cache_key_parameters": [],
            "cache_namespace": "j80rp0",
            "connection_id": "",
            "connection_type": "INTERNET",
            "content_handling": "",
            "credentials": "",
            "http_method": "OPTIONS",
            "id": "agi-9p0qb2bwde-j80rp0-OPTIONS",
            "integration_http_method": "",
            "passthrough_behavior": "WHEN_NO_MATCH",
            "request_parameters": {},
            "request_templates": {
              "application/json": "{\"statusCode\": 200}"
            },
            "resource_id": "j80rp0",
            "rest_api_id": "9p0qb2bwde",
            "timeout_milliseconds": 29000,
            "tls_config": [],
            "type": "MOCK",
            "uri": ""
          },
          "sensitive_attributes": [],
          "identity_schema_version": 0,
          "private": "bnVsbA==",
          "dependencies": [
            "aws_api_gateway_method.login_options",
            "aws_api_gateway_resource.api_v1",
            "aws_api_gateway_resource.login",
            "aws_api_gateway_resource.users",
            "aws_api_gateway_resource.v1",
            "aws_api_gateway_rest_api.api"
          ],
          "create_before_destroy": true
        }
      ]
    },
    {
      "mode": "managed",
      "type": "aws_api_gateway_integration",
      "name": "logout_integration",
      "provider": "provider[\"registry.terraform.io/hashicorp/aws\"]",
      "instances": [
        {
          "schema_version": 0,
          "attributes": {
            "cache_key_parameters": [],
            "cache_namespace": "f6g2f7",
            "connection_id": "",
            "connection_type": "INTERNET",
            "content_handling": "",
            "credentials": "",
            "http_method": "POST",
            "id": "agi-9p0qb2bwde-f6g2f7-POST",
            "integration_http_method": "POST",
            "passthrough_behavior": "WHEN_NO_MATCH",
            "request_parameters": {},
            "request_templates": {},
            "resource_id": "f6g2f7",
            "rest_api_id": "9p0qb2bwde",
            "timeout_milliseconds": 29000,
            "tls_config": [],
            "type": "AWS_PROXY",
            "uri": "arn:aws:apigateway:eu-north-1:lambda:path/2015-03-31/functions/arn:aws:lambda:eu-north-1:537928299818:function:recordsw-app-logout/invocations"
          },
          "sensitive_attributes": [],
          "identity_schema_version": 0,
          "private": "bnVsbA==",
          "dependencies": [
            "aws_api_gateway_method.logout_post",
            "aws_api_gateway_resource.api_v1",
            "aws_api_gateway_resource.logout",
            "aws_api_gateway_resource.users",
            "aws_api_gateway_resource.v1",
            "aws_api_gateway_rest_api.api",
            "aws_dynamodb_table.auth_tokens",
            "aws_dynamodb_table.daily_emails",
            "aws_dynamodb_table.driver_notification_jobs",
            "aws_dynamodb_table.map_search_results",
            "aws_dynamodb_table.user_sessions",
            "aws_iam_role.lambda_role",
            "aws_iam_role_policy.lambda_dynamodb_policy",
            "aws_iam_role_policy_attachment.lambda_policy",
            "aws_lambda_function.logout",
            "aws_sns_topic.error_notifications",
            "aws_sqs_queue.driver_notification_dlq",
            "aws_sqs_queue.driver_notification_queue",
            "aws_sqs_queue.map_search_dlq",
            "aws_sqs_queue.map_search_queue",
            "aws_sqs_queue.scheduler_dlq",
            "aws_sqs_queue.scheduler_queue",
            "data.aws_ssm_parameter.jwt_secret"
          ],
          "create_before_destroy": true
        }
      ]
    },
    {
      "mode": "managed",
      "type": "aws_api_gateway_integration",
      "name": "logout_options_integration",
      "provider": "provider[\"registry.terraform.io/hashicorp/aws\"]",
      "instances": [
        {
          "schema_version": 0,
          "attributes": {
            "cache_key_parameters": [],
            "cache_namespace": "f6g2f7",
            "connection_id": "",
            "connection_type": "INTERNET",
            "content_handling": "",
            "credentials": "",
            "http_method": "OPTIONS",
            "id": "agi-9p0qb2bwde-f6g2f7-OPTIONS",
            "integration_http_method": "",
            "passthrough_behavior": "WHEN_NO_MATCH",
            "request_parameters": {},
            "request_templates": {
              "application/json": "{\"statusCode\": 200}"
            },
            "resource_id": "f6g2f7",
            "rest_api_id": "9p0qb2bwde",
            "timeout_milliseconds": 29000,
            "tls_config": [],
            "type": "MOCK",
            "uri": ""
          },
          "sensitive_attributes": [],
          "identity_schema_version": 0,
          "private": "bnVsbA==",
          "dependencies": [
            "aws_api_gateway_method.logout_options",
            "aws_api_gateway_resource.api_v1",
            "aws_api_gateway_resource.logout",
            "aws_api_gateway_resource.users",
            "aws_api_gateway_resource.v1",
            "aws_api_gateway_rest_api.api"
          ],
          "create_before_destroy": true
        }
      ]
    },
    {
      "mode": "managed",
      "type": "aws_api_gateway_integration",
      "name": "maps_integration",
      "provider": "provider[\"registry.terraform.io/hashicorp/aws\"]",
      "instances": [
        {
          "schema_version": 0,
          "attributes": {
            "cache_key_parameters": [],
            "cache_namespace": "hni54t",
            "connection_id": "",
            "connection_type": "INTERNET",
            "content_handling": "",
            "credentials": "",
            "http_method": "GET",
            "id": "agi-9p0qb2bwde-hni54t-GET",
            "integration_http_method": "POST",
            "passthrough_behavior": "WHEN_NO_MATCH",
            "request_parameters": {},
            "request_templates": {},
            "resource_id": "hni54t",
            "rest_api_id": "9p0qb2bwde",
            "timeout_milliseconds": 28000,
            "tls_config": [],
            "type": "AWS_PROXY",
            "uri": "arn:aws:apigateway:eu-north-1:lambda:path/2015-03-31/functions/arn:aws:lambda:eu-north-1:537928299818:function:recordsw-app-user-maps/invocations"
          },
          "sensitive_attributes": [],
          "identity_schema_version": 0,
          "private": "bnVsbA==",
          "dependencies": [
            "aws_api_gateway_method.maps_get",
            "aws_api_gateway_resource.api_v1",
            "aws_api_gateway_resource.maps",
            "aws_api_gateway_resource.users",
            "aws_api_gateway_resource.v1",
            "aws_api_gateway_rest_api.api",
            "aws_dynamodb_table.auth_tokens",
            "aws_dynamodb_table.daily_emails",
            "aws_dynamodb_table.driver_notification_jobs",
            "aws_dynamodb_table.map_search_results",
            "aws_dynamodb_table.user_sessions",
            "aws_iam_role.lambda_role",
            "aws_iam_role_policy.lambda_dynamodb_policy",
            "aws_iam_role_policy_attachment.lambda_policy",
            "aws_lambda_function.mapSearch",
            "aws_sns_topic.error_notifications",
            "aws_sqs_queue.driver_notification_dlq",
            "aws_sqs_queue.driver_notification_queue",
            "aws_sqs_queue.map_search_dlq",
            "aws_sqs_queue.map_search_queue",
            "aws_sqs_queue.scheduler_dlq",
            "aws_sqs_queue.scheduler_queue",
            "data.aws_ssm_parameter.auth_api_url",
            "data.aws_ssm_parameter.authorization",
            "data.aws_ssm_parameter.lead_api",
            "data.aws_ssm_parameter.user_agent"
          ],
          "create_before_destroy": true
        }
      ]
    },
    {
      "mode": "managed",
      "type": "aws_api_gateway_integration",
      "name": "maps_options_integration",
      "provider": "provider[\"registry.terraform.io/hashicorp/aws\"]",
      "instances": [
        {
          "schema_version": 0,
          "attributes": {
            "cache_key_parameters": [],
            "cache_namespace": "hni54t",
            "connection_id": "",
            "connection_type": "INTERNET",
            "content_handling": "",
            "credentials": "",
            "http_method": "OPTIONS",
            "id": "agi-9p0qb2bwde-hni54t-OPTIONS",
            "integration_http_method": "",
            "passthrough_behavior": "WHEN_NO_MATCH",
            "request_parameters": {},
            "request_templates": {
              "application/json": "{\"statusCode\": 200}"
            },
            "resource_id": "hni54t",
            "rest_api_id": "9p0qb2bwde",
            "timeout_milliseconds": 29000,
            "tls_config": [],
            "type": "MOCK",
            "uri": ""
          },
          "sensitive_attributes": [],
          "identity_schema_version": 0,
          "private": "bnVsbA==",
          "dependencies": [
            "aws_api_gateway_method.maps_options",
            "aws_api_gateway_resource.api_v1",
            "aws_api_gateway_resource.maps",
            "aws_api_gateway_resource.users",
            "aws_api_gateway_resource.v1",
            "aws_api_gateway_rest_api.api"
          ],
          "create_before_destroy": true
        }
      ]
    },
    {
      "mode": "managed",
      "type": "aws_api_gateway_integration",
      "name": "profile_integration",
      "provider": "provider[\"registry.terraform.io/hashicorp/aws\"]",
      "instances": [
        {
          "schema_version": 0,
          "attributes": {
            "cache_key_parameters": [],
            "cache_namespace": "1z9i1x",
            "connection_id": "",
            "connection_type": "INTERNET",
            "content_handling": "",
            "credentials": "",
            "http_method": "GET",
            "id": "agi-9p0qb2bwde-1z9i1x-GET",
            "integration_http_method": "POST",
            "passthrough_behavior": "WHEN_NO_MATCH",
            "request_parameters": {},
            "request_templates": {},
            "resource_id": "1z9i1x",
            "rest_api_id": "9p0qb2bwde",
            "timeout_milliseconds": 29000,
            "tls_config": [],
            "type": "AWS_PROXY",
            "uri": "arn:aws:apigateway:eu-north-1:lambda:path/2015-03-31/functions/arn:aws:lambda:eu-north-1:537928299818:function:recordsw-app-get-user-profile/invocations"
          },
          "sensitive_attributes": [],
          "identity_schema_version": 0,
          "private": "bnVsbA==",
          "dependencies": [
            "aws_api_gateway_method.profile_get",
            "aws_api_gateway_resource.api_v1",
            "aws_api_gateway_resource.profile",
            "aws_api_gateway_resource.users",
            "aws_api_gateway_resource.v1",
            "aws_api_gateway_rest_api.api",
            "aws_dynamodb_table.auth_tokens",
            "aws_dynamodb_table.daily_emails",
            "aws_dynamodb_table.driver_notification_jobs",
            "aws_dynamodb_table.map_search_results",
            "aws_dynamodb_table.user_sessions",
            "aws_iam_role.lambda_role",
            "aws_iam_role_policy.lambda_dynamodb_policy",
            "aws_iam_role_policy_attachment.lambda_policy",
            "aws_lambda_function.get_user_profile",
            "aws_sns_topic.error_notifications",
            "aws_sqs_queue.driver_notification_dlq",
            "aws_sqs_queue.driver_notification_queue",
            "aws_sqs_queue.map_search_dlq",
            "aws_sqs_queue.map_search_queue",
            "aws_sqs_queue.scheduler_dlq",
            "aws_sqs_queue.scheduler_queue",
            "data.aws_ssm_parameter.jwt_secret",
            "data.aws_ssm_parameter.neon_db_connection_string"
          ]
        }
      ]
    },
    {
      "mode": "managed",
      "type": "aws_api_gateway_integration",
      "name": "profile_options_integration",
      "provider": "provider[\"registry.terraform.io/hashicorp/aws\"]",
      "instances": [
        {
          "schema_version": 0,
          "attributes": {
            "cache_key_parameters": [],
            "cache_namespace": "1z9i1x",
            "connection_id": "",
            "connection_type": "INTERNET",
            "content_handling": "",
            "credentials": "",
            "http_method": "OPTIONS",
            "id": "agi-9p0qb2bwde-1z9i1x-OPTIONS",
            "integration_http_method": "",
            "passthrough_behavior": "WHEN_NO_MATCH",
            "request_parameters": {},
            "request_templates": {
              "application/json": "{\"statusCode\": 200}"
            },
            "resource_id": "1z9i1x",
            "rest_api_id": "9p0qb2bwde",
            "timeout_milliseconds": 29000,
            "tls_config": [],
            "type": "MOCK",
            "uri": ""
          },
          "sensitive_attributes": [],
          "identity_schema_version": 0,
          "private": "bnVsbA==",
          "dependencies": [
            "aws_api_gateway_method.profile_options",
            "aws_api_gateway_resource.api_v1",
            "aws_api_gateway_resource.profile",
            "aws_api_gateway_resource.users",
            "aws_api_gateway_resource.v1",
            "aws_api_gateway_rest_api.api"
          ]
        }
      ]
    },
    {
      "mode": "managed",
      "type": "aws_api_gateway_integration",
      "name": "refresh_integration",
      "provider": "provider[\"registry.terraform.io/hashicorp/aws\"]",
      "instances": [
        {
          "schema_version": 0,
          "attributes": {
            "cache_key_parameters": [],
            "cache_namespace": "qq9dk3",
            "connection_id": "",
            "connection_type": "INTERNET",
            "content_handling": "",
            "credentials": "",
            "http_method": "POST",
            "id": "agi-9p0qb2bwde-qq9dk3-POST",
            "integration_http_method": "POST",
            "passthrough_behavior": "WHEN_NO_MATCH",
            "request_parameters": {},
            "request_templates": {},
            "resource_id": "qq9dk3",
            "rest_api_id": "9p0qb2bwde",
            "timeout_milliseconds": 29000,
            "tls_config": [],
            "type": "AWS_PROXY",
            "uri": "arn:aws:apigateway:eu-north-1:lambda:path/2015-03-31/functions/arn:aws:lambda:eu-north-1:537928299818:function:recordsw-app-refresh-token/invocations"
          },
          "sensitive_attributes": [],
          "identity_schema_version": 0,
          "private": "bnVsbA==",
          "dependencies": [
            "aws_api_gateway_method.refresh_post",
            "aws_api_gateway_resource.api_v1",
            "aws_api_gateway_resource.refresh",
            "aws_api_gateway_resource.users",
            "aws_api_gateway_resource.v1",
            "aws_api_gateway_rest_api.api",
            "aws_dynamodb_table.auth_tokens",
            "aws_dynamodb_table.daily_emails",
            "aws_dynamodb_table.driver_notification_jobs",
            "aws_dynamodb_table.map_search_results",
            "aws_dynamodb_table.user_sessions",
            "aws_iam_role.lambda_role",
            "aws_iam_role_policy.lambda_dynamodb_policy",
            "aws_iam_role_policy_attachment.lambda_policy",
            "aws_lambda_function.refresh_token",
            "aws_sns_topic.error_notifications",
            "aws_sqs_queue.driver_notification_dlq",
            "aws_sqs_queue.driver_notification_queue",
            "aws_sqs_queue.map_search_dlq",
            "aws_sqs_queue.map_search_queue",
            "aws_sqs_queue.scheduler_dlq",
            "aws_sqs_queue.scheduler_queue",
            "data.aws_ssm_parameter.jwt_secret"
          ],
          "create_before_destroy": true
        }
      ]
    },
    {
      "mode": "managed",
      "type": "aws_api_gateway_integration",
      "name": "refresh_options_integration",
      "provider": "provider[\"registry.terraform.io/hashicorp/aws\"]",
      "instances": [
        {
          "schema_version": 0,
          "attributes": {
            "cache_key_parameters": [],
            "cache_namespace": "qq9dk3",
            "connection_id": "",
            "connection_type": "INTERNET",
            "content_handling": "",
            "credentials": "",
            "http_method": "OPTIONS",
            "id": "agi-9p0qb2bwde-qq9dk3-OPTIONS",
            "integration_http_method": "",
            "passthrough_behavior": "WHEN_NO_MATCH",
            "request_parameters": {},
            "request_templates": {
              "application/json": "{\"statusCode\": 200}"
            },
            "resource_id": "qq9dk3",
            "rest_api_id": "9p0qb2bwde",
            "timeout_milliseconds": 29000,
            "tls_config": [],
            "type": "MOCK",
            "uri": ""
          },
          "sensitive_attributes": [],
          "identity_schema_version": 0,
          "private": "bnVsbA==",
          "dependencies": [
            "aws_api_gateway_method.refresh_options",
            "aws_api_gateway_resource.api_v1",
            "aws_api_gateway_resource.refresh",
            "aws_api_gateway_resource.users",
            "aws_api_gateway_resource.v1",
            "aws_api_gateway_rest_api.api"
          ],
          "create_before_destroy": true
        }
      ]
    },
    {
      "mode": "managed",
      "type": "aws_api_gateway_integration",
      "name": "register_integration",
      "provider": "provider[\"registry.terraform.io/hashicorp/aws\"]",
      "instances": [
        {
          "schema_version": 0,
          "attributes": {
            "cache_key_parameters": [],
            "cache_namespace": "hbaovl",
            "connection_id": "",
            "connection_type": "INTERNET",
            "content_handling": "",
            "credentials": "",
            "http_method": "POST",
            "id": "agi-9p0qb2bwde-hbaovl-POST",
            "integration_http_method": "POST",
            "passthrough_behavior": "WHEN_NO_MATCH",
            "request_parameters": {},
            "request_templates": {},
            "resource_id": "hbaovl",
            "rest_api_id": "9p0qb2bwde",
            "timeout_milliseconds": 29000,
            "tls_config": [],
            "type": "AWS_PROXY",
            "uri": "arn:aws:apigateway:eu-north-1:lambda:path/2015-03-31/functions/arn:aws:lambda:eu-north-1:537928299818:function:recordsw-app-register/invocations"
          },
          "sensitive_attributes": [],
          "identity_schema_version": 0,
          "private": "bnVsbA==",
          "dependencies": [
            "aws_api_gateway_method.register_post",
            "aws_api_gateway_resource.api_v1",
            "aws_api_gateway_resource.register",
            "aws_api_gateway_resource.users",
            "aws_api_gateway_resource.v1",
            "aws_api_gateway_rest_api.api",
            "aws_dynamodb_table.auth_tokens",
            "aws_dynamodb_table.daily_emails",
            "aws_dynamodb_table.driver_notification_jobs",
            "aws_dynamodb_table.map_search_results",
            "aws_dynamodb_table.user_sessions",
            "aws_iam_role.lambda_role",
            "aws_iam_role_policy.lambda_dynamodb_policy",
            "aws_iam_role_policy_attachment.lambda_policy",
            "aws_lambda_function.register",
            "aws_sns_topic.error_notifications",
            "aws_sqs_queue.driver_notification_dlq",
            "aws_sqs_queue.driver_notification_queue",
            "aws_sqs_queue.map_search_dlq",
            "aws_sqs_queue.map_search_queue",
            "aws_sqs_queue.scheduler_dlq",
            "aws_sqs_queue.scheduler_queue",
            "data.aws_ssm_parameter.neon_db_connection_string"
          ],
          "create_before_destroy": true
        }
      ]
    },
    {
      "mode": "managed",
      "type": "aws_api_gateway_integration",
      "name": "register_options_integration",
      "provider": "provider[\"registry.terraform.io/hashicorp/aws\"]",
      "instances": [
        {
          "schema_version": 0,
          "attributes": {
            "cache_key_parameters": [],
            "cache_namespace": "hbaovl",
            "connection_id": "",
            "connection_type": "INTERNET",
            "content_handling": "",
            "credentials": "",
            "http_method": "OPTIONS",
            "id": "agi-9p0qb2bwde-hbaovl-OPTIONS",
            "integration_http_method": "",
            "passthrough_behavior": "WHEN_NO_MATCH",
            "request_parameters": {},
            "request_templates": {
              "application/json": "{\"statusCode\": 200}"
            },
            "resource_id": "hbaovl",
            "rest_api_id": "9p0qb2bwde",
            "timeout_milliseconds": 29000,
            "tls_config": [],
            "type": "MOCK",
            "uri": ""
          },
          "sensitive_attributes": [],
          "identity_schema_version": 0,
          "private": "bnVsbA==",
          "dependencies": [
            "aws_api_gateway_method.register_options",
            "aws_api_gateway_resource.api_v1",
            "aws_api_gateway_resource.register",
            "aws_api_gateway_resource.users",
            "aws_api_gateway_resource.v1",
            "aws_api_gateway_rest_api.api"
          ],
          "create_before_destroy": true
        }
      ]
    },
    {
      "mode": "managed",
      "type": "aws_api_gateway_integration",
      "name": "search_integration",
      "provider": "provider[\"registry.terraform.io/hashicorp/aws\"]",
      "instances": [
        {
          "schema_version": 0,
          "attributes": {
            "cache_key_parameters": [],
            "cache_namespace": "zjz5ip",
            "connection_id": "",
            "connection_type": "INTERNET",
            "content_handling": "",
            "credentials": "",
            "http_method": "GET",
            "id": "agi-9p0qb2bwde-zjz5ip-GET",
            "integration_http_method": "POST",
            "passthrough_behavior": "WHEN_NO_MATCH",
            "request_parameters": {},
            "request_templates": {},
            "resource_id": "zjz5ip",
            "rest_api_id": "9p0qb2bwde",
            "timeout_milliseconds": 29000,
            "tls_config": [],
            "type": "AWS_PROXY",
            "uri": "arn:aws:apigateway:eu-north-1:lambda:path/2015-03-31/functions/arn:aws:lambda:eu-north-1:537928299818:function:recordsw-app-user-search/invocations"
          },
          "sensitive_attributes": [],
          "identity_schema_version": 0,
          "private": "bnVsbA==",
          "dependencies": [
            "aws_api_gateway_method.search_get",
            "aws_api_gateway_resource.api_v1",
            "aws_api_gateway_resource.search",
            "aws_api_gateway_resource.users",
            "aws_api_gateway_resource.v1",
            "aws_api_gateway_rest_api.api",
            "aws_iam_role.lambda_role",
            "aws_iam_role_policy_attachment.lambda_policy",
            "aws_lambda_function.user_search"
          ],
          "create_before_destroy": true
        }
      ]
    },
    {
      "mode": "managed",
      "type": "aws_api_gateway_integration",
      "name": "search_options_integration",
      "provider": "provider[\"registry.terraform.io/hashicorp/aws\"]",
      "instances": [
        {
          "schema_version": 0,
          "attributes": {
            "cache_key_parameters": [],
            "cache_namespace": "zjz5ip",
            "connection_id": "",
            "connection_type": "INTERNET",
            "content_handling": "",
            "credentials": "",
            "http_method": "OPTIONS",
            "id": "agi-9p0qb2bwde-zjz5ip-OPTIONS",
            "integration_http_method": "",
            "passthrough_behavior": "WHEN_NO_MATCH",
            "request_parameters": {},
            "request_templates": {
              "application/json": "{\"statusCode\": 200}"
            },
            "resource_id": "zjz5ip",
            "rest_api_id": "9p0qb2bwde",
            "timeout_milliseconds": 29000,
            "tls_config": [],
            "type": "MOCK",
            "uri": ""
          },
          "sensitive_attributes": [],
          "identity_schema_version": 0,
          "private": "bnVsbA==",
          "dependencies": [
            "aws_api_gateway_method.search_options",
            "aws_api_gateway_resource.api_v1",
            "aws_api_gateway_resource.search",
            "aws_api_gateway_resource.users",
            "aws_api_gateway_resource.v1",
            "aws_api_gateway_rest_api.api"
          ],
          "create_before_destroy": true
        }
      ]
    },
    {
      "mode": "managed",
      "type": "aws_api_gateway_integration",
      "name": "test_advanced_get_integration",
      "provider": "provider[\"registry.terraform.io/hashicorp/aws\"]",
      "instances": [
        {
          "schema_version": 0,
          "attributes": {
            "cache_key_parameters": [],
            "cache_namespace": "k7696e",
            "connection_id": "",
            "connection_type": "INTERNET",
            "content_handling": "",
            "credentials": "",
            "http_method": "GET",
            "id": "agi-9p0qb2bwde-k7696e-GET",
            "integration_http_method": "POST",
            "passthrough_behavior": "WHEN_NO_MATCH",
            "request_parameters": {},
            "request_templates": {},
            "resource_id": "k7696e",
            "rest_api_id": "9p0qb2bwde",
            "timeout_milliseconds": 29000,
            "tls_config": [],
            "type": "AWS_PROXY",
            "uri": "arn:aws:apigateway:eu-north-1:lambda:path/2015-03-31/functions/arn:aws:lambda:eu-north-1:537928299818:function:recordsw-app-test-advanced/invocations"
          },
          "sensitive_attributes": [],
          "identity_schema_version": 0,
          "private": "bnVsbA==",
          "dependencies": [
            "aws_api_gateway_method.test_advanced_get",
            "aws_api_gateway_resource.api_v1",
            "aws_api_gateway_resource.test_advanced",
            "aws_api_gateway_resource.v1",
            "aws_api_gateway_rest_api.api",
            "aws_dynamodb_table.auth_tokens",
            "aws_dynamodb_table.daily_emails",
            "aws_dynamodb_table.driver_notification_jobs",
            "aws_dynamodb_table.map_search_results",
            "aws_dynamodb_table.user_sessions",
            "aws_iam_role.lambda_role",
            "aws_iam_role_policy.lambda_dynamodb_policy",
            "aws_iam_role_policy_attachment.lambda_policy",
            "aws_lambda_function.test_advanced",
            "aws_sns_topic.error_notifications",
            "aws_sqs_queue.driver_notification_dlq",
            "aws_sqs_queue.driver_notification_queue",
            "aws_sqs_queue.map_search_dlq",
            "aws_sqs_queue.map_search_queue",
            "aws_sqs_queue.scheduler_dlq",
            "aws_sqs_queue.scheduler_queue",
            "data.aws_ssm_parameter.jwt_secret",
            "data.aws_ssm_parameter.neon_db_connection_string"
          ],
          "create_before_destroy": true
        }
      ]
    },
    {
      "mode": "managed",
      "type": "aws_api_gateway_integration",
      "name": "test_advanced_options_integration",
      "provider": "provider[\"registry.terraform.io/hashicorp/aws\"]",
      "instances": [
        {
          "schema_version": 0,
          "attributes": {
            "cache_key_parameters": [],
            "cache_namespace": "k7696e",
            "connection_id": "",
            "connection_type": "INTERNET",
            "content_handling": "",
            "credentials": "",
            "http_method": "OPTIONS",
            "id": "agi-9p0qb2bwde-k7696e-OPTIONS",
            "integration_http_method": "",
            "passthrough_behavior": "WHEN_NO_MATCH",
            "request_parameters": {},
            "request_templates": {
              "application/json": "{\"statusCode\": 200}"
            },
            "resource_id": "k7696e",
            "rest_api_id": "9p0qb2bwde",
            "timeout_milliseconds": 29000,
            "tls_config": [],
            "type": "MOCK",
            "uri": ""
          },
          "sensitive_attributes": [],
          "identity_schema_version": 0,
          "private": "bnVsbA==",
          "dependencies": [
            "aws_api_gateway_method.test_advanced_options",
            "aws_api_gateway_resource.api_v1",
            "aws_api_gateway_resource.test_advanced",
            "aws_api_gateway_resource.v1",
            "aws_api_gateway_rest_api.api"
          ],
          "create_before_destroy": true
        }
      ]
    },
    {
      "mode": "managed",
      "type": "aws_api_gateway_integration",
      "name": "test_advanced_post_integration",
      "provider": "provider[\"registry.terraform.io/hashicorp/aws\"]",
      "instances": [
        {
          "schema_version": 0,
          "attributes": {
            "cache_key_parameters": [],
            "cache_namespace": "k7696e",
            "connection_id": "",
            "connection_type": "INTERNET",
            "content_handling": "",
            "credentials": "",
            "http_method": "POST",
            "id": "agi-9p0qb2bwde-k7696e-POST",
            "integration_http_method": "POST",
            "passthrough_behavior": "WHEN_NO_MATCH",
            "request_parameters": {},
            "request_templates": {},
            "resource_id": "k7696e",
            "rest_api_id": "9p0qb2bwde",
            "timeout_milliseconds": 29000,
            "tls_config": [],
            "type": "AWS_PROXY",
            "uri": "arn:aws:apigateway:eu-north-1:lambda:path/2015-03-31/functions/arn:aws:lambda:eu-north-1:537928299818:function:recordsw-app-test-advanced/invocations"
          },
          "sensitive_attributes": [],
          "identity_schema_version": 0,
          "private": "bnVsbA==",
          "dependencies": [
            "aws_api_gateway_method.test_advanced_post",
            "aws_api_gateway_resource.api_v1",
            "aws_api_gateway_resource.test_advanced",
            "aws_api_gateway_resource.v1",
            "aws_api_gateway_rest_api.api",
            "aws_dynamodb_table.auth_tokens",
            "aws_dynamodb_table.daily_emails",
            "aws_dynamodb_table.driver_notification_jobs",
            "aws_dynamodb_table.map_search_results",
            "aws_dynamodb_table.user_sessions",
            "aws_iam_role.lambda_role",
            "aws_iam_role_policy.lambda_dynamodb_policy",
            "aws_iam_role_policy_attachment.lambda_policy",
            "aws_lambda_function.test_advanced",
            "aws_sns_topic.error_notifications",
            "aws_sqs_queue.driver_notification_dlq",
            "aws_sqs_queue.driver_notification_queue",
            "aws_sqs_queue.map_search_dlq",
            "aws_sqs_queue.map_search_queue",
            "aws_sqs_queue.scheduler_dlq",
            "aws_sqs_queue.scheduler_queue",
            "data.aws_ssm_parameter.jwt_secret",
            "data.aws_ssm_parameter.neon_db_connection_string"
          ],
          "create_before_destroy": true
        }
      ]
    },
    {
      "mode": "managed",
      "type": "aws_api_gateway_integration",
      "name": "test_get_integration",
      "provider": "provider[\"registry.terraform.io/hashicorp/aws\"]",
      "instances": [
        {
          "schema_version": 0,
          "attributes": {
            "cache_key_parameters": [],
            "cache_namespace": "kdphq3",
            "connection_id": "",
            "connection_type": "INTERNET",
            "content_handling": "",
            "credentials": "",
            "http_method": "GET",
            "id": "agi-9p0qb2bwde-kdphq3-GET",
            "integration_http_method": "POST",
            "passthrough_behavior": "WHEN_NO_MATCH",
            "request_parameters": {},
            "request_templates": {},
            "resource_id": "kdphq3",
            "rest_api_id": "9p0qb2bwde",
            "timeout_milliseconds": 29000,
            "tls_config": [],
            "type": "AWS_PROXY",
            "uri": "arn:aws:apigateway:eu-north-1:lambda:path/2015-03-31/functions/arn:aws:lambda:eu-north-1:537928299818:function:recordsw-app-test/invocations"
          },
          "sensitive_attributes": [],
          "identity_schema_version": 0,
          "private": "bnVsbA==",
          "dependencies": [
            "aws_api_gateway_method.test_get",
            "aws_api_gateway_resource.api_v1",
            "aws_api_gateway_resource.test",
            "aws_api_gateway_resource.v1",
            "aws_api_gateway_rest_api.api",
            "aws_dynamodb_table.auth_tokens",
            "aws_dynamodb_table.daily_emails",
            "aws_dynamodb_table.driver_notification_jobs",
            "aws_dynamodb_table.map_search_results",
            "aws_dynamodb_table.user_sessions",
            "aws_iam_role.lambda_role",
            "aws_iam_role_policy.lambda_dynamodb_policy",
            "aws_iam_role_policy_attachment.lambda_policy",
            "aws_lambda_function.test",
            "aws_sns_topic.error_notifications",
            "aws_sqs_queue.driver_notification_dlq",
            "aws_sqs_queue.driver_notification_queue",
            "aws_sqs_queue.map_search_dlq",
            "aws_sqs_queue.map_search_queue",
            "aws_sqs_queue.scheduler_dlq",
            "aws_sqs_queue.scheduler_queue",
            "data.aws_ssm_parameter.jwt_secret",
            "data.aws_ssm_parameter.neon_db_connection_string"
          ],
          "create_before_destroy": true
        }
      ]
    },
    {
      "mode": "managed",
      "type": "aws_api_gateway_integration",
      "name": "test_options_integration",
      "provider": "provider[\"registry.terraform.io/hashicorp/aws\"]",
      "instances": [
        {
          "schema_version": 0,
          "attributes": {
            "cache_key_parameters": [],
            "cache_namespace": "kdphq3",
            "connection_id": "",
            "connection_type": "INTERNET",
            "content_handling": "",
            "credentials": "",
            "http_method": "OPTIONS",
            "id": "agi-9p0qb2bwde-kdphq3-OPTIONS",
            "integration_http_method": "",
            "passthrough_behavior": "WHEN_NO_MATCH",
            "request_parameters": {},
            "request_templates": {
              "application/json": "{\"statusCode\": 200}"
            },
            "resource_id": "kdphq3",
            "rest_api_id": "9p0qb2bwde",
            "timeout_milliseconds": 29000,
            "tls_config": [],
            "type": "MOCK",
            "uri": ""
          },
          "sensitive_attributes": [],
          "identity_schema_version": 0,
          "private": "bnVsbA==",
          "dependencies": [
            "aws_api_gateway_method.test_options",
            "aws_api_gateway_resource.api_v1",
            "aws_api_gateway_resource.test",
            "aws_api_gateway_resource.v1",
            "aws_api_gateway_rest_api.api"
          ],
          "create_before_destroy": true
        }
      ]
    },
    {
      "mode": "managed",
      "type": "aws_api_gateway_integration",
      "name": "test_post_integration",
      "provider": "provider[\"registry.terraform.io/hashicorp/aws\"]",
      "instances": [
        {
          "schema_version": 0,
          "attributes": {
            "cache_key_parameters": [],
            "cache_namespace": "kdphq3",
            "connection_id": "",
            "connection_type": "INTERNET",
            "content_handling": "",
            "credentials": "",
            "http_method": "POST",
            "id": "agi-9p0qb2bwde-kdphq3-POST",
            "integration_http_method": "POST",
            "passthrough_behavior": "WHEN_NO_MATCH",
            "request_parameters": {},
            "request_templates": {},
            "resource_id": "kdphq3",
            "rest_api_id": "9p0qb2bwde",
            "timeout_milliseconds": 29000,
            "tls_config": [],
            "type": "AWS_PROXY",
            "uri": "arn:aws:apigateway:eu-north-1:lambda:path/2015-03-31/functions/arn:aws:lambda:eu-north-1:537928299818:function:recordsw-app-test/invocations"
          },
          "sensitive_attributes": [],
          "identity_schema_version": 0,
          "private": "bnVsbA==",
          "dependencies": [
            "aws_api_gateway_method.test_post",
            "aws_api_gateway_resource.api_v1",
            "aws_api_gateway_resource.test",
            "aws_api_gateway_resource.v1",
            "aws_api_gateway_rest_api.api",
            "aws_dynamodb_table.auth_tokens",
            "aws_dynamodb_table.daily_emails",
            "aws_dynamodb_table.driver_notification_jobs",
            "aws_dynamodb_table.map_search_results",
            "aws_dynamodb_table.user_sessions",
            "aws_iam_role.lambda_role",
            "aws_iam_role_policy.lambda_dynamodb_policy",
            "aws_iam_role_policy_attachment.lambda_policy",
            "aws_lambda_function.test",
            "aws_sns_topic.error_notifications",
            "aws_sqs_queue.driver_notification_dlq",
            "aws_sqs_queue.driver_notification_queue",
            "aws_sqs_queue.map_search_dlq",
            "aws_sqs_queue.map_search_queue",
            "aws_sqs_queue.scheduler_dlq",
            "aws_sqs_queue.scheduler_queue",
            "data.aws_ssm_parameter.jwt_secret",
            "data.aws_ssm_parameter.neon_db_connection_string"
          ],
          "create_before_destroy": true
        }
      ]
    },
    {
      "mode": "managed",
      "type": "aws_api_gateway_integration",
      "name": "user_tm_username_get_integration",
      "provider": "provider[\"registry.terraform.io/hashicorp/aws\"]",
      "instances": [
        {
          "schema_version": 0,
          "attributes": {
            "cache_key_parameters": [],
            "cache_namespace": "p11zwx",
            "connection_id": "",
            "connection_type": "INTERNET",
            "content_handling": "",
            "credentials": "",
            "http_method": "GET",
            "id": "agi-9p0qb2bwde-p11zwx-GET",
            "integration_http_method": "POST",
            "passthrough_behavior": "WHEN_NO_MATCH",
            "request_parameters": {},
            "request_templates": {},
            "resource_id": "p11zwx",
            "rest_api_id": "9p0qb2bwde",
            "timeout_milliseconds": 29000,
            "tls_config": [],
            "type": "AWS_PROXY",
            "uri": "arn:aws:apigateway:eu-north-1:lambda:path/2015-03-31/functions/arn:aws:lambda:eu-north-1:537928299818:function:recordsw-app-verify-tm-username/invocations"
          },
          "sensitive_attributes": [],
          "identity_schema_version": 0,
          "private": "bnVsbA==",
          "dependencies": [
            "aws_api_gateway_method.user_tm_username_get",
            "aws_api_gateway_resource.api_v1",
            "aws_api_gateway_resource.user_tm_username",
            "aws_api_gateway_resource.users",
            "aws_api_gateway_resource.v1",
            "aws_api_gateway_rest_api.api",
            "aws_dynamodb_table.auth_tokens",
            "aws_dynamodb_table.daily_emails",
            "aws_dynamodb_table.driver_notification_jobs",
            "aws_dynamodb_table.map_search_results",
            "aws_dynamodb_table.user_sessions",
            "aws_iam_role.lambda_role",
            "aws_iam_role_policy.lambda_dynamodb_policy",
            "aws_iam_role_policy_attachment.lambda_policy",
            "aws_lambda_function.verify_tm_username",
            "aws_sns_topic.error_notifications",
            "aws_sqs_queue.driver_notification_dlq",
            "aws_sqs_queue.driver_notification_queue",
            "aws_sqs_queue.map_search_dlq",
            "aws_sqs_queue.map_search_queue",
            "aws_sqs_queue.scheduler_dlq",
            "aws_sqs_queue.scheduler_queue",
            "data.aws_ssm_parameter.auth_api_url",
            "data.aws_ssm_parameter.authorization",
            "data.aws_ssm_parameter.jwt_secret",
            "data.aws_ssm_parameter.neon_db_connection_string",
            "data.aws_ssm_parameter.oclient_id",
            "data.aws_ssm_parameter.oclient_secret",
            "data.aws_ssm_parameter.user_agent"
          ],
          "create_before_destroy": true
        }
      ]
    },
    {
      "mode": "managed",
      "type": "aws_api_gateway_integration",
      "name": "user_tm_username_options_integration",
      "provider": "provider[\"registry.terraform.io/hashicorp/aws\"]",
      "instances": [
        {
          "schema_version": 0,
          "attributes": {
            "cache_key_parameters": [],
            "cache_namespace": "p11zwx",
            "connection_id": "",
            "connection_type": "INTERNET",
            "content_handling": "",
            "credentials": "",
            "http_method": "OPTIONS",
            "id": "agi-9p0qb2bwde-p11zwx-OPTIONS",
            "integration_http_method": "",
            "passthrough_behavior": "WHEN_NO_MATCH",
            "request_parameters": {},
            "request_templates": {
              "application/json": "{\"statusCode\": 200}"
            },
            "resource_id": "p11zwx",
            "rest_api_id": "9p0qb2bwde",
            "timeout_milliseconds": 29000,
            "tls_config": [],
            "type": "MOCK",
            "uri": ""
          },
          "sensitive_attributes": [],
          "identity_schema_version": 0,
          "private": "bnVsbA==",
          "dependencies": [
            "aws_api_gateway_method.user_tm_username_options",
            "aws_api_gateway_resource.api_v1",
            "aws_api_gateway_resource.user_tm_username",
            "aws_api_gateway_resource.users",
            "aws_api_gateway_resource.v1",
            "aws_api_gateway_rest_api.api"
          ],
          "create_before_destroy": true
        }
      ]
    },
    {
      "mode": "managed",
      "type": "aws_api_gateway_integration",
      "name": "user_tm_username_post_integration",
      "provider": "provider[\"registry.terraform.io/hashicorp/aws\"]",
      "instances": [
        {
          "schema_version": 0,
          "attributes": {
            "cache_key_parameters": [],
            "cache_namespace": "p11zwx",
            "connection_id": "",
            "connection_type": "INTERNET",
            "content_handling": "",
            "credentials": "",
            "http_method": "POST",
            "id": "agi-9p0qb2bwde-p11zwx-POST",
            "integration_http_method": "POST",
            "passthrough_behavior": "WHEN_NO_MATCH",
            "request_parameters": {},
            "request_templates": {},
            "resource_id": "p11zwx",
            "rest_api_id": "9p0qb2bwde",
            "timeout_milliseconds": 29000,
            "tls_config": [],
            "type": "AWS_PROXY",
            "uri": "arn:aws:apigateway:eu-north-1:lambda:path/2015-03-31/functions/arn:aws:lambda:eu-north-1:537928299818:function:recordsw-app-verify-tm-username/invocations"
          },
          "sensitive_attributes": [],
          "identity_schema_version": 0,
          "private": "bnVsbA==",
          "dependencies": [
            "aws_api_gateway_method.user_tm_username_post",
            "aws_api_gateway_resource.api_v1",
            "aws_api_gateway_resource.user_tm_username",
            "aws_api_gateway_resource.users",
            "aws_api_gateway_resource.v1",
            "aws_api_gateway_rest_api.api",
            "aws_dynamodb_table.auth_tokens",
            "aws_dynamodb_table.daily_emails",
            "aws_dynamodb_table.driver_notification_jobs",
            "aws_dynamodb_table.map_search_results",
            "aws_dynamodb_table.user_sessions",
            "aws_iam_role.lambda_role",
            "aws_iam_role_policy.lambda_dynamodb_policy",
            "aws_iam_role_policy_attachment.lambda_policy",
            "aws_lambda_function.verify_tm_username",
            "aws_sns_topic.error_notifications",
            "aws_sqs_queue.driver_notification_dlq",
            "aws_sqs_queue.driver_notification_queue",
            "aws_sqs_queue.map_search_dlq",
            "aws_sqs_queue.map_search_queue",
            "aws_sqs_queue.scheduler_dlq",
            "aws_sqs_queue.scheduler_queue",
            "data.aws_ssm_parameter.auth_api_url",
            "data.aws_ssm_parameter.authorization",
            "data.aws_ssm_parameter.jwt_secret",
            "data.aws_ssm_parameter.neon_db_connection_string",
            "data.aws_ssm_parameter.oclient_id",
            "data.aws_ssm_parameter.oclient_secret",
            "data.aws_ssm_parameter.user_agent"
          ],
          "create_before_destroy": true
        }
      ]
    },
    {
      "mode": "managed",
      "type": "aws_api_gateway_integration_response",
      "name": "account_names_options_integration_response",
      "provider": "provider[\"registry.terraform.io/hashicorp/aws\"]",
      "instances": [
        {
          "schema_version": 0,
          "attributes": {
            "content_handling": "",
            "http_method": "OPTIONS",
            "id": "agir-9p0qb2bwde-bzf6cf-OPTIONS-200",
            "resource_id": "bzf6cf",
            "response_parameters": {
              "method.response.header.Access-Control-Allow-Headers": "'Content-Type,X-Amz-Date,Authorization,X-Api-Key,X-Amz-Security-Token'",
              "method.response.header.Access-Control-Allow-Methods": "'POST,OPTIONS'",
              "method.response.header.Access-Control-Allow-Origin": "'*'"
            },
            "response_templates": {},
            "rest_api_id": "9p0qb2bwde",
            "selection_pattern": "",
            "status_code": "200"
          },
          "sensitive_attributes": [],
          "identity_schema_version": 0,
          "private": "bnVsbA==",
          "dependencies": [
            "aws_api_gateway_method.account_names_options",
            "aws_api_gateway_method_response.account_names_options_200",
            "aws_api_gateway_resource.account_names",
            "aws_api_gateway_resource.api_v1",
            "aws_api_gateway_resource.users",
            "aws_api_gateway_resource.v1",
            "aws_api_gateway_rest_api.api"
          ],
          "create_before_destroy": true
        }
      ]
    },
    {
      "mode": "managed",
      "type": "aws_api_gateway_integration_response",
      "name": "alerts_id_options_integration_response",
      "provider": "provider[\"registry.terraform.io/hashicorp/aws\"]",
      "instances": [
        {
          "schema_version": 0,
          "attributes": {
            "content_handling": "",
            "http_method": "OPTIONS",
            "id": "agir-9p0qb2bwde-ge0es9-OPTIONS-200",
            "resource_id": "ge0es9",
            "response_parameters": {
              "method.response.header.Access-Control-Allow-Headers": "'Content-Type,X-Amz-Date,Authorization,X-Api-Key,X-Amz-Security-Token'",
              "method.response.header.Access-Control-Allow-Methods": "'DELETE,OPTIONS'",
              "method.response.header.Access-Control-Allow-Origin": "'*'"
            },
            "response_templates": {},
            "rest_api_id": "9p0qb2bwde",
            "selection_pattern": "",
            "status_code": "200"
          },
          "sensitive_attributes": [],
          "identity_schema_version": 0,
          "private": "bnVsbA==",
          "dependencies": [
            "aws_api_gateway_method.alerts_id_options",
            "aws_api_gateway_method_response.alerts_id_options_200",
            "aws_api_gateway_resource.alerts",
            "aws_api_gateway_resource.alerts_id",
            "aws_api_gateway_resource.api_v1",
            "aws_api_gateway_resource.users",
            "aws_api_gateway_resource.v1",
            "aws_api_gateway_rest_api.api"
          ],
          "create_before_destroy": true
        }
      ]
    },
    {
      "mode": "managed",
      "type": "aws_api_gateway_integration_response",
      "name": "alerts_options_integration_response",
      "provider": "provider[\"registry.terraform.io/hashicorp/aws\"]",
      "instances": [
        {
          "schema_version": 0,
          "attributes": {
            "content_handling": "",
            "http_method": "OPTIONS",
            "id": "agir-9p0qb2bwde-pb2zk4-OPTIONS-200",
            "resource_id": "pb2zk4",
            "response_parameters": {
              "method.response.header.Access-Control-Allow-Headers": "'Content-Type,X-Amz-Date,Authorization,X-Api-Key,X-Amz-Security-Token'",
              "method.response.header.Access-Control-Allow-Methods": "'GET,POST,OPTIONS'",
              "method.response.header.Access-Control-Allow-Origin": "'*'"
            },
            "response_templates": {},
            "rest_api_id": "9p0qb2bwde",
            "selection_pattern": "",
            "status_code": "200"
          },
          "sensitive_attributes": [],
          "identity_schema_version": 0,
          "private": "bnVsbA==",
          "dependencies": [
            "aws_api_gateway_method.alerts_options",
            "aws_api_gateway_method_response.alerts_options_200",
            "aws_api_gateway_resource.alerts",
            "aws_api_gateway_resource.api_v1",
            "aws_api_gateway_resource.users",
            "aws_api_gateway_resource.v1",
            "aws_api_gateway_rest_api.api"
          ],
          "create_before_destroy": true
        }
      ]
    },
    {
      "mode": "managed",
      "type": "aws_api_gateway_integration_response",
      "name": "driver_maps_search_options_integration_response",
      "provider": "provider[\"registry.terraform.io/hashicorp/aws\"]",
      "instances": [
        {
          "schema_version": 0,
          "attributes": {
            "content_handling": "",
            "http_method": "OPTIONS",
            "id": "agir-9p0qb2bwde-bmkuz3-OPTIONS-200",
            "resource_id": "bmkuz3",
            "response_parameters": {
              "method.response.header.Access-Control-Allow-Headers": "'Content-Type,X-Amz-Date,Authorization,X-Api-Key,X-Amz-Security-Token'",
              "method.response.header.Access-Control-Allow-Methods": "'GET,OPTIONS'",
              "method.response.header.Access-Control-Allow-Origin": "'*'"
            },
            "response_templates": {},
            "rest_api_id": "9p0qb2bwde",
            "selection_pattern": "",
            "status_code": "200"
          },
          "sensitive_attributes": [],
          "identity_schema_version": 0,
          "private": "bnVsbA==",
          "dependencies": [
            "aws_api_gateway_method.driver_maps_search_options",
            "aws_api_gateway_method_response.driver_maps_search_options_200",
            "aws_api_gateway_resource.api_v1",
            "aws_api_gateway_resource.driver",
            "aws_api_gateway_resource.driver_maps",
            "aws_api_gateway_resource.driver_maps_search",
            "aws_api_gateway_resource.v1",
            "aws_api_gateway_rest_api.api"
          ],
          "create_before_destroy": true
        }
      ]
    },
    {
      "mode": "managed",
      "type": "aws_api_gateway_integration_response",
      "name": "driver_notifications_id_options_integration_response",
      "provider": "provider[\"registry.terraform.io/hashicorp/aws\"]",
      "instances": [
        {
          "schema_version": 0,
          "attributes": {
            "content_handling": "",
            "http_method": "OPTIONS",
            "id": "agir-9p0qb2bwde-9l4rx0-OPTIONS-200",
            "resource_id": "9l4rx0",
            "response_parameters": {
              "method.response.header.Access-Control-Allow-Headers": "'Content-Type,X-Amz-Date,Authorization,X-Api-Key,X-Amz-Security-Token'",
              "method.response.header.Access-Control-Allow-Methods": "'DELETE,OPTIONS'",
              "method.response.header.Access-Control-Allow-Origin": "'*'"
            },
            "response_templates": {},
            "rest_api_id": "9p0qb2bwde",
            "selection_pattern": "",
            "status_code": "200"
          },
          "sensitive_attributes": [],
          "identity_schema_version": 0,
          "private": "bnVsbA==",
          "dependencies": [
            "aws_api_gateway_method.driver_notifications_id_options",
            "aws_api_gateway_method_response.driver_notifications_id_options_200",
            "aws_api_gateway_resource.api_v1",
            "aws_api_gateway_resource.driver",
            "aws_api_gateway_resource.driver_notifications",
            "aws_api_gateway_resource.driver_notifications_id",
            "aws_api_gateway_resource.v1",
            "aws_api_gateway_rest_api.api"
          ],
          "create_before_destroy": true
        }
      ]
    },
    {
      "mode": "managed",
      "type": "aws_api_gateway_integration_response",
      "name": "driver_notifications_options_integration_response",
      "provider": "provider[\"registry.terraform.io/hashicorp/aws\"]",
      "instances": [
        {
          "schema_version": 0,
          "attributes": {
            "content_handling": "",
            "http_method": "OPTIONS",
            "id": "agir-9p0qb2bwde-vd2vqh-OPTIONS-200",
            "resource_id": "vd2vqh",
            "response_parameters": {
              "method.response.header.Access-Control-Allow-Headers": "'Content-Type,X-Amz-Date,Authorization,X-Api-Key,X-Amz-Security-Token'",
              "method.response.header.Access-Control-Allow-Methods": "'GET,POST,OPTIONS'",
              "method.response.header.Access-Control-Allow-Origin": "'*'"
            },
            "response_templates": {},
            "rest_api_id": "9p0qb2bwde",
            "selection_pattern": "",
            "status_code": "200"
          },
          "sensitive_attributes": [],
          "identity_schema_version": 0,
          "private": "bnVsbA==",
          "dependencies": [
            "aws_api_gateway_method.driver_notifications_options",
            "aws_api_gateway_method_response.driver_notifications_options_200",
            "aws_api_gateway_resource.api_v1",
            "aws_api_gateway_resource.driver",
            "aws_api_gateway_resource.driver_notifications",
            "aws_api_gateway_resource.v1",
            "aws_api_gateway_rest_api.api"
          ],
          "create_before_destroy": true
        }
      ]
    },
    {
      "mode": "managed",
      "type": "aws_api_gateway_integration_response",
      "name": "job_status_options_integration_response",
      "provider": "provider[\"registry.terraform.io/hashicorp/aws\"]",
      "instances": [
        {
          "schema_version": 0,
          "attributes": {
            "content_handling": "",
            "http_method": "OPTIONS",
            "id": "agir-9p0qb2bwde-7a0cut-OPTIONS-200",
            "resource_id": "7a0cut",
            "response_parameters": {
              "method.response.header.Access-Control-Allow-Headers": "'Content-Type,X-Amz-Date,Authorization,X-Api-Key,X-Amz-Security-Token'",
              "method.response.header.Access-Control-Allow-Methods": "'GET,OPTIONS'",
              "method.response.header.Access-Control-Allow-Origin": "'*'"
            },
            "response_templates": {},
            "rest_api_id": "9p0qb2bwde",
            "selection_pattern": "",
            "status_code": "200"
          },
          "sensitive_attributes": [],
          "identity_schema_version": 0,
          "private": "bnVsbA==",
          "dependencies": [
            "aws_api_gateway_method.job_status_options",
            "aws_api_gateway_method_response.job_status_options_200",
            "aws_api_gateway_resource.api_v1",
            "aws_api_gateway_resource.job_id",
            "aws_api_gateway_resource.maps",
            "aws_api_gateway_resource.maps_status",
            "aws_api_gateway_resource.users",
            "aws_api_gateway_resource.v1",
            "aws_api_gateway_rest_api.api"
          ],
          "create_before_destroy": true
        }
      ]
    },
    {
      "mode": "managed",
      "type": "aws_api_gateway_integration_response",
      "name": "latest_options_integration_response",
      "provider": "provider[\"registry.terraform.io/hashicorp/aws\"]",
      "instances": [
        {
          "schema_version": 0,
          "attributes": {
            "content_handling": "",
            "http_method": "OPTIONS",
            "id": "agir-9p0qb2bwde-i2qkpk-OPTIONS-200",
            "resource_id": "i2qkpk",
            "response_parameters": {
              "method.response.header.Access-Control-Allow-Headers": "'Content-Type,X-Amz-Date,Authorization,X-Api-Key,X-Amz-Security-Token'",
              "method.response.header.Access-Control-Allow-Methods": "'GET,OPTIONS'",
              "method.response.header.Access-Control-Allow-Origin": "'*'"
            },
            "response_templates": {},
            "rest_api_id": "9p0qb2bwde",
            "selection_pattern": "",
            "status_code": "200"
          },
          "sensitive_attributes": [],
          "identity_schema_version": 0,
          "private": "bnVsbA==",
          "dependencies": [
            "aws_api_gateway_method.latest_options",
            "aws_api_gateway_method_response.latest_options_200",
            "aws_api_gateway_resource.api_v1",
            "aws_api_gateway_resource.latest",
            "aws_api_gateway_resource.records",
            "aws_api_gateway_resource.v1",
            "aws_api_gateway_rest_api.api"
          ],
          "create_before_destroy": true
        }
      ]
    },
    {
      "mode": "managed",
      "type": "aws_api_gateway_integration_response",
      "name": "login_options_integration_response",
      "provider": "provider[\"registry.terraform.io/hashicorp/aws\"]",
      "instances": [
        {
          "schema_version": 0,
          "attributes": {
            "content_handling": "",
            "http_method": "OPTIONS",
            "id": "agir-9p0qb2bwde-j80rp0-OPTIONS-200",
            "resource_id": "j80rp0",
            "response_parameters": {
              "method.response.header.Access-Control-Allow-Headers": "'Content-Type,X-Amz-Date,Authorization,X-Api-Key,X-Amz-Security-Token'",
              "method.response.header.Access-Control-Allow-Methods": "'POST,OPTIONS'",
              "method.response.header.Access-Control-Allow-Origin": "'*'"
            },
            "response_templates": {},
            "rest_api_id": "9p0qb2bwde",
            "selection_pattern": "",
            "status_code": "200"
          },
          "sensitive_attributes": [],
          "identity_schema_version": 0,
          "private": "bnVsbA==",
          "dependencies": [
            "aws_api_gateway_method.login_options",
            "aws_api_gateway_method_response.login_options_200",
            "aws_api_gateway_resource.api_v1",
            "aws_api_gateway_resource.login",
            "aws_api_gateway_resource.users",
            "aws_api_gateway_resource.v1",
            "aws_api_gateway_rest_api.api"
          ],
          "create_before_destroy": true
        }
      ]
    },
    {
      "mode": "managed",
      "type": "aws_api_gateway_integration_response",
      "name": "logout_options_integration_response",
      "provider": "provider[\"registry.terraform.io/hashicorp/aws\"]",
      "instances": [
        {
          "schema_version": 0,
          "attributes": {
            "content_handling": "",
            "http_method": "OPTIONS",
            "id": "agir-9p0qb2bwde-f6g2f7-OPTIONS-200",
            "resource_id": "f6g2f7",
            "response_parameters": {
              "method.response.header.Access-Control-Allow-Headers": "'Content-Type,X-Amz-Date,Authorization,X-Api-Key,X-Amz-Security-Token'",
              "method.response.header.Access-Control-Allow-Methods": "'POST,OPTIONS'",
              "method.response.header.Access-Control-Allow-Origin": "'*'"
            },
            "response_templates": {},
            "rest_api_id": "9p0qb2bwde",
            "selection_pattern": "",
            "status_code": "200"
          },
          "sensitive_attributes": [],
          "identity_schema_version": 0,
          "private": "bnVsbA==",
          "dependencies": [
            "aws_api_gateway_method.logout_options",
            "aws_api_gateway_method_response.logout_options_200",
            "aws_api_gateway_resource.api_v1",
            "aws_api_gateway_resource.logout",
            "aws_api_gateway_resource.users",
            "aws_api_gateway_resource.v1",
            "aws_api_gateway_rest_api.api"
          ],
          "create_before_destroy": true
        }
      ]
    },
    {
      "mode": "managed",
      "type": "aws_api_gateway_integration_response",
      "name": "maps_options_integration_response",
      "provider": "provider[\"registry.terraform.io/hashicorp/aws\"]",
      "instances": [
        {
          "schema_version": 0,
          "attributes": {
            "content_handling": "",
            "http_method": "OPTIONS",
            "id": "agir-9p0qb2bwde-hni54t-OPTIONS-200",
            "resource_id": "hni54t",
            "response_parameters": {
              "method.response.header.Access-Control-Allow-Headers": "'Content-Type,X-Amz-Date,Authorization,X-Api-Key,X-Amz-Security-Token'",
              "method.response.header.Access-Control-Allow-Methods": "'GET,OPTIONS'",
              "method.response.header.Access-Control-Allow-Origin": "'*'"
            },
            "response_templates": {},
            "rest_api_id": "9p0qb2bwde",
            "selection_pattern": "",
            "status_code": "200"
          },
          "sensitive_attributes": [],
          "identity_schema_version": 0,
          "private": "bnVsbA==",
          "dependencies": [
            "aws_api_gateway_method.maps_options",
            "aws_api_gateway_method_response.maps_options_200",
            "aws_api_gateway_resource.api_v1",
            "aws_api_gateway_resource.maps",
            "aws_api_gateway_resource.users",
            "aws_api_gateway_resource.v1",
            "aws_api_gateway_rest_api.api"
          ],
          "create_before_destroy": true
        }
      ]
    },
    {
      "mode": "managed",
      "type": "aws_api_gateway_integration_response",
      "name": "profile_options_integration_response",
      "provider": "provider[\"registry.terraform.io/hashicorp/aws\"]",
      "instances": [
        {
          "schema_version": 0,
          "attributes": {
            "content_handling": "",
            "http_method": "OPTIONS",
            "id": "agir-9p0qb2bwde-1z9i1x-OPTIONS-200",
            "resource_id": "1z9i1x",
            "response_parameters": {
              "method.response.header.Access-Control-Allow-Headers": "'Content-Type,X-Amz-Date,Authorization,X-Api-Key,X-Amz-Security-Token'",
              "method.response.header.Access-Control-Allow-Methods": "'GET,OPTIONS'",
              "method.response.header.Access-Control-Allow-Origin": "'*'"
            },
            "response_templates": {},
            "rest_api_id": "9p0qb2bwde",
            "selection_pattern": "",
            "status_code": "200"
          },
          "sensitive_attributes": [],
          "identity_schema_version": 0,
          "private": "bnVsbA==",
          "dependencies": [
            "aws_api_gateway_method.profile_options",
            "aws_api_gateway_method_response.profile_options_200",
            "aws_api_gateway_resource.api_v1",
            "aws_api_gateway_resource.profile",
            "aws_api_gateway_resource.users",
            "aws_api_gateway_resource.v1",
            "aws_api_gateway_rest_api.api"
          ]
        }
      ]
    },
    {
      "mode": "managed",
      "type": "aws_api_gateway_integration_response",
      "name": "refresh_options_integration_response",
      "provider": "provider[\"registry.terraform.io/hashicorp/aws\"]",
      "instances": [
        {
          "schema_version": 0,
          "attributes": {
            "content_handling": "",
            "http_method": "OPTIONS",
            "id": "agir-9p0qb2bwde-qq9dk3-OPTIONS-200",
            "resource_id": "qq9dk3",
            "response_parameters": {
              "method.response.header.Access-Control-Allow-Headers": "'Content-Type,X-Amz-Date,Authorization,X-Api-Key,X-Amz-Security-Token'",
              "method.response.header.Access-Control-Allow-Methods": "'POST,OPTIONS'",
              "method.response.header.Access-Control-Allow-Origin": "'*'"
            },
            "response_templates": {},
            "rest_api_id": "9p0qb2bwde",
            "selection_pattern": "",
            "status_code": "200"
          },
          "sensitive_attributes": [],
          "identity_schema_version": 0,
          "private": "bnVsbA==",
          "dependencies": [
            "aws_api_gateway_method.refresh_options",
            "aws_api_gateway_method_response.refresh_options_200",
            "aws_api_gateway_resource.api_v1",
            "aws_api_gateway_resource.refresh",
            "aws_api_gateway_resource.users",
            "aws_api_gateway_resource.v1",
            "aws_api_gateway_rest_api.api"
          ],
          "create_before_destroy": true
        }
      ]
    },
    {
      "mode": "managed",
      "type": "aws_api_gateway_integration_response",
      "name": "register_options_integration_response",
      "provider": "provider[\"registry.terraform.io/hashicorp/aws\"]",
      "instances": [
        {
          "schema_version": 0,
          "attributes": {
            "content_handling": "",
            "http_method": "OPTIONS",
            "id": "agir-9p0qb2bwde-hbaovl-OPTIONS-200",
            "resource_id": "hbaovl",
            "response_parameters": {
              "method.response.header.Access-Control-Allow-Headers": "'Content-Type,X-Amz-Date,Authorization,X-Api-Key,X-Amz-Security-Token'",
              "method.response.header.Access-Control-Allow-Methods": "'POST,OPTIONS'",
              "method.response.header.Access-Control-Allow-Origin": "'*'"
            },
            "response_templates": {},
            "rest_api_id": "9p0qb2bwde",
            "selection_pattern": "",
            "status_code": "200"
          },
          "sensitive_attributes": [],
          "identity_schema_version": 0,
          "private": "bnVsbA==",
          "dependencies": [
            "aws_api_gateway_method.register_options",
            "aws_api_gateway_method_response.register_options_200",
            "aws_api_gateway_resource.api_v1",
            "aws_api_gateway_resource.register",
            "aws_api_gateway_resource.users",
            "aws_api_gateway_resource.v1",
            "aws_api_gateway_rest_api.api"
          ],
          "create_before_destroy": true
        }
      ]
    },
    {
      "mode": "managed",
      "type": "aws_api_gateway_integration_response",
      "name": "search_options_integration_response",
      "provider": "provider[\"registry.terraform.io/hashicorp/aws\"]",
      "instances": [
        {
          "schema_version": 0,
          "attributes": {
            "content_handling": "",
            "http_method": "OPTIONS",
            "id": "agir-9p0qb2bwde-zjz5ip-OPTIONS-200",
            "resource_id": "zjz5ip",
            "response_parameters": {
              "method.response.header.Access-Control-Allow-Headers": "'Content-Type,X-Amz-Date,Authorization,X-Api-Key,X-Amz-Security-Token'",
              "method.response.header.Access-Control-Allow-Methods": "'GET,OPTIONS'",
              "method.response.header.Access-Control-Allow-Origin": "'*'"
            },
            "response_templates": {},
            "rest_api_id": "9p0qb2bwde",
            "selection_pattern": "",
            "status_code": "200"
          },
          "sensitive_attributes": [],
          "identity_schema_version": 0,
          "private": "bnVsbA==",
          "dependencies": [
            "aws_api_gateway_method.search_options",
            "aws_api_gateway_method_response.search_options_200",
            "aws_api_gateway_resource.api_v1",
            "aws_api_gateway_resource.search",
            "aws_api_gateway_resource.users",
            "aws_api_gateway_resource.v1",
            "aws_api_gateway_rest_api.api"
          ],
          "create_before_destroy": true
        }
      ]
    },
    {
      "mode": "managed",
      "type": "aws_api_gateway_integration_response",
      "name": "test_advanced_options_integration_response",
      "provider": "provider[\"registry.terraform.io/hashicorp/aws\"]",
      "instances": [
        {
          "schema_version": 0,
          "attributes": {
            "content_handling": "",
            "http_method": "OPTIONS",
            "id": "agir-9p0qb2bwde-k7696e-OPTIONS-200",
            "resource_id": "k7696e",
            "response_parameters": {
              "method.response.header.Access-Control-Allow-Headers": "'Content-Type,X-Amz-Date,Authorization,X-Api-Key,X-Amz-Security-Token'",
              "method.response.header.Access-Control-Allow-Methods": "'GET,POST,OPTIONS'",
              "method.response.header.Access-Control-Allow-Origin": "'*'"
            },
            "response_templates": {},
            "rest_api_id": "9p0qb2bwde",
            "selection_pattern": "",
            "status_code": "200"
          },
          "sensitive_attributes": [],
          "identity_schema_version": 0,
          "private": "bnVsbA==",
          "dependencies": [
            "aws_api_gateway_method.test_advanced_options",
            "aws_api_gateway_method_response.test_advanced_options_200",
            "aws_api_gateway_resource.api_v1",
            "aws_api_gateway_resource.test_advanced",
            "aws_api_gateway_resource.v1",
            "aws_api_gateway_rest_api.api"
          ],
          "create_before_destroy": true
        }
      ]
    },
    {
      "mode": "managed",
      "type": "aws_api_gateway_integration_response",
      "name": "test_options_integration_response",
      "provider": "provider[\"registry.terraform.io/hashicorp/aws\"]",
      "instances": [
        {
          "schema_version": 0,
          "attributes": {
            "content_handling": "",
            "http_method": "OPTIONS",
            "id": "agir-9p0qb2bwde-kdphq3-OPTIONS-200",
            "resource_id": "kdphq3",
            "response_parameters": {
              "method.response.header.Access-Control-Allow-Headers": "'Content-Type,X-Amz-Date,Authorization,X-Api-Key,X-Amz-Security-Token'",
              "method.response.header.Access-Control-Allow-Methods": "'GET,POST,OPTIONS'",
              "method.response.header.Access-Control-Allow-Origin": "'*'"
            },
            "response_templates": {},
            "rest_api_id": "9p0qb2bwde",
            "selection_pattern": "",
            "status_code": "200"
          },
          "sensitive_attributes": [],
          "identity_schema_version": 0,
          "private": "bnVsbA==",
          "dependencies": [
            "aws_api_gateway_method.test_options",
            "aws_api_gateway_method_response.test_options_200",
            "aws_api_gateway_resource.api_v1",
            "aws_api_gateway_resource.test",
            "aws_api_gateway_resource.v1",
            "aws_api_gateway_rest_api.api"
          ],
          "create_before_destroy": true
        }
      ]
    },
    {
      "mode": "managed",
      "type": "aws_api_gateway_integration_response",
      "name": "user_tm_username_options_integration_response",
      "provider": "provider[\"registry.terraform.io/hashicorp/aws\"]",
      "instances": [
        {
          "schema_version": 0,
          "attributes": {
            "content_handling": "",
            "http_method": "OPTIONS",
            "id": "agir-9p0qb2bwde-p11zwx-OPTIONS-200",
            "resource_id": "p11zwx",
            "response_parameters": {
              "method.response.header.Access-Control-Allow-Headers": "'*'",
              "method.response.header.Access-Control-Allow-Methods": "'GET,POST,OPTIONS'",
              "method.response.header.Access-Control-Allow-Origin": "'*'"
            },
            "response_templates": {},
            "rest_api_id": "9p0qb2bwde",
            "selection_pattern": "",
            "status_code": "200"
          },
          "sensitive_attributes": [],
          "identity_schema_version": 0,
          "private": "bnVsbA==",
          "dependencies": [
            "aws_api_gateway_method.user_tm_username_options",
            "aws_api_gateway_method_response.user_tm_username_options_200",
            "aws_api_gateway_resource.api_v1",
            "aws_api_gateway_resource.user_tm_username",
            "aws_api_gateway_resource.users",
            "aws_api_gateway_resource.v1",
            "aws_api_gateway_rest_api.api"
          ],
          "create_before_destroy": true
        }
      ]
    },
    {
      "mode": "managed",
      "type": "aws_api_gateway_method",
      "name": "account_names_options",
      "provider": "provider[\"registry.terraform.io/hashicorp/aws\"]",
      "instances": [
        {
          "schema_version": 0,
          "attributes": {
            "api_key_required": false,
            "authorization": "NONE",
            "authorization_scopes": [],
            "authorizer_id": "",
            "http_method": "OPTIONS",
            "id": "agm-9p0qb2bwde-bzf6cf-OPTIONS",
            "operation_name": "",
            "request_models": {},
            "request_parameters": {},
            "request_validator_id": "",
            "resource_id": "bzf6cf",
            "rest_api_id": "9p0qb2bwde"
          },
          "sensitive_attributes": [],
          "identity_schema_version": 0,
          "private": "bnVsbA==",
          "dependencies": [
            "aws_api_gateway_resource.account_names",
            "aws_api_gateway_resource.api_v1",
            "aws_api_gateway_resource.users",
            "aws_api_gateway_resource.v1",
            "aws_api_gateway_rest_api.api"
          ],
          "create_before_destroy": true
        }
      ]
    },
    {
      "mode": "managed",
      "type": "aws_api_gateway_method",
      "name": "account_names_post",
      "provider": "provider[\"registry.terraform.io/hashicorp/aws\"]",
      "instances": [
        {
          "schema_version": 0,
          "attributes": {
            "api_key_required": false,
            "authorization": "NONE",
            "authorization_scopes": [],
            "authorizer_id": "",
            "http_method": "POST",
            "id": "agm-9p0qb2bwde-bzf6cf-POST",
            "operation_name": "",
            "request_models": {},
            "request_parameters": {},
            "request_validator_id": "",
            "resource_id": "bzf6cf",
            "rest_api_id": "9p0qb2bwde"
          },
          "sensitive_attributes": [],
          "identity_schema_version": 0,
          "private": "bnVsbA==",
          "dependencies": [
            "aws_api_gateway_resource.account_names",
            "aws_api_gateway_resource.api_v1",
            "aws_api_gateway_resource.users",
            "aws_api_gateway_resource.v1",
            "aws_api_gateway_rest_api.api"
          ],
          "create_before_destroy": true
        }
      ]
    },
    {
      "mode": "managed",
      "type": "aws_api_gateway_method",
      "name": "alerts_delete",
      "provider": "provider[\"registry.terraform.io/hashicorp/aws\"]",
      "instances": [
        {
          "schema_version": 0,
          "attributes": {
            "api_key_required": false,
            "authorization": "NONE",
            "authorization_scopes": [],
            "authorizer_id": "",
            "http_method": "DELETE",
            "id": "agm-9p0qb2bwde-ge0es9-DELETE",
            "operation_name": "",
            "request_models": {},
            "request_parameters": {},
            "request_validator_id": "",
            "resource_id": "ge0es9",
            "rest_api_id": "9p0qb2bwde"
          },
          "sensitive_attributes": [],
          "identity_schema_version": 0,
          "private": "bnVsbA==",
          "dependencies": [
            "aws_api_gateway_resource.alerts",
            "aws_api_gateway_resource.alerts_id",
            "aws_api_gateway_resource.api_v1",
            "aws_api_gateway_resource.users",
            "aws_api_gateway_resource.v1",
            "aws_api_gateway_rest_api.api"
          ],
          "create_before_destroy": true
        }
      ]
    },
    {
      "mode": "managed",
      "type": "aws_api_gateway_method",
      "name": "alerts_get",
      "provider": "provider[\"registry.terraform.io/hashicorp/aws\"]",
      "instances": [
        {
          "schema_version": 0,
          "attributes": {
            "api_key_required": false,
            "authorization": "NONE",
            "authorization_scopes": [],
            "authorizer_id": "",
            "http_method": "GET",
            "id": "agm-9p0qb2bwde-pb2zk4-GET",
            "operation_name": "",
            "request_models": {},
            "request_parameters": {},
            "request_validator_id": "",
            "resource_id": "pb2zk4",
            "rest_api_id": "9p0qb2bwde"
          },
          "sensitive_attributes": [],
          "identity_schema_version": 0,
          "private": "bnVsbA==",
          "dependencies": [
            "aws_api_gateway_resource.alerts",
            "aws_api_gateway_resource.api_v1",
            "aws_api_gateway_resource.users",
            "aws_api_gateway_resource.v1",
            "aws_api_gateway_rest_api.api"
          ],
          "create_before_destroy": true
        }
      ]
    },
    {
      "mode": "managed",
      "type": "aws_api_gateway_method",
      "name": "alerts_id_options",
      "provider": "provider[\"registry.terraform.io/hashicorp/aws\"]",
      "instances": [
        {
          "schema_version": 0,
          "attributes": {
            "api_key_required": false,
            "authorization": "NONE",
            "authorization_scopes": [],
            "authorizer_id": "",
            "http_method": "OPTIONS",
            "id": "agm-9p0qb2bwde-ge0es9-OPTIONS",
            "operation_name": "",
            "request_models": {},
            "request_parameters": {},
            "request_validator_id": "",
            "resource_id": "ge0es9",
            "rest_api_id": "9p0qb2bwde"
          },
          "sensitive_attributes": [],
          "identity_schema_version": 0,
          "private": "bnVsbA==",
          "dependencies": [
            "aws_api_gateway_resource.alerts",
            "aws_api_gateway_resource.alerts_id",
            "aws_api_gateway_resource.api_v1",
            "aws_api_gateway_resource.users",
            "aws_api_gateway_resource.v1",
            "aws_api_gateway_rest_api.api"
          ],
          "create_before_destroy": true
        }
      ]
    },
    {
      "mode": "managed",
      "type": "aws_api_gateway_method",
      "name": "alerts_options",
      "provider": "provider[\"registry.terraform.io/hashicorp/aws\"]",
      "instances": [
        {
          "schema_version": 0,
          "attributes": {
            "api_key_required": false,
            "authorization": "NONE",
            "authorization_scopes": [],
            "authorizer_id": "",
            "http_method": "OPTIONS",
            "id": "agm-9p0qb2bwde-pb2zk4-OPTIONS",
            "operation_name": "",
            "request_models": {},
            "request_parameters": {},
            "request_validator_id": "",
            "resource_id": "pb2zk4",
            "rest_api_id": "9p0qb2bwde"
          },
          "sensitive_attributes": [],
          "identity_schema_version": 0,
          "private": "bnVsbA==",
          "dependencies": [
            "aws_api_gateway_resource.alerts",
            "aws_api_gateway_resource.api_v1",
            "aws_api_gateway_resource.users",
            "aws_api_gateway_resource.v1",
            "aws_api_gateway_rest_api.api"
          ],
          "create_before_destroy": true
        }
      ]
    },
    {
      "mode": "managed",
      "type": "aws_api_gateway_method",
      "name": "alerts_post",
      "provider": "provider[\"registry.terraform.io/hashicorp/aws\"]",
      "instances": [
        {
          "schema_version": 0,
          "attributes": {
            "api_key_required": false,
            "authorization": "NONE",
            "authorization_scopes": [],
            "authorizer_id": "",
            "http_method": "POST",
            "id": "agm-9p0qb2bwde-pb2zk4-POST",
            "operation_name": "",
            "request_models": {},
            "request_parameters": {},
            "request_validator_id": "",
            "resource_id": "pb2zk4",
            "rest_api_id": "9p0qb2bwde"
          },
          "sensitive_attributes": [],
          "identity_schema_version": 0,
          "private": "bnVsbA==",
          "dependencies": [
            "aws_api_gateway_resource.alerts",
            "aws_api_gateway_resource.api_v1",
            "aws_api_gateway_resource.users",
            "aws_api_gateway_resource.v1",
            "aws_api_gateway_rest_api.api"
          ],
          "create_before_destroy": true
        }
      ]
    },
    {
      "mode": "managed",
      "type": "aws_api_gateway_method",
      "name": "driver_maps_search_get",
      "provider": "provider[\"registry.terraform.io/hashicorp/aws\"]",
      "instances": [
        {
          "schema_version": 0,
          "attributes": {
            "api_key_required": false,
            "authorization": "NONE",
            "authorization_scopes": [],
            "authorizer_id": "",
            "http_method": "GET",
            "id": "agm-9p0qb2bwde-bmkuz3-GET",
            "operation_name": "",
            "request_models": {},
            "request_parameters": {},
            "request_validator_id": "",
            "resource_id": "bmkuz3",
            "rest_api_id": "9p0qb2bwde"
          },
          "sensitive_attributes": [],
          "identity_schema_version": 0,
          "private": "bnVsbA==",
          "dependencies": [
            "aws_api_gateway_resource.api_v1",
            "aws_api_gateway_resource.driver",
            "aws_api_gateway_resource.driver_maps",
            "aws_api_gateway_resource.driver_maps_search",
            "aws_api_gateway_resource.v1",
            "aws_api_gateway_rest_api.api"
          ],
          "create_before_destroy": true
        }
      ]
    },
    {
      "mode": "managed",
      "type": "aws_api_gateway_method",
      "name": "driver_maps_search_options",
      "provider": "provider[\"registry.terraform.io/hashicorp/aws\"]",
      "instances": [
        {
          "schema_version": 0,
          "attributes": {
            "api_key_required": false,
            "authorization": "NONE",
            "authorization_scopes": [],
            "authorizer_id": "",
            "http_method": "OPTIONS",
            "id": "agm-9p0qb2bwde-bmkuz3-OPTIONS",
            "operation_name": "",
            "request_models": {},
            "request_parameters": {},
            "request_validator_id": "",
            "resource_id": "bmkuz3",
            "rest_api_id": "9p0qb2bwde"
          },
          "sensitive_attributes": [],
          "identity_schema_version": 0,
          "private": "bnVsbA==",
          "dependencies": [
            "aws_api_gateway_resource.api_v1",
            "aws_api_gateway_resource.driver",
            "aws_api_gateway_resource.driver_maps",
            "aws_api_gateway_resource.driver_maps_search",
            "aws_api_gateway_resource.v1",
            "aws_api_gateway_rest_api.api"
          ],
          "create_before_destroy": true
        }
      ]
    },
    {
      "mode": "managed",
      "type": "aws_api_gateway_method",
      "name": "driver_notifications_delete",
      "provider": "provider[\"registry.terraform.io/hashicorp/aws\"]",
      "instances": [
        {
          "schema_version": 0,
          "attributes": {
            "api_key_required": false,
            "authorization": "NONE",
            "authorization_scopes": [],
            "authorizer_id": "",
            "http_method": "DELETE",
            "id": "agm-9p0qb2bwde-9l4rx0-DELETE",
            "operation_name": "",
            "request_models": {},
            "request_parameters": {},
            "request_validator_id": "",
            "resource_id": "9l4rx0",
            "rest_api_id": "9p0qb2bwde"
          },
          "sensitive_attributes": [],
          "identity_schema_version": 0,
          "private": "bnVsbA==",
          "dependencies": [
            "aws_api_gateway_resource.api_v1",
            "aws_api_gateway_resource.driver",
            "aws_api_gateway_resource.driver_notifications",
            "aws_api_gateway_resource.driver_notifications_id",
            "aws_api_gateway_resource.v1",
            "aws_api_gateway_rest_api.api"
          ],
          "create_before_destroy": true
        }
      ]
    },
    {
      "mode": "managed",
      "type": "aws_api_gateway_method",
      "name": "driver_notifications_get",
      "provider": "provider[\"registry.terraform.io/hashicorp/aws\"]",
      "instances": [
        {
          "schema_version": 0,
          "attributes": {
            "api_key_required": false,
            "authorization": "NONE",
            "authorization_scopes": [],
            "authorizer_id": "",
            "http_method": "GET",
            "id": "agm-9p0qb2bwde-vd2vqh-GET",
            "operation_name": "",
            "request_models": {},
            "request_parameters": {},
            "request_validator_id": "",
            "resource_id": "vd2vqh",
            "rest_api_id": "9p0qb2bwde"
          },
          "sensitive_attributes": [],
          "identity_schema_version": 0,
          "private": "bnVsbA==",
          "dependencies": [
            "aws_api_gateway_resource.api_v1",
            "aws_api_gateway_resource.driver",
            "aws_api_gateway_resource.driver_notifications",
            "aws_api_gateway_resource.v1",
            "aws_api_gateway_rest_api.api"
          ],
          "create_before_destroy": true
        }
      ]
    },
    {
      "mode": "managed",
      "type": "aws_api_gateway_method",
      "name": "driver_notifications_id_options",
      "provider": "provider[\"registry.terraform.io/hashicorp/aws\"]",
      "instances": [
        {
          "schema_version": 0,
          "attributes": {
            "api_key_required": false,
            "authorization": "NONE",
            "authorization_scopes": [],
            "authorizer_id": "",
            "http_method": "OPTIONS",
            "id": "agm-9p0qb2bwde-9l4rx0-OPTIONS",
            "operation_name": "",
            "request_models": {},
            "request_parameters": {},
            "request_validator_id": "",
            "resource_id": "9l4rx0",
            "rest_api_id": "9p0qb2bwde"
          },
          "sensitive_attributes": [],
          "identity_schema_version": 0,
          "private": "bnVsbA==",
          "dependencies": [
            "aws_api_gateway_resource.api_v1",
            "aws_api_gateway_resource.driver",
            "aws_api_gateway_resource.driver_notifications",
            "aws_api_gateway_resource.driver_notifications_id",
            "aws_api_gateway_resource.v1",
            "aws_api_gateway_rest_api.api"
          ],
          "create_before_destroy": true
        }
      ]
    },
    {
      "mode": "managed",
      "type": "aws_api_gateway_method",
      "name": "driver_notifications_options",
      "provider": "provider[\"registry.terraform.io/hashicorp/aws\"]",
      "instances": [
        {
          "schema_version": 0,
          "attributes": {
            "api_key_required": false,
            "authorization": "NONE",
            "authorization_scopes": [],
            "authorizer_id": "",
            "http_method": "OPTIONS",
            "id": "agm-9p0qb2bwde-vd2vqh-OPTIONS",
            "operation_name": "",
            "request_models": {},
            "request_parameters": {},
            "request_validator_id": "",
            "resource_id": "vd2vqh",
            "rest_api_id": "9p0qb2bwde"
          },
          "sensitive_attributes": [],
          "identity_schema_version": 0,
          "private": "bnVsbA==",
          "dependencies": [
            "aws_api_gateway_resource.api_v1",
            "aws_api_gateway_resource.driver",
            "aws_api_gateway_resource.driver_notifications",
            "aws_api_gateway_resource.v1",
            "aws_api_gateway_rest_api.api"
          ],
          "create_before_destroy": true
        }
      ]
    },
    {
      "mode": "managed",
      "type": "aws_api_gateway_method",
      "name": "driver_notifications_post",
      "provider": "provider[\"registry.terraform.io/hashicorp/aws\"]",
      "instances": [
        {
          "schema_version": 0,
          "attributes": {
            "api_key_required": false,
            "authorization": "NONE",
            "authorization_scopes": [],
            "authorizer_id": "",
            "http_method": "POST",
            "id": "agm-9p0qb2bwde-vd2vqh-POST",
            "operation_name": "",
            "request_models": {},
            "request_parameters": {},
            "request_validator_id": "",
            "resource_id": "vd2vqh",
            "rest_api_id": "9p0qb2bwde"
          },
          "sensitive_attributes": [],
          "identity_schema_version": 0,
          "private": "bnVsbA==",
          "dependencies": [
            "aws_api_gateway_resource.api_v1",
            "aws_api_gateway_resource.driver",
            "aws_api_gateway_resource.driver_notifications",
            "aws_api_gateway_resource.v1",
            "aws_api_gateway_rest_api.api"
          ],
          "create_before_destroy": true
        }
      ]
    },
    {
      "mode": "managed",
      "type": "aws_api_gateway_method",
      "name": "health_get",
      "provider": "provider[\"registry.terraform.io/hashicorp/aws\"]",
      "instances": [
        {
          "schema_version": 0,
          "attributes": {
            "api_key_required": false,
            "authorization": "NONE",
            "authorization_scopes": [],
            "authorizer_id": "",
            "http_method": "GET",
            "id": "agm-9p0qb2bwde-xm7yjj-GET",
            "operation_name": "",
            "request_models": {},
            "request_parameters": {},
            "request_validator_id": "",
            "resource_id": "xm7yjj",
            "rest_api_id": "9p0qb2bwde"
          },
          "sensitive_attributes": [],
          "identity_schema_version": 0,
          "private": "bnVsbA==",
          "dependencies": [
            "aws_api_gateway_resource.health",
            "aws_api_gateway_rest_api.api"
          ]
        }
      ]
    },
    {
      "mode": "managed",
      "type": "aws_api_gateway_method",
      "name": "job_status_get",
      "provider": "provider[\"registry.terraform.io/hashicorp/aws\"]",
      "instances": [
        {
          "schema_version": 0,
          "attributes": {
            "api_key_required": false,
            "authorization": "NONE",
            "authorization_scopes": [],
            "authorizer_id": "",
            "http_method": "GET",
            "id": "agm-9p0qb2bwde-7a0cut-GET",
            "operation_name": "",
            "request_models": {},
            "request_parameters": {},
            "request_validator_id": "",
            "resource_id": "7a0cut",
            "rest_api_id": "9p0qb2bwde"
          },
          "sensitive_attributes": [],
          "identity_schema_version": 0,
          "private": "bnVsbA==",
          "dependencies": [
            "aws_api_gateway_resource.api_v1",
            "aws_api_gateway_resource.job_id",
            "aws_api_gateway_resource.maps",
            "aws_api_gateway_resource.maps_status",
            "aws_api_gateway_resource.users",
            "aws_api_gateway_resource.v1",
            "aws_api_gateway_rest_api.api"
          ],
          "create_before_destroy": true
        }
      ]
    },
    {
      "mode": "managed",
      "type": "aws_api_gateway_method",
      "name": "job_status_options",
      "provider": "provider[\"registry.terraform.io/hashicorp/aws\"]",
      "instances": [
        {
          "schema_version": 0,
          "attributes": {
            "api_key_required": false,
            "authorization": "NONE",
            "authorization_scopes": [],
            "authorizer_id": "",
            "http_method": "OPTIONS",
            "id": "agm-9p0qb2bwde-7a0cut-OPTIONS",
            "operation_name": "",
            "request_models": {},
            "request_parameters": {},
            "request_validator_id": "",
            "resource_id": "7a0cut",
            "rest_api_id": "9p0qb2bwde"
          },
          "sensitive_attributes": [],
          "identity_schema_version": 0,
          "private": "bnVsbA==",
          "dependencies": [
            "aws_api_gateway_resource.api_v1",
            "aws_api_gateway_resource.job_id",
            "aws_api_gateway_resource.maps",
            "aws_api_gateway_resource.maps_status",
            "aws_api_gateway_resource.users",
            "aws_api_gateway_resource.v1",
            "aws_api_gateway_rest_api.api"
          ],
          "create_before_destroy": true
        }
      ]
    },
    {
      "mode": "managed",
      "type": "aws_api_gateway_method",
      "name": "latest_get",
      "provider": "provider[\"registry.terraform.io/hashicorp/aws\"]",
      "instances": [
        {
          "schema_version": 0,
          "attributes": {
            "api_key_required": false,
            "authorization": "NONE",
            "authorization_scopes": [],
            "authorizer_id": "",
            "http_method": "GET",
            "id": "agm-9p0qb2bwde-i2qkpk-GET",
            "operation_name": "",
            "request_models": {},
            "request_parameters": {},
            "request_validator_id": "",
            "resource_id": "i2qkpk",
            "rest_api_id": "9p0qb2bwde"
          },
          "sensitive_attributes": [],
          "identity_schema_version": 0,
          "private": "bnVsbA==",
          "dependencies": [
            "aws_api_gateway_resource.api_v1",
            "aws_api_gateway_resource.latest",
            "aws_api_gateway_resource.records",
            "aws_api_gateway_resource.v1",
            "aws_api_gateway_rest_api.api"
          ],
          "create_before_destroy": true
        }
      ]
    },
    {
      "mode": "managed",
      "type": "aws_api_gateway_method",
      "name": "latest_options",
      "provider": "provider[\"registry.terraform.io/hashicorp/aws\"]",
      "instances": [
        {
          "schema_version": 0,
          "attributes": {
            "api_key_required": false,
            "authorization": "NONE",
            "authorization_scopes": [],
            "authorizer_id": "",
            "http_method": "OPTIONS",
            "id": "agm-9p0qb2bwde-i2qkpk-OPTIONS",
            "operation_name": "",
            "request_models": {},
            "request_parameters": {},
            "request_validator_id": "",
            "resource_id": "i2qkpk",
            "rest_api_id": "9p0qb2bwde"
          },
          "sensitive_attributes": [],
          "identity_schema_version": 0,
          "private": "bnVsbA==",
          "dependencies": [
            "aws_api_gateway_resource.api_v1",
            "aws_api_gateway_resource.latest",
            "aws_api_gateway_resource.records",
            "aws_api_gateway_resource.v1",
            "aws_api_gateway_rest_api.api"
          ],
          "create_before_destroy": true
        }
      ]
    },
    {
      "mode": "managed",
      "type": "aws_api_gateway_method",
      "name": "login_options",
      "provider": "provider[\"registry.terraform.io/hashicorp/aws\"]",
      "instances": [
        {
          "schema_version": 0,
          "attributes": {
            "api_key_required": false,
            "authorization": "NONE",
            "authorization_scopes": [],
            "authorizer_id": "",
            "http_method": "OPTIONS",
            "id": "agm-9p0qb2bwde-j80rp0-OPTIONS",
            "operation_name": "",
            "request_models": {},
            "request_parameters": {},
            "request_validator_id": "",
            "resource_id": "j80rp0",
            "rest_api_id": "9p0qb2bwde"
          },
          "sensitive_attributes": [],
          "identity_schema_version": 0,
          "private": "bnVsbA==",
          "dependencies": [
            "aws_api_gateway_resource.api_v1",
            "aws_api_gateway_resource.login",
            "aws_api_gateway_resource.users",
            "aws_api_gateway_resource.v1",
            "aws_api_gateway_rest_api.api"
          ],
          "create_before_destroy": true
        }
      ]
    },
    {
      "mode": "managed",
      "type": "aws_api_gateway_method",
      "name": "login_post",
      "provider": "provider[\"registry.terraform.io/hashicorp/aws\"]",
      "instances": [
        {
          "schema_version": 0,
          "attributes": {
            "api_key_required": false,
            "authorization": "NONE",
            "authorization_scopes": [],
            "authorizer_id": "",
            "http_method": "POST",
            "id": "agm-9p0qb2bwde-j80rp0-POST",
            "operation_name": "",
            "request_models": {},
            "request_parameters": {},
            "request_validator_id": "",
            "resource_id": "j80rp0",
            "rest_api_id": "9p0qb2bwde"
          },
          "sensitive_attributes": [],
          "identity_schema_version": 0,
          "private": "bnVsbA==",
          "dependencies": [
            "aws_api_gateway_resource.api_v1",
            "aws_api_gateway_resource.login",
            "aws_api_gateway_resource.users",
            "aws_api_gateway_resource.v1",
            "aws_api_gateway_rest_api.api"
          ],
          "create_before_destroy": true
        }
      ]
    },
    {
      "mode": "managed",
      "type": "aws_api_gateway_method",
      "name": "logout_options",
      "provider": "provider[\"registry.terraform.io/hashicorp/aws\"]",
      "instances": [
        {
          "schema_version": 0,
          "attributes": {
            "api_key_required": false,
            "authorization": "NONE",
            "authorization_scopes": [],
            "authorizer_id": "",
            "http_method": "OPTIONS",
            "id": "agm-9p0qb2bwde-f6g2f7-OPTIONS",
            "operation_name": "",
            "request_models": {},
            "request_parameters": {},
            "request_validator_id": "",
            "resource_id": "f6g2f7",
            "rest_api_id": "9p0qb2bwde"
          },
          "sensitive_attributes": [],
          "identity_schema_version": 0,
          "private": "bnVsbA==",
          "dependencies": [
            "aws_api_gateway_resource.api_v1",
            "aws_api_gateway_resource.logout",
            "aws_api_gateway_resource.users",
            "aws_api_gateway_resource.v1",
            "aws_api_gateway_rest_api.api"
          ],
          "create_before_destroy": true
        }
      ]
    },
    {
      "mode": "managed",
      "type": "aws_api_gateway_method",
      "name": "logout_post",
      "provider": "provider[\"registry.terraform.io/hashicorp/aws\"]",
      "instances": [
        {
          "schema_version": 0,
          "attributes": {
            "api_key_required": false,
            "authorization": "NONE",
            "authorization_scopes": [],
            "authorizer_id": "",
            "http_method": "POST",
            "id": "agm-9p0qb2bwde-f6g2f7-POST",
            "operation_name": "",
            "request_models": {},
            "request_parameters": {},
            "request_validator_id": "",
            "resource_id": "f6g2f7",
            "rest_api_id": "9p0qb2bwde"
          },
          "sensitive_attributes": [],
          "identity_schema_version": 0,
          "private": "bnVsbA==",
          "dependencies": [
            "aws_api_gateway_resource.api_v1",
            "aws_api_gateway_resource.logout",
            "aws_api_gateway_resource.users",
            "aws_api_gateway_resource.v1",
            "aws_api_gateway_rest_api.api"
          ],
          "create_before_destroy": true
        }
      ]
    },
    {
      "mode": "managed",
      "type": "aws_api_gateway_method",
      "name": "maps_get",
      "provider": "provider[\"registry.terraform.io/hashicorp/aws\"]",
      "instances": [
        {
          "schema_version": 0,
          "attributes": {
            "api_key_required": false,
            "authorization": "NONE",
            "authorization_scopes": [],
            "authorizer_id": "",
            "http_method": "GET",
            "id": "agm-9p0qb2bwde-hni54t-GET",
            "operation_name": "",
            "request_models": {},
            "request_parameters": {},
            "request_validator_id": "",
            "resource_id": "hni54t",
            "rest_api_id": "9p0qb2bwde"
          },
          "sensitive_attributes": [],
          "identity_schema_version": 0,
          "private": "bnVsbA==",
          "dependencies": [
            "aws_api_gateway_resource.api_v1",
            "aws_api_gateway_resource.maps",
            "aws_api_gateway_resource.users",
            "aws_api_gateway_resource.v1",
            "aws_api_gateway_rest_api.api"
          ],
          "create_before_destroy": true
        }
      ]
    },
    {
      "mode": "managed",
      "type": "aws_api_gateway_method",
      "name": "maps_options",
      "provider": "provider[\"registry.terraform.io/hashicorp/aws\"]",
      "instances": [
        {
          "schema_version": 0,
          "attributes": {
            "api_key_required": false,
            "authorization": "NONE",
            "authorization_scopes": [],
            "authorizer_id": "",
            "http_method": "OPTIONS",
            "id": "agm-9p0qb2bwde-hni54t-OPTIONS",
            "operation_name": "",
            "request_models": {},
            "request_parameters": {},
            "request_validator_id": "",
            "resource_id": "hni54t",
            "rest_api_id": "9p0qb2bwde"
          },
          "sensitive_attributes": [],
          "identity_schema_version": 0,
          "private": "bnVsbA==",
          "dependencies": [
            "aws_api_gateway_resource.api_v1",
            "aws_api_gateway_resource.maps",
            "aws_api_gateway_resource.users",
            "aws_api_gateway_resource.v1",
            "aws_api_gateway_rest_api.api"
          ],
          "create_before_destroy": true
        }
      ]
    },
    {
      "mode": "managed",
      "type": "aws_api_gateway_method",
      "name": "profile_get",
      "provider": "provider[\"registry.terraform.io/hashicorp/aws\"]",
      "instances": [
        {
          "schema_version": 0,
          "attributes": {
            "api_key_required": false,
            "authorization": "NONE",
            "authorization_scopes": [],
            "authorizer_id": "",
            "http_method": "GET",
            "id": "agm-9p0qb2bwde-1z9i1x-GET",
            "operation_name": "",
            "request_models": {},
            "request_parameters": {},
            "request_validator_id": "",
            "resource_id": "1z9i1x",
            "rest_api_id": "9p0qb2bwde"
          },
          "sensitive_attributes": [],
          "identity_schema_version": 0,
          "private": "bnVsbA==",
          "dependencies": [
            "aws_api_gateway_resource.api_v1",
            "aws_api_gateway_resource.profile",
            "aws_api_gateway_resource.users",
            "aws_api_gateway_resource.v1",
            "aws_api_gateway_rest_api.api"
          ]
        }
      ]
    },
    {
      "mode": "managed",
      "type": "aws_api_gateway_method",
      "name": "profile_options",
      "provider": "provider[\"registry.terraform.io/hashicorp/aws\"]",
      "instances": [
        {
          "schema_version": 0,
          "attributes": {
            "api_key_required": false,
            "authorization": "NONE",
            "authorization_scopes": [],
            "authorizer_id": "",
            "http_method": "OPTIONS",
            "id": "agm-9p0qb2bwde-1z9i1x-OPTIONS",
            "operation_name": "",
            "request_models": {},
            "request_parameters": {},
            "request_validator_id": "",
            "resource_id": "1z9i1x",
            "rest_api_id": "9p0qb2bwde"
          },
          "sensitive_attributes": [],
          "identity_schema_version": 0,
          "private": "bnVsbA==",
          "dependencies": [
            "aws_api_gateway_resource.api_v1",
            "aws_api_gateway_resource.profile",
            "aws_api_gateway_resource.users",
            "aws_api_gateway_resource.v1",
            "aws_api_gateway_rest_api.api"
          ]
        }
      ]
    },
    {
      "mode": "managed",
      "type": "aws_api_gateway_method",
      "name": "refresh_options",
      "provider": "provider[\"registry.terraform.io/hashicorp/aws\"]",
      "instances": [
        {
          "schema_version": 0,
          "attributes": {
            "api_key_required": false,
            "authorization": "NONE",
            "authorization_scopes": [],
            "authorizer_id": "",
            "http_method": "OPTIONS",
            "id": "agm-9p0qb2bwde-qq9dk3-OPTIONS",
            "operation_name": "",
            "request_models": {},
            "request_parameters": {},
            "request_validator_id": "",
            "resource_id": "qq9dk3",
            "rest_api_id": "9p0qb2bwde"
          },
          "sensitive_attributes": [],
          "identity_schema_version": 0,
          "private": "bnVsbA==",
          "dependencies": [
            "aws_api_gateway_resource.api_v1",
            "aws_api_gateway_resource.refresh",
            "aws_api_gateway_resource.users",
            "aws_api_gateway_resource.v1",
            "aws_api_gateway_rest_api.api"
          ],
          "create_before_destroy": true
        }
      ]
    },
    {
      "mode": "managed",
      "type": "aws_api_gateway_method",
      "name": "refresh_post",
      "provider": "provider[\"registry.terraform.io/hashicorp/aws\"]",
      "instances": [
        {
          "schema_version": 0,
          "attributes": {
            "api_key_required": false,
            "authorization": "NONE",
            "authorization_scopes": [],
            "authorizer_id": "",
            "http_method": "POST",
            "id": "agm-9p0qb2bwde-qq9dk3-POST",
            "operation_name": "",
            "request_models": {},
            "request_parameters": {},
            "request_validator_id": "",
            "resource_id": "qq9dk3",
            "rest_api_id": "9p0qb2bwde"
          },
          "sensitive_attributes": [],
          "identity_schema_version": 0,
          "private": "bnVsbA==",
          "dependencies": [
            "aws_api_gateway_resource.api_v1",
            "aws_api_gateway_resource.refresh",
            "aws_api_gateway_resource.users",
            "aws_api_gateway_resource.v1",
            "aws_api_gateway_rest_api.api"
          ],
          "create_before_destroy": true
        }
      ]
    },
    {
      "mode": "managed",
      "type": "aws_api_gateway_method",
      "name": "register_options",
      "provider": "provider[\"registry.terraform.io/hashicorp/aws\"]",
      "instances": [
        {
          "schema_version": 0,
          "attributes": {
            "api_key_required": false,
            "authorization": "NONE",
            "authorization_scopes": [],
            "authorizer_id": "",
            "http_method": "OPTIONS",
            "id": "agm-9p0qb2bwde-hbaovl-OPTIONS",
            "operation_name": "",
            "request_models": {},
            "request_parameters": {},
            "request_validator_id": "",
            "resource_id": "hbaovl",
            "rest_api_id": "9p0qb2bwde"
          },
          "sensitive_attributes": [],
          "identity_schema_version": 0,
          "private": "bnVsbA==",
          "dependencies": [
            "aws_api_gateway_resource.api_v1",
            "aws_api_gateway_resource.register",
            "aws_api_gateway_resource.users",
            "aws_api_gateway_resource.v1",
            "aws_api_gateway_rest_api.api"
          ],
          "create_before_destroy": true
        }
      ]
    },
    {
      "mode": "managed",
      "type": "aws_api_gateway_method",
      "name": "register_post",
      "provider": "provider[\"registry.terraform.io/hashicorp/aws\"]",
      "instances": [
        {
          "schema_version": 0,
          "attributes": {
            "api_key_required": false,
            "authorization": "NONE",
            "authorization_scopes": [],
            "authorizer_id": "",
            "http_method": "POST",
            "id": "agm-9p0qb2bwde-hbaovl-POST",
            "operation_name": "",
            "request_models": {},
            "request_parameters": {},
            "request_validator_id": "",
            "resource_id": "hbaovl",
            "rest_api_id": "9p0qb2bwde"
          },
          "sensitive_attributes": [],
          "identity_schema_version": 0,
          "private": "bnVsbA==",
          "dependencies": [
            "aws_api_gateway_resource.api_v1",
            "aws_api_gateway_resource.register",
            "aws_api_gateway_resource.users",
            "aws_api_gateway_resource.v1",
            "aws_api_gateway_rest_api.api"
          ],
          "create_before_destroy": true
        }
      ]
    },
    {
      "mode": "managed",
      "type": "aws_api_gateway_method",
      "name": "search_get",
      "provider": "provider[\"registry.terraform.io/hashicorp/aws\"]",
      "instances": [
        {
          "schema_version": 0,
          "attributes": {
            "api_key_required": false,
            "authorization": "NONE",
            "authorization_scopes": [],
            "authorizer_id": "",
            "http_method": "GET",
            "id": "agm-9p0qb2bwde-zjz5ip-GET",
            "operation_name": "",
            "request_models": {},
            "request_parameters": {},
            "request_validator_id": "",
            "resource_id": "zjz5ip",
            "rest_api_id": "9p0qb2bwde"
          },
          "sensitive_attributes": [],
          "identity_schema_version": 0,
          "private": "bnVsbA==",
          "dependencies": [
            "aws_api_gateway_resource.api_v1",
            "aws_api_gateway_resource.search",
            "aws_api_gateway_resource.users",
            "aws_api_gateway_resource.v1",
            "aws_api_gateway_rest_api.api"
          ],
          "create_before_destroy": true
        }
      ]
    },
    {
      "mode": "managed",
      "type": "aws_api_gateway_method",
      "name": "search_options",
      "provider": "provider[\"registry.terraform.io/hashicorp/aws\"]",
      "instances": [
        {
          "schema_version": 0,
          "attributes": {
            "api_key_required": false,
            "authorization": "NONE",
            "authorization_scopes": [],
            "authorizer_id": "",
            "http_method": "OPTIONS",
            "id": "agm-9p0qb2bwde-zjz5ip-OPTIONS",
            "operation_name": "",
            "request_models": {},
            "request_parameters": {},
            "request_validator_id": "",
            "resource_id": "zjz5ip",
            "rest_api_id": "9p0qb2bwde"
          },
          "sensitive_attributes": [],
          "identity_schema_version": 0,
          "private": "bnVsbA==",
          "dependencies": [
            "aws_api_gateway_resource.api_v1",
            "aws_api_gateway_resource.search",
            "aws_api_gateway_resource.users",
            "aws_api_gateway_resource.v1",
            "aws_api_gateway_rest_api.api"
          ],
          "create_before_destroy": true
        }
      ]
    },
    {
      "mode": "managed",
      "type": "aws_api_gateway_method",
      "name": "test_advanced_get",
      "provider": "provider[\"registry.terraform.io/hashicorp/aws\"]",
      "instances": [
        {
          "schema_version": 0,
          "attributes": {
            "api_key_required": false,
            "authorization": "NONE",
            "authorization_scopes": [],
            "authorizer_id": "",
            "http_method": "GET",
            "id": "agm-9p0qb2bwde-k7696e-GET",
            "operation_name": "",
            "request_models": {},
            "request_parameters": {},
            "request_validator_id": "",
            "resource_id": "k7696e",
            "rest_api_id": "9p0qb2bwde"
          },
          "sensitive_attributes": [],
          "identity_schema_version": 0,
          "private": "bnVsbA==",
          "dependencies": [
            "aws_api_gateway_resource.api_v1",
            "aws_api_gateway_resource.test_advanced",
            "aws_api_gateway_resource.v1",
            "aws_api_gateway_rest_api.api"
          ],
          "create_before_destroy": true
        }
      ]
    },
    {
      "mode": "managed",
      "type": "aws_api_gateway_method",
      "name": "test_advanced_options",
      "provider": "provider[\"registry.terraform.io/hashicorp/aws\"]",
      "instances": [
        {
          "schema_version": 0,
          "attributes": {
            "api_key_required": false,
            "authorization": "NONE",
            "authorization_scopes": [],
            "authorizer_id": "",
            "http_method": "OPTIONS",
            "id": "agm-9p0qb2bwde-k7696e-OPTIONS",
            "operation_name": "",
            "request_models": {},
            "request_parameters": {},
            "request_validator_id": "",
            "resource_id": "k7696e",
            "rest_api_id": "9p0qb2bwde"
          },
          "sensitive_attributes": [],
          "identity_schema_version": 0,
          "private": "bnVsbA==",
          "dependencies": [
            "aws_api_gateway_resource.api_v1",
            "aws_api_gateway_resource.test_advanced",
            "aws_api_gateway_resource.v1",
            "aws_api_gateway_rest_api.api"
          ],
          "create_before_destroy": true
        }
      ]
    },
    {
      "mode": "managed",
      "type": "aws_api_gateway_method",
      "name": "test_advanced_post",
      "provider": "provider[\"registry.terraform.io/hashicorp/aws\"]",
      "instances": [
        {
          "schema_version": 0,
          "attributes": {
            "api_key_required": false,
            "authorization": "NONE",
            "authorization_scopes": [],
            "authorizer_id": "",
            "http_method": "POST",
            "id": "agm-9p0qb2bwde-k7696e-POST",
            "operation_name": "",
            "request_models": {},
            "request_parameters": {},
            "request_validator_id": "",
            "resource_id": "k7696e",
            "rest_api_id": "9p0qb2bwde"
          },
          "sensitive_attributes": [],
          "identity_schema_version": 0,
          "private": "bnVsbA==",
          "dependencies": [
            "aws_api_gateway_resource.api_v1",
            "aws_api_gateway_resource.test_advanced",
            "aws_api_gateway_resource.v1",
            "aws_api_gateway_rest_api.api"
          ],
          "create_before_destroy": true
        }
      ]
    },
    {
      "mode": "managed",
      "type": "aws_api_gateway_method",
      "name": "test_get",
      "provider": "provider[\"registry.terraform.io/hashicorp/aws\"]",
      "instances": [
        {
          "schema_version": 0,
          "attributes": {
            "api_key_required": false,
            "authorization": "NONE",
            "authorization_scopes": [],
            "authorizer_id": "",
            "http_method": "GET",
            "id": "agm-9p0qb2bwde-kdphq3-GET",
            "operation_name": "",
            "request_models": {},
            "request_parameters": {},
            "request_validator_id": "",
            "resource_id": "kdphq3",
            "rest_api_id": "9p0qb2bwde"
          },
          "sensitive_attributes": [],
          "identity_schema_version": 0,
          "private": "bnVsbA==",
          "dependencies": [
            "aws_api_gateway_resource.api_v1",
            "aws_api_gateway_resource.test",
            "aws_api_gateway_resource.v1",
            "aws_api_gateway_rest_api.api"
          ],
          "create_before_destroy": true
        }
      ]
    },
    {
      "mode": "managed",
      "type": "aws_api_gateway_method",
      "name": "test_options",
      "provider": "provider[\"registry.terraform.io/hashicorp/aws\"]",
      "instances": [
        {
          "schema_version": 0,
          "attributes": {
            "api_key_required": false,
            "authorization": "NONE",
            "authorization_scopes": [],
            "authorizer_id": "",
            "http_method": "OPTIONS",
            "id": "agm-9p0qb2bwde-kdphq3-OPTIONS",
            "operation_name": "",
            "request_models": {},
            "request_parameters": {},
            "request_validator_id": "",
            "resource_id": "kdphq3",
            "rest_api_id": "9p0qb2bwde"
          },
          "sensitive_attributes": [],
          "identity_schema_version": 0,
          "private": "bnVsbA==",
          "dependencies": [
            "aws_api_gateway_resource.api_v1",
            "aws_api_gateway_resource.test",
            "aws_api_gateway_resource.v1",
            "aws_api_gateway_rest_api.api"
          ],
          "create_before_destroy": true
        }
      ]
    },
    {
      "mode": "managed",
      "type": "aws_api_gateway_method",
      "name": "test_post",
      "provider": "provider[\"registry.terraform.io/hashicorp/aws\"]",
      "instances": [
        {
          "schema_version": 0,
          "attributes": {
            "api_key_required": false,
            "authorization": "NONE",
            "authorization_scopes": [],
            "authorizer_id": "",
            "http_method": "POST",
            "id": "agm-9p0qb2bwde-kdphq3-POST",
            "operation_name": "",
            "request_models": {},
            "request_parameters": {},
            "request_validator_id": "",
            "resource_id": "kdphq3",
            "rest_api_id": "9p0qb2bwde"
          },
          "sensitive_attributes": [],
          "identity_schema_version": 0,
          "private": "bnVsbA==",
          "dependencies": [
            "aws_api_gateway_resource.api_v1",
            "aws_api_gateway_resource.test",
            "aws_api_gateway_resource.v1",
            "aws_api_gateway_rest_api.api"
          ],
          "create_before_destroy": true
        }
      ]
    },
    {
      "mode": "managed",
      "type": "aws_api_gateway_method",
      "name": "user_tm_username_get",
      "provider": "provider[\"registry.terraform.io/hashicorp/aws\"]",
      "instances": [
        {
          "schema_version": 0,
          "attributes": {
            "api_key_required": false,
            "authorization": "NONE",
            "authorization_scopes": [],
            "authorizer_id": "",
            "http_method": "GET",
            "id": "agm-9p0qb2bwde-p11zwx-GET",
            "operation_name": "",
            "request_models": {},
            "request_parameters": {},
            "request_validator_id": "",
            "resource_id": "p11zwx",
            "rest_api_id": "9p0qb2bwde"
          },
          "sensitive_attributes": [],
          "identity_schema_version": 0,
          "private": "bnVsbA==",
          "dependencies": [
            "aws_api_gateway_resource.api_v1",
            "aws_api_gateway_resource.user_tm_username",
            "aws_api_gateway_resource.users",
            "aws_api_gateway_resource.v1",
            "aws_api_gateway_rest_api.api"
          ],
          "create_before_destroy": true
        }
      ]
    },
    {
      "mode": "managed",
      "type": "aws_api_gateway_method",
      "name": "user_tm_username_options",
      "provider": "provider[\"registry.terraform.io/hashicorp/aws\"]",
      "instances": [
        {
          "schema_version": 0,
          "attributes": {
            "api_key_required": false,
            "authorization": "NONE",
            "authorization_scopes": [],
            "authorizer_id": "",
            "http_method": "OPTIONS",
            "id": "agm-9p0qb2bwde-p11zwx-OPTIONS",
            "operation_name": "",
            "request_models": {},
            "request_parameters": {},
            "request_validator_id": "",
            "resource_id": "p11zwx",
            "rest_api_id": "9p0qb2bwde"
          },
          "sensitive_attributes": [],
          "identity_schema_version": 0,
          "private": "bnVsbA==",
          "dependencies": [
            "aws_api_gateway_resource.api_v1",
            "aws_api_gateway_resource.user_tm_username",
            "aws_api_gateway_resource.users",
            "aws_api_gateway_resource.v1",
            "aws_api_gateway_rest_api.api"
          ],
          "create_before_destroy": true
        }
      ]
    },
    {
      "mode": "managed",
      "type": "aws_api_gateway_method",
      "name": "user_tm_username_post",
      "provider": "provider[\"registry.terraform.io/hashicorp/aws\"]",
      "instances": [
        {
          "schema_version": 0,
          "attributes": {
            "api_key_required": false,
            "authorization": "NONE",
            "authorization_scopes": [],
            "authorizer_id": "",
            "http_method": "POST",
            "id": "agm-9p0qb2bwde-p11zwx-POST",
            "operation_name": "",
            "request_models": {},
            "request_parameters": {},
            "request_validator_id": "",
            "resource_id": "p11zwx",
            "rest_api_id": "9p0qb2bwde"
          },
          "sensitive_attributes": [],
          "identity_schema_version": 0,
          "private": "bnVsbA==",
          "dependencies": [
            "aws_api_gateway_resource.api_v1",
            "aws_api_gateway_resource.user_tm_username",
            "aws_api_gateway_resource.users",
            "aws_api_gateway_resource.v1",
            "aws_api_gateway_rest_api.api"
          ],
          "create_before_destroy": true
        }
      ]
    },
    {
      "mode": "managed",
      "type": "aws_api_gateway_method_response",
      "name": "account_names_options_200",
      "provider": "provider[\"registry.terraform.io/hashicorp/aws\"]",
      "instances": [
        {
          "schema_version": 0,
          "attributes": {
            "http_method": "OPTIONS",
            "id": "agmr-9p0qb2bwde-bzf6cf-OPTIONS-200",
            "resource_id": "bzf6cf",
            "response_models": {},
            "response_parameters": {
              "method.response.header.Access-Control-Allow-Headers": true,
              "method.response.header.Access-Control-Allow-Methods": true,
              "method.response.header.Access-Control-Allow-Origin": true
            },
            "rest_api_id": "9p0qb2bwde",
            "status_code": "200"
          },
          "sensitive_attributes": [],
          "identity_schema_version": 0,
          "private": "bnVsbA==",
          "dependencies": [
            "aws_api_gateway_method.account_names_options",
            "aws_api_gateway_resource.account_names",
            "aws_api_gateway_resource.api_v1",
            "aws_api_gateway_resource.users",
            "aws_api_gateway_resource.v1",
            "aws_api_gateway_rest_api.api"
          ],
          "create_before_destroy": true
        }
      ]
    },
    {
      "mode": "managed",
      "type": "aws_api_gateway_method_response",
      "name": "alerts_id_options_200",
      "provider": "provider[\"registry.terraform.io/hashicorp/aws\"]",
      "instances": [
        {
          "schema_version": 0,
          "attributes": {
            "http_method": "OPTIONS",
            "id": "agmr-9p0qb2bwde-ge0es9-OPTIONS-200",
            "resource_id": "ge0es9",
            "response_models": {},
            "response_parameters": {
              "method.response.header.Access-Control-Allow-Headers": true,
              "method.response.header.Access-Control-Allow-Methods": true,
              "method.response.header.Access-Control-Allow-Origin": true
            },
            "rest_api_id": "9p0qb2bwde",
            "status_code": "200"
          },
          "sensitive_attributes": [],
          "identity_schema_version": 0,
          "private": "bnVsbA==",
          "dependencies": [
            "aws_api_gateway_method.alerts_id_options",
            "aws_api_gateway_resource.alerts",
            "aws_api_gateway_resource.alerts_id",
            "aws_api_gateway_resource.api_v1",
            "aws_api_gateway_resource.users",
            "aws_api_gateway_resource.v1",
            "aws_api_gateway_rest_api.api"
          ],
          "create_before_destroy": true
        }
      ]
    },
    {
      "mode": "managed",
      "type": "aws_api_gateway_method_response",
      "name": "alerts_options_200",
      "provider": "provider[\"registry.terraform.io/hashicorp/aws\"]",
      "instances": [
        {
          "schema_version": 0,
          "attributes": {
            "http_method": "OPTIONS",
            "id": "agmr-9p0qb2bwde-pb2zk4-OPTIONS-200",
            "resource_id": "pb2zk4",
            "response_models": {},
            "response_parameters": {
              "method.response.header.Access-Control-Allow-Headers": true,
              "method.response.header.Access-Control-Allow-Methods": true,
              "method.response.header.Access-Control-Allow-Origin": true
            },
            "rest_api_id": "9p0qb2bwde",
            "status_code": "200"
          },
          "sensitive_attributes": [],
          "identity_schema_version": 0,
          "private": "bnVsbA==",
          "dependencies": [
            "aws_api_gateway_method.alerts_options",
            "aws_api_gateway_resource.alerts",
            "aws_api_gateway_resource.api_v1",
            "aws_api_gateway_resource.users",
            "aws_api_gateway_resource.v1",
            "aws_api_gateway_rest_api.api"
          ],
          "create_before_destroy": true
        }
      ]
    },
    {
      "mode": "managed",
      "type": "aws_api_gateway_method_response",
      "name": "driver_maps_search_options_200",
      "provider": "provider[\"registry.terraform.io/hashicorp/aws\"]",
      "instances": [
        {
          "schema_version": 0,
          "attributes": {
            "http_method": "OPTIONS",
            "id": "agmr-9p0qb2bwde-bmkuz3-OPTIONS-200",
            "resource_id": "bmkuz3",
            "response_models": {},
            "response_parameters": {
              "method.response.header.Access-Control-Allow-Headers": true,
              "method.response.header.Access-Control-Allow-Methods": true,
              "method.response.header.Access-Control-Allow-Origin": true
            },
            "rest_api_id": "9p0qb2bwde",
            "status_code": "200"
          },
          "sensitive_attributes": [],
          "identity_schema_version": 0,
          "private": "bnVsbA==",
          "dependencies": [
            "aws_api_gateway_method.driver_maps_search_options",
            "aws_api_gateway_resource.api_v1",
            "aws_api_gateway_resource.driver",
            "aws_api_gateway_resource.driver_maps",
            "aws_api_gateway_resource.driver_maps_search",
            "aws_api_gateway_resource.v1",
            "aws_api_gateway_rest_api.api"
          ],
          "create_before_destroy": true
        }
      ]
    },
    {
      "mode": "managed",
      "type": "aws_api_gateway_method_response",
      "name": "driver_notifications_id_options_200",
      "provider": "provider[\"registry.terraform.io/hashicorp/aws\"]",
      "instances": [
        {
          "schema_version": 0,
          "attributes": {
            "http_method": "OPTIONS",
            "id": "agmr-9p0qb2bwde-9l4rx0-OPTIONS-200",
            "resource_id": "9l4rx0",
            "response_models": {},
            "response_parameters": {
              "method.response.header.Access-Control-Allow-Headers": true,
              "method.response.header.Access-Control-Allow-Methods": true,
              "method.response.header.Access-Control-Allow-Origin": true
            },
            "rest_api_id": "9p0qb2bwde",
            "status_code": "200"
          },
          "sensitive_attributes": [],
          "identity_schema_version": 0,
          "private": "bnVsbA==",
          "dependencies": [
            "aws_api_gateway_method.driver_notifications_id_options",
            "aws_api_gateway_resource.api_v1",
            "aws_api_gateway_resource.driver",
            "aws_api_gateway_resource.driver_notifications",
            "aws_api_gateway_resource.driver_notifications_id",
            "aws_api_gateway_resource.v1",
            "aws_api_gateway_rest_api.api"
          ],
          "create_before_destroy": true
        }
      ]
    },
    {
      "mode": "managed",
      "type": "aws_api_gateway_method_response",
      "name": "driver_notifications_options_200",
      "provider": "provider[\"registry.terraform.io/hashicorp/aws\"]",
      "instances": [
        {
          "schema_version": 0,
          "attributes": {
            "http_method": "OPTIONS",
            "id": "agmr-9p0qb2bwde-vd2vqh-OPTIONS-200",
            "resource_id": "vd2vqh",
            "response_models": {},
            "response_parameters": {
              "method.response.header.Access-Control-Allow-Headers": true,
              "method.response.header.Access-Control-Allow-Methods": true,
              "method.response.header.Access-Control-Allow-Origin": true
            },
            "rest_api_id": "9p0qb2bwde",
            "status_code": "200"
          },
          "sensitive_attributes": [],
          "identity_schema_version": 0,
          "private": "bnVsbA==",
          "dependencies": [
            "aws_api_gateway_method.driver_notifications_options",
            "aws_api_gateway_resource.api_v1",
            "aws_api_gateway_resource.driver",
            "aws_api_gateway_resource.driver_notifications",
            "aws_api_gateway_resource.v1",
            "aws_api_gateway_rest_api.api"
          ],
          "create_before_destroy": true
        }
      ]
    },
    {
      "mode": "managed",
      "type": "aws_api_gateway_method_response",
      "name": "job_status_options_200",
      "provider": "provider[\"registry.terraform.io/hashicorp/aws\"]",
      "instances": [
        {
          "schema_version": 0,
          "attributes": {
            "http_method": "OPTIONS",
            "id": "agmr-9p0qb2bwde-7a0cut-OPTIONS-200",
            "resource_id": "7a0cut",
            "response_models": {},
            "response_parameters": {
              "method.response.header.Access-Control-Allow-Headers": true,
              "method.response.header.Access-Control-Allow-Methods": true,
              "method.response.header.Access-Control-Allow-Origin": true
            },
            "rest_api_id": "9p0qb2bwde",
            "status_code": "200"
          },
          "sensitive_attributes": [],
          "identity_schema_version": 0,
          "private": "bnVsbA==",
          "dependencies": [
            "aws_api_gateway_method.job_status_options",
            "aws_api_gateway_resource.api_v1",
            "aws_api_gateway_resource.job_id",
            "aws_api_gateway_resource.maps",
            "aws_api_gateway_resource.maps_status",
            "aws_api_gateway_resource.users",
            "aws_api_gateway_resource.v1",
            "aws_api_gateway_rest_api.api"
          ],
          "create_before_destroy": true
        }
      ]
    },
    {
      "mode": "managed",
      "type": "aws_api_gateway_method_response",
      "name": "latest_options_200",
      "provider": "provider[\"registry.terraform.io/hashicorp/aws\"]",
      "instances": [
        {
          "schema_version": 0,
          "attributes": {
            "http_method": "OPTIONS",
            "id": "agmr-9p0qb2bwde-i2qkpk-OPTIONS-200",
            "resource_id": "i2qkpk",
            "response_models": {},
            "response_parameters": {
              "method.response.header.Access-Control-Allow-Headers": true,
              "method.response.header.Access-Control-Allow-Methods": true,
              "method.response.header.Access-Control-Allow-Origin": true
            },
            "rest_api_id": "9p0qb2bwde",
            "status_code": "200"
          },
          "sensitive_attributes": [],
          "identity_schema_version": 0,
          "private": "bnVsbA==",
          "dependencies": [
            "aws_api_gateway_method.latest_options",
            "aws_api_gateway_resource.api_v1",
            "aws_api_gateway_resource.latest",
            "aws_api_gateway_resource.records",
            "aws_api_gateway_resource.v1",
            "aws_api_gateway_rest_api.api"
          ],
          "create_before_destroy": true
        }
      ]
    },
    {
      "mode": "managed",
      "type": "aws_api_gateway_method_response",
      "name": "login_options_200",
      "provider": "provider[\"registry.terraform.io/hashicorp/aws\"]",
      "instances": [
        {
          "schema_version": 0,
          "attributes": {
            "http_method": "OPTIONS",
            "id": "agmr-9p0qb2bwde-j80rp0-OPTIONS-200",
            "resource_id": "j80rp0",
            "response_models": {},
            "response_parameters": {
              "method.response.header.Access-Control-Allow-Headers": true,
              "method.response.header.Access-Control-Allow-Methods": true,
              "method.response.header.Access-Control-Allow-Origin": true
            },
            "rest_api_id": "9p0qb2bwde",
            "status_code": "200"
          },
          "sensitive_attributes": [],
          "identity_schema_version": 0,
          "private": "bnVsbA==",
          "dependencies": [
            "aws_api_gateway_method.login_options",
            "aws_api_gateway_resource.api_v1",
            "aws_api_gateway_resource.login",
            "aws_api_gateway_resource.users",
            "aws_api_gateway_resource.v1",
            "aws_api_gateway_rest_api.api"
          ],
          "create_before_destroy": true
        }
      ]
    },
    {
      "mode": "managed",
      "type": "aws_api_gateway_method_response",
      "name": "logout_options_200",
      "provider": "provider[\"registry.terraform.io/hashicorp/aws\"]",
      "instances": [
        {
          "schema_version": 0,
          "attributes": {
            "http_method": "OPTIONS",
            "id": "agmr-9p0qb2bwde-f6g2f7-OPTIONS-200",
            "resource_id": "f6g2f7",
            "response_models": {},
            "response_parameters": {
              "method.response.header.Access-Control-Allow-Headers": true,
              "method.response.header.Access-Control-Allow-Methods": true,
              "method.response.header.Access-Control-Allow-Origin": true
            },
            "rest_api_id": "9p0qb2bwde",
            "status_code": "200"
          },
          "sensitive_attributes": [],
          "identity_schema_version": 0,
          "private": "bnVsbA==",
          "dependencies": [
            "aws_api_gateway_method.logout_options",
            "aws_api_gateway_resource.api_v1",
            "aws_api_gateway_resource.logout",
            "aws_api_gateway_resource.users",
            "aws_api_gateway_resource.v1",
            "aws_api_gateway_rest_api.api"
          ],
          "create_before_destroy": true
        }
      ]
    },
    {
      "mode": "managed",
      "type": "aws_api_gateway_method_response",
      "name": "maps_options_200",
      "provider": "provider[\"registry.terraform.io/hashicorp/aws\"]",
      "instances": [
        {
          "schema_version": 0,
          "attributes": {
            "http_method": "OPTIONS",
            "id": "agmr-9p0qb2bwde-hni54t-OPTIONS-200",
            "resource_id": "hni54t",
            "response_models": {},
            "response_parameters": {
              "method.response.header.Access-Control-Allow-Headers": true,
              "method.response.header.Access-Control-Allow-Methods": true,
              "method.response.header.Access-Control-Allow-Origin": true
            },
            "rest_api_id": "9p0qb2bwde",
            "status_code": "200"
          },
          "sensitive_attributes": [],
          "identity_schema_version": 0,
          "private": "bnVsbA==",
          "dependencies": [
            "aws_api_gateway_method.maps_options",
            "aws_api_gateway_resource.api_v1",
            "aws_api_gateway_resource.maps",
            "aws_api_gateway_resource.users",
            "aws_api_gateway_resource.v1",
            "aws_api_gateway_rest_api.api"
          ],
          "create_before_destroy": true
        }
      ]
    },
    {
      "mode": "managed",
      "type": "aws_api_gateway_method_response",
      "name": "profile_options_200",
      "provider": "provider[\"registry.terraform.io/hashicorp/aws\"]",
      "instances": [
        {
          "schema_version": 0,
          "attributes": {
            "http_method": "OPTIONS",
            "id": "agmr-9p0qb2bwde-1z9i1x-OPTIONS-200",
            "resource_id": "1z9i1x",
            "response_models": {},
            "response_parameters": {
              "method.response.header.Access-Control-Allow-Headers": true,
              "method.response.header.Access-Control-Allow-Methods": true,
              "method.response.header.Access-Control-Allow-Origin": true
            },
            "rest_api_id": "9p0qb2bwde",
            "status_code": "200"
          },
          "sensitive_attributes": [],
          "identity_schema_version": 0,
          "private": "bnVsbA==",
          "dependencies": [
            "aws_api_gateway_method.profile_options",
            "aws_api_gateway_resource.api_v1",
            "aws_api_gateway_resource.profile",
            "aws_api_gateway_resource.users",
            "aws_api_gateway_resource.v1",
            "aws_api_gateway_rest_api.api"
          ]
        }
      ]
    },
    {
      "mode": "managed",
      "type": "aws_api_gateway_method_response",
      "name": "refresh_options_200",
      "provider": "provider[\"registry.terraform.io/hashicorp/aws\"]",
      "instances": [
        {
          "schema_version": 0,
          "attributes": {
            "http_method": "OPTIONS",
            "id": "agmr-9p0qb2bwde-qq9dk3-OPTIONS-200",
            "resource_id": "qq9dk3",
            "response_models": {},
            "response_parameters": {
              "method.response.header.Access-Control-Allow-Headers": true,
              "method.response.header.Access-Control-Allow-Methods": true,
              "method.response.header.Access-Control-Allow-Origin": true
            },
            "rest_api_id": "9p0qb2bwde",
            "status_code": "200"
          },
          "sensitive_attributes": [],
          "identity_schema_version": 0,
          "private": "bnVsbA==",
          "dependencies": [
            "aws_api_gateway_method.refresh_options",
            "aws_api_gateway_resource.api_v1",
            "aws_api_gateway_resource.refresh",
            "aws_api_gateway_resource.users",
            "aws_api_gateway_resource.v1",
            "aws_api_gateway_rest_api.api"
          ],
          "create_before_destroy": true
        }
      ]
    },
    {
      "mode": "managed",
      "type": "aws_api_gateway_method_response",
      "name": "register_options_200",
      "provider": "provider[\"registry.terraform.io/hashicorp/aws\"]",
      "instances": [
        {
          "schema_version": 0,
          "attributes": {
            "http_method": "OPTIONS",
            "id": "agmr-9p0qb2bwde-hbaovl-OPTIONS-200",
            "resource_id": "hbaovl",
            "response_models": {},
            "response_parameters": {
              "method.response.header.Access-Control-Allow-Headers": true,
              "method.response.header.Access-Control-Allow-Methods": true,
              "method.response.header.Access-Control-Allow-Origin": true
            },
            "rest_api_id": "9p0qb2bwde",
            "status_code": "200"
          },
          "sensitive_attributes": [],
          "identity_schema_version": 0,
          "private": "bnVsbA==",
          "dependencies": [
            "aws_api_gateway_method.register_options",
            "aws_api_gateway_resource.api_v1",
            "aws_api_gateway_resource.register",
            "aws_api_gateway_resource.users",
            "aws_api_gateway_resource.v1",
            "aws_api_gateway_rest_api.api"
          ],
          "create_before_destroy": true
        }
      ]
    },
    {
      "mode": "managed",
      "type": "aws_api_gateway_method_response",
      "name": "search_options_200",
      "provider": "provider[\"registry.terraform.io/hashicorp/aws\"]",
      "instances": [
        {
          "schema_version": 0,
          "attributes": {
            "http_method": "OPTIONS",
            "id": "agmr-9p0qb2bwde-zjz5ip-OPTIONS-200",
            "resource_id": "zjz5ip",
            "response_models": {},
            "response_parameters": {
              "method.response.header.Access-Control-Allow-Headers": true,
              "method.response.header.Access-Control-Allow-Methods": true,
              "method.response.header.Access-Control-Allow-Origin": true
            },
            "rest_api_id": "9p0qb2bwde",
            "status_code": "200"
          },
          "sensitive_attributes": [],
          "identity_schema_version": 0,
          "private": "bnVsbA==",
          "dependencies": [
            "aws_api_gateway_method.search_options",
            "aws_api_gateway_resource.api_v1",
            "aws_api_gateway_resource.search",
            "aws_api_gateway_resource.users",
            "aws_api_gateway_resource.v1",
            "aws_api_gateway_rest_api.api"
          ],
          "create_before_destroy": true
        }
      ]
    },
    {
      "mode": "managed",
      "type": "aws_api_gateway_method_response",
      "name": "test_advanced_options_200",
      "provider": "provider[\"registry.terraform.io/hashicorp/aws\"]",
      "instances": [
        {
          "schema_version": 0,
          "attributes": {
            "http_method": "OPTIONS",
            "id": "agmr-9p0qb2bwde-k7696e-OPTIONS-200",
            "resource_id": "k7696e",
            "response_models": {},
            "response_parameters": {
              "method.response.header.Access-Control-Allow-Headers": true,
              "method.response.header.Access-Control-Allow-Methods": true,
              "method.response.header.Access-Control-Allow-Origin": true
            },
            "rest_api_id": "9p0qb2bwde",
            "status_code": "200"
          },
          "sensitive_attributes": [],
          "identity_schema_version": 0,
          "private": "bnVsbA==",
          "dependencies": [
            "aws_api_gateway_method.test_advanced_options",
            "aws_api_gateway_resource.api_v1",
            "aws_api_gateway_resource.test_advanced",
            "aws_api_gateway_resource.v1",
            "aws_api_gateway_rest_api.api"
          ],
          "create_before_destroy": true
        }
      ]
    },
    {
      "mode": "managed",
      "type": "aws_api_gateway_method_response",
      "name": "test_options_200",
      "provider": "provider[\"registry.terraform.io/hashicorp/aws\"]",
      "instances": [
        {
          "schema_version": 0,
          "attributes": {
            "http_method": "OPTIONS",
            "id": "agmr-9p0qb2bwde-kdphq3-OPTIONS-200",
            "resource_id": "kdphq3",
            "response_models": {},
            "response_parameters": {
              "method.response.header.Access-Control-Allow-Headers": true,
              "method.response.header.Access-Control-Allow-Methods": true,
              "method.response.header.Access-Control-Allow-Origin": true
            },
            "rest_api_id": "9p0qb2bwde",
            "status_code": "200"
          },
          "sensitive_attributes": [],
          "identity_schema_version": 0,
          "private": "bnVsbA==",
          "dependencies": [
            "aws_api_gateway_method.test_options",
            "aws_api_gateway_resource.api_v1",
            "aws_api_gateway_resource.test",
            "aws_api_gateway_resource.v1",
            "aws_api_gateway_rest_api.api"
          ],
          "create_before_destroy": true
        }
      ]
    },
    {
      "mode": "managed",
      "type": "aws_api_gateway_method_response",
      "name": "user_tm_username_options_200",
      "provider": "provider[\"registry.terraform.io/hashicorp/aws\"]",
      "instances": [
        {
          "schema_version": 0,
          "attributes": {
            "http_method": "OPTIONS",
            "id": "agmr-9p0qb2bwde-p11zwx-OPTIONS-200",
            "resource_id": "p11zwx",
            "response_models": {},
            "response_parameters": {
              "method.response.header.Access-Control-Allow-Headers": true,
              "method.response.header.Access-Control-Allow-Methods": true,
              "method.response.header.Access-Control-Allow-Origin": true
            },
            "rest_api_id": "9p0qb2bwde",
            "status_code": "200"
          },
          "sensitive_attributes": [],
          "identity_schema_version": 0,
          "private": "bnVsbA==",
          "dependencies": [
            "aws_api_gateway_method.user_tm_username_options",
            "aws_api_gateway_resource.api_v1",
            "aws_api_gateway_resource.user_tm_username",
            "aws_api_gateway_resource.users",
            "aws_api_gateway_resource.v1",
            "aws_api_gateway_rest_api.api"
          ],
          "create_before_destroy": true
        }
      ]
    },
    {
      "mode": "managed",
      "type": "aws_api_gateway_resource",
      "name": "account_names",
      "provider": "provider[\"registry.terraform.io/hashicorp/aws\"]",
      "instances": [
        {
          "schema_version": 0,
          "attributes": {
            "id": "bzf6cf",
            "parent_id": "nlolng",
            "path": "/api/v1/users/accountNames",
            "path_part": "accountNames",
            "rest_api_id": "9p0qb2bwde"
          },
          "sensitive_attributes": [],
          "identity_schema_version": 0,
          "private": "bnVsbA==",
          "dependencies": [
            "aws_api_gateway_resource.api_v1",
            "aws_api_gateway_resource.users",
            "aws_api_gateway_resource.v1",
            "aws_api_gateway_rest_api.api"
          ],
          "create_before_destroy": true
        }
      ]
    },
    {
      "mode": "managed",
      "type": "aws_api_gateway_resource",
      "name": "alerts",
      "provider": "provider[\"registry.terraform.io/hashicorp/aws\"]",
      "instances": [
        {
          "schema_version": 0,
          "attributes": {
            "id": "pb2zk4",
            "parent_id": "nlolng",
            "path": "/api/v1/users/alerts",
            "path_part": "alerts",
            "rest_api_id": "9p0qb2bwde"
          },
          "sensitive_attributes": [],
          "identity_schema_version": 0,
          "private": "bnVsbA==",
          "dependencies": [
            "aws_api_gateway_resource.api_v1",
            "aws_api_gateway_resource.users",
            "aws_api_gateway_resource.v1",
            "aws_api_gateway_rest_api.api"
          ],
          "create_before_destroy": true
        }
      ]
    },
    {
      "mode": "managed",
      "type": "aws_api_gateway_resource",
      "name": "alerts_id",
      "provider": "provider[\"registry.terraform.io/hashicorp/aws\"]",
      "instances": [
        {
          "schema_version": 0,
          "attributes": {
            "id": "ge0es9",
            "parent_id": "pb2zk4",
            "path": "/api/v1/users/alerts/{id}",
            "path_part": "{id}",
            "rest_api_id": "9p0qb2bwde"
          },
          "sensitive_attributes": [],
          "identity_schema_version": 0,
          "private": "bnVsbA==",
          "dependencies": [
            "aws_api_gateway_resource.alerts",
            "aws_api_gateway_resource.api_v1",
            "aws_api_gateway_resource.users",
            "aws_api_gateway_resource.v1",
            "aws_api_gateway_rest_api.api"
          ],
          "create_before_destroy": true
        }
      ]
    },
    {
      "mode": "managed",
      "type": "aws_api_gateway_resource",
      "name": "api_v1",
      "provider": "provider[\"registry.terraform.io/hashicorp/aws\"]",
      "instances": [
        {
          "schema_version": 0,
          "attributes": {
            "id": "8jbxo6",
            "parent_id": "59ly593mcd",
            "path": "/api",
            "path_part": "api",
            "rest_api_id": "9p0qb2bwde"
          },
          "sensitive_attributes": [],
          "identity_schema_version": 0,
          "private": "bnVsbA==",
          "dependencies": [
            "aws_api_gateway_rest_api.api"
          ],
          "create_before_destroy": true
        }
      ]
    },
    {
      "mode": "managed",
      "type": "aws_api_gateway_resource",
      "name": "driver",
      "provider": "provider[\"registry.terraform.io/hashicorp/aws\"]",
      "instances": [
        {
          "schema_version": 0,
          "attributes": {
            "id": "hm8j12",
            "parent_id": "stjfn6",
            "path": "/api/v1/driver",
            "path_part": "driver",
            "rest_api_id": "9p0qb2bwde"
          },
          "sensitive_attributes": [],
          "identity_schema_version": 0,
          "private": "bnVsbA==",
          "dependencies": [
            "aws_api_gateway_resource.api_v1",
            "aws_api_gateway_resource.v1",
            "aws_api_gateway_rest_api.api"
          ],
          "create_before_destroy": true
        }
      ]
    },
    {
      "mode": "managed",
      "type": "aws_api_gateway_resource",
      "name": "driver_maps",
      "provider": "provider[\"registry.terraform.io/hashicorp/aws\"]",
      "instances": [
        {
          "schema_version": 0,
          "attributes": {
            "id": "rnd2y3",
            "parent_id": "hm8j12",
            "path": "/api/v1/driver/maps",
            "path_part": "maps",
            "rest_api_id": "9p0qb2bwde"
          },
          "sensitive_attributes": [],
          "identity_schema_version": 0,
          "private": "bnVsbA==",
          "dependencies": [
            "aws_api_gateway_resource.api_v1",
            "aws_api_gateway_resource.driver",
            "aws_api_gateway_resource.v1",
            "aws_api_gateway_rest_api.api"
          ],
          "create_before_destroy": true
        }
      ]
    },
    {
      "mode": "managed",
      "type": "aws_api_gateway_resource",
      "name": "driver_maps_search",
      "provider": "provider[\"registry.terraform.io/hashicorp/aws\"]",
      "instances": [
        {
          "schema_version": 0,
          "attributes": {
            "id": "bmkuz3",
            "parent_id": "rnd2y3",
            "path": "/api/v1/driver/maps/search",
            "path_part": "search",
            "rest_api_id": "9p0qb2bwde"
          },
          "sensitive_attributes": [],
          "identity_schema_version": 0,
          "private": "bnVsbA==",
          "dependencies": [
            "aws_api_gateway_resource.api_v1",
            "aws_api_gateway_resource.driver",
            "aws_api_gateway_resource.driver_maps",
            "aws_api_gateway_resource.v1",
            "aws_api_gateway_rest_api.api"
          ],
          "create_before_destroy": true
        }
      ]
    },
    {
      "mode": "managed",
      "type": "aws_api_gateway_resource",
      "name": "driver_notifications",
      "provider": "provider[\"registry.terraform.io/hashicorp/aws\"]",
      "instances": [
        {
          "schema_version": 0,
          "attributes": {
            "id": "vd2vqh",
            "parent_id": "hm8j12",
            "path": "/api/v1/driver/notifications",
            "path_part": "notifications",
            "rest_api_id": "9p0qb2bwde"
          },
          "sensitive_attributes": [],
          "identity_schema_version": 0,
          "private": "bnVsbA==",
          "dependencies": [
            "aws_api_gateway_resource.api_v1",
            "aws_api_gateway_resource.driver",
            "aws_api_gateway_resource.v1",
            "aws_api_gateway_rest_api.api"
          ],
          "create_before_destroy": true
        }
      ]
    },
    {
      "mode": "managed",
      "type": "aws_api_gateway_resource",
      "name": "driver_notifications_id",
      "provider": "provider[\"registry.terraform.io/hashicorp/aws\"]",
      "instances": [
        {
          "schema_version": 0,
          "attributes": {
            "id": "9l4rx0",
            "parent_id": "vd2vqh",
            "path": "/api/v1/driver/notifications/{id}",
            "path_part": "{id}",
            "rest_api_id": "9p0qb2bwde"
          },
          "sensitive_attributes": [],
          "identity_schema_version": 0,
          "private": "bnVsbA==",
          "dependencies": [
            "aws_api_gateway_resource.api_v1",
            "aws_api_gateway_resource.driver",
            "aws_api_gateway_resource.driver_notifications",
            "aws_api_gateway_resource.v1",
            "aws_api_gateway_rest_api.api"
          ],
          "create_before_destroy": true
        }
      ]
    },
    {
      "mode": "managed",
      "type": "aws_api_gateway_resource",
      "name": "health",
      "provider": "provider[\"registry.terraform.io/hashicorp/aws\"]",
      "instances": [
        {
          "schema_version": 0,
          "attributes": {
            "id": "xm7yjj",
            "parent_id": "59ly593mcd",
            "path": "/health",
            "path_part": "health",
            "rest_api_id": "9p0qb2bwde"
          },
          "sensitive_attributes": [],
          "identity_schema_version": 0,
          "private": "bnVsbA==",
          "dependencies": [
            "aws_api_gateway_rest_api.api"
          ]
        }
      ]
    },
    {
      "mode": "managed",
      "type": "aws_api_gateway_resource",
      "name": "job_id",
      "provider": "provider[\"registry.terraform.io/hashicorp/aws\"]",
      "instances": [
        {
          "schema_version": 0,
          "attributes": {
            "id": "7a0cut",
            "parent_id": "0tdaah",
            "path": "/api/v1/users/maps/status/{jobId}",
            "path_part": "{jobId}",
            "rest_api_id": "9p0qb2bwde"
          },
          "sensitive_attributes": [],
          "identity_schema_version": 0,
          "private": "bnVsbA==",
          "dependencies": [
            "aws_api_gateway_resource.api_v1",
            "aws_api_gateway_resource.maps",
            "aws_api_gateway_resource.maps_status",
            "aws_api_gateway_resource.users",
            "aws_api_gateway_resource.v1",
            "aws_api_gateway_rest_api.api"
          ],
          "create_before_destroy": true
        }
      ]
    },
    {
      "mode": "managed",
      "type": "aws_api_gateway_resource",
      "name": "latest",
      "provider": "provider[\"registry.terraform.io/hashicorp/aws\"]",
      "instances": [
        {
          "schema_version": 0,
          "attributes": {
            "id": "i2qkpk",
            "parent_id": "ddl7py",
            "path": "/api/v1/records/latest",
            "path_part": "latest",
            "rest_api_id": "9p0qb2bwde"
          },
          "sensitive_attributes": [],
          "identity_schema_version": 0,
          "private": "bnVsbA==",
          "dependencies": [
            "aws_api_gateway_resource.api_v1",
            "aws_api_gateway_resource.records",
            "aws_api_gateway_resource.v1",
            "aws_api_gateway_rest_api.api"
          ],
          "create_before_destroy": true
        }
      ]
    },
    {
      "mode": "managed",
      "type": "aws_api_gateway_resource",
      "name": "login",
      "provider": "provider[\"registry.terraform.io/hashicorp/aws\"]",
      "instances": [
        {
          "schema_version": 0,
          "attributes": {
            "id": "j80rp0",
            "parent_id": "nlolng",
            "path": "/api/v1/users/login",
            "path_part": "login",
            "rest_api_id": "9p0qb2bwde"
          },
          "sensitive_attributes": [],
          "identity_schema_version": 0,
          "private": "bnVsbA==",
          "dependencies": [
            "aws_api_gateway_resource.api_v1",
            "aws_api_gateway_resource.users",
            "aws_api_gateway_resource.v1",
            "aws_api_gateway_rest_api.api"
          ],
          "create_before_destroy": true
        }
      ]
    },
    {
      "mode": "managed",
      "type": "aws_api_gateway_resource",
      "name": "logout",
      "provider": "provider[\"registry.terraform.io/hashicorp/aws\"]",
      "instances": [
        {
          "schema_version": 0,
          "attributes": {
            "id": "f6g2f7",
            "parent_id": "nlolng",
            "path": "/api/v1/users/logout",
            "path_part": "logout",
            "rest_api_id": "9p0qb2bwde"
          },
          "sensitive_attributes": [],
          "identity_schema_version": 0,
          "private": "bnVsbA==",
          "dependencies": [
            "aws_api_gateway_resource.api_v1",
            "aws_api_gateway_resource.users",
            "aws_api_gateway_resource.v1",
            "aws_api_gateway_rest_api.api"
          ],
          "create_before_destroy": true
        }
      ]
    },
    {
      "mode": "managed",
      "type": "aws_api_gateway_resource",
      "name": "maps",
      "provider": "provider[\"registry.terraform.io/hashicorp/aws\"]",
      "instances": [
        {
          "schema_version": 0,
          "attributes": {
            "id": "hni54t",
            "parent_id": "nlolng",
            "path": "/api/v1/users/maps",
            "path_part": "maps",
            "rest_api_id": "9p0qb2bwde"
          },
          "sensitive_attributes": [],
          "identity_schema_version": 0,
          "private": "bnVsbA==",
          "dependencies": [
            "aws_api_gateway_resource.api_v1",
            "aws_api_gateway_resource.users",
            "aws_api_gateway_resource.v1",
            "aws_api_gateway_rest_api.api"
          ],
          "create_before_destroy": true
        }
      ]
    },
    {
      "mode": "managed",
      "type": "aws_api_gateway_resource",
      "name": "maps_status",
      "provider": "provider[\"registry.terraform.io/hashicorp/aws\"]",
      "instances": [
        {
          "schema_version": 0,
          "attributes": {
            "id": "0tdaah",
            "parent_id": "hni54t",
            "path": "/api/v1/users/maps/status",
            "path_part": "status",
            "rest_api_id": "9p0qb2bwde"
          },
          "sensitive_attributes": [],
          "identity_schema_version": 0,
          "private": "bnVsbA==",
          "dependencies": [
            "aws_api_gateway_resource.api_v1",
            "aws_api_gateway_resource.maps",
            "aws_api_gateway_resource.users",
            "aws_api_gateway_resource.v1",
            "aws_api_gateway_rest_api.api"
          ],
          "create_before_destroy": true
        }
      ]
    },
    {
      "mode": "managed",
      "type": "aws_api_gateway_resource",
      "name": "profile",
      "provider": "provider[\"registry.terraform.io/hashicorp/aws\"]",
      "instances": [
        {
          "schema_version": 0,
          "attributes": {
            "id": "1z9i1x",
            "parent_id": "nlolng",
            "path": "/api/v1/users/profile",
            "path_part": "profile",
            "rest_api_id": "9p0qb2bwde"
          },
          "sensitive_attributes": [],
          "identity_schema_version": 0,
          "private": "bnVsbA==",
          "dependencies": [
            "aws_api_gateway_resource.api_v1",
            "aws_api_gateway_resource.users",
            "aws_api_gateway_resource.v1",
            "aws_api_gateway_rest_api.api"
          ]
        }
      ]
    },
    {
      "mode": "managed",
      "type": "aws_api_gateway_resource",
      "name": "records",
      "provider": "provider[\"registry.terraform.io/hashicorp/aws\"]",
      "instances": [
        {
          "schema_version": 0,
          "attributes": {
            "id": "ddl7py",
            "parent_id": "stjfn6",
            "path": "/api/v1/records",
            "path_part": "records",
            "rest_api_id": "9p0qb2bwde"
          },
          "sensitive_attributes": [],
          "identity_schema_version": 0,
          "private": "bnVsbA==",
          "dependencies": [
            "aws_api_gateway_resource.api_v1",
            "aws_api_gateway_resource.v1",
            "aws_api_gateway_rest_api.api"
          ],
          "create_before_destroy": true
        }
      ]
    },
    {
      "mode": "managed",
      "type": "aws_api_gateway_resource",
      "name": "refresh",
      "provider": "provider[\"registry.terraform.io/hashicorp/aws\"]",
      "instances": [
        {
          "schema_version": 0,
          "attributes": {
            "id": "qq9dk3",
            "parent_id": "nlolng",
            "path": "/api/v1/users/refresh",
            "path_part": "refresh",
            "rest_api_id": "9p0qb2bwde"
          },
          "sensitive_attributes": [],
          "identity_schema_version": 0,
          "private": "bnVsbA==",
          "dependencies": [
            "aws_api_gateway_resource.api_v1",
            "aws_api_gateway_resource.users",
            "aws_api_gateway_resource.v1",
            "aws_api_gateway_rest_api.api"
          ],
          "create_before_destroy": true
        }
      ]
    },
    {
      "mode": "managed",
      "type": "aws_api_gateway_resource",
      "name": "register",
      "provider": "provider[\"registry.terraform.io/hashicorp/aws\"]",
      "instances": [
        {
          "schema_version": 0,
          "attributes": {
            "id": "hbaovl",
            "parent_id": "nlolng",
            "path": "/api/v1/users/register",
            "path_part": "register",
            "rest_api_id": "9p0qb2bwde"
          },
          "sensitive_attributes": [],
          "identity_schema_version": 0,
          "private": "bnVsbA==",
          "dependencies": [
            "aws_api_gateway_resource.api_v1",
            "aws_api_gateway_resource.users",
            "aws_api_gateway_resource.v1",
            "aws_api_gateway_rest_api.api"
          ],
          "create_before_destroy": true
        }
      ]
    },
    {
      "mode": "managed",
      "type": "aws_api_gateway_resource",
      "name": "search",
      "provider": "provider[\"registry.terraform.io/hashicorp/aws\"]",
      "instances": [
        {
          "schema_version": 0,
          "attributes": {
            "id": "zjz5ip",
            "parent_id": "nlolng",
            "path": "/api/v1/users/search",
            "path_part": "search",
            "rest_api_id": "9p0qb2bwde"
          },
          "sensitive_attributes": [],
          "identity_schema_version": 0,
          "private": "bnVsbA==",
          "dependencies": [
            "aws_api_gateway_resource.api_v1",
            "aws_api_gateway_resource.users",
            "aws_api_gateway_resource.v1",
            "aws_api_gateway_rest_api.api"
          ],
          "create_before_destroy": true
        }
      ]
    },
    {
      "mode": "managed",
      "type": "aws_api_gateway_resource",
      "name": "test",
      "provider": "provider[\"registry.terraform.io/hashicorp/aws\"]",
      "instances": [
        {
          "schema_version": 0,
          "attributes": {
            "id": "kdphq3",
            "parent_id": "stjfn6",
            "path": "/api/v1/test",
            "path_part": "test",
            "rest_api_id": "9p0qb2bwde"
          },
          "sensitive_attributes": [],
          "identity_schema_version": 0,
          "private": "bnVsbA==",
          "dependencies": [
            "aws_api_gateway_resource.api_v1",
            "aws_api_gateway_resource.v1",
            "aws_api_gateway_rest_api.api"
          ],
          "create_before_destroy": true
        }
      ]
    },
    {
      "mode": "managed",
      "type": "aws_api_gateway_resource",
      "name": "test_advanced",
      "provider": "provider[\"registry.terraform.io/hashicorp/aws\"]",
      "instances": [
        {
          "schema_version": 0,
          "attributes": {
            "id": "k7696e",
            "parent_id": "stjfn6",
            "path": "/api/v1/test-advanced",
            "path_part": "test-advanced",
            "rest_api_id": "9p0qb2bwde"
          },
          "sensitive_attributes": [],
          "identity_schema_version": 0,
          "private": "bnVsbA==",
          "dependencies": [
            "aws_api_gateway_resource.api_v1",
            "aws_api_gateway_resource.v1",
            "aws_api_gateway_rest_api.api"
          ],
          "create_before_destroy": true
        }
      ]
    },
    {
      "mode": "managed",
      "type": "aws_api_gateway_resource",
      "name": "user_tm_username",
      "provider": "provider[\"registry.terraform.io/hashicorp/aws\"]",
      "instances": [
        {
          "schema_version": 0,
          "attributes": {
            "id": "p11zwx",
            "parent_id": "nlolng",
            "path": "/api/v1/users/tm-username",
            "path_part": "tm-username",
            "rest_api_id": "9p0qb2bwde"
          },
          "sensitive_attributes": [],
          "identity_schema_version": 0,
          "private": "bnVsbA==",
          "dependencies": [
            "aws_api_gateway_resource.api_v1",
            "aws_api_gateway_resource.users",
            "aws_api_gateway_resource.v1",
            "aws_api_gateway_rest_api.api"
          ],
          "create_before_destroy": true
        }
      ]
    },
    {
      "mode": "managed",
      "type": "aws_api_gateway_resource",
      "name": "users",
      "provider": "provider[\"registry.terraform.io/hashicorp/aws\"]",
      "instances": [
        {
          "schema_version": 0,
          "attributes": {
            "id": "nlolng",
            "parent_id": "stjfn6",
            "path": "/api/v1/users",
            "path_part": "users",
            "rest_api_id": "9p0qb2bwde"
          },
          "sensitive_attributes": [],
          "identity_schema_version": 0,
          "private": "bnVsbA==",
          "dependencies": [
            "aws_api_gateway_resource.api_v1",
            "aws_api_gateway_resource.v1",
            "aws_api_gateway_rest_api.api"
          ],
          "create_before_destroy": true
        }
      ]
    },
    {
      "mode": "managed",
      "type": "aws_api_gateway_resource",
      "name": "v1",
      "provider": "provider[\"registry.terraform.io/hashicorp/aws\"]",
      "instances": [
        {
          "schema_version": 0,
          "attributes": {
            "id": "stjfn6",
            "parent_id": "8jbxo6",
            "path": "/api/v1",
            "path_part": "v1",
            "rest_api_id": "9p0qb2bwde"
          },
          "sensitive_attributes": [],
          "identity_schema_version": 0,
          "private": "bnVsbA==",
          "dependencies": [
            "aws_api_gateway_resource.api_v1",
            "aws_api_gateway_rest_api.api"
          ],
          "create_before_destroy": true
        }
      ]
    },
    {
      "mode": "managed",
      "type": "aws_api_gateway_rest_api",
      "name": "api",
      "provider": "provider[\"registry.terraform.io/hashicorp/aws\"]",
      "instances": [
        {
          "schema_version": 0,
          "attributes": {
            "api_key_source": "HEADER",
            "arn": "arn:aws:apigateway:eu-north-1::/restapis/9p0qb2bwde",
            "binary_media_types": [],
            "body": null,
            "created_date": "2025-09-06T20:10:01Z",
            "description": "API for recordsw-app",
            "disable_execute_api_endpoint": false,
            "endpoint_configuration": [
              {
                "ip_address_type": "ipv4",
                "types": [
                  "REGIONAL"
                ],
                "vpc_endpoint_ids": []
              }
            ],
            "execution_arn": "arn:aws:execute-api:eu-north-1:537928299818:9p0qb2bwde",
            "fail_on_warnings": null,
            "id": "9p0qb2bwde",
            "minimum_compression_size": "",
            "name": "recordsw-app-api",
            "parameters": null,
            "policy": "",
            "put_rest_api_mode": null,
            "root_resource_id": "59ly593mcd",
            "tags": {},
            "tags_all": {}
          },
          "sensitive_attributes": [],
          "identity_schema_version": 0,
          "private": "bnVsbA==",
          "create_before_destroy": true
        }
      ]
    },
    {
      "mode": "managed",
      "type": "aws_api_gateway_stage",
      "name": "api_stage",
      "provider": "provider[\"registry.terraform.io/hashicorp/aws\"]",
      "instances": [
        {
          "schema_version": 0,
          "attributes": {
            "access_log_settings": [],
            "arn": "arn:aws:apigateway:eu-north-1::/restapis/9p0qb2bwde/stages/prod",
            "cache_cluster_enabled": false,
            "cache_cluster_size": "",
            "canary_settings": [],
            "client_certificate_id": "",
            "deployment_id": "bi1mpb",
            "description": "",
            "documentation_version": "",
            "execution_arn": "arn:aws:execute-api:eu-north-1:537928299818:9p0qb2bwde/prod",
            "id": "ags-9p0qb2bwde-prod",
            "invoke_url": "https://9p0qb2bwde.execute-api.eu-north-1.amazonaws.com/prod",
            "rest_api_id": "9p0qb2bwde",
            "stage_name": "prod",
            "tags": {},
            "tags_all": {},
            "variables": {},
            "web_acl_arn": "",
            "xray_tracing_enabled": false
          },
          "sensitive_attributes": [],
          "identity_schema_version": 0,
          "private": "bnVsbA==",
          "dependencies": [
            "aws_api_gateway_deployment.api_deployment",
            "aws_api_gateway_integration.account_names_integration",
            "aws_api_gateway_integration.account_names_options_integration",
            "aws_api_gateway_integration.alerts_delete_integration",
            "aws_api_gateway_integration.alerts_get_integration",
            "aws_api_gateway_integration.alerts_id_options_integration",
            "aws_api_gateway_integration.alerts_integration",
            "aws_api_gateway_integration.alerts_options_integration",
            "aws_api_gateway_integration.driver_maps_search_integration",
            "aws_api_gateway_integration.driver_maps_search_options_integration",
            "aws_api_gateway_integration.driver_notifications_delete_integration",
            "aws_api_gateway_integration.driver_notifications_get_integration",
            "aws_api_gateway_integration.driver_notifications_id_options_integration",
            "aws_api_gateway_integration.driver_notifications_options_integration",
            "aws_api_gateway_integration.driver_notifications_post_integration",
            "aws_api_gateway_integration.job_status_integration",
            "aws_api_gateway_integration.job_status_options_integration",
            "aws_api_gateway_integration.latest_integration",
            "aws_api_gateway_integration.latest_options_integration",
            "aws_api_gateway_integration.login_integration",
            "aws_api_gateway_integration.login_options_integration",
            "aws_api_gateway_integration.logout_integration",
            "aws_api_gateway_integration.logout_options_integration",
            "aws_api_gateway_integration.maps_integration",
            "aws_api_gateway_integration.maps_options_integration",
            "aws_api_gateway_integration.refresh_integration",
            "aws_api_gateway_integration.refresh_options_integration",
            "aws_api_gateway_integration.register_integration",
            "aws_api_gateway_integration.register_options_integration",
            "aws_api_gateway_integration.search_integration",
            "aws_api_gateway_integration.search_options_integration",
            "aws_api_gateway_integration.test_advanced_get_integration",
            "aws_api_gateway_integration.test_advanced_options_integration",
            "aws_api_gateway_integration.test_advanced_post_integration",
            "aws_api_gateway_integration.test_get_integration",
            "aws_api_gateway_integration.test_options_integration",
            "aws_api_gateway_integration.test_post_integration",
            "aws_api_gateway_integration.user_tm_username_get_integration",
            "aws_api_gateway_integration.user_tm_username_options_integration",
            "aws_api_gateway_integration.user_tm_username_post_integration",
            "aws_api_gateway_integration_response.account_names_options_integration_response",
            "aws_api_gateway_integration_response.alerts_id_options_integration_response",
            "aws_api_gateway_integration_response.alerts_options_integration_response",
            "aws_api_gateway_integration_response.driver_maps_search_options_integration_response",
            "aws_api_gateway_integration_response.driver_notifications_id_options_integration_response",
            "aws_api_gateway_integration_response.driver_notifications_options_integration_response",
            "aws_api_gateway_integration_response.job_status_options_integration_response",
            "aws_api_gateway_integration_response.latest_options_integration_response",
            "aws_api_gateway_integration_response.login_options_integration_response",
            "aws_api_gateway_integration_response.logout_options_integration_response",
            "aws_api_gateway_integration_response.maps_options_integration_response",
            "aws_api_gateway_integration_response.refresh_options_integration_response",
            "aws_api_gateway_integration_response.register_options_integration_response",
            "aws_api_gateway_integration_response.search_options_integration_response",
            "aws_api_gateway_integration_response.test_advanced_options_integration_response",
            "aws_api_gateway_integration_response.test_options_integration_response",
            "aws_api_gateway_integration_response.user_tm_username_options_integration_response",
            "aws_api_gateway_method.account_names_options",
            "aws_api_gateway_method.account_names_post",
            "aws_api_gateway_method.alerts_delete",
            "aws_api_gateway_method.alerts_get",
            "aws_api_gateway_method.alerts_id_options",
            "aws_api_gateway_method.alerts_options",
            "aws_api_gateway_method.alerts_post",
            "aws_api_gateway_method.driver_maps_search_get",
            "aws_api_gateway_method.driver_maps_search_options",
            "aws_api_gateway_method.driver_notifications_delete",
            "aws_api_gateway_method.driver_notifications_get",
            "aws_api_gateway_method.driver_notifications_id_options",
            "aws_api_gateway_method.driver_notifications_options",
            "aws_api_gateway_method.driver_notifications_post",
            "aws_api_gateway_method.job_status_get",
            "aws_api_gateway_method.job_status_options",
            "aws_api_gateway_method.latest_get",
            "aws_api_gateway_method.latest_options",
            "aws_api_gateway_method.login_options",
            "aws_api_gateway_method.login_post",
            "aws_api_gateway_method.logout_options",
            "aws_api_gateway_method.logout_post",
            "aws_api_gateway_method.maps_get",
            "aws_api_gateway_method.maps_options",
            "aws_api_gateway_method.refresh_options",
            "aws_api_gateway_method.refresh_post",
            "aws_api_gateway_method.register_options",
            "aws_api_gateway_method.register_post",
            "aws_api_gateway_method.search_get",
            "aws_api_gateway_method.search_options",
            "aws_api_gateway_method.test_advanced_get",
            "aws_api_gateway_method.test_advanced_options",
            "aws_api_gateway_method.test_advanced_post",
            "aws_api_gateway_method.test_get",
            "aws_api_gateway_method.test_options",
            "aws_api_gateway_method.test_post",
            "aws_api_gateway_method.user_tm_username_get",
            "aws_api_gateway_method.user_tm_username_options",
            "aws_api_gateway_method.user_tm_username_post",
            "aws_api_gateway_method_response.account_names_options_200",
            "aws_api_gateway_method_response.alerts_id_options_200",
            "aws_api_gateway_method_response.alerts_options_200",
            "aws_api_gateway_method_response.driver_maps_search_options_200",
            "aws_api_gateway_method_response.driver_notifications_id_options_200",
            "aws_api_gateway_method_response.driver_notifications_options_200",
            "aws_api_gateway_method_response.job_status_options_200",
            "aws_api_gateway_method_response.latest_options_200",
            "aws_api_gateway_method_response.login_options_200",
            "aws_api_gateway_method_response.logout_options_200",
            "aws_api_gateway_method_response.maps_options_200",
            "aws_api_gateway_method_response.refresh_options_200",
            "aws_api_gateway_method_response.register_options_200",
            "aws_api_gateway_method_response.search_options_200",
            "aws_api_gateway_method_response.test_advanced_options_200",
            "aws_api_gateway_method_response.test_options_200",
            "aws_api_gateway_method_response.user_tm_username_options_200",
            "aws_api_gateway_resource.account_names",
            "aws_api_gateway_resource.alerts",
            "aws_api_gateway_resource.alerts_id",
            "aws_api_gateway_resource.api_v1",
            "aws_api_gateway_resource.driver",
            "aws_api_gateway_resource.driver_maps",
            "aws_api_gateway_resource.driver_maps_search",
            "aws_api_gateway_resource.driver_notifications",
            "aws_api_gateway_resource.driver_notifications_id",
            "aws_api_gateway_resource.job_id",
            "aws_api_gateway_resource.latest",
            "aws_api_gateway_resource.login",
            "aws_api_gateway_resource.logout",
            "aws_api_gateway_resource.maps",
            "aws_api_gateway_resource.maps_status",
            "aws_api_gateway_resource.records",
            "aws_api_gateway_resource.refresh",
            "aws_api_gateway_resource.register",
            "aws_api_gateway_resource.search",
            "aws_api_gateway_resource.test",
            "aws_api_gateway_resource.test_advanced",
            "aws_api_gateway_resource.user_tm_username",
            "aws_api_gateway_resource.users",
            "aws_api_gateway_resource.v1",
            "aws_api_gateway_rest_api.api",
            "aws_dynamodb_table.auth_tokens",
            "aws_dynamodb_table.daily_emails",
            "aws_dynamodb_table.driver_notification_jobs",
            "aws_dynamodb_table.map_search_results",
            "aws_dynamodb_table.user_sessions",
            "aws_iam_role.lambda_role",
            "aws_iam_role_policy.lambda_dynamodb_policy",
            "aws_iam_role_policy_attachment.lambda_policy",
            "aws_lambda_function.account_names",
            "aws_lambda_function.checkJobStatus",
            "aws_lambda_function.create_alert",
            "aws_lambda_function.driver_notifications",
            "aws_lambda_function.get_map_records",
            "aws_lambda_function.login",
            "aws_lambda_function.logout",
            "aws_lambda_function.mapSearch",
            "aws_lambda_function.map_search_driver",
            "aws_lambda_function.refresh_token",
            "aws_lambda_function.register",
            "aws_lambda_function.test",
            "aws_lambda_function.test_advanced",
            "aws_lambda_function.user_search",
            "aws_lambda_function.verify_tm_username",
            "aws_sns_topic.error_notifications",
            "aws_sqs_queue.driver_notification_dlq",
            "aws_sqs_queue.driver_notification_queue",
            "aws_sqs_queue.map_search_dlq",
            "aws_sqs_queue.map_search_queue",
            "aws_sqs_queue.scheduler_dlq",
            "aws_sqs_queue.scheduler_queue",
            "data.aws_ssm_parameter.auth_api_url",
            "data.aws_ssm_parameter.authorization",
            "data.aws_ssm_parameter.jwt_secret",
            "data.aws_ssm_parameter.lead_api",
            "data.aws_ssm_parameter.neon_db_connection_string",
            "data.aws_ssm_parameter.oclient_id",
            "data.aws_ssm_parameter.oclient_secret",
            "data.aws_ssm_parameter.user_agent"
          ]
        }
      ]
    },
    {
      "mode": "managed",
      "type": "aws_cloudfront_distribution",
      "name": "frontend",
      "provider": "provider[\"registry.terraform.io/hashicorp/aws\"]",
      "instances": [
        {
          "schema_version": 1,
          "attributes": {
            "aliases": [],
            "arn": "arn:aws:cloudfront::537928299818:distribution/E392ZD3XPZ9L3L",
            "caller_reference": "terraform-20250906201001000300000002",
            "comment": null,
            "continuous_deployment_policy_id": "",
            "custom_error_response": [
              {
                "error_caching_min_ttl": 0,
                "error_code": 403,
                "response_code": 200,
                "response_page_path": "/index.html"
              },
              {
                "error_caching_min_ttl": 0,
                "error_code": 404,
                "response_code": 200,
                "response_page_path": "/index.html"
              }
            ],
            "default_cache_behavior": [
              {
                "allowed_methods": [
                  "DELETE",
                  "GET",
                  "HEAD",
                  "OPTIONS",
                  "PATCH",
                  "POST",
                  "PUT"
                ],
                "cache_policy_id": "",
                "cached_methods": [
                  "GET",
                  "HEAD"
                ],
                "compress": true,
                "default_ttl": 3600,
                "field_level_encryption_id": "",
                "forwarded_values": [
                  {
                    "cookies": [
                      {
                        "forward": "none",
                        "whitelisted_names": []
                      }
                    ],
                    "headers": [],
                    "query_string": false,
                    "query_string_cache_keys": []
                  }
                ],
                "function_association": [],
                "grpc_config": [
                  {
                    "enabled": false
                  }
                ],
                "lambda_function_association": [],
                "max_ttl": 86400,
                "min_ttl": 0,
                "origin_request_policy_id": "",
                "realtime_log_config_arn": "",
                "response_headers_policy_id": "",
                "smooth_streaming": false,
                "target_origin_id": "S3-recordsw-app-frontend-prod",
                "trusted_key_groups": [],
                "trusted_signers": [],
                "viewer_protocol_policy": "redirect-to-https"
              }
            ],
            "default_root_object": "index.html",
            "domain_name": "d120e83vth7qvx.cloudfront.net",
            "enabled": true,
            "etag": "E38O5ZL76OTNRP",
            "hosted_zone_id": "Z2FDTNDATAQYW2",
            "http_version": "http2",
            "id": "E392ZD3XPZ9L3L",
            "in_progress_validation_batches": 0,
            "is_ipv6_enabled": true,
            "last_modified_time": "2025-09-06 20:10:04.978 +0000 UTC",
            "logging_config": [],
            "ordered_cache_behavior": [],
            "origin": [
              {
                "connection_attempts": 3,
                "connection_timeout": 10,
                "custom_header": [],
                "custom_origin_config": [
                  {
                    "http_port": 80,
                    "https_port": 443,
                    "origin_keepalive_timeout": 5,
                    "origin_protocol_policy": "http-only",
                    "origin_read_timeout": 30,
                    "origin_ssl_protocols": [
                      "TLSv1.2"
                    ]
                  }
                ],
                "domain_name": "recordsw-app-frontend-prod.s3-website.eu-north-1.amazonaws.com",
                "origin_access_control_id": "",
                "origin_id": "S3-recordsw-app-frontend-prod",
                "origin_path": "",
                "origin_shield": [],
                "s3_origin_config": [],
                "vpc_origin_config": []
              }
            ],
            "origin_group": [],
            "price_class": "PriceClass_All",
            "restrictions": [
              {
                "geo_restriction": [
                  {
                    "locations": [],
                    "restriction_type": "none"
                  }
                ]
              }
            ],
            "retain_on_delete": false,
            "staging": false,
            "status": "Deployed",
            "tags": {
              "Environment": "prod",
              "Name": "recordsw-app-frontend"
            },
            "tags_all": {
              "Environment": "prod",
              "Name": "recordsw-app-frontend"
            },
            "trusted_key_groups": [
              {
                "enabled": false,
                "items": []
              }
            ],
            "trusted_signers": [
              {
                "enabled": false,
                "items": []
              }
            ],
            "viewer_certificate": [
              {
                "acm_certificate_arn": "",
                "cloudfront_default_certificate": true,
                "iam_certificate_id": "",
                "minimum_protocol_version": "TLSv1",
                "ssl_support_method": ""
              }
            ],
            "wait_for_deployment": true,
            "web_acl_id": ""
          },
          "sensitive_attributes": [],
          "identity_schema_version": 0,
          "private": "eyJzY2hlbWFfdmVyc2lvbiI6IjEifQ==",
          "dependencies": [
            "aws_s3_bucket.frontend",
            "aws_s3_bucket_website_configuration.frontend"
          ]
        }
      ]
    },
    {
      "mode": "managed",
      "type": "aws_cloudwatch_dashboard",
      "name": "lambda_monitoring",
      "provider": "provider[\"registry.terraform.io/hashicorp/aws\"]",
      "instances": [
        {
          "schema_version": 0,
          "attributes": {
            "dashboard_arn": "arn:aws:cloudwatch::537928299818:dashboard/recordsw-app-lambda-monitoring",
            "dashboard_body": "{\"widgets\":[{\"height\":6,\"properties\":{\"metrics\":[[\"AWS/Lambda\",\"Invocations\",\"FunctionName\",\"recordsw-app-user-search\"],[\".\",\"Errors\",\".\",\".\"],[\".\",\"Duration\",\".\",\".\"],[\".\",\"Invocations\",\"FunctionName\",\"recordsw-app-user-maps\"],[\".\",\"Errors\",\".\",\".\"],[\".\",\"Duration\",\".\",\".\"],[\".\",\"Invocations\",\"FunctionName\",\"recordsw-app-scheduler\"],[\".\",\"Errors\",\".\",\".\"],[\".\",\"Duration\",\".\",\".\"]],\"period\":300,\"region\":\"eu-north-1\",\"stacked\":false,\"title\":\"Lambda Functions Overview\",\"view\":\"timeSeries\"},\"type\":\"metric\",\"width\":12,\"x\":0,\"y\":0},{\"height\":6,\"properties\":{\"metrics\":[[\"AWS/Lambda\",\"Errors\",\"FunctionName\",\"recordsw-app-user-search\"],[\".\",\".\",\".\",\"recordsw-app-user-maps\"],[\".\",\".\",\".\",\"recordsw-app-create-alert\"],[\".\",\".\",\".\",\"recordsw-app-login\"],[\".\",\".\",\".\",\"recordsw-app-register\"],[\".\",\".\",\".\",\"recordsw-app-get-map-records\"],[\".\",\".\",\".\",\"recordsw-app-account-names\"],[\".\",\".\",\".\",\"recordsw-app-scheduler\"]],\"period\":300,\"region\":\"eu-north-1\",\"stacked\":false,\"title\":\"Lambda Errors by Function\",\"view\":\"timeSeries\"},\"type\":\"metric\",\"width\":12,\"x\":0,\"y\":6}]}",
            "dashboard_name": "recordsw-app-lambda-monitoring",
            "id": "recordsw-app-lambda-monitoring"
          },
          "sensitive_attributes": [],
          "identity_schema_version": 0,
          "private": "bnVsbA==",
          "dependencies": [
            "aws_dynamodb_table.auth_tokens",
            "aws_dynamodb_table.daily_emails",
            "aws_dynamodb_table.driver_notification_jobs",
            "aws_dynamodb_table.map_search_results",
            "aws_dynamodb_table.user_sessions",
            "aws_iam_role.lambda_role",
            "aws_iam_role_policy.lambda_dynamodb_policy",
            "aws_iam_role_policy_attachment.lambda_policy",
            "aws_lambda_function.account_names",
            "aws_lambda_function.create_alert",
            "aws_lambda_function.get_map_records",
            "aws_lambda_function.login",
            "aws_lambda_function.mapSearch",
            "aws_lambda_function.register",
            "aws_lambda_function.scheduler",
            "aws_lambda_function.user_search",
            "aws_sns_topic.error_notifications",
            "aws_sqs_queue.driver_notification_dlq",
            "aws_sqs_queue.driver_notification_queue",
            "aws_sqs_queue.map_search_dlq",
            "aws_sqs_queue.map_search_queue",
            "aws_sqs_queue.scheduler_dlq",
            "aws_sqs_queue.scheduler_queue",
            "data.aws_ssm_parameter.auth_api_url",
            "data.aws_ssm_parameter.authorization",
            "data.aws_ssm_parameter.jwt_secret",
            "data.aws_ssm_parameter.lead_api",
            "data.aws_ssm_parameter.neon_db_connection_string",
            "data.aws_ssm_parameter.oclient_id",
            "data.aws_ssm_parameter.oclient_secret",
            "data.aws_ssm_parameter.user_agent"
          ]
        }
      ]
    },
    {
      "mode": "managed",
      "type": "aws_cloudwatch_event_rule",
      "name": "driver_notification_rule",
      "provider": "provider[\"registry.terraform.io/hashicorp/aws\"]",
      "instances": [
        {
          "schema_version": 1,
          "attributes": {
            "arn": "arn:aws:events:eu-north-1:537928299818:rule/recordsw-app-driver-notification-rule",
            "description": "Trigger driver notification processing daily at 6 AM CET",
            "event_bus_name": "default",
            "event_pattern": null,
            "force_destroy": false,
            "id": "recordsw-app-driver-notification-rule",
            "is_enabled": true,
            "name": "recordsw-app-driver-notification-rule",
            "name_prefix": "",
            "role_arn": "",
            "schedule_expression": "cron(0 5 * * ? *)",
            "state": "ENABLED",
            "tags": {},
            "tags_all": {}
          },
          "sensitive_attributes": [],
          "identity_schema_version": 0,
          "private": "eyJzY2hlbWFfdmVyc2lvbiI6IjEifQ=="
        }
      ]
    },
    {
      "mode": "managed",
      "type": "aws_cloudwatch_event_rule",
      "name": "scheduler_rule",
      "provider": "provider[\"registry.terraform.io/hashicorp/aws\"]",
      "instances": [
        {
          "schema_version": 1,
          "attributes": {
            "arn": "arn:aws:events:eu-north-1:537928299818:rule/recordsw-app-scheduler-rule",
            "description": "Trigger scheduler Lambda daily at 5 AM CET",
            "event_bus_name": "default",
            "event_pattern": null,
            "force_destroy": false,
            "id": "recordsw-app-scheduler-rule",
            "is_enabled": true,
            "name": "recordsw-app-scheduler-rule",
            "name_prefix": "",
            "role_arn": "",
            "schedule_expression": "cron(0 4 * * ? *)",
            "state": "ENABLED",
            "tags": {},
            "tags_all": {}
          },
          "sensitive_attributes": [],
          "identity_schema_version": 0,
          "private": "eyJzY2hlbWFfdmVyc2lvbiI6IjEifQ=="
        }
      ]
    },
    {
      "mode": "managed",
      "type": "aws_cloudwatch_event_target",
      "name": "driver_notification_target",
      "provider": "provider[\"registry.terraform.io/hashicorp/aws\"]",
      "instances": [
        {
          "schema_version": 1,
          "attributes": {
            "appsync_target": [],
            "arn": "arn:aws:states:eu-north-1:537928299818:stateMachine:recordsw-app-driver-notification-workflow",
            "batch_target": [],
            "dead_letter_config": [],
            "ecs_target": [],
            "event_bus_name": "default",
            "force_destroy": false,
            "http_target": [],
            "id": "recordsw-app-driver-notification-rule-DriverNotificationStepFunctionsTarget",
            "input": "",
            "input_path": "",
            "input_transformer": [],
            "kinesis_target": [],
            "redshift_target": [],
            "retry_policy": [],
            "role_arn": "arn:aws:iam::537928299818:role/recordsw-app-eventbridge-step-functions-role",
            "rule": "recordsw-app-driver-notification-rule",
            "run_command_targets": [],
            "sagemaker_pipeline_target": [],
            "sqs_target": [],
            "target_id": "DriverNotificationStepFunctionsTarget"
          },
          "sensitive_attributes": [],
          "identity_schema_version": 0,
          "private": "eyJzY2hlbWFfdmVyc2lvbiI6IjEifQ==",
          "dependencies": [
            "aws_cloudwatch_event_rule.driver_notification_rule",
            "aws_dynamodb_table.auth_tokens",
            "aws_dynamodb_table.daily_emails",
            "aws_dynamodb_table.driver_notification_jobs",
            "aws_dynamodb_table.map_search_results",
            "aws_dynamodb_table.user_sessions",
            "aws_iam_role.eventbridge_step_functions_role",
            "aws_iam_role.lambda_role",
            "aws_iam_role.step_functions_role",
            "aws_iam_role_policy.lambda_dynamodb_policy",
            "aws_iam_role_policy.step_functions_lambda_policy",
            "aws_iam_role_policy_attachment.lambda_policy",
            "aws_lambda_function.driver_notification_processor",
            "aws_lambda_function.driver_notification_status_check",
            "aws_lambda_function.email_sender",
            "aws_sfn_state_machine.driver_notification_workflow",
            "aws_sns_topic.error_notifications",
            "aws_sqs_queue.driver_notification_dlq",
            "aws_sqs_queue.driver_notification_queue",
            "aws_sqs_queue.map_search_dlq",
            "aws_sqs_queue.map_search_queue",
            "aws_sqs_queue.scheduler_dlq",
            "aws_sqs_queue.scheduler_queue",
            "data.aws_ssm_parameter.email_user",
            "data.aws_ssm_parameter.lead_api",
            "data.aws_ssm_parameter.neon_db_connection_string",
            "data.aws_ssm_parameter.oclient_id",
            "data.aws_ssm_parameter.oclient_secret"
          ]
        }
      ]
    },
    {
      "mode": "managed",
      "type": "aws_cloudwatch_event_target",
      "name": "scheduler_target",
      "provider": "provider[\"registry.terraform.io/hashicorp/aws\"]",
      "instances": [
        {
          "schema_version": 1,
          "attributes": {
            "appsync_target": [],
            "arn": "arn:aws:lambda:eu-north-1:537928299818:function:recordsw-app-scheduler",
            "batch_target": [],
            "dead_letter_config": [],
            "ecs_target": [],
            "event_bus_name": "default",
            "force_destroy": false,
            "http_target": [],
            "id": "recordsw-app-scheduler-rule-SchedulerLambdaTarget",
            "input": "",
            "input_path": "",
            "input_transformer": [],
            "kinesis_target": [],
            "redshift_target": [],
            "retry_policy": [],
            "role_arn": "",
            "rule": "recordsw-app-scheduler-rule",
            "run_command_targets": [],
            "sagemaker_pipeline_target": [],
            "sqs_target": [],
            "target_id": "SchedulerLambdaTarget"
          },
          "sensitive_attributes": [],
          "identity_schema_version": 0,
          "private": "eyJzY2hlbWFfdmVyc2lvbiI6IjEifQ==",
          "dependencies": [
            "aws_cloudwatch_event_rule.scheduler_rule",
            "aws_dynamodb_table.auth_tokens",
            "aws_dynamodb_table.daily_emails",
            "aws_dynamodb_table.driver_notification_jobs",
            "aws_dynamodb_table.map_search_results",
            "aws_dynamodb_table.user_sessions",
            "aws_iam_role.lambda_role",
            "aws_iam_role_policy.lambda_dynamodb_policy",
            "aws_iam_role_policy_attachment.lambda_policy",
            "aws_lambda_function.scheduler",
            "aws_sns_topic.error_notifications",
            "aws_sqs_queue.driver_notification_dlq",
            "aws_sqs_queue.driver_notification_queue",
            "aws_sqs_queue.map_search_dlq",
            "aws_sqs_queue.map_search_queue",
            "aws_sqs_queue.scheduler_dlq",
            "aws_sqs_queue.scheduler_queue",
            "data.aws_ssm_parameter.neon_db_connection_string"
          ]
        }
      ]
    },
    {
      "mode": "managed",
      "type": "aws_cloudwatch_metric_alarm",
      "name": "lambda_duration",
      "provider": "provider[\"registry.terraform.io/hashicorp/aws\"]",
      "instances": [
        {
          "schema_version": 1,
          "attributes": {
            "actions_enabled": true,
            "alarm_actions": [
              "arn:aws:sns:eu-north-1:537928299818:recordsw-app-error-notifications"
            ],
            "alarm_description": "Lambda function taking too long to execute (daily check)",
            "alarm_name": "recordsw-app-lambda-duration",
            "arn": "arn:aws:cloudwatch:eu-north-1:537928299818:alarm:recordsw-app-lambda-duration",
            "comparison_operator": "GreaterThanThreshold",
            "datapoints_to_alarm": 0,
            "dimensions": {
              "FunctionName": "recordsw-app-scheduler"
            },
            "evaluate_low_sample_count_percentiles": "",
            "evaluation_periods": 1,
            "extended_statistic": "",
            "id": "recordsw-app-lambda-duration",
            "insufficient_data_actions": [],
            "metric_name": "Duration",
            "metric_query": [],
            "namespace": "AWS/Lambda",
            "ok_actions": [],
            "period": 86400,
            "statistic": "Average",
            "tags": {
              "Environment": "prod",
              "Purpose": "Daily Performance Monitoring"
            },
            "tags_all": {
              "Environment": "prod",
              "Purpose": "Daily Performance Monitoring"
            },
            "threshold": 25000,
            "threshold_metric_id": "",
            "treat_missing_data": "notBreaching",
            "unit": ""
          },
          "sensitive_attributes": [],
          "identity_schema_version": 0,
          "private": "eyJzY2hlbWFfdmVyc2lvbiI6IjEifQ==",
          "dependencies": [
            "aws_dynamodb_table.auth_tokens",
            "aws_dynamodb_table.daily_emails",
            "aws_dynamodb_table.driver_notification_jobs",
            "aws_dynamodb_table.map_search_results",
            "aws_dynamodb_table.user_sessions",
            "aws_iam_role.lambda_role",
            "aws_iam_role_policy.lambda_dynamodb_policy",
            "aws_iam_role_policy_attachment.lambda_policy",
            "aws_lambda_function.scheduler",
            "aws_sns_topic.error_notifications",
            "aws_sqs_queue.driver_notification_dlq",
            "aws_sqs_queue.driver_notification_queue",
            "aws_sqs_queue.map_search_dlq",
            "aws_sqs_queue.map_search_queue",
            "aws_sqs_queue.scheduler_dlq",
            "aws_sqs_queue.scheduler_queue",
            "data.aws_ssm_parameter.neon_db_connection_string"
          ]
        }
      ]
    },
    {
      "mode": "managed",
      "type": "aws_cloudwatch_metric_alarm",
      "name": "lambda_errors",
      "provider": "provider[\"registry.terraform.io/hashicorp/aws\"]",
      "instances": [
        {
          "schema_version": 1,
          "attributes": {
            "actions_enabled": true,
            "alarm_actions": [
              "arn:aws:sns:eu-north-1:537928299818:recordsw-app-error-notifications"
            ],
            "alarm_description": "Lambda function errors detected (daily check)",
            "alarm_name": "recordsw-app-lambda-errors",
            "arn": "arn:aws:cloudwatch:eu-north-1:537928299818:alarm:recordsw-app-lambda-errors",
            "comparison_operator": "GreaterThanThreshold",
            "datapoints_to_alarm": 0,
            "dimensions": {
              "FunctionName": "recordsw-app-user-search"
            },
            "evaluate_low_sample_count_percentiles": "",
            "evaluation_periods": 1,
            "extended_statistic": "",
            "id": "recordsw-app-lambda-errors",
            "insufficient_data_actions": [],
            "metric_name": "Errors",
            "metric_query": [],
            "namespace": "AWS/Lambda",
            "ok_actions": [],
            "period": 86400,
            "statistic": "Sum",
            "tags": {
              "Environment": "prod",
              "Purpose": "Daily Error Monitoring"
            },
            "tags_all": {
              "Environment": "prod",
              "Purpose": "Daily Error Monitoring"
            },
            "threshold": 0,
            "threshold_metric_id": "",
            "treat_missing_data": "notBreaching",
            "unit": ""
          },
          "sensitive_attributes": [],
          "identity_schema_version": 0,
          "private": "eyJzY2hlbWFfdmVyc2lvbiI6IjEifQ==",
          "dependencies": [
            "aws_iam_role.lambda_role",
            "aws_iam_role_policy_attachment.lambda_policy",
            "aws_lambda_function.user_search",
            "aws_sns_topic.error_notifications"
          ]
        }
      ]
    },
    {
      "mode": "managed",
      "type": "aws_cloudwatch_metric_alarm",
      "name": "scheduler_errors",
      "provider": "provider[\"registry.terraform.io/hashicorp/aws\"]",
      "instances": [
        {
          "schema_version": 1,
          "attributes": {
            "actions_enabled": true,
            "alarm_actions": [
              "arn:aws:sns:eu-north-1:537928299818:recordsw-app-error-notifications"
            ],
            "alarm_description": "Scheduler Lambda errors - critical function (daily check)",
            "alarm_name": "recordsw-app-scheduler-errors",
            "arn": "arn:aws:cloudwatch:eu-north-1:537928299818:alarm:recordsw-app-scheduler-errors",
            "comparison_operator": "GreaterThanThreshold",
            "datapoints_to_alarm": 0,
            "dimensions": {
              "FunctionName": "recordsw-app-scheduler"
            },
            "evaluate_low_sample_count_percentiles": "",
            "evaluation_periods": 1,
            "extended_statistic": "",
            "id": "recordsw-app-scheduler-errors",
            "insufficient_data_actions": [],
            "metric_name": "Errors",
            "metric_query": [],
            "namespace": "AWS/Lambda",
            "ok_actions": [],
            "period": 86400,
            "statistic": "Sum",
            "tags": {
              "Environment": "prod",
              "Purpose": "Daily Critical Error Monitoring"
            },
            "tags_all": {
              "Environment": "prod",
              "Purpose": "Daily Critical Error Monitoring"
            },
            "threshold": 0,
            "threshold_metric_id": "",
            "treat_missing_data": "notBreaching",
            "unit": ""
          },
          "sensitive_attributes": [],
          "identity_schema_version": 0,
          "private": "eyJzY2hlbWFfdmVyc2lvbiI6IjEifQ==",
          "dependencies": [
            "aws_dynamodb_table.auth_tokens",
            "aws_dynamodb_table.daily_emails",
            "aws_dynamodb_table.driver_notification_jobs",
            "aws_dynamodb_table.map_search_results",
            "aws_dynamodb_table.user_sessions",
            "aws_iam_role.lambda_role",
            "aws_iam_role_policy.lambda_dynamodb_policy",
            "aws_iam_role_policy_attachment.lambda_policy",
            "aws_lambda_function.scheduler",
            "aws_sns_topic.error_notifications",
            "aws_sqs_queue.driver_notification_dlq",
            "aws_sqs_queue.driver_notification_queue",
            "aws_sqs_queue.map_search_dlq",
            "aws_sqs_queue.map_search_queue",
            "aws_sqs_queue.scheduler_dlq",
            "aws_sqs_queue.scheduler_queue",
            "data.aws_ssm_parameter.neon_db_connection_string"
          ]
        }
      ]
    },
    {
      "mode": "managed",
      "type": "aws_dynamodb_table",
      "name": "auth_tokens",
      "provider": "provider[\"registry.terraform.io/hashicorp/aws\"]",
      "instances": [
        {
          "schema_version": 1,
          "attributes": {
            "arn": "arn:aws:dynamodb:eu-north-1:537928299818:table/recordsw-app-auth-tokens",
            "attribute": [
              {
                "name": "provider",
                "type": "S"
              },
              {
                "name": "token_type",
                "type": "S"
              }
            ],
            "billing_mode": "PAY_PER_REQUEST",
            "deletion_protection_enabled": false,
            "global_secondary_index": [],
            "hash_key": "provider",
            "id": "recordsw-app-auth-tokens",
            "import_table": [],
            "local_secondary_index": [],
            "name": "recordsw-app-auth-tokens",
            "on_demand_throughput": [],
            "point_in_time_recovery": [
              {
                "enabled": false,
                "recovery_period_in_days": 0
              }
            ],
            "range_key": "token_type",
            "read_capacity": 0,
            "replica": [],
            "restore_date_time": null,
            "restore_source_name": null,
            "restore_source_table_arn": null,
            "restore_to_latest_time": null,
            "server_side_encryption": [],
            "stream_arn": "",
            "stream_enabled": false,
            "stream_label": "",
            "stream_view_type": "",
            "table_class": "STANDARD",
            "tags": {
              "Environment": "prod",
              "Name": "recordsw-app-auth-tokens"
            },
            "tags_all": {
              "Environment": "prod",
              "Name": "recordsw-app-auth-tokens"
            },
            "timeouts": null,
            "ttl": [
              {
                "attribute_name": "expires_at",
                "enabled": true
              }
            ],
            "write_capacity": 0
          },
          "sensitive_attributes": [],
          "identity_schema_version": 0,
          "private": "eyJlMmJmYjczMC1lY2FhLTExZTYtOGY4OC0zNDM2M2JjN2M0YzAiOnsiY3JlYXRlIjoxODAwMDAwMDAwMDAwLCJkZWxldGUiOjYwMDAwMDAwMDAwMCwidXBkYXRlIjozNjAwMDAwMDAwMDAwfSwic2NoZW1hX3ZlcnNpb24iOiIxIn0=",
          "create_before_destroy": true
        }
      ]
    },
    {
      "mode": "managed",
      "type": "aws_dynamodb_table",
      "name": "daily_emails",
      "provider": "provider[\"registry.terraform.io/hashicorp/aws\"]",
      "instances": [
        {
          "schema_version": 1,
          "attributes": {
            "arn": "arn:aws:dynamodb:eu-north-1:537928299818:table/recordsw-app-daily-emails",
            "attribute": [
              {
                "name": "date",
                "type": "S"
              },
              {
                "name": "user_id",
                "type": "S"
              }
            ],
            "billing_mode": "PAY_PER_REQUEST",
            "deletion_protection_enabled": false,
            "global_secondary_index": [],
            "hash_key": "user_id",
            "id": "recordsw-app-daily-emails",
            "import_table": [],
            "local_secondary_index": [],
            "name": "recordsw-app-daily-emails",
            "on_demand_throughput": [],
            "point_in_time_recovery": [
              {
                "enabled": false,
                "recovery_period_in_days": 0
              }
            ],
            "range_key": "date",
            "read_capacity": 0,
            "replica": [],
            "restore_date_time": null,
            "restore_source_name": null,
            "restore_source_table_arn": null,
            "restore_to_latest_time": null,
            "server_side_encryption": [],
            "stream_arn": "",
            "stream_enabled": false,
            "stream_label": "",
            "stream_view_type": "",
            "table_class": "STANDARD",
            "tags": {
              "Environment": "prod",
              "Name": "recordsw-app-daily-emails"
            },
            "tags_all": {
              "Environment": "prod",
              "Name": "recordsw-app-daily-emails"
            },
            "timeouts": null,
            "ttl": [
              {
                "attribute_name": "ttl",
                "enabled": true
              }
            ],
            "write_capacity": 0
          },
          "sensitive_attributes": [],
          "identity_schema_version": 0,
          "private": "eyJlMmJmYjczMC1lY2FhLTExZTYtOGY4OC0zNDM2M2JjN2M0YzAiOnsiY3JlYXRlIjoxODAwMDAwMDAwMDAwLCJkZWxldGUiOjYwMDAwMDAwMDAwMCwidXBkYXRlIjozNjAwMDAwMDAwMDAwfSwic2NoZW1hX3ZlcnNpb24iOiIxIn0=",
          "create_before_destroy": true
        }
      ]
    },
    {
      "mode": "managed",
      "type": "aws_dynamodb_table",
      "name": "driver_notification_jobs",
      "provider": "provider[\"registry.terraform.io/hashicorp/aws\"]",
      "instances": [
        {
          "schema_version": 1,
          "attributes": {
            "arn": "arn:aws:dynamodb:eu-north-1:537928299818:table/recordsw-app-driver-notification-jobs",
            "attribute": [
              {
                "name": "job_id",
                "type": "S"
              }
            ],
            "billing_mode": "PAY_PER_REQUEST",
            "deletion_protection_enabled": false,
            "global_secondary_index": [],
            "hash_key": "job_id",
            "id": "recordsw-app-driver-notification-jobs",
            "import_table": [],
            "local_secondary_index": [],
            "name": "recordsw-app-driver-notification-jobs",
            "on_demand_throughput": [],
            "point_in_time_recovery": [
              {
                "enabled": false,
                "recovery_period_in_days": 0
              }
            ],
            "range_key": null,
            "read_capacity": 0,
            "replica": [],
            "restore_date_time": null,
            "restore_source_name": null,
            "restore_source_table_arn": null,
            "restore_to_latest_time": null,
            "server_side_encryption": [],
            "stream_arn": "",
            "stream_enabled": false,
            "stream_label": "",
            "stream_view_type": "",
            "table_class": "STANDARD",
            "tags": {
              "Environment": "prod",
              "Name": "recordsw-app-driver-notification-jobs"
            },
            "tags_all": {
              "Environment": "prod",
              "Name": "recordsw-app-driver-notification-jobs"
            },
            "timeouts": null,
            "ttl": [
              {
                "attribute_name": "ttl",
                "enabled": true
              }
            ],
            "write_capacity": 0
          },
          "sensitive_attributes": [],
          "identity_schema_version": 0,
          "private": "eyJlMmJmYjczMC1lY2FhLTExZTYtOGY4OC0zNDM2M2JjN2M0YzAiOnsiY3JlYXRlIjoxODAwMDAwMDAwMDAwLCJkZWxldGUiOjYwMDAwMDAwMDAwMCwidXBkYXRlIjozNjAwMDAwMDAwMDAwfSwic2NoZW1hX3ZlcnNpb24iOiIxIn0=",
          "create_before_destroy": true
        }
      ]
    },
    {
      "mode": "managed",
      "type": "aws_dynamodb_table",
      "name": "map_search_results",
      "provider": "provider[\"registry.terraform.io/hashicorp/aws\"]",
      "instances": [
        {
          "schema_version": 1,
          "attributes": {
            "arn": "arn:aws:dynamodb:eu-north-1:537928299818:table/recordsw-app-map-search-results",
            "attribute": [
              {
                "name": "job_id",
                "type": "S"
              }
            ],
            "billing_mode": "PAY_PER_REQUEST",
            "deletion_protection_enabled": false,
            "global_secondary_index": [],
            "hash_key": "job_id",
            "id": "recordsw-app-map-search-results",
            "import_table": [],
            "local_secondary_index": [],
            "name": "recordsw-app-map-search-results",
            "on_demand_throughput": [],
            "point_in_time_recovery": [
              {
                "enabled": false,
                "recovery_period_in_days": 0
              }
            ],
            "range_key": null,
            "read_capacity": 0,
            "replica": [],
            "restore_date_time": null,
            "restore_source_name": null,
            "restore_source_table_arn": null,
            "restore_to_latest_time": null,
            "server_side_encryption": [],
            "stream_arn": "",
            "stream_enabled": false,
            "stream_label": "",
            "stream_view_type": "",
            "table_class": "STANDARD",
            "tags": {
              "Environment": "prod",
              "Name": "recordsw-app-map-search-results"
            },
            "tags_all": {
              "Environment": "prod",
              "Name": "recordsw-app-map-search-results"
            },
            "timeouts": null,
            "ttl": [
              {
                "attribute_name": "ttl",
                "enabled": true
              }
            ],
            "write_capacity": 0
          },
          "sensitive_attributes": [],
          "identity_schema_version": 0,
          "private": "eyJlMmJmYjczMC1lY2FhLTExZTYtOGY4OC0zNDM2M2JjN2M0YzAiOnsiY3JlYXRlIjoxODAwMDAwMDAwMDAwLCJkZWxldGUiOjYwMDAwMDAwMDAwMCwidXBkYXRlIjozNjAwMDAwMDAwMDAwfSwic2NoZW1hX3ZlcnNpb24iOiIxIn0=",
          "create_before_destroy": true
        }
      ]
    },
    {
      "mode": "managed",
      "type": "aws_dynamodb_table",
      "name": "user_sessions",
      "provider": "provider[\"registry.terraform.io/hashicorp/aws\"]",
      "instances": [
        {
          "schema_version": 1,
          "attributes": {
            "arn": "arn:aws:dynamodb:eu-north-1:537928299818:table/recordsw-app-user-sessions",
            "attribute": [
              {
                "name": "created_at",
                "type": "S"
              },
              {
                "name": "session_id",
                "type": "S"
              },
              {
                "name": "user_id",
                "type": "S"
              }
            ],
            "billing_mode": "PAY_PER_REQUEST",
            "deletion_protection_enabled": false,
            "global_secondary_index": [
              {
                "hash_key": "user_id",
                "name": "user-sessions-index",
                "non_key_attributes": [],
                "on_demand_throughput": [],
                "projection_type": "ALL",
                "range_key": "created_at",
                "read_capacity": 0,
                "write_capacity": 0
              }
            ],
            "hash_key": "session_id",
            "id": "recordsw-app-user-sessions",
            "import_table": [],
            "local_secondary_index": [],
            "name": "recordsw-app-user-sessions",
            "on_demand_throughput": [],
            "point_in_time_recovery": [
              {
                "enabled": false,
                "recovery_period_in_days": 0
              }
            ],
            "range_key": null,
            "read_capacity": 0,
            "replica": [],
            "restore_date_time": null,
            "restore_source_name": null,
            "restore_source_table_arn": null,
            "restore_to_latest_time": null,
            "server_side_encryption": [],
            "stream_arn": "",
            "stream_enabled": false,
            "stream_label": "",
            "stream_view_type": "",
            "table_class": "STANDARD",
            "tags": {
              "Environment": "prod",
              "Name": "recordsw-app-user-sessions"
            },
            "tags_all": {
              "Environment": "prod",
              "Name": "recordsw-app-user-sessions"
            },
            "timeouts": null,
            "ttl": [
              {
                "attribute_name": "expires_at",
                "enabled": true
              }
            ],
            "write_capacity": 0
          },
          "sensitive_attributes": [],
          "identity_schema_version": 0,
          "private": "eyJlMmJmYjczMC1lY2FhLTExZTYtOGY4OC0zNDM2M2JjN2M0YzAiOnsiY3JlYXRlIjoxODAwMDAwMDAwMDAwLCJkZWxldGUiOjYwMDAwMDAwMDAwMCwidXBkYXRlIjozNjAwMDAwMDAwMDAwfSwic2NoZW1hX3ZlcnNpb24iOiIxIn0=",
          "create_before_destroy": true
        }
      ]
    },
    {
      "mode": "managed",
      "type": "aws_iam_role",
      "name": "eventbridge_step_functions_role",
      "provider": "provider[\"registry.terraform.io/hashicorp/aws\"]",
      "instances": [
        {
          "schema_version": 0,
          "attributes": {
            "arn": "arn:aws:iam::537928299818:role/recordsw-app-eventbridge-step-functions-role",
            "assume_role_policy": "{\"Statement\":[{\"Action\":\"sts:AssumeRole\",\"Effect\":\"Allow\",\"Principal\":{\"Service\":\"events.amazonaws.com\"}}],\"Version\":\"2012-10-17\"}",
            "create_date": "2025-09-11T12:30:49Z",
            "description": "",
            "force_detach_policies": false,
            "id": "recordsw-app-eventbridge-step-functions-role",
            "inline_policy": [
              {
                "name": "recordsw-app-eventbridge-step-functions-policy",
                "policy": "{\"Version\":\"2012-10-17\",\"Statement\":[{\"Action\":[\"states:StartExecution\"],\"Effect\":\"Allow\",\"Resource\":[\"arn:aws:states:eu-north-1:537928299818:stateMachine:recordsw-app-driver-notification-workflow\"]}]}"
              }
            ],
            "managed_policy_arns": [],
            "max_session_duration": 3600,
            "name": "recordsw-app-eventbridge-step-functions-role",
            "name_prefix": "",
            "path": "/",
            "permissions_boundary": "",
            "tags": {},
            "tags_all": {},
            "unique_id": "AROAX2PYGOUVOVLCC337X"
          },
          "sensitive_attributes": [],
          "identity_schema_version": 0,
          "private": "bnVsbA=="
        }
      ]
    },
    {
      "mode": "managed",
      "type": "aws_iam_role",
      "name": "lambda_role",
      "provider": "provider[\"registry.terraform.io/hashicorp/aws\"]",
      "instances": [
        {
          "schema_version": 0,
          "attributes": {
            "arn": "arn:aws:iam::537928299818:role/recordsw-app-lambda-role",
            "assume_role_policy": "{\"Statement\":[{\"Action\":\"sts:AssumeRole\",\"Effect\":\"Allow\",\"Principal\":{\"Service\":\"lambda.amazonaws.com\"}}],\"Version\":\"2012-10-17\"}",
            "create_date": "2025-09-06T20:10:01Z",
            "description": "",
            "force_detach_policies": false,
            "id": "recordsw-app-lambda-role",
            "inline_policy": [
              {
                "name": "recordsw-app-lambda-dynamodb-policy",
                "policy": "{\"Version\":\"2012-10-17\",\"Statement\":[{\"Action\":[\"dynamodb:GetItem\",\"dynamodb:PutItem\",\"dynamodb:UpdateItem\",\"dynamodb:DeleteItem\",\"dynamodb:Query\",\"dynamodb:Scan\"],\"Effect\":\"Allow\",\"Resource\":[\"arn:aws:dynamodb:eu-north-1:537928299818:table/recordsw-app-auth-tokens\",\"arn:aws:dynamodb:eu-north-1:537928299818:table/recordsw-app-auth-tokens/index/*\",\"arn:aws:dynamodb:eu-north-1:537928299818:table/recordsw-app-map-search-results\",\"arn:aws:dynamodb:eu-north-1:537928299818:table/recordsw-app-map-search-results/index/*\",\"arn:aws:dynamodb:eu-north-1:537928299818:table/recordsw-app-user-sessions\",\"arn:aws:dynamodb:eu-north-1:537928299818:table/recordsw-app-user-sessions/index/*\",\"arn:aws:dynamodb:eu-north-1:537928299818:table/recordsw-app-driver-notification-jobs\",\"arn:aws:dynamodb:eu-north-1:537928299818:table/recordsw-app-driver-notification-jobs/index/*\",\"arn:aws:dynamodb:eu-north-1:537928299818:table/recordsw-app-daily-emails\",\"arn:aws:dynamodb:eu-north-1:537928299818:table/recordsw-app-daily-emails/index/*\"]},{\"Action\":[\"sqs:SendMessage\",\"sqs:ReceiveMessage\",\"sqs:DeleteMessage\",\"sqs:GetQueueAttributes\"],\"Effect\":\"Allow\",\"Resource\":[\"arn:aws:sqs:eu-north-1:537928299818:recordsw-app-map-search-queue\",\"arn:aws:sqs:eu-north-1:537928299818:recordsw-app-map-search-dlq\",\"arn:aws:sqs:eu-north-1:537928299818:recordsw-app-scheduler-queue\",\"arn:aws:sqs:eu-north-1:537928299818:recordsw-app-scheduler-dlq\",\"arn:aws:sqs:eu-north-1:537928299818:recordsw-app-driver-notification-queue\",\"arn:aws:sqs:eu-north-1:537928299818:recordsw-app-driver-notification-dlq\"]},{\"Action\":[\"ssm:GetParameter\",\"ssm:GetParameters\",\"ssm:GetParametersByPath\"],\"Effect\":\"Allow\",\"Resource\":[\"arn:aws:ssm:eu-north-1:*:parameter/prod/*\"]},{\"Action\":[\"sns:Publish\"],\"Effect\":\"Allow\",\"Resource\":\"arn:aws:sns:eu-north-1:537928299818:recordsw-app-error-notifications\"},{\"Action\":[\"ses:SendEmail\",\"ses:SendRawEmail\"],\"Effect\":\"Allow\",\"Resource\":\"*\"}]}"
              },
              {
                "name": "recordsw-app-lambda-invoke-policy",
                "policy": "{\"Version\":\"2012-10-17\",\"Statement\":[{\"Action\":[\"lambda:InvokeFunction\"],\"Effect\":\"Allow\",\"Resource\":[\"arn:aws:lambda:eu-north-1:537928299818:function:recordsw-app-map-search-background\",\"arn:aws:lambda:eu-north-1:537928299818:function:recordsw-app-check-job-status\"]}]}"
              }
            ],
            "managed_policy_arns": [
              "arn:aws:iam::aws:policy/service-role/AWSLambdaBasicExecutionRole"
            ],
            "max_session_duration": 3600,
            "name": "recordsw-app-lambda-role",
            "name_prefix": "",
            "path": "/",
            "permissions_boundary": "",
            "tags": {},
            "tags_all": {},
            "unique_id": "AROAX2PYGOUVE72YCZAQX"
          },
          "sensitive_attributes": [],
          "identity_schema_version": 0,
          "private": "bnVsbA==",
          "create_before_destroy": true
        }
      ]
    },
    {
      "mode": "managed",
      "type": "aws_iam_role",
      "name": "step_functions_role",
      "provider": "provider[\"registry.terraform.io/hashicorp/aws\"]",
      "instances": [
        {
          "schema_version": 0,
          "attributes": {
            "arn": "arn:aws:iam::537928299818:role/recordsw-app-step-functions-role",
            "assume_role_policy": "{\"Statement\":[{\"Action\":\"sts:AssumeRole\",\"Effect\":\"Allow\",\"Principal\":{\"Service\":\"states.amazonaws.com\"}}],\"Version\":\"2012-10-17\"}",
            "create_date": "2025-09-11T12:30:49Z",
            "description": "",
            "force_detach_policies": false,
            "id": "recordsw-app-step-functions-role",
            "inline_policy": [
              {
                "name": "recordsw-app-step-functions-lambda-policy",
                "policy": "{\"Version\":\"2012-10-17\",\"Statement\":[{\"Action\":[\"lambda:InvokeFunction\"],\"Effect\":\"Allow\",\"Resource\":[\"arn:aws:lambda:eu-north-1:537928299818:function:recordsw-app-driver-notification-processor\",\"arn:aws:lambda:eu-north-1:537928299818:function:recordsw-app-driver-notification-status-check\",\"arn:aws:lambda:eu-north-1:537928299818:function:recordsw-app-email-sender\"]}]}"
              }
            ],
            "managed_policy_arns": [],
            "max_session_duration": 3600,
            "name": "recordsw-app-step-functions-role",
            "name_prefix": "",
            "path": "/",
            "permissions_boundary": "",
            "tags": {},
            "tags_all": {},
            "unique_id": "AROAX2PYGOUVDC5J6ZU2D"
          },
          "sensitive_attributes": [],
          "identity_schema_version": 0,
          "private": "bnVsbA=="
        }
      ]
    },
    {
      "mode": "managed",
      "type": "aws_iam_role_policy",
      "name": "eventbridge_step_functions_policy",
      "provider": "provider[\"registry.terraform.io/hashicorp/aws\"]",
      "instances": [
        {
          "schema_version": 0,
          "attributes": {
            "id": "recordsw-app-eventbridge-step-functions-role:recordsw-app-eventbridge-step-functions-policy",
            "name": "recordsw-app-eventbridge-step-functions-policy",
            "name_prefix": "",
            "policy": "{\"Version\":\"2012-10-17\",\"Statement\":[{\"Action\":[\"states:StartExecution\"],\"Effect\":\"Allow\",\"Resource\":[\"arn:aws:states:eu-north-1:537928299818:stateMachine:recordsw-app-driver-notification-workflow\"]}]}",
            "role": "recordsw-app-eventbridge-step-functions-role"
          },
          "sensitive_attributes": [],
          "identity_schema_version": 0,
          "private": "bnVsbA==",
          "dependencies": [
            "aws_dynamodb_table.auth_tokens",
            "aws_dynamodb_table.daily_emails",
            "aws_dynamodb_table.driver_notification_jobs",
            "aws_dynamodb_table.map_search_results",
            "aws_dynamodb_table.user_sessions",
            "aws_iam_role.eventbridge_step_functions_role",
            "aws_iam_role.lambda_role",
            "aws_iam_role.step_functions_role",
            "aws_iam_role_policy.lambda_dynamodb_policy",
            "aws_iam_role_policy.step_functions_lambda_policy",
            "aws_iam_role_policy_attachment.lambda_policy",
            "aws_lambda_function.driver_notification_processor",
            "aws_lambda_function.driver_notification_status_check",
            "aws_lambda_function.email_sender",
            "aws_sfn_state_machine.driver_notification_workflow",
            "aws_sns_topic.error_notifications",
            "aws_sqs_queue.driver_notification_dlq",
            "aws_sqs_queue.driver_notification_queue",
            "aws_sqs_queue.map_search_dlq",
            "aws_sqs_queue.map_search_queue",
            "aws_sqs_queue.scheduler_dlq",
            "aws_sqs_queue.scheduler_queue",
            "data.aws_ssm_parameter.email_user",
            "data.aws_ssm_parameter.lead_api",
            "data.aws_ssm_parameter.neon_db_connection_string",
            "data.aws_ssm_parameter.oclient_id",
            "data.aws_ssm_parameter.oclient_secret"
          ]
        }
      ]
    },
    {
      "mode": "managed",
      "type": "aws_iam_role_policy",
      "name": "lambda_dynamodb_policy",
      "provider": "provider[\"registry.terraform.io/hashicorp/aws\"]",
      "instances": [
        {
          "schema_version": 0,
          "attributes": {
            "id": "recordsw-app-lambda-role:recordsw-app-lambda-dynamodb-policy",
            "name": "recordsw-app-lambda-dynamodb-policy",
            "name_prefix": "",
            "policy": "{\"Version\":\"2012-10-17\",\"Statement\":[{\"Action\":[\"dynamodb:GetItem\",\"dynamodb:PutItem\",\"dynamodb:UpdateItem\",\"dynamodb:DeleteItem\",\"dynamodb:Query\",\"dynamodb:Scan\"],\"Effect\":\"Allow\",\"Resource\":[\"arn:aws:dynamodb:eu-north-1:537928299818:table/recordsw-app-auth-tokens\",\"arn:aws:dynamodb:eu-north-1:537928299818:table/recordsw-app-auth-tokens/index/*\",\"arn:aws:dynamodb:eu-north-1:537928299818:table/recordsw-app-map-search-results\",\"arn:aws:dynamodb:eu-north-1:537928299818:table/recordsw-app-map-search-results/index/*\",\"arn:aws:dynamodb:eu-north-1:537928299818:table/recordsw-app-user-sessions\",\"arn:aws:dynamodb:eu-north-1:537928299818:table/recordsw-app-user-sessions/index/*\",\"arn:aws:dynamodb:eu-north-1:537928299818:table/recordsw-app-driver-notification-jobs\",\"arn:aws:dynamodb:eu-north-1:537928299818:table/recordsw-app-driver-notification-jobs/index/*\",\"arn:aws:dynamodb:eu-north-1:537928299818:table/recordsw-app-daily-emails\",\"arn:aws:dynamodb:eu-north-1:537928299818:table/recordsw-app-daily-emails/index/*\"]},{\"Action\":[\"sqs:SendMessage\",\"sqs:ReceiveMessage\",\"sqs:DeleteMessage\",\"sqs:GetQueueAttributes\"],\"Effect\":\"Allow\",\"Resource\":[\"arn:aws:sqs:eu-north-1:537928299818:recordsw-app-map-search-queue\",\"arn:aws:sqs:eu-north-1:537928299818:recordsw-app-map-search-dlq\",\"arn:aws:sqs:eu-north-1:537928299818:recordsw-app-scheduler-queue\",\"arn:aws:sqs:eu-north-1:537928299818:recordsw-app-scheduler-dlq\",\"arn:aws:sqs:eu-north-1:537928299818:recordsw-app-driver-notification-queue\",\"arn:aws:sqs:eu-north-1:537928299818:recordsw-app-driver-notification-dlq\"]},{\"Action\":[\"ssm:GetParameter\",\"ssm:GetParameters\",\"ssm:GetParametersByPath\"],\"Effect\":\"Allow\",\"Resource\":[\"arn:aws:ssm:eu-north-1:*:parameter/prod/*\"]},{\"Action\":[\"sns:Publish\"],\"Effect\":\"Allow\",\"Resource\":\"arn:aws:sns:eu-north-1:537928299818:recordsw-app-error-notifications\"},{\"Action\":[\"ses:SendEmail\",\"ses:SendRawEmail\"],\"Effect\":\"Allow\",\"Resource\":\"*\"}]}",
            "role": "recordsw-app-lambda-role"
          },
          "sensitive_attributes": [],
          "identity_schema_version": 0,
          "private": "bnVsbA==",
          "dependencies": [
            "aws_dynamodb_table.auth_tokens",
            "aws_dynamodb_table.daily_emails",
            "aws_dynamodb_table.driver_notification_jobs",
            "aws_dynamodb_table.map_search_results",
            "aws_dynamodb_table.user_sessions",
            "aws_iam_role.lambda_role",
            "aws_sns_topic.error_notifications",
            "aws_sqs_queue.driver_notification_dlq",
            "aws_sqs_queue.driver_notification_queue",
            "aws_sqs_queue.map_search_dlq",
            "aws_sqs_queue.map_search_queue",
            "aws_sqs_queue.scheduler_dlq",
            "aws_sqs_queue.scheduler_queue"
          ],
          "create_before_destroy": true
        }
      ]
    },
    {
      "mode": "managed",
      "type": "aws_iam_role_policy",
      "name": "lambda_invoke_policy",
      "provider": "provider[\"registry.terraform.io/hashicorp/aws\"]",
      "instances": [
        {
          "schema_version": 0,
          "attributes": {
            "id": "recordsw-app-lambda-role:recordsw-app-lambda-invoke-policy",
            "name": "recordsw-app-lambda-invoke-policy",
            "name_prefix": "",
            "policy": "{\"Version\":\"2012-10-17\",\"Statement\":[{\"Action\":[\"lambda:InvokeFunction\"],\"Effect\":\"Allow\",\"Resource\":[\"arn:aws:lambda:eu-north-1:537928299818:function:recordsw-app-map-search-background\",\"arn:aws:lambda:eu-north-1:537928299818:function:recordsw-app-check-job-status\"]}]}",
            "role": "recordsw-app-lambda-role"
          },
          "sensitive_attributes": [],
          "identity_schema_version": 0,
          "private": "bnVsbA==",
          "dependencies": [
            "aws_dynamodb_table.auth_tokens",
            "aws_dynamodb_table.daily_emails",
            "aws_dynamodb_table.driver_notification_jobs",
            "aws_dynamodb_table.map_search_results",
            "aws_dynamodb_table.user_sessions",
            "aws_iam_role.lambda_role",
            "aws_iam_role_policy.lambda_dynamodb_policy",
            "aws_iam_role_policy_attachment.lambda_policy",
            "aws_lambda_function.checkJobStatus",
            "aws_lambda_function.mapSearchBackground",
            "aws_sns_topic.error_notifications",
            "aws_sqs_queue.driver_notification_dlq",
            "aws_sqs_queue.driver_notification_queue",
            "aws_sqs_queue.map_search_dlq",
            "aws_sqs_queue.map_search_queue",
            "aws_sqs_queue.scheduler_dlq",
            "aws_sqs_queue.scheduler_queue",
            "data.aws_ssm_parameter.auth_api_url",
            "data.aws_ssm_parameter.authorization",
            "data.aws_ssm_parameter.lead_api",
            "data.aws_ssm_parameter.oclient_id",
            "data.aws_ssm_parameter.oclient_secret",
            "data.aws_ssm_parameter.user_agent"
          ]
        }
      ]
    },
    {
      "mode": "managed",
      "type": "aws_iam_role_policy",
      "name": "step_functions_lambda_policy",
      "provider": "provider[\"registry.terraform.io/hashicorp/aws\"]",
      "instances": [
        {
          "schema_version": 0,
          "attributes": {
            "id": "recordsw-app-step-functions-role:recordsw-app-step-functions-lambda-policy",
            "name": "recordsw-app-step-functions-lambda-policy",
            "name_prefix": "",
            "policy": "{\"Version\":\"2012-10-17\",\"Statement\":[{\"Action\":[\"lambda:InvokeFunction\"],\"Effect\":\"Allow\",\"Resource\":[\"arn:aws:lambda:eu-north-1:537928299818:function:recordsw-app-driver-notification-processor\",\"arn:aws:lambda:eu-north-1:537928299818:function:recordsw-app-driver-notification-status-check\",\"arn:aws:lambda:eu-north-1:537928299818:function:recordsw-app-email-sender\"]}]}",
            "role": "recordsw-app-step-functions-role"
          },
          "sensitive_attributes": [],
          "identity_schema_version": 0,
          "private": "bnVsbA==",
          "dependencies": [
            "aws_dynamodb_table.auth_tokens",
            "aws_dynamodb_table.daily_emails",
            "aws_dynamodb_table.driver_notification_jobs",
            "aws_dynamodb_table.map_search_results",
            "aws_dynamodb_table.user_sessions",
            "aws_iam_role.lambda_role",
            "aws_iam_role.step_functions_role",
            "aws_iam_role_policy.lambda_dynamodb_policy",
            "aws_iam_role_policy_attachment.lambda_policy",
            "aws_lambda_function.driver_notification_processor",
            "aws_lambda_function.driver_notification_status_check",
            "aws_lambda_function.email_sender",
            "aws_sns_topic.error_notifications",
            "aws_sqs_queue.driver_notification_dlq",
            "aws_sqs_queue.driver_notification_queue",
            "aws_sqs_queue.map_search_dlq",
            "aws_sqs_queue.map_search_queue",
            "aws_sqs_queue.scheduler_dlq",
            "aws_sqs_queue.scheduler_queue",
            "data.aws_ssm_parameter.email_user",
            "data.aws_ssm_parameter.lead_api",
            "data.aws_ssm_parameter.neon_db_connection_string",
            "data.aws_ssm_parameter.oclient_id",
            "data.aws_ssm_parameter.oclient_secret"
          ]
        }
      ]
    },
    {
      "mode": "managed",
      "type": "aws_iam_role_policy_attachment",
      "name": "lambda_policy",
      "provider": "provider[\"registry.terraform.io/hashicorp/aws\"]",
      "instances": [
        {
          "schema_version": 0,
          "attributes": {
            "id": "recordsw-app-lambda-role-20250906200959090600000001",
            "policy_arn": "arn:aws:iam::aws:policy/service-role/AWSLambdaBasicExecutionRole",
            "role": "recordsw-app-lambda-role"
          },
          "sensitive_attributes": [],
          "identity_schema_version": 0,
          "private": "bnVsbA==",
          "dependencies": [
            "aws_iam_role.lambda_role"
          ],
          "create_before_destroy": true
        }
      ]
    },
    {
      "mode": "managed",
      "type": "aws_lambda_event_source_mapping",
      "name": "map_search_sqs_trigger",
      "provider": "provider[\"registry.terraform.io/hashicorp/aws\"]",
      "instances": [
        {
          "schema_version": 0,
          "attributes": {
            "amazon_managed_kafka_event_source_config": [],
            "arn": "arn:aws:lambda:eu-north-1:537928299818:event-source-mapping:38a79d71-93a5-481b-9fc0-95764fdfaf1b",
            "batch_size": 1,
            "bisect_batch_on_function_error": false,
            "destination_config": [],
            "document_db_event_source_config": [],
            "enabled": true,
            "event_source_arn": "arn:aws:sqs:eu-north-1:537928299818:recordsw-app-map-search-queue",
            "filter_criteria": [],
            "function_arn": "arn:aws:lambda:eu-north-1:537928299818:function:recordsw-app-map-search-background",
            "function_name": "arn:aws:lambda:eu-north-1:537928299818:function:recordsw-app-map-search-background",
            "function_response_types": [],
            "id": "38a79d71-93a5-481b-9fc0-95764fdfaf1b",
            "kms_key_arn": "",
            "last_modified": "2025-09-10T12:48:37Z",
            "last_processing_result": "",
            "maximum_batching_window_in_seconds": 5,
            "maximum_record_age_in_seconds": 0,
            "maximum_retry_attempts": 0,
            "metrics_config": [],
            "parallelization_factor": 0,
            "provisioned_poller_config": [],
            "queues": [],
            "scaling_config": [],
            "self_managed_event_source": [],
            "self_managed_kafka_event_source_config": [],
            "source_access_configuration": [],
            "starting_position": "",
            "starting_position_timestamp": "",
            "state": "Enabled",
            "state_transition_reason": "USER_INITIATED",
            "tags": {},
            "tags_all": {},
            "topics": [],
            "tumbling_window_in_seconds": 0,
            "uuid": "38a79d71-93a5-481b-9fc0-95764fdfaf1b"
          },
          "sensitive_attributes": [],
          "identity_schema_version": 0,
          "private": "bnVsbA==",
          "dependencies": [
            "aws_dynamodb_table.auth_tokens",
            "aws_dynamodb_table.daily_emails",
            "aws_dynamodb_table.driver_notification_jobs",
            "aws_dynamodb_table.map_search_results",
            "aws_dynamodb_table.user_sessions",
            "aws_iam_role.lambda_role",
            "aws_iam_role_policy.lambda_dynamodb_policy",
            "aws_iam_role_policy_attachment.lambda_policy",
            "aws_lambda_function.mapSearchBackground",
            "aws_sns_topic.error_notifications",
            "aws_sqs_queue.driver_notification_dlq",
            "aws_sqs_queue.driver_notification_queue",
            "aws_sqs_queue.map_search_dlq",
            "aws_sqs_queue.map_search_queue",
            "aws_sqs_queue.scheduler_dlq",
            "aws_sqs_queue.scheduler_queue",
            "data.aws_ssm_parameter.auth_api_url",
            "data.aws_ssm_parameter.authorization",
            "data.aws_ssm_parameter.lead_api",
            "data.aws_ssm_parameter.oclient_id",
            "data.aws_ssm_parameter.oclient_secret",
            "data.aws_ssm_parameter.user_agent"
          ]
        }
      ]
    },
    {
      "mode": "managed",
      "type": "aws_lambda_event_source_mapping",
      "name": "scheduler_sqs_trigger",
      "provider": "provider[\"registry.terraform.io/hashicorp/aws\"]",
      "instances": [
        {
          "schema_version": 0,
          "attributes": {
            "amazon_managed_kafka_event_source_config": [],
            "arn": "arn:aws:lambda:eu-north-1:537928299818:event-source-mapping:cbfd2e92-a4fc-41e3-8551-646ba199e401",
            "batch_size": 1,
            "bisect_batch_on_function_error": false,
            "destination_config": [],
            "document_db_event_source_config": [],
            "enabled": true,
            "event_source_arn": "arn:aws:sqs:eu-north-1:537928299818:recordsw-app-scheduler-queue",
            "filter_criteria": [],
            "function_arn": "arn:aws:lambda:eu-north-1:537928299818:function:recordsw-app-scheduler-processor",
            "function_name": "arn:aws:lambda:eu-north-1:537928299818:function:recordsw-app-scheduler-processor",
            "function_response_types": [],
            "id": "cbfd2e92-a4fc-41e3-8551-646ba199e401",
            "kms_key_arn": "",
            "last_modified": "2025-09-10T12:48:48Z",
            "last_processing_result": "",
            "maximum_batching_window_in_seconds": 5,
            "maximum_record_age_in_seconds": 0,
            "maximum_retry_attempts": 0,
            "metrics_config": [],
            "parallelization_factor": 0,
            "provisioned_poller_config": [],
            "queues": [],
            "scaling_config": [],
            "self_managed_event_source": [],
            "self_managed_kafka_event_source_config": [],
            "source_access_configuration": [],
            "starting_position": "",
            "starting_position_timestamp": "",
            "state": "Enabled",
            "state_transition_reason": "USER_INITIATED",
            "tags": {},
            "tags_all": {},
            "topics": [],
            "tumbling_window_in_seconds": 0,
            "uuid": "cbfd2e92-a4fc-41e3-8551-646ba199e401"
          },
          "sensitive_attributes": [],
          "identity_schema_version": 0,
          "private": "bnVsbA==",
          "dependencies": [
            "aws_dynamodb_table.auth_tokens",
            "aws_dynamodb_table.daily_emails",
            "aws_dynamodb_table.driver_notification_jobs",
            "aws_dynamodb_table.map_search_results",
            "aws_dynamodb_table.user_sessions",
            "aws_iam_role.lambda_role",
            "aws_iam_role_policy.lambda_dynamodb_policy",
            "aws_iam_role_policy_attachment.lambda_policy",
            "aws_lambda_function.schedulerProcessor",
            "aws_sns_topic.error_notifications",
            "aws_sqs_queue.driver_notification_dlq",
            "aws_sqs_queue.driver_notification_queue",
            "aws_sqs_queue.map_search_dlq",
            "aws_sqs_queue.map_search_queue",
            "aws_sqs_queue.scheduler_dlq",
            "aws_sqs_queue.scheduler_queue",
            "data.aws_ssm_parameter.auth_api_url",
            "data.aws_ssm_parameter.authorization",
            "data.aws_ssm_parameter.lead_api",
            "data.aws_ssm_parameter.oclient_id",
            "data.aws_ssm_parameter.oclient_secret",
            "data.aws_ssm_parameter.user_agent"
          ]
        }
      ]
    },
    {
      "mode": "managed",
      "type": "aws_lambda_function",
      "name": "account_names",
      "provider": "provider[\"registry.terraform.io/hashicorp/aws\"]",
      "instances": [
        {
          "schema_version": 0,
          "attributes": {
            "architectures": [
              "x86_64"
            ],
            "arn": "arn:aws:lambda:eu-north-1:537928299818:function:recordsw-app-account-names",
            "code_sha256": "cVM54uaTs6p/Coz18c3miLTqxyDt6B9C6BaPYN/z9jI=",
            "code_signing_config_arn": "",
            "dead_letter_config": [],
            "description": "",
            "environment": [
              {
                "variables": {
                  "DYNAMODB_TABLE_NAME": "recordsw-app-auth-tokens",
                  "OCLIENT_ID": "e6b99c8528829f8045f9",
                  "OCLIENT_SECRET": "ef7ce9af256996f2977bacf1ca0debec4c87339e"
                }
              }
            ],
            "ephemeral_storage": [
              {
                "size": 512
              }
            ],
            "file_system_config": [],
            "filename": "lambda_functions.zip",
            "function_name": "recordsw-app-account-names",
            "handler": "lambda/accountNames.handler",
            "id": "recordsw-app-account-names",
            "image_config": [],
            "image_uri": "",
            "invoke_arn": "arn:aws:apigateway:eu-north-1:lambda:path/2015-03-31/functions/arn:aws:lambda:eu-north-1:537928299818:function:recordsw-app-account-names/invocations",
            "kms_key_arn": "",
            "last_modified": "2025-09-12T13:57:09.000+0000",
            "layers": [],
            "logging_config": [
              {
                "application_log_level": "",
                "log_format": "Text",
                "log_group": "/aws/lambda/recordsw-app-account-names",
                "system_log_level": ""
              }
            ],
            "memory_size": 128,
            "package_type": "Zip",
            "publish": false,
            "qualified_arn": "arn:aws:lambda:eu-north-1:537928299818:function:recordsw-app-account-names:$LATEST",
            "qualified_invoke_arn": "arn:aws:apigateway:eu-north-1:lambda:path/2015-03-31/functions/arn:aws:lambda:eu-north-1:537928299818:function:recordsw-app-account-names:$LATEST/invocations",
            "replace_security_groups_on_destroy": null,
            "replacement_security_group_ids": null,
            "reserved_concurrent_executions": -1,
            "role": "arn:aws:iam::537928299818:role/recordsw-app-lambda-role",
            "runtime": "nodejs18.x",
            "s3_bucket": null,
            "s3_key": null,
            "s3_object_version": null,
            "signing_job_arn": "",
            "signing_profile_version_arn": "",
            "skip_destroy": false,
            "snap_start": [],
            "source_code_hash": "cVM54uaTs6p/Coz18c3miLTqxyDt6B9C6BaPYN/z9jI=",
            "source_code_size": 20054303,
            "tags": {},
            "tags_all": {},
            "timeout": 30,
            "timeouts": null,
            "tracing_config": [
              {
                "mode": "PassThrough"
              }
            ],
            "version": "$LATEST",
            "vpc_config": []
          },
          "sensitive_attributes": [
            [
              {
                "type": "get_attr",
                "value": "environment"
              },
              {
                "type": "index",
                "value": {
                  "value": 0,
                  "type": "number"
                }
              },
              {
                "type": "get_attr",
                "value": "variables"
              },
              {
                "type": "index",
                "value": {
                  "value": "OCLIENT_ID",
                  "type": "string"
                }
              }
            ],
            [
              {
                "type": "get_attr",
                "value": "environment"
              },
              {
                "type": "index",
                "value": {
                  "value": 0,
                  "type": "number"
                }
              },
              {
                "type": "get_attr",
                "value": "variables"
              },
              {
                "type": "index",
                "value": {
                  "value": "OCLIENT_SECRET",
                  "type": "string"
                }
              }
            ]
          ],
          "identity_schema_version": 0,
          "private": "eyJlMmJmYjczMC1lY2FhLTExZTYtOGY4OC0zNDM2M2JjN2M0YzAiOnsiY3JlYXRlIjo2MDAwMDAwMDAwMDAsImRlbGV0ZSI6NjAwMDAwMDAwMDAwLCJ1cGRhdGUiOjYwMDAwMDAwMDAwMH19",
          "dependencies": [
            "aws_dynamodb_table.auth_tokens",
            "aws_dynamodb_table.daily_emails",
            "aws_dynamodb_table.driver_notification_jobs",
            "aws_dynamodb_table.map_search_results",
            "aws_dynamodb_table.user_sessions",
            "aws_iam_role.lambda_role",
            "aws_iam_role_policy.lambda_dynamodb_policy",
            "aws_iam_role_policy_attachment.lambda_policy",
            "aws_sns_topic.error_notifications",
            "aws_sqs_queue.driver_notification_dlq",
            "aws_sqs_queue.driver_notification_queue",
            "aws_sqs_queue.map_search_dlq",
            "aws_sqs_queue.map_search_queue",
            "aws_sqs_queue.scheduler_dlq",
            "aws_sqs_queue.scheduler_queue",
            "data.aws_ssm_parameter.oclient_id",
            "data.aws_ssm_parameter.oclient_secret"
          ],
          "create_before_destroy": true
        }
      ]
    },
    {
      "mode": "managed",
      "type": "aws_lambda_function",
      "name": "checkJobStatus",
      "provider": "provider[\"registry.terraform.io/hashicorp/aws\"]",
      "instances": [
        {
          "schema_version": 0,
          "attributes": {
            "architectures": [
              "x86_64"
            ],
            "arn": "arn:aws:lambda:eu-north-1:537928299818:function:recordsw-app-check-job-status",
            "code_sha256": "cVM54uaTs6p/Coz18c3miLTqxyDt6B9C6BaPYN/z9jI=",
            "code_signing_config_arn": "",
            "dead_letter_config": [],
            "description": "",
            "environment": [
              {
                "variables": {
                  "MAP_SEARCH_RESULTS_TABLE_NAME": "recordsw-app-map-search-results"
                }
              }
            ],
            "ephemeral_storage": [
              {
                "size": 512
              }
            ],
            "file_system_config": [],
            "filename": "lambda_functions.zip",
            "function_name": "recordsw-app-check-job-status",
            "handler": "lambda/checkJobStatus.handler",
            "id": "recordsw-app-check-job-status",
            "image_config": [],
            "image_uri": "",
            "invoke_arn": "arn:aws:apigateway:eu-north-1:lambda:path/2015-03-31/functions/arn:aws:lambda:eu-north-1:537928299818:function:recordsw-app-check-job-status/invocations",
            "kms_key_arn": "",
            "last_modified": "2025-09-12T13:54:15.000+0000",
            "layers": [],
            "logging_config": [
              {
                "application_log_level": "",
                "log_format": "Text",
                "log_group": "/aws/lambda/recordsw-app-check-job-status",
                "system_log_level": ""
              }
            ],
            "memory_size": 128,
            "package_type": "Zip",
            "publish": false,
            "qualified_arn": "arn:aws:lambda:eu-north-1:537928299818:function:recordsw-app-check-job-status:$LATEST",
            "qualified_invoke_arn": "arn:aws:apigateway:eu-north-1:lambda:path/2015-03-31/functions/arn:aws:lambda:eu-north-1:537928299818:function:recordsw-app-check-job-status:$LATEST/invocations",
            "replace_security_groups_on_destroy": null,
            "replacement_security_group_ids": null,
            "reserved_concurrent_executions": -1,
            "role": "arn:aws:iam::537928299818:role/recordsw-app-lambda-role",
            "runtime": "nodejs18.x",
            "s3_bucket": null,
            "s3_key": null,
            "s3_object_version": null,
            "signing_job_arn": "",
            "signing_profile_version_arn": "",
            "skip_destroy": false,
            "snap_start": [],
            "source_code_hash": "cVM54uaTs6p/Coz18c3miLTqxyDt6B9C6BaPYN/z9jI=",
            "source_code_size": 20054303,
            "tags": {},
            "tags_all": {},
            "timeout": 30,
            "timeouts": null,
            "tracing_config": [
              {
                "mode": "PassThrough"
              }
            ],
            "version": "$LATEST",
            "vpc_config": []
          },
          "sensitive_attributes": [],
          "identity_schema_version": 0,
          "private": "eyJlMmJmYjczMC1lY2FhLTExZTYtOGY4OC0zNDM2M2JjN2M0YzAiOnsiY3JlYXRlIjo2MDAwMDAwMDAwMDAsImRlbGV0ZSI6NjAwMDAwMDAwMDAwLCJ1cGRhdGUiOjYwMDAwMDAwMDAwMH19",
          "dependencies": [
            "aws_dynamodb_table.auth_tokens",
            "aws_dynamodb_table.daily_emails",
            "aws_dynamodb_table.driver_notification_jobs",
            "aws_dynamodb_table.map_search_results",
            "aws_dynamodb_table.user_sessions",
            "aws_iam_role.lambda_role",
            "aws_iam_role_policy.lambda_dynamodb_policy",
            "aws_iam_role_policy_attachment.lambda_policy",
            "aws_sns_topic.error_notifications",
            "aws_sqs_queue.driver_notification_dlq",
            "aws_sqs_queue.driver_notification_queue",
            "aws_sqs_queue.map_search_dlq",
            "aws_sqs_queue.map_search_queue",
            "aws_sqs_queue.scheduler_dlq",
            "aws_sqs_queue.scheduler_queue"
          ],
          "create_before_destroy": true
        }
      ]
    },
    {
      "mode": "managed",
      "type": "aws_lambda_function",
      "name": "create_alert",
      "provider": "provider[\"registry.terraform.io/hashicorp/aws\"]",
      "instances": [
        {
          "schema_version": 0,
          "attributes": {
            "architectures": [
              "x86_64"
            ],
            "arn": "arn:aws:lambda:eu-north-1:537928299818:function:recordsw-app-create-alert",
            "code_sha256": "cVM54uaTs6p/Coz18c3miLTqxyDt6B9C6BaPYN/z9jI=",
            "code_signing_config_arn": "",
            "dead_letter_config": [],
            "description": "",
            "environment": [
              {
                "variables": {
                  "JWT_SECRET": "super_secret_key_dev_chatgpt_gave_me_this_lol_prod_version",
                  "NEON_DB_CONNECTION_STRING": "postgresql://neondb_owner:npg_lx3Cneta9vDy@ep-spring-paper-ag2kheik-pooler.c-2.eu-central-1.aws.neon.tech/neondb?sslmode=require\u0026channel_binding=require"
                }
              }
            ],
            "ephemeral_storage": [
              {
                "size": 512
              }
            ],
            "file_system_config": [],
            "filename": "lambda_functions.zip",
            "function_name": "recordsw-app-create-alert",
            "handler": "lambda/create_alert.handler",
            "id": "recordsw-app-create-alert",
            "image_config": [],
            "image_uri": "",
            "invoke_arn": "arn:aws:apigateway:eu-north-1:lambda:path/2015-03-31/functions/arn:aws:lambda:eu-north-1:537928299818:function:recordsw-app-create-alert/invocations",
            "kms_key_arn": "",
            "last_modified": "2025-09-12T13:57:41.000+0000",
            "layers": [],
            "logging_config": [
              {
                "application_log_level": "",
                "log_format": "Text",
                "log_group": "/aws/lambda/recordsw-app-create-alert",
                "system_log_level": ""
              }
            ],
            "memory_size": 128,
            "package_type": "Zip",
            "publish": false,
            "qualified_arn": "arn:aws:lambda:eu-north-1:537928299818:function:recordsw-app-create-alert:$LATEST",
            "qualified_invoke_arn": "arn:aws:apigateway:eu-north-1:lambda:path/2015-03-31/functions/arn:aws:lambda:eu-north-1:537928299818:function:recordsw-app-create-alert:$LATEST/invocations",
            "replace_security_groups_on_destroy": null,
            "replacement_security_group_ids": null,
            "reserved_concurrent_executions": -1,
            "role": "arn:aws:iam::537928299818:role/recordsw-app-lambda-role",
            "runtime": "nodejs18.x",
            "s3_bucket": null,
            "s3_key": null,
            "s3_object_version": null,
            "signing_job_arn": "",
            "signing_profile_version_arn": "",
            "skip_destroy": false,
            "snap_start": [],
            "source_code_hash": "cVM54uaTs6p/Coz18c3miLTqxyDt6B9C6BaPYN/z9jI=",
            "source_code_size": 20054303,
            "tags": {},
            "tags_all": {},
            "timeout": 30,
            "timeouts": null,
            "tracing_config": [
              {
                "mode": "PassThrough"
              }
            ],
            "version": "$LATEST",
            "vpc_config": []
          },
          "sensitive_attributes": [
            [
              {
                "type": "get_attr",
                "value": "environment"
              },
              {
                "type": "index",
                "value": {
                  "value": 0,
                  "type": "number"
                }
              },
              {
                "type": "get_attr",
                "value": "variables"
              },
              {
                "type": "index",
                "value": {
                  "value": "JWT_SECRET",
                  "type": "string"
                }
              }
            ],
            [
              {
                "type": "get_attr",
                "value": "environment"
              },
              {
                "type": "index",
                "value": {
                  "value": 0,
                  "type": "number"
                }
              },
              {
                "type": "get_attr",
                "value": "variables"
              },
              {
                "type": "index",
                "value": {
                  "value": "NEON_DB_CONNECTION_STRING",
                  "type": "string"
                }
              }
            ]
          ],
          "identity_schema_version": 0,
          "private": "eyJlMmJmYjczMC1lY2FhLTExZTYtOGY4OC0zNDM2M2JjN2M0YzAiOnsiY3JlYXRlIjo2MDAwMDAwMDAwMDAsImRlbGV0ZSI6NjAwMDAwMDAwMDAwLCJ1cGRhdGUiOjYwMDAwMDAwMDAwMH19",
          "dependencies": [
            "aws_dynamodb_table.auth_tokens",
            "aws_dynamodb_table.daily_emails",
            "aws_dynamodb_table.driver_notification_jobs",
            "aws_dynamodb_table.map_search_results",
            "aws_dynamodb_table.user_sessions",
            "aws_iam_role.lambda_role",
            "aws_iam_role_policy.lambda_dynamodb_policy",
            "aws_iam_role_policy_attachment.lambda_policy",
            "aws_sns_topic.error_notifications",
            "aws_sqs_queue.driver_notification_dlq",
            "aws_sqs_queue.driver_notification_queue",
            "aws_sqs_queue.map_search_dlq",
            "aws_sqs_queue.map_search_queue",
            "aws_sqs_queue.scheduler_dlq",
            "aws_sqs_queue.scheduler_queue",
            "data.aws_ssm_parameter.jwt_secret",
            "data.aws_ssm_parameter.neon_db_connection_string"
          ],
          "create_before_destroy": true
        }
      ]
    },
    {
      "mode": "managed",
      "type": "aws_lambda_function",
      "name": "driver_notification_processor",
      "provider": "provider[\"registry.terraform.io/hashicorp/aws\"]",
      "instances": [
        {
          "schema_version": 0,
          "attributes": {
            "architectures": [
              "x86_64"
            ],
            "arn": "arn:aws:lambda:eu-north-1:537928299818:function:recordsw-app-driver-notification-processor",
            "code_sha256": "cVM54uaTs6p/Coz18c3miLTqxyDt6B9C6BaPYN/z9jI=",
            "code_signing_config_arn": "",
            "dead_letter_config": [],
            "description": "",
            "environment": [
              {
                "variables": {
                  "DAILY_EMAILS_TABLE_NAME": "recordsw-app-daily-emails",
                  "DRIVER_NOTIFICATION_JOBS_TABLE_NAME": "recordsw-app-driver-notification-jobs",
                  "DRIVER_NOTIFICATION_QUEUE_URL": "https://sqs.eu-north-1.amazonaws.com/537928299818/recordsw-app-driver-notification-queue",
                  "LEAD_API": "https://live-services.trackmania.nadeo.live",
                  "NEON_DB_CONNECTION_STRING": "postgresql://neondb_owner:npg_lx3Cneta9vDy@ep-spring-paper-ag2kheik-pooler.c-2.eu-central-1.aws.neon.tech/neondb?sslmode=require\u0026channel_binding=require",
                  "OCLIENT_ID": "e6b99c8528829f8045f9",
                  "OCLIENT_SECRET": "ef7ce9af256996f2977bacf1ca0debec4c87339e"
                }
              }
            ],
            "ephemeral_storage": [
              {
                "size": 512
              }
            ],
            "file_system_config": [],
            "filename": "lambda_functions.zip",
            "function_name": "recordsw-app-driver-notification-processor",
            "handler": "lambda/driverNotificationProcessor.handler",
            "id": "recordsw-app-driver-notification-processor",
            "image_config": [],
            "image_uri": "",
            "invoke_arn": "arn:aws:apigateway:eu-north-1:lambda:path/2015-03-31/functions/arn:aws:lambda:eu-north-1:537928299818:function:recordsw-app-driver-notification-processor/invocations",
            "kms_key_arn": "",
            "last_modified": "2025-09-12T13:57:19.000+0000",
            "layers": [],
            "logging_config": [
              {
                "application_log_level": "",
                "log_format": "Text",
                "log_group": "/aws/lambda/recordsw-app-driver-notification-processor",
                "system_log_level": ""
              }
            ],
            "memory_size": 128,
            "package_type": "Zip",
            "publish": false,
            "qualified_arn": "arn:aws:lambda:eu-north-1:537928299818:function:recordsw-app-driver-notification-processor:$LATEST",
            "qualified_invoke_arn": "arn:aws:apigateway:eu-north-1:lambda:path/2015-03-31/functions/arn:aws:lambda:eu-north-1:537928299818:function:recordsw-app-driver-notification-processor:$LATEST/invocations",
            "replace_security_groups_on_destroy": null,
            "replacement_security_group_ids": null,
            "reserved_concurrent_executions": -1,
            "role": "arn:aws:iam::537928299818:role/recordsw-app-lambda-role",
            "runtime": "nodejs18.x",
            "s3_bucket": null,
            "s3_key": null,
            "s3_object_version": null,
            "signing_job_arn": "",
            "signing_profile_version_arn": "",
            "skip_destroy": false,
            "snap_start": [],
            "source_code_hash": "cVM54uaTs6p/Coz18c3miLTqxyDt6B9C6BaPYN/z9jI=",
            "source_code_size": 20054303,
            "tags": {},
            "tags_all": {},
            "timeout": 900,
            "timeouts": null,
            "tracing_config": [
              {
                "mode": "PassThrough"
              }
            ],
            "version": "$LATEST",
            "vpc_config": []
          },
          "sensitive_attributes": [
            [
              {
                "type": "get_attr",
                "value": "environment"
              },
              {
                "type": "index",
                "value": {
                  "value": 0,
                  "type": "number"
                }
              },
              {
                "type": "get_attr",
                "value": "variables"
              },
              {
                "type": "index",
                "value": {
                  "value": "LEAD_API",
                  "type": "string"
                }
              }
            ],
            [
              {
                "type": "get_attr",
                "value": "environment"
              },
              {
                "type": "index",
                "value": {
                  "value": 0,
                  "type": "number"
                }
              },
              {
                "type": "get_attr",
                "value": "variables"
              },
              {
                "type": "index",
                "value": {
                  "value": "NEON_DB_CONNECTION_STRING",
                  "type": "string"
                }
              }
            ],
            [
              {
                "type": "get_attr",
                "value": "environment"
              },
              {
                "type": "index",
                "value": {
                  "value": 0,
                  "type": "number"
                }
              },
              {
                "type": "get_attr",
                "value": "variables"
              },
              {
                "type": "index",
                "value": {
                  "value": "OCLIENT_ID",
                  "type": "string"
                }
              }
            ],
            [
              {
                "type": "get_attr",
                "value": "environment"
              },
              {
                "type": "index",
                "value": {
                  "value": 0,
                  "type": "number"
                }
              },
              {
                "type": "get_attr",
                "value": "variables"
              },
              {
                "type": "index",
                "value": {
                  "value": "OCLIENT_SECRET",
                  "type": "string"
                }
              }
            ]
          ],
          "identity_schema_version": 0,
          "private": "eyJlMmJmYjczMC1lY2FhLTExZTYtOGY4OC0zNDM2M2JjN2M0YzAiOnsiY3JlYXRlIjo2MDAwMDAwMDAwMDAsImRlbGV0ZSI6NjAwMDAwMDAwMDAwLCJ1cGRhdGUiOjYwMDAwMDAwMDAwMH19",
          "dependencies": [
            "aws_dynamodb_table.auth_tokens",
            "aws_dynamodb_table.daily_emails",
            "aws_dynamodb_table.driver_notification_jobs",
            "aws_dynamodb_table.map_search_results",
            "aws_dynamodb_table.user_sessions",
            "aws_iam_role.lambda_role",
            "aws_iam_role_policy.lambda_dynamodb_policy",
            "aws_iam_role_policy_attachment.lambda_policy",
            "aws_sns_topic.error_notifications",
            "aws_sqs_queue.driver_notification_dlq",
            "aws_sqs_queue.driver_notification_queue",
            "aws_sqs_queue.map_search_dlq",
            "aws_sqs_queue.map_search_queue",
            "aws_sqs_queue.scheduler_dlq",
            "aws_sqs_queue.scheduler_queue",
            "data.aws_ssm_parameter.lead_api",
            "data.aws_ssm_parameter.neon_db_connection_string",
            "data.aws_ssm_parameter.oclient_id",
            "data.aws_ssm_parameter.oclient_secret"
          ]
        }
      ]
    },
    {
      "mode": "managed",
      "type": "aws_lambda_function",
      "name": "driver_notification_status_check",
      "provider": "provider[\"registry.terraform.io/hashicorp/aws\"]",
      "instances": [
        {
          "schema_version": 0,
          "attributes": {
            "architectures": [
              "x86_64"
            ],
            "arn": "arn:aws:lambda:eu-north-1:537928299818:function:recordsw-app-driver-notification-status-check",
            "code_sha256": "cVM54uaTs6p/Coz18c3miLTqxyDt6B9C6BaPYN/z9jI=",
            "code_signing_config_arn": "",
            "dead_letter_config": [],
            "description": "",
            "environment": [
              {
                "variables": {
                  "LEAD_API": "https://live-services.trackmania.nadeo.live",
                  "NEON_DB_CONNECTION_STRING": "postgresql://neondb_owner:npg_lx3Cneta9vDy@ep-spring-paper-ag2kheik-pooler.c-2.eu-central-1.aws.neon.tech/neondb?sslmode=require\u0026channel_binding=require",
                  "OCLIENT_ID": "e6b99c8528829f8045f9",
                  "OCLIENT_SECRET": "ef7ce9af256996f2977bacf1ca0debec4c87339e"
                }
              }
            ],
            "ephemeral_storage": [
              {
                "size": 512
              }
            ],
            "file_system_config": [],
            "filename": "lambda_functions.zip",
            "function_name": "recordsw-app-driver-notification-status-check",
            "handler": "lambda/driverNotificationStatusCheck.handler",
            "id": "recordsw-app-driver-notification-status-check",
            "image_config": [],
            "image_uri": "",
            "invoke_arn": "arn:aws:apigateway:eu-north-1:lambda:path/2015-03-31/functions/arn:aws:lambda:eu-north-1:537928299818:function:recordsw-app-driver-notification-status-check/invocations",
            "kms_key_arn": "",
            "last_modified": "2025-09-12T13:54:25.000+0000",
            "layers": [],
            "logging_config": [
              {
                "application_log_level": "",
                "log_format": "Text",
                "log_group": "/aws/lambda/recordsw-app-driver-notification-status-check",
                "system_log_level": ""
              }
            ],
            "memory_size": 128,
            "package_type": "Zip",
            "publish": false,
            "qualified_arn": "arn:aws:lambda:eu-north-1:537928299818:function:recordsw-app-driver-notification-status-check:$LATEST",
            "qualified_invoke_arn": "arn:aws:apigateway:eu-north-1:lambda:path/2015-03-31/functions/arn:aws:lambda:eu-north-1:537928299818:function:recordsw-app-driver-notification-status-check:$LATEST/invocations",
            "replace_security_groups_on_destroy": null,
            "replacement_security_group_ids": null,
            "reserved_concurrent_executions": -1,
            "role": "arn:aws:iam::537928299818:role/recordsw-app-lambda-role",
            "runtime": "nodejs18.x",
            "s3_bucket": null,
            "s3_key": null,
            "s3_object_version": null,
            "signing_job_arn": "",
            "signing_profile_version_arn": "",
            "skip_destroy": false,
            "snap_start": [],
            "source_code_hash": "cVM54uaTs6p/Coz18c3miLTqxyDt6B9C6BaPYN/z9jI=",
            "source_code_size": 20054303,
            "tags": {},
            "tags_all": {},
            "timeout": 900,
            "timeouts": null,
            "tracing_config": [
              {
                "mode": "PassThrough"
              }
            ],
            "version": "$LATEST",
            "vpc_config": []
          },
          "sensitive_attributes": [
            [
              {
                "type": "get_attr",
                "value": "environment"
              },
              {
                "type": "index",
                "value": {
                  "value": 0,
                  "type": "number"
                }
              },
              {
                "type": "get_attr",
                "value": "variables"
              },
              {
                "type": "index",
                "value": {
                  "value": "LEAD_API",
                  "type": "string"
                }
              }
            ],
            [
              {
                "type": "get_attr",
                "value": "environment"
              },
              {
                "type": "index",
                "value": {
                  "value": 0,
                  "type": "number"
                }
              },
              {
                "type": "get_attr",
                "value": "variables"
              },
              {
                "type": "index",
                "value": {
                  "value": "NEON_DB_CONNECTION_STRING",
                  "type": "string"
                }
              }
            ],
            [
              {
                "type": "get_attr",
                "value": "environment"
              },
              {
                "type": "index",
                "value": {
                  "value": 0,
                  "type": "number"
                }
              },
              {
                "type": "get_attr",
                "value": "variables"
              },
              {
                "type": "index",
                "value": {
                  "value": "OCLIENT_ID",
                  "type": "string"
                }
              }
            ],
            [
              {
                "type": "get_attr",
                "value": "environment"
              },
              {
                "type": "index",
                "value": {
                  "value": 0,
                  "type": "number"
                }
              },
              {
                "type": "get_attr",
                "value": "variables"
              },
              {
                "type": "index",
                "value": {
                  "value": "OCLIENT_SECRET",
                  "type": "string"
                }
              }
            ]
          ],
          "identity_schema_version": 0,
          "private": "eyJlMmJmYjczMC1lY2FhLTExZTYtOGY4OC0zNDM2M2JjN2M0YzAiOnsiY3JlYXRlIjo2MDAwMDAwMDAwMDAsImRlbGV0ZSI6NjAwMDAwMDAwMDAwLCJ1cGRhdGUiOjYwMDAwMDAwMDAwMH19",
          "dependencies": [
            "aws_dynamodb_table.auth_tokens",
            "aws_dynamodb_table.daily_emails",
            "aws_dynamodb_table.driver_notification_jobs",
            "aws_dynamodb_table.map_search_results",
            "aws_dynamodb_table.user_sessions",
            "aws_iam_role.lambda_role",
            "aws_iam_role_policy.lambda_dynamodb_policy",
            "aws_iam_role_policy_attachment.lambda_policy",
            "aws_sns_topic.error_notifications",
            "aws_sqs_queue.driver_notification_dlq",
            "aws_sqs_queue.driver_notification_queue",
            "aws_sqs_queue.map_search_dlq",
            "aws_sqs_queue.map_search_queue",
            "aws_sqs_queue.scheduler_dlq",
            "aws_sqs_queue.scheduler_queue",
            "data.aws_ssm_parameter.lead_api",
            "data.aws_ssm_parameter.neon_db_connection_string",
            "data.aws_ssm_parameter.oclient_id",
            "data.aws_ssm_parameter.oclient_secret"
          ]
        }
      ]
    },
    {
      "mode": "managed",
      "type": "aws_lambda_function",
      "name": "driver_notifications",
      "provider": "provider[\"registry.terraform.io/hashicorp/aws\"]",
      "instances": [
        {
          "schema_version": 0,
          "attributes": {
            "architectures": [
              "x86_64"
            ],
            "arn": "arn:aws:lambda:eu-north-1:537928299818:function:recordsw-app-driver-notifications",
            "code_sha256": "cVM54uaTs6p/Coz18c3miLTqxyDt6B9C6BaPYN/z9jI=",
            "code_signing_config_arn": "",
            "dead_letter_config": [],
            "description": "",
            "environment": [
              {
                "variables": {
                  "AUTHORIZATION": "cmVjb3JkX3dhdGNoZXI6LTRKXT9KLEU8dF1RVnZ6RA==",
                  "AUTH_API_URL": "https://prod.trackmania.core.nadeo.online/v2/authentication/token/basic",
                  "DYNAMODB_TABLE_NAME": "recordsw-app-auth-tokens",
                  "JWT_SECRET": "super_secret_key_dev_chatgpt_gave_me_this_lol_prod_version",
                  "LEAD_API": "https://live-services.trackmania.nadeo.live",
                  "NEON_DB_CONNECTION_STRING": "postgresql://neondb_owner:npg_lx3Cneta9vDy@ep-spring-paper-ag2kheik-pooler.c-2.eu-central-1.aws.neon.tech/neondb?sslmode=require\u0026channel_binding=require",
                  "OCLIENT_ID": "e6b99c8528829f8045f9",
                  "OCLIENT_SECRET": "ef7ce9af256996f2977bacf1ca0debec4c87339e",
                  "USER_AGENT": "record_watcher/fantomass@gmail.com"
                }
              }
            ],
            "ephemeral_storage": [
              {
                "size": 512
              }
            ],
            "file_system_config": [],
            "filename": "lambda_functions.zip",
            "function_name": "recordsw-app-driver-notifications",
            "handler": "lambda/driverNotifications.handler",
            "id": "recordsw-app-driver-notifications",
            "image_config": [],
            "image_uri": "",
            "invoke_arn": "arn:aws:apigateway:eu-north-1:lambda:path/2015-03-31/functions/arn:aws:lambda:eu-north-1:537928299818:function:recordsw-app-driver-notifications/invocations",
            "kms_key_arn": "",
            "last_modified": "2025-09-12T13:56:47.000+0000",
            "layers": [],
            "logging_config": [
              {
                "application_log_level": "",
                "log_format": "Text",
                "log_group": "/aws/lambda/recordsw-app-driver-notifications",
                "system_log_level": ""
              }
            ],
            "memory_size": 128,
            "package_type": "Zip",
            "publish": false,
            "qualified_arn": "arn:aws:lambda:eu-north-1:537928299818:function:recordsw-app-driver-notifications:$LATEST",
            "qualified_invoke_arn": "arn:aws:apigateway:eu-north-1:lambda:path/2015-03-31/functions/arn:aws:lambda:eu-north-1:537928299818:function:recordsw-app-driver-notifications:$LATEST/invocations",
            "replace_security_groups_on_destroy": null,
            "replacement_security_group_ids": null,
            "reserved_concurrent_executions": -1,
            "role": "arn:aws:iam::537928299818:role/recordsw-app-lambda-role",
            "runtime": "nodejs18.x",
            "s3_bucket": null,
            "s3_key": null,
            "s3_object_version": null,
            "signing_job_arn": "",
            "signing_profile_version_arn": "",
            "skip_destroy": false,
            "snap_start": [],
            "source_code_hash": "cVM54uaTs6p/Coz18c3miLTqxyDt6B9C6BaPYN/z9jI=",
            "source_code_size": 20054303,
            "tags": {},
            "tags_all": {},
            "timeout": 30,
            "timeouts": null,
            "tracing_config": [
              {
                "mode": "PassThrough"
              }
            ],
            "version": "$LATEST",
            "vpc_config": []
          },
          "sensitive_attributes": [
            [
              {
                "type": "get_attr",
                "value": "environment"
              },
              {
                "type": "index",
                "value": {
                  "value": 0,
                  "type": "number"
                }
              },
              {
                "type": "get_attr",
                "value": "variables"
              },
              {
                "type": "index",
                "value": {
                  "value": "AUTHORIZATION",
                  "type": "string"
                }
              }
            ],
            [
              {
                "type": "get_attr",
                "value": "environment"
              },
              {
                "type": "index",
                "value": {
                  "value": 0,
                  "type": "number"
                }
              },
              {
                "type": "get_attr",
                "value": "variables"
              },
              {
                "type": "index",
                "value": {
                  "value": "AUTH_API_URL",
                  "type": "string"
                }
              }
            ],
            [
              {
                "type": "get_attr",
                "value": "environment"
              },
              {
                "type": "index",
                "value": {
                  "value": 0,
                  "type": "number"
                }
              },
              {
                "type": "get_attr",
                "value": "variables"
              },
              {
                "type": "index",
                "value": {
                  "value": "JWT_SECRET",
                  "type": "string"
                }
              }
            ],
            [
              {
                "type": "get_attr",
                "value": "environment"
              },
              {
                "type": "index",
                "value": {
                  "value": 0,
                  "type": "number"
                }
              },
              {
                "type": "get_attr",
                "value": "variables"
              },
              {
                "type": "index",
                "value": {
                  "value": "LEAD_API",
                  "type": "string"
                }
              }
            ],
            [
              {
                "type": "get_attr",
                "value": "environment"
              },
              {
                "type": "index",
                "value": {
                  "value": 0,
                  "type": "number"
                }
              },
              {
                "type": "get_attr",
                "value": "variables"
              },
              {
                "type": "index",
                "value": {
                  "value": "NEON_DB_CONNECTION_STRING",
                  "type": "string"
                }
              }
            ],
            [
              {
                "type": "get_attr",
                "value": "environment"
              },
              {
                "type": "index",
                "value": {
                  "value": 0,
                  "type": "number"
                }
              },
              {
                "type": "get_attr",
                "value": "variables"
              },
              {
                "type": "index",
                "value": {
                  "value": "OCLIENT_ID",
                  "type": "string"
                }
              }
            ],
            [
              {
                "type": "get_attr",
                "value": "environment"
              },
              {
                "type": "index",
                "value": {
                  "value": 0,
                  "type": "number"
                }
              },
              {
                "type": "get_attr",
                "value": "variables"
              },
              {
                "type": "index",
                "value": {
                  "value": "OCLIENT_SECRET",
                  "type": "string"
                }
              }
            ],
            [
              {
                "type": "get_attr",
                "value": "environment"
              },
              {
                "type": "index",
                "value": {
                  "value": 0,
                  "type": "number"
                }
              },
              {
                "type": "get_attr",
                "value": "variables"
              },
              {
                "type": "index",
                "value": {
                  "value": "USER_AGENT",
                  "type": "string"
                }
              }
            ]
          ],
          "identity_schema_version": 0,
          "private": "eyJlMmJmYjczMC1lY2FhLTExZTYtOGY4OC0zNDM2M2JjN2M0YzAiOnsiY3JlYXRlIjo2MDAwMDAwMDAwMDAsImRlbGV0ZSI6NjAwMDAwMDAwMDAwLCJ1cGRhdGUiOjYwMDAwMDAwMDAwMH19",
          "dependencies": [
            "aws_dynamodb_table.auth_tokens",
            "aws_dynamodb_table.daily_emails",
            "aws_dynamodb_table.driver_notification_jobs",
            "aws_dynamodb_table.map_search_results",
            "aws_dynamodb_table.user_sessions",
            "aws_iam_role.lambda_role",
            "aws_iam_role_policy.lambda_dynamodb_policy",
            "aws_iam_role_policy_attachment.lambda_policy",
            "aws_sns_topic.error_notifications",
            "aws_sqs_queue.driver_notification_dlq",
            "aws_sqs_queue.driver_notification_queue",
            "aws_sqs_queue.map_search_dlq",
            "aws_sqs_queue.map_search_queue",
            "aws_sqs_queue.scheduler_dlq",
            "aws_sqs_queue.scheduler_queue",
            "data.aws_ssm_parameter.auth_api_url",
            "data.aws_ssm_parameter.authorization",
            "data.aws_ssm_parameter.jwt_secret",
            "data.aws_ssm_parameter.lead_api",
            "data.aws_ssm_parameter.neon_db_connection_string",
            "data.aws_ssm_parameter.oclient_id",
            "data.aws_ssm_parameter.oclient_secret",
            "data.aws_ssm_parameter.user_agent"
          ],
          "create_before_destroy": true
        }
      ]
    },
    {
      "mode": "managed",
      "type": "aws_lambda_function",
      "name": "email_sender",
      "provider": "provider[\"registry.terraform.io/hashicorp/aws\"]",
      "instances": [
        {
          "schema_version": 0,
          "attributes": {
            "architectures": [
              "x86_64"
            ],
            "arn": "arn:aws:lambda:eu-north-1:537928299818:function:recordsw-app-email-sender",
            "code_sha256": "cVM54uaTs6p/Coz18c3miLTqxyDt6B9C6BaPYN/z9jI=",
            "code_signing_config_arn": "",
            "dead_letter_config": [],
            "description": "",
            "environment": [
              {
                "variables": {
                  "DAILY_EMAILS_TABLE_NAME": "recordsw-app-daily-emails",
                  "SES_FROM_EMAIL": "recordwatchertm@gmail.com"
                }
              }
            ],
            "ephemeral_storage": [
              {
                "size": 512
              }
            ],
            "file_system_config": [],
            "filename": "lambda_functions.zip",
            "function_name": "recordsw-app-email-sender",
            "handler": "lambda/emailSender.handler",
            "id": "recordsw-app-email-sender",
            "image_config": [],
            "image_uri": "",
            "invoke_arn": "arn:aws:apigateway:eu-north-1:lambda:path/2015-03-31/functions/arn:aws:lambda:eu-north-1:537928299818:function:recordsw-app-email-sender/invocations",
            "kms_key_arn": "",
            "last_modified": "2025-09-12T13:56:15.000+0000",
            "layers": [],
            "logging_config": [
              {
                "application_log_level": "",
                "log_format": "Text",
                "log_group": "/aws/lambda/recordsw-app-email-sender",
                "system_log_level": ""
              }
            ],
            "memory_size": 128,
            "package_type": "Zip",
            "publish": false,
            "qualified_arn": "arn:aws:lambda:eu-north-1:537928299818:function:recordsw-app-email-sender:$LATEST",
            "qualified_invoke_arn": "arn:aws:apigateway:eu-north-1:lambda:path/2015-03-31/functions/arn:aws:lambda:eu-north-1:537928299818:function:recordsw-app-email-sender:$LATEST/invocations",
            "replace_security_groups_on_destroy": null,
            "replacement_security_group_ids": null,
            "reserved_concurrent_executions": -1,
            "role": "arn:aws:iam::537928299818:role/recordsw-app-lambda-role",
            "runtime": "nodejs18.x",
            "s3_bucket": null,
            "s3_key": null,
            "s3_object_version": null,
            "signing_job_arn": "",
            "signing_profile_version_arn": "",
            "skip_destroy": false,
            "snap_start": [],
            "source_code_hash": "cVM54uaTs6p/Coz18c3miLTqxyDt6B9C6BaPYN/z9jI=",
            "source_code_size": 20054303,
            "tags": {},
            "tags_all": {},
            "timeout": 30,
            "timeouts": null,
            "tracing_config": [
              {
                "mode": "PassThrough"
              }
            ],
            "version": "$LATEST",
            "vpc_config": []
          },
          "sensitive_attributes": [
            [
              {
                "type": "get_attr",
                "value": "environment"
              },
              {
                "type": "index",
                "value": {
                  "value": 0,
                  "type": "number"
                }
              },
              {
                "type": "get_attr",
                "value": "variables"
              },
              {
                "type": "index",
                "value": {
                  "value": "SES_FROM_EMAIL",
                  "type": "string"
                }
              }
            ]
          ],
          "identity_schema_version": 0,
          "private": "eyJlMmJmYjczMC1lY2FhLTExZTYtOGY4OC0zNDM2M2JjN2M0YzAiOnsiY3JlYXRlIjo2MDAwMDAwMDAwMDAsImRlbGV0ZSI6NjAwMDAwMDAwMDAwLCJ1cGRhdGUiOjYwMDAwMDAwMDAwMH19",
          "dependencies": [
            "aws_dynamodb_table.auth_tokens",
            "aws_dynamodb_table.daily_emails",
            "aws_dynamodb_table.driver_notification_jobs",
            "aws_dynamodb_table.map_search_results",
            "aws_dynamodb_table.user_sessions",
            "aws_iam_role.lambda_role",
            "aws_iam_role_policy.lambda_dynamodb_policy",
            "aws_iam_role_policy_attachment.lambda_policy",
            "aws_sns_topic.error_notifications",
            "aws_sqs_queue.driver_notification_dlq",
            "aws_sqs_queue.driver_notification_queue",
            "aws_sqs_queue.map_search_dlq",
            "aws_sqs_queue.map_search_queue",
            "aws_sqs_queue.scheduler_dlq",
            "aws_sqs_queue.scheduler_queue",
            "data.aws_ssm_parameter.email_user"
          ]
        }
      ]
    },
    {
      "mode": "managed",
      "type": "aws_lambda_function",
      "name": "get_map_records",
      "provider": "provider[\"registry.terraform.io/hashicorp/aws\"]",
      "instances": [
        {
          "schema_version": 0,
          "attributes": {
            "architectures": [
              "x86_64"
            ],
            "arn": "arn:aws:lambda:eu-north-1:537928299818:function:recordsw-app-get-map-records",
            "code_sha256": "cVM54uaTs6p/Coz18c3miLTqxyDt6B9C6BaPYN/z9jI=",
            "code_signing_config_arn": "",
            "dead_letter_config": [],
            "description": "",
            "environment": [
              {
                "variables": {
                  "AUTHORIZATION": "cmVjb3JkX3dhdGNoZXI6LTRKXT9KLEU8dF1RVnZ6RA==",
                  "AUTH_API_URL": "https://prod.trackmania.core.nadeo.online/v2/authentication/token/basic",
                  "DYNAMODB_TABLE_NAME": "recordsw-app-auth-tokens",
                  "LEAD_API": "https://live-services.trackmania.nadeo.live",
                  "USER_AGENT": "record_watcher/fantomass@gmail.com"
                }
              }
            ],
            "ephemeral_storage": [
              {
                "size": 512
              }
            ],
            "file_system_config": [],
            "filename": "lambda_functions.zip",
            "function_name": "recordsw-app-get-map-records",
            "handler": "lambda/getMapRecords.handler",
            "id": "recordsw-app-get-map-records",
            "image_config": [],
            "image_uri": "",
            "invoke_arn": "arn:aws:apigateway:eu-north-1:lambda:path/2015-03-31/functions/arn:aws:lambda:eu-north-1:537928299818:function:recordsw-app-get-map-records/invocations",
            "kms_key_arn": "",
            "last_modified": "2025-09-12T13:54:04.000+0000",
            "layers": [],
            "logging_config": [
              {
                "application_log_level": "",
                "log_format": "Text",
                "log_group": "/aws/lambda/recordsw-app-get-map-records",
                "system_log_level": ""
              }
            ],
            "memory_size": 128,
            "package_type": "Zip",
            "publish": false,
            "qualified_arn": "arn:aws:lambda:eu-north-1:537928299818:function:recordsw-app-get-map-records:$LATEST",
            "qualified_invoke_arn": "arn:aws:apigateway:eu-north-1:lambda:path/2015-03-31/functions/arn:aws:lambda:eu-north-1:537928299818:function:recordsw-app-get-map-records:$LATEST/invocations",
            "replace_security_groups_on_destroy": null,
            "replacement_security_group_ids": null,
            "reserved_concurrent_executions": -1,
            "role": "arn:aws:iam::537928299818:role/recordsw-app-lambda-role",
            "runtime": "nodejs18.x",
            "s3_bucket": null,
            "s3_key": null,
            "s3_object_version": null,
            "signing_job_arn": "",
            "signing_profile_version_arn": "",
            "skip_destroy": false,
            "snap_start": [],
            "source_code_hash": "cVM54uaTs6p/Coz18c3miLTqxyDt6B9C6BaPYN/z9jI=",
            "source_code_size": 20054303,
            "tags": {},
            "tags_all": {},
            "timeout": 30,
            "timeouts": null,
            "tracing_config": [
              {
                "mode": "PassThrough"
              }
            ],
            "version": "$LATEST",
            "vpc_config": []
          },
          "sensitive_attributes": [
            [
              {
                "type": "get_attr",
                "value": "environment"
              },
              {
                "type": "index",
                "value": {
                  "value": 0,
                  "type": "number"
                }
              },
              {
                "type": "get_attr",
                "value": "variables"
              },
              {
                "type": "index",
                "value": {
                  "value": "AUTHORIZATION",
                  "type": "string"
                }
              }
            ],
            [
              {
                "type": "get_attr",
                "value": "environment"
              },
              {
                "type": "index",
                "value": {
                  "value": 0,
                  "type": "number"
                }
              },
              {
                "type": "get_attr",
                "value": "variables"
              },
              {
                "type": "index",
                "value": {
                  "value": "AUTH_API_URL",
                  "type": "string"
                }
              }
            ],
            [
              {
                "type": "get_attr",
                "value": "environment"
              },
              {
                "type": "index",
                "value": {
                  "value": 0,
                  "type": "number"
                }
              },
              {
                "type": "get_attr",
                "value": "variables"
              },
              {
                "type": "index",
                "value": {
                  "value": "LEAD_API",
                  "type": "string"
                }
              }
            ],
            [
              {
                "type": "get_attr",
                "value": "environment"
              },
              {
                "type": "index",
                "value": {
                  "value": 0,
                  "type": "number"
                }
              },
              {
                "type": "get_attr",
                "value": "variables"
              },
              {
                "type": "index",
                "value": {
                  "value": "USER_AGENT",
                  "type": "string"
                }
              }
            ]
          ],
          "identity_schema_version": 0,
          "private": "eyJlMmJmYjczMC1lY2FhLTExZTYtOGY4OC0zNDM2M2JjN2M0YzAiOnsiY3JlYXRlIjo2MDAwMDAwMDAwMDAsImRlbGV0ZSI6NjAwMDAwMDAwMDAwLCJ1cGRhdGUiOjYwMDAwMDAwMDAwMH19",
          "dependencies": [
            "aws_dynamodb_table.auth_tokens",
            "aws_dynamodb_table.daily_emails",
            "aws_dynamodb_table.driver_notification_jobs",
            "aws_dynamodb_table.map_search_results",
            "aws_dynamodb_table.user_sessions",
            "aws_iam_role.lambda_role",
            "aws_iam_role_policy.lambda_dynamodb_policy",
            "aws_iam_role_policy_attachment.lambda_policy",
            "aws_sns_topic.error_notifications",
            "aws_sqs_queue.driver_notification_dlq",
            "aws_sqs_queue.driver_notification_queue",
            "aws_sqs_queue.map_search_dlq",
            "aws_sqs_queue.map_search_queue",
            "aws_sqs_queue.scheduler_dlq",
            "aws_sqs_queue.scheduler_queue",
            "data.aws_ssm_parameter.auth_api_url",
            "data.aws_ssm_parameter.authorization",
            "data.aws_ssm_parameter.lead_api",
            "data.aws_ssm_parameter.user_agent"
          ],
          "create_before_destroy": true
        }
      ]
    },
    {
      "mode": "managed",
      "type": "aws_lambda_function",
      "name": "get_user_profile",
      "provider": "provider[\"registry.terraform.io/hashicorp/aws\"]",
      "instances": [
        {
          "schema_version": 0,
          "attributes": {
            "architectures": [
              "x86_64"
            ],
            "arn": "arn:aws:lambda:eu-north-1:537928299818:function:recordsw-app-get-user-profile",
            "code_sha256": "cVM54uaTs6p/Coz18c3miLTqxyDt6B9C6BaPYN/z9jI=",
            "code_signing_config_arn": "",
            "dead_letter_config": [],
            "description": "",
            "environment": [
              {
                "variables": {
                  "JWT_SECRET": "super_secret_key_dev_chatgpt_gave_me_this_lol_prod_version",
                  "NEON_DB_CONNECTION_STRING": "postgresql://neondb_owner:npg_lx3Cneta9vDy@ep-spring-paper-ag2kheik-pooler.c-2.eu-central-1.aws.neon.tech/neondb?sslmode=require\u0026channel_binding=require"
                }
              }
            ],
            "ephemeral_storage": [
              {
                "size": 512
              }
            ],
            "file_system_config": [],
            "filename": "lambda_functions.zip",
            "function_name": "recordsw-app-get-user-profile",
            "handler": "lambda/getUserProfile.handler",
            "id": "recordsw-app-get-user-profile",
            "image_config": [],
            "image_uri": "",
            "invoke_arn": "arn:aws:apigateway:eu-north-1:lambda:path/2015-03-31/functions/arn:aws:lambda:eu-north-1:537928299818:function:recordsw-app-get-user-profile/invocations",
            "kms_key_arn": "",
            "last_modified": "2025-09-12T13:56:26.000+0000",
            "layers": [],
            "logging_config": [
              {
                "application_log_level": "",
                "log_format": "Text",
                "log_group": "/aws/lambda/recordsw-app-get-user-profile",
                "system_log_level": ""
              }
            ],
            "memory_size": 128,
            "package_type": "Zip",
            "publish": false,
            "qualified_arn": "arn:aws:lambda:eu-north-1:537928299818:function:recordsw-app-get-user-profile:$LATEST",
            "qualified_invoke_arn": "arn:aws:apigateway:eu-north-1:lambda:path/2015-03-31/functions/arn:aws:lambda:eu-north-1:537928299818:function:recordsw-app-get-user-profile:$LATEST/invocations",
            "replace_security_groups_on_destroy": null,
            "replacement_security_group_ids": null,
            "reserved_concurrent_executions": -1,
            "role": "arn:aws:iam::537928299818:role/recordsw-app-lambda-role",
            "runtime": "nodejs18.x",
            "s3_bucket": null,
            "s3_key": null,
            "s3_object_version": null,
            "signing_job_arn": "",
            "signing_profile_version_arn": "",
            "skip_destroy": false,
            "snap_start": [],
            "source_code_hash": "cVM54uaTs6p/Coz18c3miLTqxyDt6B9C6BaPYN/z9jI=",
            "source_code_size": 20054303,
            "tags": {},
            "tags_all": {},
            "timeout": 30,
            "timeouts": null,
            "tracing_config": [
              {
                "mode": "PassThrough"
              }
            ],
            "version": "$LATEST",
            "vpc_config": []
          },
          "sensitive_attributes": [
            [
              {
                "type": "get_attr",
                "value": "environment"
              },
              {
                "type": "index",
                "value": {
                  "value": 0,
                  "type": "number"
                }
              },
              {
                "type": "get_attr",
                "value": "variables"
              },
              {
                "type": "index",
                "value": {
                  "value": "JWT_SECRET",
                  "type": "string"
                }
              }
            ],
            [
              {
                "type": "get_attr",
                "value": "environment"
              },
              {
                "type": "index",
                "value": {
                  "value": 0,
                  "type": "number"
                }
              },
              {
                "type": "get_attr",
                "value": "variables"
              },
              {
                "type": "index",
                "value": {
                  "value": "NEON_DB_CONNECTION_STRING",
                  "type": "string"
                }
              }
            ]
          ],
          "identity_schema_version": 0,
          "private": "eyJlMmJmYjczMC1lY2FhLTExZTYtOGY4OC0zNDM2M2JjN2M0YzAiOnsiY3JlYXRlIjo2MDAwMDAwMDAwMDAsImRlbGV0ZSI6NjAwMDAwMDAwMDAwLCJ1cGRhdGUiOjYwMDAwMDAwMDAwMH19",
          "dependencies": [
            "aws_dynamodb_table.auth_tokens",
            "aws_dynamodb_table.daily_emails",
            "aws_dynamodb_table.driver_notification_jobs",
            "aws_dynamodb_table.map_search_results",
            "aws_dynamodb_table.user_sessions",
            "aws_iam_role.lambda_role",
            "aws_iam_role_policy.lambda_dynamodb_policy",
            "aws_iam_role_policy_attachment.lambda_policy",
            "aws_sns_topic.error_notifications",
            "aws_sqs_queue.driver_notification_dlq",
            "aws_sqs_queue.driver_notification_queue",
            "aws_sqs_queue.map_search_dlq",
            "aws_sqs_queue.map_search_queue",
            "aws_sqs_queue.scheduler_dlq",
            "aws_sqs_queue.scheduler_queue",
            "data.aws_ssm_parameter.jwt_secret",
            "data.aws_ssm_parameter.neon_db_connection_string"
          ]
        }
      ]
    },
    {
      "mode": "managed",
      "type": "aws_lambda_function",
      "name": "health",
      "provider": "provider[\"registry.terraform.io/hashicorp/aws\"]",
      "instances": [
        {
          "schema_version": 0,
          "attributes": {
            "architectures": [
              "x86_64"
            ],
            "arn": "arn:aws:lambda:eu-north-1:537928299818:function:recordsw-app-health",
            "code_sha256": "cVM54uaTs6p/Coz18c3miLTqxyDt6B9C6BaPYN/z9jI=",
            "code_signing_config_arn": "",
            "dead_letter_config": [],
            "description": "",
            "environment": [],
            "ephemeral_storage": [
              {
                "size": 512
              }
            ],
            "file_system_config": [],
            "filename": "lambda_functions.zip",
            "function_name": "recordsw-app-health",
            "handler": "lambda/health.handler",
            "id": "recordsw-app-health",
            "image_config": [],
            "image_uri": "",
            "invoke_arn": "arn:aws:apigateway:eu-north-1:lambda:path/2015-03-31/functions/arn:aws:lambda:eu-north-1:537928299818:function:recordsw-app-health/invocations",
            "kms_key_arn": "",
            "last_modified": "2025-09-12T13:57:31.000+0000",
            "layers": [],
            "logging_config": [
              {
                "application_log_level": "",
                "log_format": "Text",
                "log_group": "/aws/lambda/recordsw-app-health",
                "system_log_level": ""
              }
            ],
            "memory_size": 128,
            "package_type": "Zip",
            "publish": false,
            "qualified_arn": "arn:aws:lambda:eu-north-1:537928299818:function:recordsw-app-health:$LATEST",
            "qualified_invoke_arn": "arn:aws:apigateway:eu-north-1:lambda:path/2015-03-31/functions/arn:aws:lambda:eu-north-1:537928299818:function:recordsw-app-health:$LATEST/invocations",
            "replace_security_groups_on_destroy": null,
            "replacement_security_group_ids": null,
            "reserved_concurrent_executions": -1,
            "role": "arn:aws:iam::537928299818:role/recordsw-app-lambda-role",
            "runtime": "nodejs18.x",
            "s3_bucket": null,
            "s3_key": null,
            "s3_object_version": null,
            "signing_job_arn": "",
            "signing_profile_version_arn": "",
            "skip_destroy": false,
            "snap_start": [],
            "source_code_hash": "cVM54uaTs6p/Coz18c3miLTqxyDt6B9C6BaPYN/z9jI=",
            "source_code_size": 20054303,
            "tags": {},
            "tags_all": {},
            "timeout": 30,
            "timeouts": null,
            "tracing_config": [
              {
                "mode": "PassThrough"
              }
            ],
            "version": "$LATEST",
            "vpc_config": []
          },
          "sensitive_attributes": [],
          "identity_schema_version": 0,
          "private": "eyJlMmJmYjczMC1lY2FhLTExZTYtOGY4OC0zNDM2M2JjN2M0YzAiOnsiY3JlYXRlIjo2MDAwMDAwMDAwMDAsImRlbGV0ZSI6NjAwMDAwMDAwMDAwLCJ1cGRhdGUiOjYwMDAwMDAwMDAwMH19",
          "dependencies": [
            "aws_dynamodb_table.auth_tokens",
            "aws_dynamodb_table.daily_emails",
            "aws_dynamodb_table.driver_notification_jobs",
            "aws_dynamodb_table.map_search_results",
            "aws_dynamodb_table.user_sessions",
            "aws_iam_role.lambda_role",
            "aws_iam_role_policy.lambda_dynamodb_policy",
            "aws_iam_role_policy_attachment.lambda_policy",
            "aws_sns_topic.error_notifications",
            "aws_sqs_queue.driver_notification_dlq",
            "aws_sqs_queue.driver_notification_queue",
            "aws_sqs_queue.map_search_dlq",
            "aws_sqs_queue.map_search_queue",
            "aws_sqs_queue.scheduler_dlq",
            "aws_sqs_queue.scheduler_queue"
          ]
        }
      ]
    },
    {
      "mode": "managed",
      "type": "aws_lambda_function",
      "name": "login",
      "provider": "provider[\"registry.terraform.io/hashicorp/aws\"]",
      "instances": [
        {
          "schema_version": 0,
          "attributes": {
            "architectures": [
              "x86_64"
            ],
            "arn": "arn:aws:lambda:eu-north-1:537928299818:function:recordsw-app-login",
            "code_sha256": "cVM54uaTs6p/Coz18c3miLTqxyDt6B9C6BaPYN/z9jI=",
            "code_signing_config_arn": "",
            "dead_letter_config": [],
            "description": "",
            "environment": [
              {
                "variables": {
                  "JWT_SECRET": "super_secret_key_dev_chatgpt_gave_me_this_lol_prod_version",
                  "NEON_DB_CONNECTION_STRING": "postgresql://neondb_owner:npg_lx3Cneta9vDy@ep-spring-paper-ag2kheik-pooler.c-2.eu-central-1.aws.neon.tech/neondb?sslmode=require\u0026channel_binding=require",
                  "USER_SESSIONS_TABLE_NAME": "recordsw-app-user-sessions"
                }
              }
            ],
            "ephemeral_storage": [
              {
                "size": 512
              }
            ],
            "file_system_config": [],
            "filename": "lambda_functions.zip",
            "function_name": "recordsw-app-login",
            "handler": "lambda/login.handler",
            "id": "recordsw-app-login",
            "image_config": [],
            "image_uri": "",
            "invoke_arn": "arn:aws:apigateway:eu-north-1:lambda:path/2015-03-31/functions/arn:aws:lambda:eu-north-1:537928299818:function:recordsw-app-login/invocations",
            "kms_key_arn": "",
            "last_modified": "2025-09-12T13:55:20.000+0000",
            "layers": [],
            "logging_config": [
              {
                "application_log_level": "",
                "log_format": "Text",
                "log_group": "/aws/lambda/recordsw-app-login",
                "system_log_level": ""
              }
            ],
            "memory_size": 128,
            "package_type": "Zip",
            "publish": false,
            "qualified_arn": "arn:aws:lambda:eu-north-1:537928299818:function:recordsw-app-login:$LATEST",
            "qualified_invoke_arn": "arn:aws:apigateway:eu-north-1:lambda:path/2015-03-31/functions/arn:aws:lambda:eu-north-1:537928299818:function:recordsw-app-login:$LATEST/invocations",
            "replace_security_groups_on_destroy": null,
            "replacement_security_group_ids": null,
            "reserved_concurrent_executions": -1,
            "role": "arn:aws:iam::537928299818:role/recordsw-app-lambda-role",
            "runtime": "nodejs18.x",
            "s3_bucket": null,
            "s3_key": null,
            "s3_object_version": null,
            "signing_job_arn": "",
            "signing_profile_version_arn": "",
            "skip_destroy": false,
            "snap_start": [],
            "source_code_hash": "cVM54uaTs6p/Coz18c3miLTqxyDt6B9C6BaPYN/z9jI=",
            "source_code_size": 20054303,
            "tags": {},
            "tags_all": {},
            "timeout": 30,
            "timeouts": null,
            "tracing_config": [
              {
                "mode": "PassThrough"
              }
            ],
            "version": "$LATEST",
            "vpc_config": []
          },
          "sensitive_attributes": [
            [
              {
                "type": "get_attr",
                "value": "environment"
              },
              {
                "type": "index",
                "value": {
                  "value": 0,
                  "type": "number"
                }
              },
              {
                "type": "get_attr",
                "value": "variables"
              },
              {
                "type": "index",
                "value": {
                  "value": "JWT_SECRET",
                  "type": "string"
                }
              }
            ],
            [
              {
                "type": "get_attr",
                "value": "environment"
              },
              {
                "type": "index",
                "value": {
                  "value": 0,
                  "type": "number"
                }
              },
              {
                "type": "get_attr",
                "value": "variables"
              },
              {
                "type": "index",
                "value": {
                  "value": "NEON_DB_CONNECTION_STRING",
                  "type": "string"
                }
              }
            ]
          ],
          "identity_schema_version": 0,
          "private": "eyJlMmJmYjczMC1lY2FhLTExZTYtOGY4OC0zNDM2M2JjN2M0YzAiOnsiY3JlYXRlIjo2MDAwMDAwMDAwMDAsImRlbGV0ZSI6NjAwMDAwMDAwMDAwLCJ1cGRhdGUiOjYwMDAwMDAwMDAwMH19",
          "dependencies": [
            "aws_dynamodb_table.auth_tokens",
            "aws_dynamodb_table.daily_emails",
            "aws_dynamodb_table.driver_notification_jobs",
            "aws_dynamodb_table.map_search_results",
            "aws_dynamodb_table.user_sessions",
            "aws_iam_role.lambda_role",
            "aws_iam_role_policy.lambda_dynamodb_policy",
            "aws_iam_role_policy_attachment.lambda_policy",
            "aws_sns_topic.error_notifications",
            "aws_sqs_queue.driver_notification_dlq",
            "aws_sqs_queue.driver_notification_queue",
            "aws_sqs_queue.map_search_dlq",
            "aws_sqs_queue.map_search_queue",
            "aws_sqs_queue.scheduler_dlq",
            "aws_sqs_queue.scheduler_queue",
            "data.aws_ssm_parameter.jwt_secret",
            "data.aws_ssm_parameter.neon_db_connection_string"
          ],
          "create_before_destroy": true
        }
      ]
    },
    {
      "mode": "managed",
      "type": "aws_lambda_function",
      "name": "logout",
      "provider": "provider[\"registry.terraform.io/hashicorp/aws\"]",
      "instances": [
        {
          "schema_version": 0,
          "attributes": {
            "architectures": [
              "x86_64"
            ],
            "arn": "arn:aws:lambda:eu-north-1:537928299818:function:recordsw-app-logout",
            "code_sha256": "cVM54uaTs6p/Coz18c3miLTqxyDt6B9C6BaPYN/z9jI=",
            "code_signing_config_arn": "",
            "dead_letter_config": [],
            "description": "",
            "environment": [
              {
                "variables": {
                  "JWT_SECRET": "super_secret_key_dev_chatgpt_gave_me_this_lol_prod_version",
                  "USER_SESSIONS_TABLE_NAME": "recordsw-app-user-sessions"
                }
              }
            ],
            "ephemeral_storage": [
              {
                "size": 512
              }
            ],
            "file_system_config": [],
            "filename": "lambda_functions.zip",
            "function_name": "recordsw-app-logout",
            "handler": "lambda/logout.handler",
            "id": "recordsw-app-logout",
            "image_config": [],
            "image_uri": "",
            "invoke_arn": "arn:aws:apigateway:eu-north-1:lambda:path/2015-03-31/functions/arn:aws:lambda:eu-north-1:537928299818:function:recordsw-app-logout/invocations",
            "kms_key_arn": "",
            "last_modified": "2025-09-12T13:57:52.000+0000",
            "layers": [],
            "logging_config": [
              {
                "application_log_level": "",
                "log_format": "Text",
                "log_group": "/aws/lambda/recordsw-app-logout",
                "system_log_level": ""
              }
            ],
            "memory_size": 128,
            "package_type": "Zip",
            "publish": false,
            "qualified_arn": "arn:aws:lambda:eu-north-1:537928299818:function:recordsw-app-logout:$LATEST",
            "qualified_invoke_arn": "arn:aws:apigateway:eu-north-1:lambda:path/2015-03-31/functions/arn:aws:lambda:eu-north-1:537928299818:function:recordsw-app-logout:$LATEST/invocations",
            "replace_security_groups_on_destroy": null,
            "replacement_security_group_ids": null,
            "reserved_concurrent_executions": -1,
            "role": "arn:aws:iam::537928299818:role/recordsw-app-lambda-role",
            "runtime": "nodejs18.x",
            "s3_bucket": null,
            "s3_key": null,
            "s3_object_version": null,
            "signing_job_arn": "",
            "signing_profile_version_arn": "",
            "skip_destroy": false,
            "snap_start": [],
            "source_code_hash": "cVM54uaTs6p/Coz18c3miLTqxyDt6B9C6BaPYN/z9jI=",
            "source_code_size": 20054303,
            "tags": {},
            "tags_all": {},
            "timeout": 30,
            "timeouts": null,
            "tracing_config": [
              {
                "mode": "PassThrough"
              }
            ],
            "version": "$LATEST",
            "vpc_config": []
          },
          "sensitive_attributes": [
            [
              {
                "type": "get_attr",
                "value": "environment"
              },
              {
                "type": "index",
                "value": {
                  "value": 0,
                  "type": "number"
                }
              },
              {
                "type": "get_attr",
                "value": "variables"
              },
              {
                "type": "index",
                "value": {
                  "value": "JWT_SECRET",
                  "type": "string"
                }
              }
            ]
          ],
          "identity_schema_version": 0,
          "private": "eyJlMmJmYjczMC1lY2FhLTExZTYtOGY4OC0zNDM2M2JjN2M0YzAiOnsiY3JlYXRlIjo2MDAwMDAwMDAwMDAsImRlbGV0ZSI6NjAwMDAwMDAwMDAwLCJ1cGRhdGUiOjYwMDAwMDAwMDAwMH19",
          "dependencies": [
            "aws_dynamodb_table.auth_tokens",
            "aws_dynamodb_table.daily_emails",
            "aws_dynamodb_table.driver_notification_jobs",
            "aws_dynamodb_table.map_search_results",
            "aws_dynamodb_table.user_sessions",
            "aws_iam_role.lambda_role",
            "aws_iam_role_policy.lambda_dynamodb_policy",
            "aws_iam_role_policy_attachment.lambda_policy",
            "aws_sns_topic.error_notifications",
            "aws_sqs_queue.driver_notification_dlq",
            "aws_sqs_queue.driver_notification_queue",
            "aws_sqs_queue.map_search_dlq",
            "aws_sqs_queue.map_search_queue",
            "aws_sqs_queue.scheduler_dlq",
            "aws_sqs_queue.scheduler_queue",
            "data.aws_ssm_parameter.jwt_secret"
          ],
          "create_before_destroy": true
        }
      ]
    },
    {
      "mode": "managed",
      "type": "aws_lambda_function",
      "name": "mapSearch",
      "provider": "provider[\"registry.terraform.io/hashicorp/aws\"]",
      "instances": [
        {
          "schema_version": 0,
          "attributes": {
            "architectures": [
              "x86_64"
            ],
            "arn": "arn:aws:lambda:eu-north-1:537928299818:function:recordsw-app-user-maps",
            "code_sha256": "cVM54uaTs6p/Coz18c3miLTqxyDt6B9C6BaPYN/z9jI=",
            "code_signing_config_arn": "",
            "dead_letter_config": [],
            "description": "",
            "environment": [
              {
                "variables": {
                  "AUTHORIZATION": "cmVjb3JkX3dhdGNoZXI6LTRKXT9KLEU8dF1RVnZ6RA==",
                  "AUTH_API_URL": "https://prod.trackmania.core.nadeo.online/v2/authentication/token/basic",
                  "DYNAMODB_TABLE_NAME": "recordsw-app-auth-tokens",
                  "LEAD_API": "https://live-services.trackmania.nadeo.live",
                  "MAP_SEARCH_QUEUE_URL": "https://sqs.eu-north-1.amazonaws.com/537928299818/recordsw-app-map-search-queue",
                  "MAP_SEARCH_RESULTS_TABLE_NAME": "recordsw-app-map-search-results",
                  "USER_AGENT": "record_watcher/fantomass@gmail.com"
                }
              }
            ],
            "ephemeral_storage": [
              {
                "size": 512
              }
            ],
            "file_system_config": [],
            "filename": "lambda_functions.zip",
            "function_name": "recordsw-app-user-maps",
            "handler": "lambda/mapSearch.handler",
            "id": "recordsw-app-user-maps",
            "image_config": [],
            "image_uri": "",
            "invoke_arn": "arn:aws:apigateway:eu-north-1:lambda:path/2015-03-31/functions/arn:aws:lambda:eu-north-1:537928299818:function:recordsw-app-user-maps/invocations",
            "kms_key_arn": "",
            "last_modified": "2025-09-12T13:54:58.000+0000",
            "layers": [],
            "logging_config": [
              {
                "application_log_level": "",
                "log_format": "Text",
                "log_group": "/aws/lambda/recordsw-app-user-maps",
                "system_log_level": ""
              }
            ],
            "memory_size": 128,
            "package_type": "Zip",
            "publish": false,
            "qualified_arn": "arn:aws:lambda:eu-north-1:537928299818:function:recordsw-app-user-maps:$LATEST",
            "qualified_invoke_arn": "arn:aws:apigateway:eu-north-1:lambda:path/2015-03-31/functions/arn:aws:lambda:eu-north-1:537928299818:function:recordsw-app-user-maps:$LATEST/invocations",
            "replace_security_groups_on_destroy": null,
            "replacement_security_group_ids": null,
            "reserved_concurrent_executions": -1,
            "role": "arn:aws:iam::537928299818:role/recordsw-app-lambda-role",
            "runtime": "nodejs18.x",
            "s3_bucket": null,
            "s3_key": null,
            "s3_object_version": null,
            "signing_job_arn": "",
            "signing_profile_version_arn": "",
            "skip_destroy": false,
            "snap_start": [],
            "source_code_hash": "cVM54uaTs6p/Coz18c3miLTqxyDt6B9C6BaPYN/z9jI=",
            "source_code_size": 20054303,
            "tags": {},
            "tags_all": {},
            "timeout": 30,
            "timeouts": null,
            "tracing_config": [
              {
                "mode": "PassThrough"
              }
            ],
            "version": "$LATEST",
            "vpc_config": []
          },
          "sensitive_attributes": [
            [
              {
                "type": "get_attr",
                "value": "environment"
              },
              {
                "type": "index",
                "value": {
                  "value": 0,
                  "type": "number"
                }
              },
              {
                "type": "get_attr",
                "value": "variables"
              },
              {
                "type": "index",
                "value": {
                  "value": "AUTHORIZATION",
                  "type": "string"
                }
              }
            ],
            [
              {
                "type": "get_attr",
                "value": "environment"
              },
              {
                "type": "index",
                "value": {
                  "value": 0,
                  "type": "number"
                }
              },
              {
                "type": "get_attr",
                "value": "variables"
              },
              {
                "type": "index",
                "value": {
                  "value": "AUTH_API_URL",
                  "type": "string"
                }
              }
            ],
            [
              {
                "type": "get_attr",
                "value": "environment"
              },
              {
                "type": "index",
                "value": {
                  "value": 0,
                  "type": "number"
                }
              },
              {
                "type": "get_attr",
                "value": "variables"
              },
              {
                "type": "index",
                "value": {
                  "value": "LEAD_API",
                  "type": "string"
                }
              }
            ],
            [
              {
                "type": "get_attr",
                "value": "environment"
              },
              {
                "type": "index",
                "value": {
                  "value": 0,
                  "type": "number"
                }
              },
              {
                "type": "get_attr",
                "value": "variables"
              },
              {
                "type": "index",
                "value": {
                  "value": "USER_AGENT",
                  "type": "string"
                }
              }
            ]
          ],
          "identity_schema_version": 0,
          "private": "eyJlMmJmYjczMC1lY2FhLTExZTYtOGY4OC0zNDM2M2JjN2M0YzAiOnsiY3JlYXRlIjo2MDAwMDAwMDAwMDAsImRlbGV0ZSI6NjAwMDAwMDAwMDAwLCJ1cGRhdGUiOjYwMDAwMDAwMDAwMH19",
          "dependencies": [
            "aws_dynamodb_table.auth_tokens",
            "aws_dynamodb_table.daily_emails",
            "aws_dynamodb_table.driver_notification_jobs",
            "aws_dynamodb_table.map_search_results",
            "aws_dynamodb_table.user_sessions",
            "aws_iam_role.lambda_role",
            "aws_iam_role_policy.lambda_dynamodb_policy",
            "aws_iam_role_policy_attachment.lambda_policy",
            "aws_sns_topic.error_notifications",
            "aws_sqs_queue.driver_notification_dlq",
            "aws_sqs_queue.driver_notification_queue",
            "aws_sqs_queue.map_search_dlq",
            "aws_sqs_queue.map_search_queue",
            "aws_sqs_queue.scheduler_dlq",
            "aws_sqs_queue.scheduler_queue",
            "data.aws_ssm_parameter.auth_api_url",
            "data.aws_ssm_parameter.authorization",
            "data.aws_ssm_parameter.lead_api",
            "data.aws_ssm_parameter.user_agent"
          ],
          "create_before_destroy": true
        }
      ]
    },
    {
      "mode": "managed",
      "type": "aws_lambda_function",
      "name": "mapSearchBackground",
      "provider": "provider[\"registry.terraform.io/hashicorp/aws\"]",
      "instances": [
        {
          "schema_version": 0,
          "attributes": {
            "architectures": [
              "x86_64"
            ],
            "arn": "arn:aws:lambda:eu-north-1:537928299818:function:recordsw-app-map-search-background",
            "code_sha256": "cVM54uaTs6p/Coz18c3miLTqxyDt6B9C6BaPYN/z9jI=",
            "code_signing_config_arn": "",
            "dead_letter_config": [],
            "description": "",
            "environment": [
              {
                "variables": {
                  "AUTHORIZATION": "cmVjb3JkX3dhdGNoZXI6LTRKXT9KLEU8dF1RVnZ6RA==",
                  "AUTH_API_URL": "https://prod.trackmania.core.nadeo.online/v2/authentication/token/basic",
                  "DYNAMODB_TABLE_NAME": "recordsw-app-auth-tokens",
                  "LEAD_API": "https://live-services.trackmania.nadeo.live",
                  "MAP_SEARCH_RESULTS_TABLE_NAME": "recordsw-app-map-search-results",
                  "OCLIENT_ID": "e6b99c8528829f8045f9",
                  "OCLIENT_SECRET": "ef7ce9af256996f2977bacf1ca0debec4c87339e",
                  "USER_AGENT": "record_watcher/fantomass@gmail.com"
                }
              }
            ],
            "ephemeral_storage": [
              {
                "size": 512
              }
            ],
            "file_system_config": [],
            "filename": "lambda_functions.zip",
            "function_name": "recordsw-app-map-search-background",
            "handler": "lambda/mapSearchBackground.handler",
            "id": "recordsw-app-map-search-background",
            "image_config": [],
            "image_uri": "",
            "invoke_arn": "arn:aws:apigateway:eu-north-1:lambda:path/2015-03-31/functions/arn:aws:lambda:eu-north-1:537928299818:function:recordsw-app-map-search-background/invocations",
            "kms_key_arn": "",
            "last_modified": "2025-09-12T13:55:09.000+0000",
            "layers": [],
            "logging_config": [
              {
                "application_log_level": "",
                "log_format": "Text",
                "log_group": "/aws/lambda/recordsw-app-map-search-background",
                "system_log_level": ""
              }
            ],
            "memory_size": 128,
            "package_type": "Zip",
            "publish": false,
            "qualified_arn": "arn:aws:lambda:eu-north-1:537928299818:function:recordsw-app-map-search-background:$LATEST",
            "qualified_invoke_arn": "arn:aws:apigateway:eu-north-1:lambda:path/2015-03-31/functions/arn:aws:lambda:eu-north-1:537928299818:function:recordsw-app-map-search-background:$LATEST/invocations",
            "replace_security_groups_on_destroy": null,
            "replacement_security_group_ids": null,
            "reserved_concurrent_executions": 2,
            "role": "arn:aws:iam::537928299818:role/recordsw-app-lambda-role",
            "runtime": "nodejs18.x",
            "s3_bucket": null,
            "s3_key": null,
            "s3_object_version": null,
            "signing_job_arn": "",
            "signing_profile_version_arn": "",
            "skip_destroy": false,
            "snap_start": [],
            "source_code_hash": "cVM54uaTs6p/Coz18c3miLTqxyDt6B9C6BaPYN/z9jI=",
            "source_code_size": 20054303,
            "tags": {},
            "tags_all": {},
            "timeout": 900,
            "timeouts": null,
            "tracing_config": [
              {
                "mode": "PassThrough"
              }
            ],
            "version": "$LATEST",
            "vpc_config": []
          },
          "sensitive_attributes": [
            [
              {
                "type": "get_attr",
                "value": "environment"
              },
              {
                "type": "index",
                "value": {
                  "value": 0,
                  "type": "number"
                }
              },
              {
                "type": "get_attr",
                "value": "variables"
              },
              {
                "type": "index",
                "value": {
                  "value": "AUTHORIZATION",
                  "type": "string"
                }
              }
            ],
            [
              {
                "type": "get_attr",
                "value": "environment"
              },
              {
                "type": "index",
                "value": {
                  "value": 0,
                  "type": "number"
                }
              },
              {
                "type": "get_attr",
                "value": "variables"
              },
              {
                "type": "index",
                "value": {
                  "value": "AUTH_API_URL",
                  "type": "string"
                }
              }
            ],
            [
              {
                "type": "get_attr",
                "value": "environment"
              },
              {
                "type": "index",
                "value": {
                  "value": 0,
                  "type": "number"
                }
              },
              {
                "type": "get_attr",
                "value": "variables"
              },
              {
                "type": "index",
                "value": {
                  "value": "LEAD_API",
                  "type": "string"
                }
              }
            ],
            [
              {
                "type": "get_attr",
                "value": "environment"
              },
              {
                "type": "index",
                "value": {
                  "value": 0,
                  "type": "number"
                }
              },
              {
                "type": "get_attr",
                "value": "variables"
              },
              {
                "type": "index",
                "value": {
                  "value": "OCLIENT_ID",
                  "type": "string"
                }
              }
            ],
            [
              {
                "type": "get_attr",
                "value": "environment"
              },
              {
                "type": "index",
                "value": {
                  "value": 0,
                  "type": "number"
                }
              },
              {
                "type": "get_attr",
                "value": "variables"
              },
              {
                "type": "index",
                "value": {
                  "value": "OCLIENT_SECRET",
                  "type": "string"
                }
              }
            ],
            [
              {
                "type": "get_attr",
                "value": "environment"
              },
              {
                "type": "index",
                "value": {
                  "value": 0,
                  "type": "number"
                }
              },
              {
                "type": "get_attr",
                "value": "variables"
              },
              {
                "type": "index",
                "value": {
                  "value": "USER_AGENT",
                  "type": "string"
                }
              }
            ]
          ],
          "identity_schema_version": 0,
          "private": "eyJlMmJmYjczMC1lY2FhLTExZTYtOGY4OC0zNDM2M2JjN2M0YzAiOnsiY3JlYXRlIjo2MDAwMDAwMDAwMDAsImRlbGV0ZSI6NjAwMDAwMDAwMDAwLCJ1cGRhdGUiOjYwMDAwMDAwMDAwMH19",
          "dependencies": [
            "aws_dynamodb_table.auth_tokens",
            "aws_dynamodb_table.daily_emails",
            "aws_dynamodb_table.driver_notification_jobs",
            "aws_dynamodb_table.map_search_results",
            "aws_dynamodb_table.user_sessions",
            "aws_iam_role.lambda_role",
            "aws_iam_role_policy.lambda_dynamodb_policy",
            "aws_iam_role_policy_attachment.lambda_policy",
            "aws_sns_topic.error_notifications",
            "aws_sqs_queue.driver_notification_dlq",
            "aws_sqs_queue.driver_notification_queue",
            "aws_sqs_queue.map_search_dlq",
            "aws_sqs_queue.map_search_queue",
            "aws_sqs_queue.scheduler_dlq",
            "aws_sqs_queue.scheduler_queue",
            "data.aws_ssm_parameter.auth_api_url",
            "data.aws_ssm_parameter.authorization",
            "data.aws_ssm_parameter.lead_api",
            "data.aws_ssm_parameter.oclient_id",
            "data.aws_ssm_parameter.oclient_secret",
            "data.aws_ssm_parameter.user_agent"
          ]
        }
      ]
    },
    {
      "mode": "managed",
      "type": "aws_lambda_function",
      "name": "map_search_driver",
      "provider": "provider[\"registry.terraform.io/hashicorp/aws\"]",
      "instances": [
        {
          "schema_version": 0,
          "attributes": {
            "architectures": [
              "x86_64"
            ],
            "arn": "arn:aws:lambda:eu-north-1:537928299818:function:recordsw-app-map-search-driver",
            "code_sha256": "cVM54uaTs6p/Coz18c3miLTqxyDt6B9C6BaPYN/z9jI=",
            "code_signing_config_arn": "",
            "dead_letter_config": [],
            "description": "",
            "environment": [
              {
                "variables": {
                  "JWT_SECRET": "super_secret_key_dev_chatgpt_gave_me_this_lol_prod_version"
                }
              }
            ],
            "ephemeral_storage": [
              {
                "size": 512
              }
            ],
            "file_system_config": [],
            "filename": "lambda_functions.zip",
            "function_name": "recordsw-app-map-search-driver",
            "handler": "lambda/mapSearchDriver.handler",
            "id": "recordsw-app-map-search-driver",
            "image_config": [],
            "image_uri": "",
            "invoke_arn": "arn:aws:apigateway:eu-north-1:lambda:path/2015-03-31/functions/arn:aws:lambda:eu-north-1:537928299818:function:recordsw-app-map-search-driver/invocations",
            "kms_key_arn": "",
            "last_modified": "2025-09-12T13:53:53.000+0000",
            "layers": [],
            "logging_config": [
              {
                "application_log_level": "",
                "log_format": "Text",
                "log_group": "/aws/lambda/recordsw-app-map-search-driver",
                "system_log_level": ""
              }
            ],
            "memory_size": 128,
            "package_type": "Zip",
            "publish": false,
            "qualified_arn": "arn:aws:lambda:eu-north-1:537928299818:function:recordsw-app-map-search-driver:$LATEST",
            "qualified_invoke_arn": "arn:aws:apigateway:eu-north-1:lambda:path/2015-03-31/functions/arn:aws:lambda:eu-north-1:537928299818:function:recordsw-app-map-search-driver:$LATEST/invocations",
            "replace_security_groups_on_destroy": null,
            "replacement_security_group_ids": null,
            "reserved_concurrent_executions": -1,
            "role": "arn:aws:iam::537928299818:role/recordsw-app-lambda-role",
            "runtime": "nodejs18.x",
            "s3_bucket": null,
            "s3_key": null,
            "s3_object_version": null,
            "signing_job_arn": "",
            "signing_profile_version_arn": "",
            "skip_destroy": false,
            "snap_start": [],
            "source_code_hash": "cVM54uaTs6p/Coz18c3miLTqxyDt6B9C6BaPYN/z9jI=",
            "source_code_size": 20054303,
            "tags": {},
            "tags_all": {},
            "timeout": 30,
            "timeouts": null,
            "tracing_config": [
              {
                "mode": "PassThrough"
              }
            ],
            "version": "$LATEST",
            "vpc_config": []
          },
          "sensitive_attributes": [
            [
              {
                "type": "get_attr",
                "value": "environment"
              },
              {
                "type": "index",
                "value": {
                  "value": 0,
                  "type": "number"
                }
              },
              {
                "type": "get_attr",
                "value": "variables"
              },
              {
                "type": "index",
                "value": {
                  "value": "JWT_SECRET",
                  "type": "string"
                }
              }
            ]
          ],
          "identity_schema_version": 0,
          "private": "eyJlMmJmYjczMC1lY2FhLTExZTYtOGY4OC0zNDM2M2JjN2M0YzAiOnsiY3JlYXRlIjo2MDAwMDAwMDAwMDAsImRlbGV0ZSI6NjAwMDAwMDAwMDAwLCJ1cGRhdGUiOjYwMDAwMDAwMDAwMH19",
          "dependencies": [
            "aws_iam_role.lambda_role",
            "aws_iam_role_policy_attachment.lambda_policy",
            "data.aws_ssm_parameter.jwt_secret"
          ],
          "create_before_destroy": true
        }
      ]
    },
    {
      "mode": "managed",
      "type": "aws_lambda_function",
      "name": "refresh_token",
      "provider": "provider[\"registry.terraform.io/hashicorp/aws\"]",
      "instances": [
        {
          "schema_version": 0,
          "attributes": {
            "architectures": [
              "x86_64"
            ],
            "arn": "arn:aws:lambda:eu-north-1:537928299818:function:recordsw-app-refresh-token",
            "code_sha256": "cVM54uaTs6p/Coz18c3miLTqxyDt6B9C6BaPYN/z9jI=",
            "code_signing_config_arn": "",
            "dead_letter_config": [],
            "description": "",
            "environment": [
              {
                "variables": {
                  "JWT_SECRET": "super_secret_key_dev_chatgpt_gave_me_this_lol_prod_version",
                  "USER_SESSIONS_TABLE_NAME": "recordsw-app-user-sessions"
                }
              }
            ],
            "ephemeral_storage": [
              {
                "size": 512
              }
            ],
            "file_system_config": [],
            "filename": "lambda_functions.zip",
            "function_name": "recordsw-app-refresh-token",
            "handler": "lambda/refreshToken.handler",
            "id": "recordsw-app-refresh-token",
            "image_config": [],
            "image_uri": "",
            "invoke_arn": "arn:aws:apigateway:eu-north-1:lambda:path/2015-03-31/functions/arn:aws:lambda:eu-north-1:537928299818:function:recordsw-app-refresh-token/invocations",
            "kms_key_arn": "",
            "last_modified": "2025-09-12T13:55:42.000+0000",
            "layers": [],
            "logging_config": [
              {
                "application_log_level": "",
                "log_format": "Text",
                "log_group": "/aws/lambda/recordsw-app-refresh-token",
                "system_log_level": ""
              }
            ],
            "memory_size": 128,
            "package_type": "Zip",
            "publish": false,
            "qualified_arn": "arn:aws:lambda:eu-north-1:537928299818:function:recordsw-app-refresh-token:$LATEST",
            "qualified_invoke_arn": "arn:aws:apigateway:eu-north-1:lambda:path/2015-03-31/functions/arn:aws:lambda:eu-north-1:537928299818:function:recordsw-app-refresh-token:$LATEST/invocations",
            "replace_security_groups_on_destroy": null,
            "replacement_security_group_ids": null,
            "reserved_concurrent_executions": -1,
            "role": "arn:aws:iam::537928299818:role/recordsw-app-lambda-role",
            "runtime": "nodejs18.x",
            "s3_bucket": null,
            "s3_key": null,
            "s3_object_version": null,
            "signing_job_arn": "",
            "signing_profile_version_arn": "",
            "skip_destroy": false,
            "snap_start": [],
            "source_code_hash": "cVM54uaTs6p/Coz18c3miLTqxyDt6B9C6BaPYN/z9jI=",
            "source_code_size": 20054303,
            "tags": {},
            "tags_all": {},
            "timeout": 30,
            "timeouts": null,
            "tracing_config": [
              {
                "mode": "PassThrough"
              }
            ],
            "version": "$LATEST",
            "vpc_config": []
          },
          "sensitive_attributes": [
            [
              {
                "type": "get_attr",
                "value": "environment"
              },
              {
                "type": "index",
                "value": {
                  "value": 0,
                  "type": "number"
                }
              },
              {
                "type": "get_attr",
                "value": "variables"
              },
              {
                "type": "index",
                "value": {
                  "value": "JWT_SECRET",
                  "type": "string"
                }
              }
            ]
          ],
          "identity_schema_version": 0,
          "private": "eyJlMmJmYjczMC1lY2FhLTExZTYtOGY4OC0zNDM2M2JjN2M0YzAiOnsiY3JlYXRlIjo2MDAwMDAwMDAwMDAsImRlbGV0ZSI6NjAwMDAwMDAwMDAwLCJ1cGRhdGUiOjYwMDAwMDAwMDAwMH19",
          "dependencies": [
            "aws_dynamodb_table.auth_tokens",
            "aws_dynamodb_table.daily_emails",
            "aws_dynamodb_table.driver_notification_jobs",
            "aws_dynamodb_table.map_search_results",
            "aws_dynamodb_table.user_sessions",
            "aws_iam_role.lambda_role",
            "aws_iam_role_policy.lambda_dynamodb_policy",
            "aws_iam_role_policy_attachment.lambda_policy",
            "aws_sns_topic.error_notifications",
            "aws_sqs_queue.driver_notification_dlq",
            "aws_sqs_queue.driver_notification_queue",
            "aws_sqs_queue.map_search_dlq",
            "aws_sqs_queue.map_search_queue",
            "aws_sqs_queue.scheduler_dlq",
            "aws_sqs_queue.scheduler_queue",
            "data.aws_ssm_parameter.jwt_secret"
          ],
          "create_before_destroy": true
        }
      ]
    },
    {
      "mode": "managed",
      "type": "aws_lambda_function",
      "name": "register",
      "provider": "provider[\"registry.terraform.io/hashicorp/aws\"]",
      "instances": [
        {
          "schema_version": 0,
          "attributes": {
            "architectures": [
              "x86_64"
            ],
            "arn": "arn:aws:lambda:eu-north-1:537928299818:function:recordsw-app-register",
            "code_sha256": "cVM54uaTs6p/Coz18c3miLTqxyDt6B9C6BaPYN/z9jI=",
            "code_signing_config_arn": "",
            "dead_letter_config": [],
            "description": "",
            "environment": [
              {
                "variables": {
                  "NEON_DB_CONNECTION_STRING": "postgresql://neondb_owner:npg_lx3Cneta9vDy@ep-spring-paper-ag2kheik-pooler.c-2.eu-central-1.aws.neon.tech/neondb?sslmode=require\u0026channel_binding=require"
                }
              }
            ],
            "ephemeral_storage": [
              {
                "size": 512
              }
            ],
            "file_system_config": [],
            "filename": "lambda_functions.zip",
            "function_name": "recordsw-app-register",
            "handler": "lambda/register.handler",
            "id": "recordsw-app-register",
            "image_config": [],
            "image_uri": "",
            "invoke_arn": "arn:aws:apigateway:eu-north-1:lambda:path/2015-03-31/functions/arn:aws:lambda:eu-north-1:537928299818:function:recordsw-app-register/invocations",
            "kms_key_arn": "",
            "last_modified": "2025-09-12T13:56:37.000+0000",
            "layers": [],
            "logging_config": [
              {
                "application_log_level": "",
                "log_format": "Text",
                "log_group": "/aws/lambda/recordsw-app-register",
                "system_log_level": ""
              }
            ],
            "memory_size": 128,
            "package_type": "Zip",
            "publish": false,
            "qualified_arn": "arn:aws:lambda:eu-north-1:537928299818:function:recordsw-app-register:$LATEST",
            "qualified_invoke_arn": "arn:aws:apigateway:eu-north-1:lambda:path/2015-03-31/functions/arn:aws:lambda:eu-north-1:537928299818:function:recordsw-app-register:$LATEST/invocations",
            "replace_security_groups_on_destroy": null,
            "replacement_security_group_ids": null,
            "reserved_concurrent_executions": -1,
            "role": "arn:aws:iam::537928299818:role/recordsw-app-lambda-role",
            "runtime": "nodejs18.x",
            "s3_bucket": null,
            "s3_key": null,
            "s3_object_version": null,
            "signing_job_arn": "",
            "signing_profile_version_arn": "",
            "skip_destroy": false,
            "snap_start": [],
            "source_code_hash": "cVM54uaTs6p/Coz18c3miLTqxyDt6B9C6BaPYN/z9jI=",
            "source_code_size": 20054303,
            "tags": {},
            "tags_all": {},
            "timeout": 30,
            "timeouts": null,
            "tracing_config": [
              {
                "mode": "PassThrough"
              }
            ],
            "version": "$LATEST",
            "vpc_config": []
          },
          "sensitive_attributes": [
            [
              {
                "type": "get_attr",
                "value": "environment"
              },
              {
                "type": "index",
                "value": {
                  "value": 0,
                  "type": "number"
                }
              },
              {
                "type": "get_attr",
                "value": "variables"
              },
              {
                "type": "index",
                "value": {
                  "value": "NEON_DB_CONNECTION_STRING",
                  "type": "string"
                }
              }
            ]
          ],
          "identity_schema_version": 0,
          "private": "eyJlMmJmYjczMC1lY2FhLTExZTYtOGY4OC0zNDM2M2JjN2M0YzAiOnsiY3JlYXRlIjo2MDAwMDAwMDAwMDAsImRlbGV0ZSI6NjAwMDAwMDAwMDAwLCJ1cGRhdGUiOjYwMDAwMDAwMDAwMH19",
          "dependencies": [
            "aws_dynamodb_table.auth_tokens",
            "aws_dynamodb_table.daily_emails",
            "aws_dynamodb_table.driver_notification_jobs",
            "aws_dynamodb_table.map_search_results",
            "aws_dynamodb_table.user_sessions",
            "aws_iam_role.lambda_role",
            "aws_iam_role_policy.lambda_dynamodb_policy",
            "aws_iam_role_policy_attachment.lambda_policy",
            "aws_sns_topic.error_notifications",
            "aws_sqs_queue.driver_notification_dlq",
            "aws_sqs_queue.driver_notification_queue",
            "aws_sqs_queue.map_search_dlq",
            "aws_sqs_queue.map_search_queue",
            "aws_sqs_queue.scheduler_dlq",
            "aws_sqs_queue.scheduler_queue",
            "data.aws_ssm_parameter.neon_db_connection_string"
          ],
          "create_before_destroy": true
        }
      ]
    },
    {
      "mode": "managed",
      "type": "aws_lambda_function",
      "name": "scheduler",
      "provider": "provider[\"registry.terraform.io/hashicorp/aws\"]",
      "instances": [
        {
          "schema_version": 0,
          "attributes": {
            "architectures": [
              "x86_64"
            ],
            "arn": "arn:aws:lambda:eu-north-1:537928299818:function:recordsw-app-scheduler",
            "code_sha256": "cVM54uaTs6p/Coz18c3miLTqxyDt6B9C6BaPYN/z9jI=",
            "code_signing_config_arn": "",
            "dead_letter_config": [],
            "description": "",
            "environment": [
              {
                "variables": {
                  "NEON_DB_CONNECTION_STRING": "postgresql://neondb_owner:npg_lx3Cneta9vDy@ep-spring-paper-ag2kheik-pooler.c-2.eu-central-1.aws.neon.tech/neondb?sslmode=require\u0026channel_binding=require",
                  "SCHEDULER_QUEUE_URL": "https://sqs.eu-north-1.amazonaws.com/537928299818/recordsw-app-scheduler-queue"
                }
              }
            ],
            "ephemeral_storage": [
              {
                "size": 512
              }
            ],
            "file_system_config": [],
            "filename": "lambda_functions.zip",
            "function_name": "recordsw-app-scheduler",
            "handler": "lambda/scheduler.handler",
            "id": "recordsw-app-scheduler",
            "image_config": [],
            "image_uri": "",
            "invoke_arn": "arn:aws:apigateway:eu-north-1:lambda:path/2015-03-31/functions/arn:aws:lambda:eu-north-1:537928299818:function:recordsw-app-scheduler/invocations",
            "kms_key_arn": "",
            "last_modified": "2025-09-12T13:56:58.000+0000",
            "layers": [],
            "logging_config": [
              {
                "application_log_level": "",
                "log_format": "Text",
                "log_group": "/aws/lambda/recordsw-app-scheduler",
                "system_log_level": ""
              }
            ],
            "memory_size": 128,
            "package_type": "Zip",
            "publish": false,
            "qualified_arn": "arn:aws:lambda:eu-north-1:537928299818:function:recordsw-app-scheduler:$LATEST",
            "qualified_invoke_arn": "arn:aws:apigateway:eu-north-1:lambda:path/2015-03-31/functions/arn:aws:lambda:eu-north-1:537928299818:function:recordsw-app-scheduler:$LATEST/invocations",
            "replace_security_groups_on_destroy": null,
            "replacement_security_group_ids": null,
            "reserved_concurrent_executions": -1,
            "role": "arn:aws:iam::537928299818:role/recordsw-app-lambda-role",
            "runtime": "nodejs18.x",
            "s3_bucket": null,
            "s3_key": null,
            "s3_object_version": null,
            "signing_job_arn": "",
            "signing_profile_version_arn": "",
            "skip_destroy": false,
            "snap_start": [],
            "source_code_hash": "cVM54uaTs6p/Coz18c3miLTqxyDt6B9C6BaPYN/z9jI=",
            "source_code_size": 20054303,
            "tags": {},
            "tags_all": {},
            "timeout": 60,
            "timeouts": null,
            "tracing_config": [
              {
                "mode": "PassThrough"
              }
            ],
            "version": "$LATEST",
            "vpc_config": []
          },
          "sensitive_attributes": [
            [
              {
                "type": "get_attr",
                "value": "environment"
              },
              {
                "type": "index",
                "value": {
                  "value": 0,
                  "type": "number"
                }
              },
              {
                "type": "get_attr",
                "value": "variables"
              },
              {
                "type": "index",
                "value": {
                  "value": "NEON_DB_CONNECTION_STRING",
                  "type": "string"
                }
              }
            ]
          ],
          "identity_schema_version": 0,
          "private": "eyJlMmJmYjczMC1lY2FhLTExZTYtOGY4OC0zNDM2M2JjN2M0YzAiOnsiY3JlYXRlIjo2MDAwMDAwMDAwMDAsImRlbGV0ZSI6NjAwMDAwMDAwMDAwLCJ1cGRhdGUiOjYwMDAwMDAwMDAwMH19",
          "dependencies": [
            "aws_dynamodb_table.auth_tokens",
            "aws_dynamodb_table.daily_emails",
            "aws_dynamodb_table.driver_notification_jobs",
            "aws_dynamodb_table.map_search_results",
            "aws_dynamodb_table.user_sessions",
            "aws_iam_role.lambda_role",
            "aws_iam_role_policy.lambda_dynamodb_policy",
            "aws_iam_role_policy_attachment.lambda_policy",
            "aws_sns_topic.error_notifications",
            "aws_sqs_queue.driver_notification_dlq",
            "aws_sqs_queue.driver_notification_queue",
            "aws_sqs_queue.map_search_dlq",
            "aws_sqs_queue.map_search_queue",
            "aws_sqs_queue.scheduler_dlq",
            "aws_sqs_queue.scheduler_queue",
            "data.aws_ssm_parameter.neon_db_connection_string"
          ]
        }
      ]
    },
    {
      "mode": "managed",
      "type": "aws_lambda_function",
      "name": "schedulerProcessor",
      "provider": "provider[\"registry.terraform.io/hashicorp/aws\"]",
      "instances": [
        {
          "schema_version": 0,
          "attributes": {
            "architectures": [
              "x86_64"
            ],
            "arn": "arn:aws:lambda:eu-north-1:537928299818:function:recordsw-app-scheduler-processor",
            "code_sha256": "cVM54uaTs6p/Coz18c3miLTqxyDt6B9C6BaPYN/z9jI=",
            "code_signing_config_arn": "",
            "dead_letter_config": [],
            "description": "",
            "environment": [
              {
                "variables": {
                  "AUTHORIZATION": "cmVjb3JkX3dhdGNoZXI6LTRKXT9KLEU8dF1RVnZ6RA==",
                  "AUTH_API_URL": "https://prod.trackmania.core.nadeo.online/v2/authentication/token/basic",
                  "DAILY_EMAILS_TABLE_NAME": "recordsw-app-daily-emails",
                  "DYNAMODB_TABLE_NAME": "recordsw-app-auth-tokens",
                  "LEAD_API": "https://live-services.trackmania.nadeo.live",
                  "OCLIENT_ID": "e6b99c8528829f8045f9",
                  "OCLIENT_SECRET": "ef7ce9af256996f2977bacf1ca0debec4c87339e",
                  "USER_AGENT": "record_watcher/fantomass@gmail.com"
                }
              }
            ],
            "ephemeral_storage": [
              {
                "size": 512
              }
            ],
            "file_system_config": [],
            "filename": "lambda_functions.zip",
            "function_name": "recordsw-app-scheduler-processor",
            "handler": "lambda/schedulerProcessor.handler",
            "id": "recordsw-app-scheduler-processor",
            "image_config": [],
            "image_uri": "",
            "invoke_arn": "arn:aws:apigateway:eu-north-1:lambda:path/2015-03-31/functions/arn:aws:lambda:eu-north-1:537928299818:function:recordsw-app-scheduler-processor/invocations",
            "kms_key_arn": "",
            "last_modified": "2025-09-12T13:56:04.000+0000",
            "layers": [],
            "logging_config": [
              {
                "application_log_level": "",
                "log_format": "Text",
                "log_group": "/aws/lambda/recordsw-app-scheduler-processor",
                "system_log_level": ""
              }
            ],
            "memory_size": 128,
            "package_type": "Zip",
            "publish": false,
            "qualified_arn": "arn:aws:lambda:eu-north-1:537928299818:function:recordsw-app-scheduler-processor:$LATEST",
            "qualified_invoke_arn": "arn:aws:apigateway:eu-north-1:lambda:path/2015-03-31/functions/arn:aws:lambda:eu-north-1:537928299818:function:recordsw-app-scheduler-processor:$LATEST/invocations",
            "replace_security_groups_on_destroy": null,
            "replacement_security_group_ids": null,
            "reserved_concurrent_executions": 3,
            "role": "arn:aws:iam::537928299818:role/recordsw-app-lambda-role",
            "runtime": "nodejs18.x",
            "s3_bucket": null,
            "s3_key": null,
            "s3_object_version": null,
            "signing_job_arn": "",
            "signing_profile_version_arn": "",
            "skip_destroy": false,
            "snap_start": [],
            "source_code_hash": "cVM54uaTs6p/Coz18c3miLTqxyDt6B9C6BaPYN/z9jI=",
            "source_code_size": 20054303,
            "tags": {},
            "tags_all": {},
            "timeout": 900,
            "timeouts": null,
            "tracing_config": [
              {
                "mode": "PassThrough"
              }
            ],
            "version": "$LATEST",
            "vpc_config": []
          },
          "sensitive_attributes": [
            [
              {
                "type": "get_attr",
                "value": "environment"
              },
              {
                "type": "index",
                "value": {
                  "value": 0,
                  "type": "number"
                }
              },
              {
                "type": "get_attr",
                "value": "variables"
              },
              {
                "type": "index",
                "value": {
                  "value": "AUTHORIZATION",
                  "type": "string"
                }
              }
            ],
            [
              {
                "type": "get_attr",
                "value": "environment"
              },
              {
                "type": "index",
                "value": {
                  "value": 0,
                  "type": "number"
                }
              },
              {
                "type": "get_attr",
                "value": "variables"
              },
              {
                "type": "index",
                "value": {
                  "value": "AUTH_API_URL",
                  "type": "string"
                }
              }
            ],
            [
              {
                "type": "get_attr",
                "value": "environment"
              },
              {
                "type": "index",
                "value": {
                  "value": 0,
                  "type": "number"
                }
              },
              {
                "type": "get_attr",
                "value": "variables"
              },
              {
                "type": "index",
                "value": {
                  "value": "LEAD_API",
                  "type": "string"
                }
              }
            ],
            [
              {
                "type": "get_attr",
                "value": "environment"
              },
              {
                "type": "index",
                "value": {
                  "value": 0,
                  "type": "number"
                }
              },
              {
                "type": "get_attr",
                "value": "variables"
              },
              {
                "type": "index",
                "value": {
                  "value": "OCLIENT_ID",
                  "type": "string"
                }
              }
            ],
            [
              {
                "type": "get_attr",
                "value": "environment"
              },
              {
                "type": "index",
                "value": {
                  "value": 0,
                  "type": "number"
                }
              },
              {
                "type": "get_attr",
                "value": "variables"
              },
              {
                "type": "index",
                "value": {
                  "value": "OCLIENT_SECRET",
                  "type": "string"
                }
              }
            ],
            [
              {
                "type": "get_attr",
                "value": "environment"
              },
              {
                "type": "index",
                "value": {
                  "value": 0,
                  "type": "number"
                }
              },
              {
                "type": "get_attr",
                "value": "variables"
              },
              {
                "type": "index",
                "value": {
                  "value": "USER_AGENT",
                  "type": "string"
                }
              }
            ]
          ],
          "identity_schema_version": 0,
          "private": "eyJlMmJmYjczMC1lY2FhLTExZTYtOGY4OC0zNDM2M2JjN2M0YzAiOnsiY3JlYXRlIjo2MDAwMDAwMDAwMDAsImRlbGV0ZSI6NjAwMDAwMDAwMDAwLCJ1cGRhdGUiOjYwMDAwMDAwMDAwMH19",
          "dependencies": [
            "aws_dynamodb_table.auth_tokens",
            "aws_dynamodb_table.daily_emails",
            "aws_dynamodb_table.driver_notification_jobs",
            "aws_dynamodb_table.map_search_results",
            "aws_dynamodb_table.user_sessions",
            "aws_iam_role.lambda_role",
            "aws_iam_role_policy.lambda_dynamodb_policy",
            "aws_iam_role_policy_attachment.lambda_policy",
            "aws_sns_topic.error_notifications",
            "aws_sqs_queue.driver_notification_dlq",
            "aws_sqs_queue.driver_notification_queue",
            "aws_sqs_queue.map_search_dlq",
            "aws_sqs_queue.map_search_queue",
            "aws_sqs_queue.scheduler_dlq",
            "aws_sqs_queue.scheduler_queue",
            "data.aws_ssm_parameter.auth_api_url",
            "data.aws_ssm_parameter.authorization",
            "data.aws_ssm_parameter.lead_api",
            "data.aws_ssm_parameter.oclient_id",
            "data.aws_ssm_parameter.oclient_secret",
            "data.aws_ssm_parameter.user_agent"
          ]
        }
      ]
    },
    {
      "mode": "managed",
      "type": "aws_lambda_function",
      "name": "test",
      "provider": "provider[\"registry.terraform.io/hashicorp/aws\"]",
      "instances": [
        {
          "schema_version": 0,
          "attributes": {
            "architectures": [
              "x86_64"
            ],
            "arn": "arn:aws:lambda:eu-north-1:537928299818:function:recordsw-app-test",
            "code_sha256": "cVM54uaTs6p/Coz18c3miLTqxyDt6B9C6BaPYN/z9jI=",
            "code_signing_config_arn": "",
            "dead_letter_config": [],
            "description": "",
            "environment": [
              {
                "variables": {
                  "JWT_SECRET": "super_secret_key_dev_chatgpt_gave_me_this_lol_prod_version",
                  "NEON_DB_CONNECTION_STRING": "postgresql://neondb_owner:npg_lx3Cneta9vDy@ep-spring-paper-ag2kheik-pooler.c-2.eu-central-1.aws.neon.tech/neondb?sslmode=require\u0026channel_binding=require"
                }
              }
            ],
            "ephemeral_storage": [
              {
                "size": 512
              }
            ],
            "file_system_config": [],
            "filename": "lambda_functions.zip",
            "function_name": "recordsw-app-test",
            "handler": "lambda/test.handler",
            "id": "recordsw-app-test",
            "image_config": [],
            "image_uri": "",
            "invoke_arn": "arn:aws:apigateway:eu-north-1:lambda:path/2015-03-31/functions/arn:aws:lambda:eu-north-1:537928299818:function:recordsw-app-test/invocations",
            "kms_key_arn": "",
            "last_modified": "2025-09-12T13:55:53.000+0000",
            "layers": [],
            "logging_config": [
              {
                "application_log_level": "",
                "log_format": "Text",
                "log_group": "/aws/lambda/recordsw-app-test",
                "system_log_level": ""
              }
            ],
            "memory_size": 128,
            "package_type": "Zip",
            "publish": false,
            "qualified_arn": "arn:aws:lambda:eu-north-1:537928299818:function:recordsw-app-test:$LATEST",
            "qualified_invoke_arn": "arn:aws:apigateway:eu-north-1:lambda:path/2015-03-31/functions/arn:aws:lambda:eu-north-1:537928299818:function:recordsw-app-test:$LATEST/invocations",
            "replace_security_groups_on_destroy": null,
            "replacement_security_group_ids": null,
            "reserved_concurrent_executions": -1,
            "role": "arn:aws:iam::537928299818:role/recordsw-app-lambda-role",
            "runtime": "nodejs18.x",
            "s3_bucket": null,
            "s3_key": null,
            "s3_object_version": null,
            "signing_job_arn": "",
            "signing_profile_version_arn": "",
            "skip_destroy": false,
            "snap_start": [],
            "source_code_hash": "cVM54uaTs6p/Coz18c3miLTqxyDt6B9C6BaPYN/z9jI=",
            "source_code_size": 20054303,
            "tags": {},
            "tags_all": {},
            "timeout": 30,
            "timeouts": null,
            "tracing_config": [
              {
                "mode": "PassThrough"
              }
            ],
            "version": "$LATEST",
            "vpc_config": []
          },
          "sensitive_attributes": [
            [
              {
                "type": "get_attr",
                "value": "environment"
              },
              {
                "type": "index",
                "value": {
                  "value": 0,
                  "type": "number"
                }
              },
              {
                "type": "get_attr",
                "value": "variables"
              },
              {
                "type": "index",
                "value": {
                  "value": "JWT_SECRET",
                  "type": "string"
                }
              }
            ],
            [
              {
                "type": "get_attr",
                "value": "environment"
              },
              {
                "type": "index",
                "value": {
                  "value": 0,
                  "type": "number"
                }
              },
              {
                "type": "get_attr",
                "value": "variables"
              },
              {
                "type": "index",
                "value": {
                  "value": "NEON_DB_CONNECTION_STRING",
                  "type": "string"
                }
              }
            ]
          ],
          "identity_schema_version": 0,
          "private": "eyJlMmJmYjczMC1lY2FhLTExZTYtOGY4OC0zNDM2M2JjN2M0YzAiOnsiY3JlYXRlIjo2MDAwMDAwMDAwMDAsImRlbGV0ZSI6NjAwMDAwMDAwMDAwLCJ1cGRhdGUiOjYwMDAwMDAwMDAwMH19",
          "dependencies": [
            "aws_dynamodb_table.auth_tokens",
            "aws_dynamodb_table.daily_emails",
            "aws_dynamodb_table.driver_notification_jobs",
            "aws_dynamodb_table.map_search_results",
            "aws_dynamodb_table.user_sessions",
            "aws_iam_role.lambda_role",
            "aws_iam_role_policy.lambda_dynamodb_policy",
            "aws_iam_role_policy_attachment.lambda_policy",
            "aws_sns_topic.error_notifications",
            "aws_sqs_queue.driver_notification_dlq",
            "aws_sqs_queue.driver_notification_queue",
            "aws_sqs_queue.map_search_dlq",
            "aws_sqs_queue.map_search_queue",
            "aws_sqs_queue.scheduler_dlq",
            "aws_sqs_queue.scheduler_queue",
            "data.aws_ssm_parameter.jwt_secret",
            "data.aws_ssm_parameter.neon_db_connection_string"
          ],
          "create_before_destroy": true
        }
      ]
    },
    {
      "mode": "managed",
      "type": "aws_lambda_function",
      "name": "test_advanced",
      "provider": "provider[\"registry.terraform.io/hashicorp/aws\"]",
      "instances": [
        {
          "schema_version": 0,
          "attributes": {
            "architectures": [
              "x86_64"
            ],
            "arn": "arn:aws:lambda:eu-north-1:537928299818:function:recordsw-app-test-advanced",
            "code_sha256": "cVM54uaTs6p/Coz18c3miLTqxyDt6B9C6BaPYN/z9jI=",
            "code_signing_config_arn": "",
            "dead_letter_config": [],
            "description": "",
            "environment": [
              {
                "variables": {
                  "JWT_SECRET": "super_secret_key_dev_chatgpt_gave_me_this_lol_prod_version",
                  "NEON_DB_CONNECTION_STRING": "postgresql://neondb_owner:npg_lx3Cneta9vDy@ep-spring-paper-ag2kheik-pooler.c-2.eu-central-1.aws.neon.tech/neondb?sslmode=require\u0026channel_binding=require"
                }
              }
            ],
            "ephemeral_storage": [
              {
                "size": 512
              }
            ],
            "file_system_config": [],
            "filename": "lambda_functions.zip",
            "function_name": "recordsw-app-test-advanced",
            "handler": "lambda/testAdvanced.handler",
            "id": "recordsw-app-test-advanced",
            "image_config": [],
            "image_uri": "",
            "invoke_arn": "arn:aws:apigateway:eu-north-1:lambda:path/2015-03-31/functions/arn:aws:lambda:eu-north-1:537928299818:function:recordsw-app-test-advanced/invocations",
            "kms_key_arn": "",
            "last_modified": "2025-09-12T13:54:36.000+0000",
            "layers": [],
            "logging_config": [
              {
                "application_log_level": "",
                "log_format": "Text",
                "log_group": "/aws/lambda/recordsw-app-test-advanced",
                "system_log_level": ""
              }
            ],
            "memory_size": 128,
            "package_type": "Zip",
            "publish": false,
            "qualified_arn": "arn:aws:lambda:eu-north-1:537928299818:function:recordsw-app-test-advanced:$LATEST",
            "qualified_invoke_arn": "arn:aws:apigateway:eu-north-1:lambda:path/2015-03-31/functions/arn:aws:lambda:eu-north-1:537928299818:function:recordsw-app-test-advanced:$LATEST/invocations",
            "replace_security_groups_on_destroy": null,
            "replacement_security_group_ids": null,
            "reserved_concurrent_executions": -1,
            "role": "arn:aws:iam::537928299818:role/recordsw-app-lambda-role",
            "runtime": "nodejs18.x",
            "s3_bucket": null,
            "s3_key": null,
            "s3_object_version": null,
            "signing_job_arn": "",
            "signing_profile_version_arn": "",
            "skip_destroy": false,
            "snap_start": [],
            "source_code_hash": "cVM54uaTs6p/Coz18c3miLTqxyDt6B9C6BaPYN/z9jI=",
            "source_code_size": 20054303,
            "tags": {},
            "tags_all": {},
            "timeout": 30,
            "timeouts": null,
            "tracing_config": [
              {
                "mode": "PassThrough"
              }
            ],
            "version": "$LATEST",
            "vpc_config": []
          },
          "sensitive_attributes": [
            [
              {
                "type": "get_attr",
                "value": "environment"
              },
              {
                "type": "index",
                "value": {
                  "value": 0,
                  "type": "number"
                }
              },
              {
                "type": "get_attr",
                "value": "variables"
              },
              {
                "type": "index",
                "value": {
                  "value": "JWT_SECRET",
                  "type": "string"
                }
              }
            ],
            [
              {
                "type": "get_attr",
                "value": "environment"
              },
              {
                "type": "index",
                "value": {
                  "value": 0,
                  "type": "number"
                }
              },
              {
                "type": "get_attr",
                "value": "variables"
              },
              {
                "type": "index",
                "value": {
                  "value": "NEON_DB_CONNECTION_STRING",
                  "type": "string"
                }
              }
            ]
          ],
          "identity_schema_version": 0,
          "private": "eyJlMmJmYjczMC1lY2FhLTExZTYtOGY4OC0zNDM2M2JjN2M0YzAiOnsiY3JlYXRlIjo2MDAwMDAwMDAwMDAsImRlbGV0ZSI6NjAwMDAwMDAwMDAwLCJ1cGRhdGUiOjYwMDAwMDAwMDAwMH19",
          "dependencies": [
            "aws_dynamodb_table.auth_tokens",
            "aws_dynamodb_table.daily_emails",
            "aws_dynamodb_table.driver_notification_jobs",
            "aws_dynamodb_table.map_search_results",
            "aws_dynamodb_table.user_sessions",
            "aws_iam_role.lambda_role",
            "aws_iam_role_policy.lambda_dynamodb_policy",
            "aws_iam_role_policy_attachment.lambda_policy",
            "aws_sns_topic.error_notifications",
            "aws_sqs_queue.driver_notification_dlq",
            "aws_sqs_queue.driver_notification_queue",
            "aws_sqs_queue.map_search_dlq",
            "aws_sqs_queue.map_search_queue",
            "aws_sqs_queue.scheduler_dlq",
            "aws_sqs_queue.scheduler_queue",
            "data.aws_ssm_parameter.jwt_secret",
            "data.aws_ssm_parameter.neon_db_connection_string"
          ],
          "create_before_destroy": true
        }
      ]
    },
    {
      "mode": "managed",
      "type": "aws_lambda_function",
      "name": "user_search",
      "provider": "provider[\"registry.terraform.io/hashicorp/aws\"]",
      "instances": [
        {
          "schema_version": 0,
          "attributes": {
            "architectures": [
              "x86_64"
            ],
            "arn": "arn:aws:lambda:eu-north-1:537928299818:function:recordsw-app-user-search",
            "code_sha256": "cVM54uaTs6p/Coz18c3miLTqxyDt6B9C6BaPYN/z9jI=",
            "code_signing_config_arn": "",
            "dead_letter_config": [],
            "description": "",
            "environment": [],
            "ephemeral_storage": [
              {
                "size": 512
              }
            ],
            "file_system_config": [],
            "filename": "lambda_functions.zip",
            "function_name": "recordsw-app-user-search",
            "handler": "lambda/user_search.handler",
            "id": "recordsw-app-user-search",
            "image_config": [],
            "image_uri": "",
            "invoke_arn": "arn:aws:apigateway:eu-north-1:lambda:path/2015-03-31/functions/arn:aws:lambda:eu-north-1:537928299818:function:recordsw-app-user-search/invocations",
            "kms_key_arn": "",
            "last_modified": "2025-09-12T13:54:47.000+0000",
            "layers": [],
            "logging_config": [
              {
                "application_log_level": "",
                "log_format": "Text",
                "log_group": "/aws/lambda/recordsw-app-user-search",
                "system_log_level": ""
              }
            ],
            "memory_size": 128,
            "package_type": "Zip",
            "publish": false,
            "qualified_arn": "arn:aws:lambda:eu-north-1:537928299818:function:recordsw-app-user-search:$LATEST",
            "qualified_invoke_arn": "arn:aws:apigateway:eu-north-1:lambda:path/2015-03-31/functions/arn:aws:lambda:eu-north-1:537928299818:function:recordsw-app-user-search:$LATEST/invocations",
            "replace_security_groups_on_destroy": null,
            "replacement_security_group_ids": null,
            "reserved_concurrent_executions": -1,
            "role": "arn:aws:iam::537928299818:role/recordsw-app-lambda-role",
            "runtime": "nodejs18.x",
            "s3_bucket": null,
            "s3_key": null,
            "s3_object_version": null,
            "signing_job_arn": "",
            "signing_profile_version_arn": "",
            "skip_destroy": false,
            "snap_start": [],
            "source_code_hash": "cVM54uaTs6p/Coz18c3miLTqxyDt6B9C6BaPYN/z9jI=",
            "source_code_size": 20054303,
            "tags": {},
            "tags_all": {},
            "timeout": 30,
            "timeouts": null,
            "tracing_config": [
              {
                "mode": "PassThrough"
              }
            ],
            "version": "$LATEST",
            "vpc_config": []
          },
          "sensitive_attributes": [],
          "identity_schema_version": 0,
          "private": "eyJlMmJmYjczMC1lY2FhLTExZTYtOGY4OC0zNDM2M2JjN2M0YzAiOnsiY3JlYXRlIjo2MDAwMDAwMDAwMDAsImRlbGV0ZSI6NjAwMDAwMDAwMDAwLCJ1cGRhdGUiOjYwMDAwMDAwMDAwMH19",
          "dependencies": [
            "aws_iam_role.lambda_role",
            "aws_iam_role_policy_attachment.lambda_policy"
          ],
          "create_before_destroy": true
        }
      ]
    },
    {
      "mode": "managed",
      "type": "aws_lambda_function",
      "name": "verify_tm_username",
      "provider": "provider[\"registry.terraform.io/hashicorp/aws\"]",
      "instances": [
        {
          "schema_version": 0,
          "attributes": {
            "architectures": [
              "x86_64"
            ],
            "arn": "arn:aws:lambda:eu-north-1:537928299818:function:recordsw-app-verify-tm-username",
            "code_sha256": "cVM54uaTs6p/Coz18c3miLTqxyDt6B9C6BaPYN/z9jI=",
            "code_signing_config_arn": "",
            "dead_letter_config": [],
            "description": "",
            "environment": [
              {
                "variables": {
                  "AUTHORIZATION": "cmVjb3JkX3dhdGNoZXI6LTRKXT9KLEU8dF1RVnZ6RA==",
                  "AUTH_API_URL": "https://prod.trackmania.core.nadeo.online/v2/authentication/token/basic",
                  "DYNAMODB_TABLE_NAME": "recordsw-app-auth-tokens",
                  "JWT_SECRET": "super_secret_key_dev_chatgpt_gave_me_this_lol_prod_version",
                  "NEON_DB_CONNECTION_STRING": "postgresql://neondb_owner:npg_lx3Cneta9vDy@ep-spring-paper-ag2kheik-pooler.c-2.eu-central-1.aws.neon.tech/neondb?sslmode=require\u0026channel_binding=require",
                  "OCLIENT_ID": "e6b99c8528829f8045f9",
                  "OCLIENT_SECRET": "ef7ce9af256996f2977bacf1ca0debec4c87339e",
                  "USER_AGENT": "record_watcher/fantomass@gmail.com"
                }
              }
            ],
            "ephemeral_storage": [
              {
                "size": 512
              }
            ],
            "file_system_config": [],
            "filename": "lambda_functions.zip",
            "function_name": "recordsw-app-verify-tm-username",
            "handler": "lambda/verifyTmUsername.handler",
            "id": "recordsw-app-verify-tm-username",
            "image_config": [],
            "image_uri": "",
            "invoke_arn": "arn:aws:apigateway:eu-north-1:lambda:path/2015-03-31/functions/arn:aws:lambda:eu-north-1:537928299818:function:recordsw-app-verify-tm-username/invocations",
            "kms_key_arn": "",
            "last_modified": "2025-09-12T13:55:31.000+0000",
            "layers": [],
            "logging_config": [
              {
                "application_log_level": "",
                "log_format": "Text",
                "log_group": "/aws/lambda/recordsw-app-verify-tm-username",
                "system_log_level": ""
              }
            ],
            "memory_size": 128,
            "package_type": "Zip",
            "publish": false,
            "qualified_arn": "arn:aws:lambda:eu-north-1:537928299818:function:recordsw-app-verify-tm-username:$LATEST",
            "qualified_invoke_arn": "arn:aws:apigateway:eu-north-1:lambda:path/2015-03-31/functions/arn:aws:lambda:eu-north-1:537928299818:function:recordsw-app-verify-tm-username:$LATEST/invocations",
            "replace_security_groups_on_destroy": null,
            "replacement_security_group_ids": null,
            "reserved_concurrent_executions": -1,
            "role": "arn:aws:iam::537928299818:role/recordsw-app-lambda-role",
            "runtime": "nodejs18.x",
            "s3_bucket": null,
            "s3_key": null,
            "s3_object_version": null,
            "signing_job_arn": "",
            "signing_profile_version_arn": "",
            "skip_destroy": false,
            "snap_start": [],
            "source_code_hash": "cVM54uaTs6p/Coz18c3miLTqxyDt6B9C6BaPYN/z9jI=",
            "source_code_size": 20054303,
            "tags": {},
            "tags_all": {},
            "timeout": 30,
            "timeouts": null,
            "tracing_config": [
              {
                "mode": "PassThrough"
              }
            ],
            "version": "$LATEST",
            "vpc_config": []
          },
          "sensitive_attributes": [
            [
              {
                "type": "get_attr",
                "value": "environment"
              },
              {
                "type": "index",
                "value": {
                  "value": 0,
                  "type": "number"
                }
              },
              {
                "type": "get_attr",
                "value": "variables"
              },
              {
                "type": "index",
                "value": {
                  "value": "AUTHORIZATION",
                  "type": "string"
                }
              }
            ],
            [
              {
                "type": "get_attr",
                "value": "environment"
              },
              {
                "type": "index",
                "value": {
                  "value": 0,
                  "type": "number"
                }
              },
              {
                "type": "get_attr",
                "value": "variables"
              },
              {
                "type": "index",
                "value": {
                  "value": "AUTH_API_URL",
                  "type": "string"
                }
              }
            ],
            [
              {
                "type": "get_attr",
                "value": "environment"
              },
              {
                "type": "index",
                "value": {
                  "value": 0,
                  "type": "number"
                }
              },
              {
                "type": "get_attr",
                "value": "variables"
              },
              {
                "type": "index",
                "value": {
                  "value": "JWT_SECRET",
                  "type": "string"
                }
              }
            ],
            [
              {
                "type": "get_attr",
                "value": "environment"
              },
              {
                "type": "index",
                "value": {
                  "value": 0,
                  "type": "number"
                }
              },
              {
                "type": "get_attr",
                "value": "variables"
              },
              {
                "type": "index",
                "value": {
                  "value": "NEON_DB_CONNECTION_STRING",
                  "type": "string"
                }
              }
            ],
            [
              {
                "type": "get_attr",
                "value": "environment"
              },
              {
                "type": "index",
                "value": {
                  "value": 0,
                  "type": "number"
                }
              },
              {
                "type": "get_attr",
                "value": "variables"
              },
              {
                "type": "index",
                "value": {
                  "value": "OCLIENT_ID",
                  "type": "string"
                }
              }
            ],
            [
              {
                "type": "get_attr",
                "value": "environment"
              },
              {
                "type": "index",
                "value": {
                  "value": 0,
                  "type": "number"
                }
              },
              {
                "type": "get_attr",
                "value": "variables"
              },
              {
                "type": "index",
                "value": {
                  "value": "OCLIENT_SECRET",
                  "type": "string"
                }
              }
            ],
            [
              {
                "type": "get_attr",
                "value": "environment"
              },
              {
                "type": "index",
                "value": {
                  "value": 0,
                  "type": "number"
                }
              },
              {
                "type": "get_attr",
                "value": "variables"
              },
              {
                "type": "index",
                "value": {
                  "value": "USER_AGENT",
                  "type": "string"
                }
              }
            ]
          ],
          "identity_schema_version": 0,
          "private": "eyJlMmJmYjczMC1lY2FhLTExZTYtOGY4OC0zNDM2M2JjN2M0YzAiOnsiY3JlYXRlIjo2MDAwMDAwMDAwMDAsImRlbGV0ZSI6NjAwMDAwMDAwMDAwLCJ1cGRhdGUiOjYwMDAwMDAwMDAwMH19",
          "dependencies": [
            "aws_dynamodb_table.auth_tokens",
            "aws_dynamodb_table.daily_emails",
            "aws_dynamodb_table.driver_notification_jobs",
            "aws_dynamodb_table.map_search_results",
            "aws_dynamodb_table.user_sessions",
            "aws_iam_role.lambda_role",
            "aws_iam_role_policy.lambda_dynamodb_policy",
            "aws_iam_role_policy_attachment.lambda_policy",
            "aws_sns_topic.error_notifications",
            "aws_sqs_queue.driver_notification_dlq",
            "aws_sqs_queue.driver_notification_queue",
            "aws_sqs_queue.map_search_dlq",
            "aws_sqs_queue.map_search_queue",
            "aws_sqs_queue.scheduler_dlq",
            "aws_sqs_queue.scheduler_queue",
            "data.aws_ssm_parameter.auth_api_url",
            "data.aws_ssm_parameter.authorization",
            "data.aws_ssm_parameter.jwt_secret",
            "data.aws_ssm_parameter.neon_db_connection_string",
            "data.aws_ssm_parameter.oclient_id",
            "data.aws_ssm_parameter.oclient_secret",
            "data.aws_ssm_parameter.user_agent"
          ],
          "create_before_destroy": true
        }
      ]
    },
    {
      "mode": "managed",
      "type": "aws_lambda_permission",
      "name": "allow_eventbridge_scheduler",
      "provider": "provider[\"registry.terraform.io/hashicorp/aws\"]",
      "instances": [
        {
          "schema_version": 0,
          "attributes": {
            "action": "lambda:InvokeFunction",
            "event_source_token": null,
            "function_name": "recordsw-app-scheduler",
            "function_url_auth_type": null,
            "id": "AllowExecutionFromEventBridge",
            "principal": "events.amazonaws.com",
            "principal_org_id": null,
            "qualifier": "",
            "source_account": null,
            "source_arn": "arn:aws:events:eu-north-1:537928299818:rule/recordsw-app-scheduler-rule",
            "statement_id": "AllowExecutionFromEventBridge",
            "statement_id_prefix": ""
          },
          "sensitive_attributes": [],
          "identity_schema_version": 0,
          "private": "bnVsbA==",
          "dependencies": [
            "aws_cloudwatch_event_rule.scheduler_rule",
            "aws_dynamodb_table.auth_tokens",
            "aws_dynamodb_table.daily_emails",
            "aws_dynamodb_table.driver_notification_jobs",
            "aws_dynamodb_table.map_search_results",
            "aws_dynamodb_table.user_sessions",
            "aws_iam_role.lambda_role",
            "aws_iam_role_policy.lambda_dynamodb_policy",
            "aws_iam_role_policy_attachment.lambda_policy",
            "aws_lambda_function.scheduler",
            "aws_sns_topic.error_notifications",
            "aws_sqs_queue.driver_notification_dlq",
            "aws_sqs_queue.driver_notification_queue",
            "aws_sqs_queue.map_search_dlq",
            "aws_sqs_queue.map_search_queue",
            "aws_sqs_queue.scheduler_dlq",
            "aws_sqs_queue.scheduler_queue",
            "data.aws_ssm_parameter.neon_db_connection_string"
          ]
        }
      ]
    },
    {
      "mode": "managed",
      "type": "aws_lambda_permission",
      "name": "api_gw_lambda_account_names",
      "provider": "provider[\"registry.terraform.io/hashicorp/aws\"]",
      "instances": [
        {
          "schema_version": 0,
          "attributes": {
            "action": "lambda:InvokeFunction",
            "event_source_token": null,
            "function_name": "recordsw-app-account-names",
            "function_url_auth_type": null,
            "id": "AllowExecutionFromAPIGateway",
            "principal": "apigateway.amazonaws.com",
            "principal_org_id": null,
            "qualifier": "",
            "source_account": null,
            "source_arn": "arn:aws:execute-api:eu-north-1:537928299818:9p0qb2bwde/*/*",
            "statement_id": "AllowExecutionFromAPIGateway",
            "statement_id_prefix": ""
          },
          "sensitive_attributes": [],
          "identity_schema_version": 0,
          "private": "bnVsbA==",
          "dependencies": [
            "aws_api_gateway_rest_api.api",
            "aws_dynamodb_table.auth_tokens",
            "aws_dynamodb_table.daily_emails",
            "aws_dynamodb_table.driver_notification_jobs",
            "aws_dynamodb_table.map_search_results",
            "aws_dynamodb_table.user_sessions",
            "aws_iam_role.lambda_role",
            "aws_iam_role_policy.lambda_dynamodb_policy",
            "aws_iam_role_policy_attachment.lambda_policy",
            "aws_lambda_function.account_names",
            "aws_sns_topic.error_notifications",
            "aws_sqs_queue.driver_notification_dlq",
            "aws_sqs_queue.driver_notification_queue",
            "aws_sqs_queue.map_search_dlq",
            "aws_sqs_queue.map_search_queue",
            "aws_sqs_queue.scheduler_dlq",
            "aws_sqs_queue.scheduler_queue",
            "data.aws_ssm_parameter.oclient_id",
            "data.aws_ssm_parameter.oclient_secret"
          ]
        }
      ]
    },
    {
      "mode": "managed",
      "type": "aws_lambda_permission",
      "name": "api_gw_lambda_alerts",
      "provider": "provider[\"registry.terraform.io/hashicorp/aws\"]",
      "instances": [
        {
          "schema_version": 0,
          "attributes": {
            "action": "lambda:InvokeFunction",
            "event_source_token": null,
            "function_name": "recordsw-app-create-alert",
            "function_url_auth_type": null,
            "id": "AllowExecutionFromAPIGateway",
            "principal": "apigateway.amazonaws.com",
            "principal_org_id": null,
            "qualifier": "",
            "source_account": null,
            "source_arn": "arn:aws:execute-api:eu-north-1:537928299818:9p0qb2bwde/*/*",
            "statement_id": "AllowExecutionFromAPIGateway",
            "statement_id_prefix": ""
          },
          "sensitive_attributes": [],
          "identity_schema_version": 0,
          "private": "bnVsbA==",
          "dependencies": [
            "aws_api_gateway_rest_api.api",
            "aws_dynamodb_table.auth_tokens",
            "aws_dynamodb_table.daily_emails",
            "aws_dynamodb_table.driver_notification_jobs",
            "aws_dynamodb_table.map_search_results",
            "aws_dynamodb_table.user_sessions",
            "aws_iam_role.lambda_role",
            "aws_iam_role_policy.lambda_dynamodb_policy",
            "aws_iam_role_policy_attachment.lambda_policy",
            "aws_lambda_function.create_alert",
            "aws_sns_topic.error_notifications",
            "aws_sqs_queue.driver_notification_dlq",
            "aws_sqs_queue.driver_notification_queue",
            "aws_sqs_queue.map_search_dlq",
            "aws_sqs_queue.map_search_queue",
            "aws_sqs_queue.scheduler_dlq",
            "aws_sqs_queue.scheduler_queue",
            "data.aws_ssm_parameter.jwt_secret",
            "data.aws_ssm_parameter.neon_db_connection_string"
          ]
        }
      ]
    },
    {
      "mode": "managed",
      "type": "aws_lambda_permission",
      "name": "api_gw_lambda_driver_notifications",
      "provider": "provider[\"registry.terraform.io/hashicorp/aws\"]",
      "instances": [
        {
          "schema_version": 0,
          "attributes": {
            "action": "lambda:InvokeFunction",
            "event_source_token": null,
            "function_name": "recordsw-app-driver-notifications",
            "function_url_auth_type": null,
            "id": "AllowExecutionFromAPIGateway",
            "principal": "apigateway.amazonaws.com",
            "principal_org_id": null,
            "qualifier": "",
            "source_account": null,
            "source_arn": "arn:aws:execute-api:eu-north-1:537928299818:9p0qb2bwde/*/*",
            "statement_id": "AllowExecutionFromAPIGateway",
            "statement_id_prefix": ""
          },
          "sensitive_attributes": [],
          "identity_schema_version": 0,
          "private": "bnVsbA==",
          "dependencies": [
            "aws_api_gateway_rest_api.api",
            "aws_dynamodb_table.auth_tokens",
            "aws_dynamodb_table.daily_emails",
            "aws_dynamodb_table.driver_notification_jobs",
            "aws_dynamodb_table.map_search_results",
            "aws_dynamodb_table.user_sessions",
            "aws_iam_role.lambda_role",
            "aws_iam_role_policy.lambda_dynamodb_policy",
            "aws_iam_role_policy_attachment.lambda_policy",
            "aws_lambda_function.driver_notifications",
            "aws_sns_topic.error_notifications",
            "aws_sqs_queue.driver_notification_dlq",
            "aws_sqs_queue.driver_notification_queue",
            "aws_sqs_queue.map_search_dlq",
            "aws_sqs_queue.map_search_queue",
            "aws_sqs_queue.scheduler_dlq",
            "aws_sqs_queue.scheduler_queue",
            "data.aws_ssm_parameter.auth_api_url",
            "data.aws_ssm_parameter.authorization",
            "data.aws_ssm_parameter.jwt_secret",
            "data.aws_ssm_parameter.lead_api",
            "data.aws_ssm_parameter.neon_db_connection_string",
            "data.aws_ssm_parameter.oclient_id",
            "data.aws_ssm_parameter.oclient_secret",
            "data.aws_ssm_parameter.user_agent"
          ]
        }
      ]
    },
    {
      "mode": "managed",
      "type": "aws_lambda_permission",
      "name": "api_gw_lambda_get_map_records",
      "provider": "provider[\"registry.terraform.io/hashicorp/aws\"]",
      "instances": [
        {
          "schema_version": 0,
          "attributes": {
            "action": "lambda:InvokeFunction",
            "event_source_token": null,
            "function_name": "recordsw-app-get-map-records",
            "function_url_auth_type": null,
            "id": "AllowExecutionFromAPIGateway",
            "principal": "apigateway.amazonaws.com",
            "principal_org_id": null,
            "qualifier": "",
            "source_account": null,
            "source_arn": "arn:aws:execute-api:eu-north-1:537928299818:9p0qb2bwde/*/*",
            "statement_id": "AllowExecutionFromAPIGateway",
            "statement_id_prefix": ""
          },
          "sensitive_attributes": [],
          "identity_schema_version": 0,
          "private": "bnVsbA==",
          "dependencies": [
            "aws_api_gateway_rest_api.api",
            "aws_dynamodb_table.auth_tokens",
            "aws_dynamodb_table.daily_emails",
            "aws_dynamodb_table.driver_notification_jobs",
            "aws_dynamodb_table.map_search_results",
            "aws_dynamodb_table.user_sessions",
            "aws_iam_role.lambda_role",
            "aws_iam_role_policy.lambda_dynamodb_policy",
            "aws_iam_role_policy_attachment.lambda_policy",
            "aws_lambda_function.get_map_records",
            "aws_sns_topic.error_notifications",
            "aws_sqs_queue.driver_notification_dlq",
            "aws_sqs_queue.driver_notification_queue",
            "aws_sqs_queue.map_search_dlq",
            "aws_sqs_queue.map_search_queue",
            "aws_sqs_queue.scheduler_dlq",
            "aws_sqs_queue.scheduler_queue",
            "data.aws_ssm_parameter.auth_api_url",
            "data.aws_ssm_parameter.authorization",
            "data.aws_ssm_parameter.lead_api",
            "data.aws_ssm_parameter.user_agent"
          ]
        }
      ]
    },
    {
      "mode": "managed",
      "type": "aws_lambda_permission",
      "name": "api_gw_lambda_health",
      "provider": "provider[\"registry.terraform.io/hashicorp/aws\"]",
      "instances": [
        {
          "schema_version": 0,
          "attributes": {
            "action": "lambda:InvokeFunction",
            "event_source_token": null,
            "function_name": "recordsw-app-health",
            "function_url_auth_type": null,
            "id": "AllowExecutionFromAPIGateway",
            "principal": "apigateway.amazonaws.com",
            "principal_org_id": null,
            "qualifier": "",
            "source_account": null,
            "source_arn": "arn:aws:execute-api:eu-north-1:537928299818:9p0qb2bwde/*/*",
            "statement_id": "AllowExecutionFromAPIGateway",
            "statement_id_prefix": ""
          },
          "sensitive_attributes": [],
          "identity_schema_version": 0,
          "private": "bnVsbA==",
          "dependencies": [
            "aws_api_gateway_rest_api.api",
            "aws_dynamodb_table.auth_tokens",
            "aws_dynamodb_table.daily_emails",
            "aws_dynamodb_table.driver_notification_jobs",
            "aws_dynamodb_table.map_search_results",
            "aws_dynamodb_table.user_sessions",
            "aws_iam_role.lambda_role",
            "aws_iam_role_policy.lambda_dynamodb_policy",
            "aws_iam_role_policy_attachment.lambda_policy",
            "aws_lambda_function.health",
            "aws_sns_topic.error_notifications",
            "aws_sqs_queue.driver_notification_dlq",
            "aws_sqs_queue.driver_notification_queue",
            "aws_sqs_queue.map_search_dlq",
            "aws_sqs_queue.map_search_queue",
            "aws_sqs_queue.scheduler_dlq",
            "aws_sqs_queue.scheduler_queue"
          ]
        }
      ]
    },
    {
      "mode": "managed",
      "type": "aws_lambda_permission",
      "name": "api_gw_lambda_job_status",
      "provider": "provider[\"registry.terraform.io/hashicorp/aws\"]",
      "instances": [
        {
          "schema_version": 0,
          "attributes": {
            "action": "lambda:InvokeFunction",
            "event_source_token": null,
            "function_name": "recordsw-app-check-job-status",
            "function_url_auth_type": null,
            "id": "AllowExecutionFromAPIGateway",
            "principal": "apigateway.amazonaws.com",
            "principal_org_id": null,
            "qualifier": "",
            "source_account": null,
            "source_arn": "arn:aws:execute-api:eu-north-1:537928299818:9p0qb2bwde/*/*",
            "statement_id": "AllowExecutionFromAPIGateway",
            "statement_id_prefix": ""
          },
          "sensitive_attributes": [],
          "identity_schema_version": 0,
          "private": "bnVsbA==",
          "dependencies": [
            "aws_api_gateway_rest_api.api",
            "aws_dynamodb_table.auth_tokens",
            "aws_dynamodb_table.daily_emails",
            "aws_dynamodb_table.driver_notification_jobs",
            "aws_dynamodb_table.map_search_results",
            "aws_dynamodb_table.user_sessions",
            "aws_iam_role.lambda_role",
            "aws_iam_role_policy.lambda_dynamodb_policy",
            "aws_iam_role_policy_attachment.lambda_policy",
            "aws_lambda_function.checkJobStatus",
            "aws_sns_topic.error_notifications",
            "aws_sqs_queue.driver_notification_dlq",
            "aws_sqs_queue.driver_notification_queue",
            "aws_sqs_queue.map_search_dlq",
            "aws_sqs_queue.map_search_queue",
            "aws_sqs_queue.scheduler_dlq",
            "aws_sqs_queue.scheduler_queue"
          ]
        }
      ]
    },
    {
      "mode": "managed",
      "type": "aws_lambda_permission",
      "name": "api_gw_lambda_login",
      "provider": "provider[\"registry.terraform.io/hashicorp/aws\"]",
      "instances": [
        {
          "schema_version": 0,
          "attributes": {
            "action": "lambda:InvokeFunction",
            "event_source_token": null,
            "function_name": "recordsw-app-login",
            "function_url_auth_type": null,
            "id": "AllowExecutionFromAPIGateway",
            "principal": "apigateway.amazonaws.com",
            "principal_org_id": null,
            "qualifier": "",
            "source_account": null,
            "source_arn": "arn:aws:execute-api:eu-north-1:537928299818:9p0qb2bwde/*/*",
            "statement_id": "AllowExecutionFromAPIGateway",
            "statement_id_prefix": ""
          },
          "sensitive_attributes": [],
          "identity_schema_version": 0,
          "private": "bnVsbA==",
          "dependencies": [
            "aws_api_gateway_rest_api.api",
            "aws_dynamodb_table.auth_tokens",
            "aws_dynamodb_table.daily_emails",
            "aws_dynamodb_table.driver_notification_jobs",
            "aws_dynamodb_table.map_search_results",
            "aws_dynamodb_table.user_sessions",
            "aws_iam_role.lambda_role",
            "aws_iam_role_policy.lambda_dynamodb_policy",
            "aws_iam_role_policy_attachment.lambda_policy",
            "aws_lambda_function.login",
            "aws_sns_topic.error_notifications",
            "aws_sqs_queue.driver_notification_dlq",
            "aws_sqs_queue.driver_notification_queue",
            "aws_sqs_queue.map_search_dlq",
            "aws_sqs_queue.map_search_queue",
            "aws_sqs_queue.scheduler_dlq",
            "aws_sqs_queue.scheduler_queue",
            "data.aws_ssm_parameter.jwt_secret",
            "data.aws_ssm_parameter.neon_db_connection_string"
          ]
        }
      ]
    },
    {
      "mode": "managed",
      "type": "aws_lambda_permission",
      "name": "api_gw_lambda_logout",
      "provider": "provider[\"registry.terraform.io/hashicorp/aws\"]",
      "instances": [
        {
          "schema_version": 0,
          "attributes": {
            "action": "lambda:InvokeFunction",
            "event_source_token": null,
            "function_name": "recordsw-app-logout",
            "function_url_auth_type": null,
            "id": "AllowExecutionFromAPIGateway",
            "principal": "apigateway.amazonaws.com",
            "principal_org_id": null,
            "qualifier": "",
            "source_account": null,
            "source_arn": "arn:aws:execute-api:eu-north-1:537928299818:9p0qb2bwde/*/*",
            "statement_id": "AllowExecutionFromAPIGateway",
            "statement_id_prefix": ""
          },
          "sensitive_attributes": [],
          "identity_schema_version": 0,
          "private": "bnVsbA==",
          "dependencies": [
            "aws_api_gateway_rest_api.api",
            "aws_dynamodb_table.auth_tokens",
            "aws_dynamodb_table.daily_emails",
            "aws_dynamodb_table.driver_notification_jobs",
            "aws_dynamodb_table.map_search_results",
            "aws_dynamodb_table.user_sessions",
            "aws_iam_role.lambda_role",
            "aws_iam_role_policy.lambda_dynamodb_policy",
            "aws_iam_role_policy_attachment.lambda_policy",
            "aws_lambda_function.logout",
            "aws_sns_topic.error_notifications",
            "aws_sqs_queue.driver_notification_dlq",
            "aws_sqs_queue.driver_notification_queue",
            "aws_sqs_queue.map_search_dlq",
            "aws_sqs_queue.map_search_queue",
            "aws_sqs_queue.scheduler_dlq",
            "aws_sqs_queue.scheduler_queue",
            "data.aws_ssm_parameter.jwt_secret"
          ]
        }
      ]
    },
    {
      "mode": "managed",
      "type": "aws_lambda_permission",
      "name": "api_gw_lambda_map_search_driver",
      "provider": "provider[\"registry.terraform.io/hashicorp/aws\"]",
      "instances": [
        {
          "schema_version": 0,
          "attributes": {
            "action": "lambda:InvokeFunction",
            "event_source_token": null,
            "function_name": "recordsw-app-map-search-driver",
            "function_url_auth_type": null,
            "id": "AllowExecutionFromAPIGateway",
            "principal": "apigateway.amazonaws.com",
            "principal_org_id": null,
            "qualifier": "",
            "source_account": null,
            "source_arn": "arn:aws:execute-api:eu-north-1:537928299818:9p0qb2bwde/*/*",
            "statement_id": "AllowExecutionFromAPIGateway",
            "statement_id_prefix": ""
          },
          "sensitive_attributes": [],
          "identity_schema_version": 0,
          "private": "bnVsbA==",
          "dependencies": [
            "aws_api_gateway_rest_api.api",
            "aws_iam_role.lambda_role",
            "aws_iam_role_policy_attachment.lambda_policy",
            "aws_lambda_function.map_search_driver",
            "data.aws_ssm_parameter.jwt_secret"
          ]
        }
      ]
    },
    {
      "mode": "managed",
      "type": "aws_lambda_permission",
      "name": "api_gw_lambda_maps",
      "provider": "provider[\"registry.terraform.io/hashicorp/aws\"]",
      "instances": [
        {
          "schema_version": 0,
          "attributes": {
            "action": "lambda:InvokeFunction",
            "event_source_token": null,
            "function_name": "recordsw-app-user-maps",
            "function_url_auth_type": null,
            "id": "AllowExecutionFromAPIGateway",
            "principal": "apigateway.amazonaws.com",
            "principal_org_id": null,
            "qualifier": "",
            "source_account": null,
            "source_arn": "arn:aws:execute-api:eu-north-1:537928299818:9p0qb2bwde/*/*",
            "statement_id": "AllowExecutionFromAPIGateway",
            "statement_id_prefix": ""
          },
          "sensitive_attributes": [],
          "identity_schema_version": 0,
          "private": "bnVsbA==",
          "dependencies": [
            "aws_api_gateway_rest_api.api",
            "aws_dynamodb_table.auth_tokens",
            "aws_dynamodb_table.daily_emails",
            "aws_dynamodb_table.driver_notification_jobs",
            "aws_dynamodb_table.map_search_results",
            "aws_dynamodb_table.user_sessions",
            "aws_iam_role.lambda_role",
            "aws_iam_role_policy.lambda_dynamodb_policy",
            "aws_iam_role_policy_attachment.lambda_policy",
            "aws_lambda_function.mapSearch",
            "aws_sns_topic.error_notifications",
            "aws_sqs_queue.driver_notification_dlq",
            "aws_sqs_queue.driver_notification_queue",
            "aws_sqs_queue.map_search_dlq",
            "aws_sqs_queue.map_search_queue",
            "aws_sqs_queue.scheduler_dlq",
            "aws_sqs_queue.scheduler_queue",
            "data.aws_ssm_parameter.auth_api_url",
            "data.aws_ssm_parameter.authorization",
            "data.aws_ssm_parameter.lead_api",
            "data.aws_ssm_parameter.user_agent"
          ]
        }
      ]
    },
    {
      "mode": "managed",
      "type": "aws_lambda_permission",
      "name": "api_gw_lambda_profile",
      "provider": "provider[\"registry.terraform.io/hashicorp/aws\"]",
      "instances": [
        {
          "schema_version": 0,
          "attributes": {
            "action": "lambda:InvokeFunction",
            "event_source_token": null,
            "function_name": "recordsw-app-get-user-profile",
            "function_url_auth_type": null,
            "id": "AllowExecutionFromAPIGateway",
            "principal": "apigateway.amazonaws.com",
            "principal_org_id": null,
            "qualifier": "",
            "source_account": null,
            "source_arn": "arn:aws:execute-api:eu-north-1:537928299818:9p0qb2bwde/*/*",
            "statement_id": "AllowExecutionFromAPIGateway",
            "statement_id_prefix": ""
          },
          "sensitive_attributes": [],
          "identity_schema_version": 0,
          "private": "bnVsbA==",
          "dependencies": [
            "aws_api_gateway_rest_api.api",
            "aws_dynamodb_table.auth_tokens",
            "aws_dynamodb_table.daily_emails",
            "aws_dynamodb_table.driver_notification_jobs",
            "aws_dynamodb_table.map_search_results",
            "aws_dynamodb_table.user_sessions",
            "aws_iam_role.lambda_role",
            "aws_iam_role_policy.lambda_dynamodb_policy",
            "aws_iam_role_policy_attachment.lambda_policy",
            "aws_lambda_function.get_user_profile",
            "aws_sns_topic.error_notifications",
            "aws_sqs_queue.driver_notification_dlq",
            "aws_sqs_queue.driver_notification_queue",
            "aws_sqs_queue.map_search_dlq",
            "aws_sqs_queue.map_search_queue",
            "aws_sqs_queue.scheduler_dlq",
            "aws_sqs_queue.scheduler_queue",
            "data.aws_ssm_parameter.jwt_secret",
            "data.aws_ssm_parameter.neon_db_connection_string"
          ]
        }
      ]
    },
    {
      "mode": "managed",
      "type": "aws_lambda_permission",
      "name": "api_gw_lambda_refresh",
      "provider": "provider[\"registry.terraform.io/hashicorp/aws\"]",
      "instances": [
        {
          "schema_version": 0,
          "attributes": {
            "action": "lambda:InvokeFunction",
            "event_source_token": null,
            "function_name": "recordsw-app-refresh-token",
            "function_url_auth_type": null,
            "id": "AllowExecutionFromAPIGateway",
            "principal": "apigateway.amazonaws.com",
            "principal_org_id": null,
            "qualifier": "",
            "source_account": null,
            "source_arn": "arn:aws:execute-api:eu-north-1:537928299818:9p0qb2bwde/*/*",
            "statement_id": "AllowExecutionFromAPIGateway",
            "statement_id_prefix": ""
          },
          "sensitive_attributes": [],
          "identity_schema_version": 0,
          "private": "bnVsbA==",
          "dependencies": [
            "aws_api_gateway_rest_api.api",
            "aws_dynamodb_table.auth_tokens",
            "aws_dynamodb_table.daily_emails",
            "aws_dynamodb_table.driver_notification_jobs",
            "aws_dynamodb_table.map_search_results",
            "aws_dynamodb_table.user_sessions",
            "aws_iam_role.lambda_role",
            "aws_iam_role_policy.lambda_dynamodb_policy",
            "aws_iam_role_policy_attachment.lambda_policy",
            "aws_lambda_function.refresh_token",
            "aws_sns_topic.error_notifications",
            "aws_sqs_queue.driver_notification_dlq",
            "aws_sqs_queue.driver_notification_queue",
            "aws_sqs_queue.map_search_dlq",
            "aws_sqs_queue.map_search_queue",
            "aws_sqs_queue.scheduler_dlq",
            "aws_sqs_queue.scheduler_queue",
            "data.aws_ssm_parameter.jwt_secret"
          ]
        }
      ]
    },
    {
      "mode": "managed",
      "type": "aws_lambda_permission",
      "name": "api_gw_lambda_register",
      "provider": "provider[\"registry.terraform.io/hashicorp/aws\"]",
      "instances": [
        {
          "schema_version": 0,
          "attributes": {
            "action": "lambda:InvokeFunction",
            "event_source_token": null,
            "function_name": "recordsw-app-register",
            "function_url_auth_type": null,
            "id": "AllowExecutionFromAPIGateway",
            "principal": "apigateway.amazonaws.com",
            "principal_org_id": null,
            "qualifier": "",
            "source_account": null,
            "source_arn": "arn:aws:execute-api:eu-north-1:537928299818:9p0qb2bwde/*/*",
            "statement_id": "AllowExecutionFromAPIGateway",
            "statement_id_prefix": ""
          },
          "sensitive_attributes": [],
          "identity_schema_version": 0,
          "private": "bnVsbA==",
          "dependencies": [
            "aws_api_gateway_rest_api.api",
            "aws_dynamodb_table.auth_tokens",
            "aws_dynamodb_table.daily_emails",
            "aws_dynamodb_table.driver_notification_jobs",
            "aws_dynamodb_table.map_search_results",
            "aws_dynamodb_table.user_sessions",
            "aws_iam_role.lambda_role",
            "aws_iam_role_policy.lambda_dynamodb_policy",
            "aws_iam_role_policy_attachment.lambda_policy",
            "aws_lambda_function.register",
            "aws_sns_topic.error_notifications",
            "aws_sqs_queue.driver_notification_dlq",
            "aws_sqs_queue.driver_notification_queue",
            "aws_sqs_queue.map_search_dlq",
            "aws_sqs_queue.map_search_queue",
            "aws_sqs_queue.scheduler_dlq",
            "aws_sqs_queue.scheduler_queue",
            "data.aws_ssm_parameter.neon_db_connection_string"
          ]
        }
      ]
    },
    {
      "mode": "managed",
      "type": "aws_lambda_permission",
      "name": "api_gw_lambda_test",
      "provider": "provider[\"registry.terraform.io/hashicorp/aws\"]",
      "instances": [
        {
          "schema_version": 0,
          "attributes": {
            "action": "lambda:InvokeFunction",
            "event_source_token": null,
            "function_name": "recordsw-app-test",
            "function_url_auth_type": null,
            "id": "AllowExecutionFromAPIGateway",
            "principal": "apigateway.amazonaws.com",
            "principal_org_id": null,
            "qualifier": "",
            "source_account": null,
            "source_arn": "arn:aws:execute-api:eu-north-1:537928299818:9p0qb2bwde/*/*",
            "statement_id": "AllowExecutionFromAPIGateway",
            "statement_id_prefix": ""
          },
          "sensitive_attributes": [],
          "identity_schema_version": 0,
          "private": "bnVsbA==",
          "dependencies": [
            "aws_api_gateway_rest_api.api",
            "aws_dynamodb_table.auth_tokens",
            "aws_dynamodb_table.daily_emails",
            "aws_dynamodb_table.driver_notification_jobs",
            "aws_dynamodb_table.map_search_results",
            "aws_dynamodb_table.user_sessions",
            "aws_iam_role.lambda_role",
            "aws_iam_role_policy.lambda_dynamodb_policy",
            "aws_iam_role_policy_attachment.lambda_policy",
            "aws_lambda_function.test",
            "aws_sns_topic.error_notifications",
            "aws_sqs_queue.driver_notification_dlq",
            "aws_sqs_queue.driver_notification_queue",
            "aws_sqs_queue.map_search_dlq",
            "aws_sqs_queue.map_search_queue",
            "aws_sqs_queue.scheduler_dlq",
            "aws_sqs_queue.scheduler_queue",
            "data.aws_ssm_parameter.jwt_secret",
            "data.aws_ssm_parameter.neon_db_connection_string"
          ]
        }
      ]
    },
    {
      "mode": "managed",
      "type": "aws_lambda_permission",
      "name": "api_gw_lambda_test_advanced",
      "provider": "provider[\"registry.terraform.io/hashicorp/aws\"]",
      "instances": [
        {
          "schema_version": 0,
          "attributes": {
            "action": "lambda:InvokeFunction",
            "event_source_token": null,
            "function_name": "recordsw-app-test-advanced",
            "function_url_auth_type": null,
            "id": "AllowExecutionFromAPIGateway",
            "principal": "apigateway.amazonaws.com",
            "principal_org_id": null,
            "qualifier": "",
            "source_account": null,
            "source_arn": "arn:aws:execute-api:eu-north-1:537928299818:9p0qb2bwde/*/*",
            "statement_id": "AllowExecutionFromAPIGateway",
            "statement_id_prefix": ""
          },
          "sensitive_attributes": [],
          "identity_schema_version": 0,
          "private": "bnVsbA==",
          "dependencies": [
            "aws_api_gateway_rest_api.api",
            "aws_dynamodb_table.auth_tokens",
            "aws_dynamodb_table.daily_emails",
            "aws_dynamodb_table.driver_notification_jobs",
            "aws_dynamodb_table.map_search_results",
            "aws_dynamodb_table.user_sessions",
            "aws_iam_role.lambda_role",
            "aws_iam_role_policy.lambda_dynamodb_policy",
            "aws_iam_role_policy_attachment.lambda_policy",
            "aws_lambda_function.test_advanced",
            "aws_sns_topic.error_notifications",
            "aws_sqs_queue.driver_notification_dlq",
            "aws_sqs_queue.driver_notification_queue",
            "aws_sqs_queue.map_search_dlq",
            "aws_sqs_queue.map_search_queue",
            "aws_sqs_queue.scheduler_dlq",
            "aws_sqs_queue.scheduler_queue",
            "data.aws_ssm_parameter.jwt_secret",
            "data.aws_ssm_parameter.neon_db_connection_string"
          ]
        }
      ]
    },
    {
      "mode": "managed",
      "type": "aws_lambda_permission",
      "name": "api_gw_lambda_user_search",
      "provider": "provider[\"registry.terraform.io/hashicorp/aws\"]",
      "instances": [
        {
          "schema_version": 0,
          "attributes": {
            "action": "lambda:InvokeFunction",
            "event_source_token": null,
            "function_name": "recordsw-app-user-search",
            "function_url_auth_type": null,
            "id": "AllowExecutionFromAPIGateway",
            "principal": "apigateway.amazonaws.com",
            "principal_org_id": null,
            "qualifier": "",
            "source_account": null,
            "source_arn": "arn:aws:execute-api:eu-north-1:537928299818:9p0qb2bwde/*/*",
            "statement_id": "AllowExecutionFromAPIGateway",
            "statement_id_prefix": ""
          },
          "sensitive_attributes": [],
          "identity_schema_version": 0,
          "private": "bnVsbA==",
          "dependencies": [
            "aws_api_gateway_rest_api.api",
            "aws_iam_role.lambda_role",
            "aws_iam_role_policy_attachment.lambda_policy",
            "aws_lambda_function.user_search"
          ]
        }
      ]
    },
    {
      "mode": "managed",
      "type": "aws_lambda_permission",
      "name": "api_gw_lambda_verify_tm_username",
      "provider": "provider[\"registry.terraform.io/hashicorp/aws\"]",
      "instances": [
        {
          "schema_version": 0,
          "attributes": {
            "action": "lambda:InvokeFunction",
            "event_source_token": null,
            "function_name": "recordsw-app-verify-tm-username",
            "function_url_auth_type": null,
            "id": "AllowExecutionFromAPIGateway",
            "principal": "apigateway.amazonaws.com",
            "principal_org_id": null,
            "qualifier": "",
            "source_account": null,
            "source_arn": "arn:aws:execute-api:eu-north-1:537928299818:9p0qb2bwde/*/*",
            "statement_id": "AllowExecutionFromAPIGateway",
            "statement_id_prefix": ""
          },
          "sensitive_attributes": [],
          "identity_schema_version": 0,
          "private": "bnVsbA==",
          "dependencies": [
            "aws_api_gateway_rest_api.api",
            "aws_dynamodb_table.auth_tokens",
            "aws_dynamodb_table.daily_emails",
            "aws_dynamodb_table.driver_notification_jobs",
            "aws_dynamodb_table.map_search_results",
            "aws_dynamodb_table.user_sessions",
            "aws_iam_role.lambda_role",
            "aws_iam_role_policy.lambda_dynamodb_policy",
            "aws_iam_role_policy_attachment.lambda_policy",
            "aws_lambda_function.verify_tm_username",
            "aws_sns_topic.error_notifications",
            "aws_sqs_queue.driver_notification_dlq",
            "aws_sqs_queue.driver_notification_queue",
            "aws_sqs_queue.map_search_dlq",
            "aws_sqs_queue.map_search_queue",
            "aws_sqs_queue.scheduler_dlq",
            "aws_sqs_queue.scheduler_queue",
            "data.aws_ssm_parameter.auth_api_url",
            "data.aws_ssm_parameter.authorization",
            "data.aws_ssm_parameter.jwt_secret",
            "data.aws_ssm_parameter.neon_db_connection_string",
            "data.aws_ssm_parameter.oclient_id",
            "data.aws_ssm_parameter.oclient_secret",
            "data.aws_ssm_parameter.user_agent"
          ]
        }
      ]
    },
    {
      "mode": "managed",
      "type": "aws_s3_bucket",
      "name": "frontend",
      "provider": "provider[\"registry.terraform.io/hashicorp/aws\"]",
      "instances": [
        {
          "schema_version": 0,
          "attributes": {
            "acceleration_status": "",
            "acl": null,
            "arn": "arn:aws:s3:::recordsw-app-frontend-prod",
            "bucket": "recordsw-app-frontend-prod",
            "bucket_domain_name": "recordsw-app-frontend-prod.s3.amazonaws.com",
            "bucket_prefix": "",
            "bucket_regional_domain_name": "recordsw-app-frontend-prod.s3.eu-north-1.amazonaws.com",
            "cors_rule": [],
            "force_destroy": false,
            "grant": [
              {
                "id": "4b1e2fef6d34afab0fb9f8315d521f08111f5b41192e00f5815370a92e0686df",
                "permissions": [
                  "FULL_CONTROL"
                ],
                "type": "CanonicalUser",
                "uri": ""
              }
            ],
            "hosted_zone_id": "Z3BAZG2TWCNX0D",
            "id": "recordsw-app-frontend-prod",
            "lifecycle_rule": [],
            "logging": [],
            "object_lock_configuration": [],
            "object_lock_enabled": false,
            "policy": "{\"Statement\":[{\"Action\":\"s3:GetObject\",\"Effect\":\"Allow\",\"Principal\":\"*\",\"Resource\":\"arn:aws:s3:::recordsw-app-frontend-prod/*\",\"Sid\":\"PublicReadGetObject\"}],\"Version\":\"2012-10-17\"}",
            "region": "eu-north-1",
            "replication_configuration": [],
            "request_payer": "BucketOwner",
            "server_side_encryption_configuration": [
              {
                "rule": [
                  {
                    "apply_server_side_encryption_by_default": [
                      {
                        "kms_master_key_id": "",
                        "sse_algorithm": "AES256"
                      }
                    ],
                    "bucket_key_enabled": false
                  }
                ]
              }
            ],
            "tags": {},
            "tags_all": {},
            "timeouts": null,
            "versioning": [
              {
                "enabled": true,
                "mfa_delete": false
              }
            ],
            "website": [
              {
                "error_document": "index.html",
                "index_document": "index.html",
                "redirect_all_requests_to": "",
                "routing_rules": ""
              }
            ],
            "website_domain": "s3-website.eu-north-1.amazonaws.com",
            "website_endpoint": "recordsw-app-frontend-prod.s3-website.eu-north-1.amazonaws.com"
          },
          "sensitive_attributes": [],
          "identity_schema_version": 0,
          "private": "eyJlMmJmYjczMC1lY2FhLTExZTYtOGY4OC0zNDM2M2JjN2M0YzAiOnsiY3JlYXRlIjoxMjAwMDAwMDAwMDAwLCJkZWxldGUiOjM2MDAwMDAwMDAwMDAsInJlYWQiOjEyMDAwMDAwMDAwMDAsInVwZGF0ZSI6MTIwMDAwMDAwMDAwMH19"
        }
      ]
    },
    {
      "mode": "managed",
      "type": "aws_s3_bucket_policy",
      "name": "frontend",
      "provider": "provider[\"registry.terraform.io/hashicorp/aws\"]",
      "instances": [
        {
          "schema_version": 0,
          "attributes": {
            "bucket": "recordsw-app-frontend-prod",
            "id": "recordsw-app-frontend-prod",
            "policy": "{\"Statement\":[{\"Action\":\"s3:GetObject\",\"Effect\":\"Allow\",\"Principal\":\"*\",\"Resource\":\"arn:aws:s3:::recordsw-app-frontend-prod/*\",\"Sid\":\"PublicReadGetObject\"}],\"Version\":\"2012-10-17\"}"
          },
          "sensitive_attributes": [],
          "identity_schema_version": 0,
          "private": "bnVsbA==",
          "dependencies": [
            "aws_s3_bucket.frontend",
            "aws_s3_bucket_public_access_block.frontend"
          ]
        }
      ]
    },
    {
      "mode": "managed",
      "type": "aws_s3_bucket_public_access_block",
      "name": "frontend",
      "provider": "provider[\"registry.terraform.io/hashicorp/aws\"]",
      "instances": [
        {
          "schema_version": 0,
          "attributes": {
            "block_public_acls": false,
            "block_public_policy": false,
            "bucket": "recordsw-app-frontend-prod",
            "id": "recordsw-app-frontend-prod",
            "ignore_public_acls": false,
            "restrict_public_buckets": false
          },
          "sensitive_attributes": [],
          "identity_schema_version": 0,
          "private": "bnVsbA==",
          "dependencies": [
            "aws_s3_bucket.frontend"
          ]
        }
      ]
    },
    {
      "mode": "managed",
      "type": "aws_s3_bucket_versioning",
      "name": "frontend",
      "provider": "provider[\"registry.terraform.io/hashicorp/aws\"]",
      "instances": [
        {
          "schema_version": 0,
          "attributes": {
            "bucket": "recordsw-app-frontend-prod",
            "expected_bucket_owner": "",
            "id": "recordsw-app-frontend-prod",
            "mfa": null,
            "versioning_configuration": [
              {
                "mfa_delete": "",
                "status": "Enabled"
              }
            ]
          },
          "sensitive_attributes": [],
          "identity_schema_version": 0,
          "private": "bnVsbA==",
          "dependencies": [
            "aws_s3_bucket.frontend"
          ]
        }
      ]
    },
    {
      "mode": "managed",
      "type": "aws_s3_bucket_website_configuration",
      "name": "frontend",
      "provider": "provider[\"registry.terraform.io/hashicorp/aws\"]",
      "instances": [
        {
          "schema_version": 0,
          "attributes": {
            "bucket": "recordsw-app-frontend-prod",
            "error_document": [
              {
                "key": "index.html"
              }
            ],
            "expected_bucket_owner": "",
            "id": "recordsw-app-frontend-prod",
            "index_document": [
              {
                "suffix": "index.html"
              }
            ],
            "redirect_all_requests_to": [],
            "routing_rule": [],
            "routing_rules": "",
            "website_domain": "s3-website.eu-north-1.amazonaws.com",
            "website_endpoint": "recordsw-app-frontend-prod.s3-website.eu-north-1.amazonaws.com"
          },
          "sensitive_attributes": [],
          "identity_schema_version": 0,
          "private": "bnVsbA==",
          "dependencies": [
            "aws_s3_bucket.frontend"
          ]
        }
      ]
    },
    {
      "mode": "managed",
      "type": "aws_ses_configuration_set",
      "name": "main",
      "provider": "provider[\"registry.terraform.io/hashicorp/aws\"]",
      "instances": [
        {
          "schema_version": 0,
          "attributes": {
            "arn": "arn:aws:ses:eu-north-1:537928299818:configuration-set/recordsw-app-ses-config",
            "delivery_options": [
              {
                "tls_policy": "Require"
              }
            ],
            "id": "recordsw-app-ses-config",
            "last_fresh_start": "0001-01-01T00:00:00Z",
            "name": "recordsw-app-ses-config",
            "reputation_metrics_enabled": true,
            "sending_enabled": true,
            "tracking_options": []
          },
          "sensitive_attributes": [],
          "identity_schema_version": 0,
          "private": "bnVsbA=="
        }
      ]
    },
    {
      "mode": "managed",
      "type": "aws_ses_email_identity",
      "name": "from_email",
      "provider": "provider[\"registry.terraform.io/hashicorp/aws\"]",
      "instances": [
        {
          "schema_version": 0,
          "attributes": {
            "arn": "arn:aws:ses:eu-north-1:537928299818:identity/recordwatchertm@gmail.com",
            "email": "recordwatchertm@gmail.com",
            "id": "recordwatchertm@gmail.com"
          },
          "sensitive_attributes": [
            [
              {
                "type": "get_attr",
                "value": "email"
              }
            ]
          ],
          "identity_schema_version": 0,
          "private": "bnVsbA==",
          "dependencies": [
            "data.aws_ssm_parameter.email_user"
          ]
        }
      ]
    },
    {
      "mode": "managed",
      "type": "aws_ses_event_destination",
      "name": "cloudwatch",
      "provider": "provider[\"registry.terraform.io/hashicorp/aws\"]",
      "instances": [
        {
          "schema_version": 0,
          "attributes": {
            "arn": "arn:aws:ses:eu-north-1:537928299818:configuration-set/recordsw-app-ses-config:event-destination/recordsw-app-ses-cloudwatch",
            "cloudwatch_destination": [
              {
                "default_value": "default",
                "dimension_name": "MessageTag",
                "value_source": "messageTag"
              }
            ],
            "configuration_set_name": "recordsw-app-ses-config",
            "enabled": true,
            "id": "recordsw-app-ses-cloudwatch",
            "kinesis_destination": [],
            "matching_types": [
              "bounce",
              "click",
              "complaint",
              "delivery",
              "open",
              "reject",
              "renderingFailure",
              "send"
            ],
            "name": "recordsw-app-ses-cloudwatch",
            "sns_destination": []
          },
          "sensitive_attributes": [],
          "identity_schema_version": 0,
          "private": "bnVsbA==",
          "dependencies": [
            "aws_ses_configuration_set.main"
          ]
        }
      ]
    },
    {
      "mode": "managed",
      "type": "aws_sfn_state_machine",
      "name": "driver_notification_workflow",
      "provider": "provider[\"registry.terraform.io/hashicorp/aws\"]",
      "instances": [
        {
          "schema_version": 0,
          "attributes": {
            "arn": "arn:aws:states:eu-north-1:537928299818:stateMachine:recordsw-app-driver-notification-workflow",
            "creation_date": "2025-09-11T12:34:24Z",
            "definition": "{\"Comment\":\"Daily Email Workflow - Scheduler creates email body, driver processor adds info, then send\",\"StartAt\":\"ProcessNotifications\",\"States\":{\"CheckStatus\":{\"Catch\":[{\"ErrorEquals\":[\"States.ALL\"],\"Next\":\"StatusCheckFailed\",\"ResultPath\":\"$.error\"}],\"Next\":\"SendEmails\",\"Resource\":\"arn:aws:lambda:eu-north-1:537928299818:function:recordsw-app-driver-notification-status-check\",\"Retry\":[{\"BackoffRate\":2,\"ErrorEquals\":[\"States.ALL\"],\"IntervalSeconds\":2,\"MaxAttempts\":3}],\"Type\":\"Task\"},\"EmailSendFailed\":{\"Cause\":\"Email sending failed\",\"Type\":\"Fail\"},\"ProcessNotifications\":{\"Catch\":[{\"ErrorEquals\":[\"States.ALL\"],\"Next\":\"ProcessNotificationsFailed\",\"ResultPath\":\"$.error\"}],\"Next\":\"CheckStatus\",\"Resource\":\"arn:aws:lambda:eu-north-1:537928299818:function:recordsw-app-driver-notification-processor\",\"Retry\":[{\"BackoffRate\":2,\"ErrorEquals\":[\"States.ALL\"],\"IntervalSeconds\":2,\"MaxAttempts\":3}],\"Type\":\"Task\"},\"ProcessNotificationsFailed\":{\"Cause\":\"Driver notification processing failed\",\"Type\":\"Fail\"},\"SendEmails\":{\"Catch\":[{\"ErrorEquals\":[\"States.ALL\"],\"Next\":\"EmailSendFailed\",\"ResultPath\":\"$.error\"}],\"End\":true,\"Resource\":\"arn:aws:lambda:eu-north-1:537928299818:function:recordsw-app-email-sender\",\"Retry\":[{\"BackoffRate\":2,\"ErrorEquals\":[\"States.ALL\"],\"IntervalSeconds\":2,\"MaxAttempts\":3}],\"Type\":\"Task\"},\"StatusCheckFailed\":{\"Cause\":\"Driver notification status check failed\",\"Type\":\"Fail\"}}}",
            "description": "",
            "encryption_configuration": [
              {
                "kms_data_key_reuse_period_seconds": 0,
                "kms_key_id": "",
                "type": "AWS_OWNED_KEY"
              }
            ],
            "id": "arn:aws:states:eu-north-1:537928299818:stateMachine:recordsw-app-driver-notification-workflow",
            "logging_configuration": [
              {
                "include_execution_data": false,
                "level": "OFF",
                "log_destination": ""
              }
            ],
            "name": "recordsw-app-driver-notification-workflow",
            "name_prefix": "",
            "publish": false,
            "revision_id": "15eaa28a-1e0b-4e5e-9e3d-f4697b87660b",
            "role_arn": "arn:aws:iam::537928299818:role/recordsw-app-step-functions-role",
            "state_machine_version_arn": "",
            "status": "ACTIVE",
            "tags": {
              "Environment": "prod",
              "Name": "recordsw-app-driver-notification-workflow"
            },
            "tags_all": {
              "Environment": "prod",
              "Name": "recordsw-app-driver-notification-workflow"
            },
            "timeouts": null,
            "tracing_configuration": [
              {
                "enabled": false
              }
            ],
            "type": "STANDARD",
            "version_description": null
          },
          "sensitive_attributes": [],
          "identity_schema_version": 0,
          "private": "eyJlMmJmYjczMC1lY2FhLTExZTYtOGY4OC0zNDM2M2JjN2M0YzAiOnsiY3JlYXRlIjozMDAwMDAwMDAwMDAsImRlbGV0ZSI6MzAwMDAwMDAwMDAwLCJ1cGRhdGUiOjYwMDAwMDAwMDAwfX0=",
          "dependencies": [
            "aws_dynamodb_table.auth_tokens",
            "aws_dynamodb_table.daily_emails",
            "aws_dynamodb_table.driver_notification_jobs",
            "aws_dynamodb_table.map_search_results",
            "aws_dynamodb_table.user_sessions",
            "aws_iam_role.lambda_role",
            "aws_iam_role.step_functions_role",
            "aws_iam_role_policy.lambda_dynamodb_policy",
            "aws_iam_role_policy.step_functions_lambda_policy",
            "aws_iam_role_policy_attachment.lambda_policy",
            "aws_lambda_function.driver_notification_processor",
            "aws_lambda_function.driver_notification_status_check",
            "aws_lambda_function.email_sender",
            "aws_sns_topic.error_notifications",
            "aws_sqs_queue.driver_notification_dlq",
            "aws_sqs_queue.driver_notification_queue",
            "aws_sqs_queue.map_search_dlq",
            "aws_sqs_queue.map_search_queue",
            "aws_sqs_queue.scheduler_dlq",
            "aws_sqs_queue.scheduler_queue",
            "data.aws_ssm_parameter.email_user",
            "data.aws_ssm_parameter.lead_api",
            "data.aws_ssm_parameter.neon_db_connection_string",
            "data.aws_ssm_parameter.oclient_id",
            "data.aws_ssm_parameter.oclient_secret"
          ]
        }
      ]
    },
    {
      "mode": "managed",
      "type": "aws_sns_topic",
      "name": "error_notifications",
      "provider": "provider[\"registry.terraform.io/hashicorp/aws\"]",
      "instances": [
        {
          "schema_version": 0,
          "attributes": {
            "application_failure_feedback_role_arn": "",
            "application_success_feedback_role_arn": "",
            "application_success_feedback_sample_rate": 0,
            "archive_policy": "",
            "arn": "arn:aws:sns:eu-north-1:537928299818:recordsw-app-error-notifications",
            "beginning_archive_time": "",
            "content_based_deduplication": false,
            "delivery_policy": "",
            "display_name": "",
            "fifo_throughput_scope": "",
            "fifo_topic": false,
            "firehose_failure_feedback_role_arn": "",
            "firehose_success_feedback_role_arn": "",
            "firehose_success_feedback_sample_rate": 0,
            "http_failure_feedback_role_arn": "",
            "http_success_feedback_role_arn": "",
            "http_success_feedback_sample_rate": 0,
            "id": "arn:aws:sns:eu-north-1:537928299818:recordsw-app-error-notifications",
            "kms_master_key_id": "",
            "lambda_failure_feedback_role_arn": "",
            "lambda_success_feedback_role_arn": "",
            "lambda_success_feedback_sample_rate": 0,
            "name": "recordsw-app-error-notifications",
            "name_prefix": "",
            "owner": "537928299818",
            "policy": "{\"Id\":\"__default_policy_ID\",\"Statement\":[{\"Action\":[\"SNS:GetTopicAttributes\",\"SNS:SetTopicAttributes\",\"SNS:AddPermission\",\"SNS:RemovePermission\",\"SNS:DeleteTopic\",\"SNS:Subscribe\",\"SNS:ListSubscriptionsByTopic\",\"SNS:Publish\"],\"Condition\":{\"StringEquals\":{\"AWS:SourceOwner\":\"537928299818\"}},\"Effect\":\"Allow\",\"Principal\":{\"AWS\":\"*\"},\"Resource\":\"arn:aws:sns:eu-north-1:537928299818:recordsw-app-error-notifications\",\"Sid\":\"__default_statement_ID\"}],\"Version\":\"2008-10-17\"}",
            "signature_version": 0,
            "sqs_failure_feedback_role_arn": "",
            "sqs_success_feedback_role_arn": "",
            "sqs_success_feedback_sample_rate": 0,
            "tags": {
              "Environment": "prod",
              "Purpose": "Lambda Error Monitoring"
            },
            "tags_all": {
              "Environment": "prod",
              "Purpose": "Lambda Error Monitoring"
            },
            "tracing_config": ""
          },
          "sensitive_attributes": [],
          "identity_schema_version": 0,
          "private": "bnVsbA==",
          "create_before_destroy": true
        }
      ]
    },
    {
      "mode": "managed",
      "type": "aws_sns_topic_subscription",
      "name": "error_email",
      "provider": "provider[\"registry.terraform.io/hashicorp/aws\"]",
      "instances": [
        {
          "schema_version": 0,
          "attributes": {
            "arn": "arn:aws:sns:eu-north-1:537928299818:recordsw-app-error-notifications:659115f8-cc57-4957-abf3-ee569322423a",
            "confirmation_timeout_in_minutes": 1,
            "confirmation_was_authenticated": false,
            "delivery_policy": "",
            "endpoint": "fantomass@gmail.com",
            "endpoint_auto_confirms": false,
            "filter_policy": "",
            "filter_policy_scope": "",
            "id": "arn:aws:sns:eu-north-1:537928299818:recordsw-app-error-notifications:659115f8-cc57-4957-abf3-ee569322423a",
            "owner_id": "537928299818",
            "pending_confirmation": false,
            "protocol": "email",
            "raw_message_delivery": false,
            "redrive_policy": "",
            "replay_policy": "",
            "subscription_role_arn": "",
            "topic_arn": "arn:aws:sns:eu-north-1:537928299818:recordsw-app-error-notifications"
          },
          "sensitive_attributes": [
            [
              {
                "type": "get_attr",
                "value": "endpoint"
              }
            ]
          ],
          "identity_schema_version": 0,
          "private": "bnVsbA==",
          "dependencies": [
            "aws_sns_topic.error_notifications",
            "data.aws_ssm_parameter.error_email"
          ]
        }
      ]
    },
    {
      "mode": "managed",
      "type": "aws_sqs_queue",
      "name": "driver_notification_dlq",
      "provider": "provider[\"registry.terraform.io/hashicorp/aws\"]",
      "instances": [
        {
          "schema_version": 0,
          "attributes": {
            "arn": "arn:aws:sqs:eu-north-1:537928299818:recordsw-app-driver-notification-dlq",
            "content_based_deduplication": false,
            "deduplication_scope": "",
            "delay_seconds": 0,
            "fifo_queue": false,
            "fifo_throughput_limit": "",
            "id": "https://sqs.eu-north-1.amazonaws.com/537928299818/recordsw-app-driver-notification-dlq",
            "kms_data_key_reuse_period_seconds": 300,
            "kms_master_key_id": "",
            "max_message_size": 262144,
            "message_retention_seconds": 1209600,
            "name": "recordsw-app-driver-notification-dlq",
            "name_prefix": "",
            "policy": "",
            "receive_wait_time_seconds": 0,
            "redrive_allow_policy": "",
            "redrive_policy": "",
            "sqs_managed_sse_enabled": true,
            "tags": {
              "Environment": "prod",
              "Name": "recordsw-app-driver-notification-dlq"
            },
            "tags_all": {
              "Environment": "prod",
              "Name": "recordsw-app-driver-notification-dlq"
            },
            "timeouts": null,
            "url": "https://sqs.eu-north-1.amazonaws.com/537928299818/recordsw-app-driver-notification-dlq",
            "visibility_timeout_seconds": 30
          },
          "sensitive_attributes": [],
          "identity_schema_version": 0,
          "private": "eyJlMmJmYjczMC1lY2FhLTExZTYtOGY4OC0zNDM2M2JjN2M0YzAiOnsiY3JlYXRlIjoxODAwMDAwMDAwMDAsImRlbGV0ZSI6MTgwMDAwMDAwMDAwLCJ1cGRhdGUiOjE4MDAwMDAwMDAwMH19",
          "create_before_destroy": true
        }
      ]
    },
    {
      "mode": "managed",
      "type": "aws_sqs_queue",
      "name": "driver_notification_queue",
      "provider": "provider[\"registry.terraform.io/hashicorp/aws\"]",
      "instances": [
        {
          "schema_version": 0,
          "attributes": {
            "arn": "arn:aws:sqs:eu-north-1:537928299818:recordsw-app-driver-notification-queue",
            "content_based_deduplication": false,
            "deduplication_scope": "",
            "delay_seconds": 0,
            "fifo_queue": false,
            "fifo_throughput_limit": "",
            "id": "https://sqs.eu-north-1.amazonaws.com/537928299818/recordsw-app-driver-notification-queue",
            "kms_data_key_reuse_period_seconds": 300,
            "kms_master_key_id": "",
            "max_message_size": 262144,
            "message_retention_seconds": 1209600,
            "name": "recordsw-app-driver-notification-queue",
            "name_prefix": "",
            "policy": "",
            "receive_wait_time_seconds": 20,
            "redrive_allow_policy": "",
            "redrive_policy": "{\"deadLetterTargetArn\":\"arn:aws:sqs:eu-north-1:537928299818:recordsw-app-driver-notification-dlq\",\"maxReceiveCount\":3}",
            "sqs_managed_sse_enabled": true,
            "tags": {
              "Environment": "prod",
              "Name": "recordsw-app-driver-notification-queue"
            },
            "tags_all": {
              "Environment": "prod",
              "Name": "recordsw-app-driver-notification-queue"
            },
            "timeouts": null,
            "url": "https://sqs.eu-north-1.amazonaws.com/537928299818/recordsw-app-driver-notification-queue",
            "visibility_timeout_seconds": 960
          },
          "sensitive_attributes": [],
          "identity_schema_version": 0,
          "private": "eyJlMmJmYjczMC1lY2FhLTExZTYtOGY4OC0zNDM2M2JjN2M0YzAiOnsiY3JlYXRlIjoxODAwMDAwMDAwMDAsImRlbGV0ZSI6MTgwMDAwMDAwMDAwLCJ1cGRhdGUiOjE4MDAwMDAwMDAwMH19",
          "dependencies": [
            "aws_sqs_queue.driver_notification_dlq"
          ],
          "create_before_destroy": true
        }
      ]
    },
    {
      "mode": "managed",
      "type": "aws_sqs_queue",
      "name": "map_search_dlq",
      "provider": "provider[\"registry.terraform.io/hashicorp/aws\"]",
      "instances": [
        {
          "schema_version": 0,
          "attributes": {
            "arn": "arn:aws:sqs:eu-north-1:537928299818:recordsw-app-map-search-dlq",
            "content_based_deduplication": false,
            "deduplication_scope": "",
            "delay_seconds": 0,
            "fifo_queue": false,
            "fifo_throughput_limit": "",
            "id": "https://sqs.eu-north-1.amazonaws.com/537928299818/recordsw-app-map-search-dlq",
            "kms_data_key_reuse_period_seconds": 300,
            "kms_master_key_id": "",
            "max_message_size": 262144,
            "message_retention_seconds": 1209600,
            "name": "recordsw-app-map-search-dlq",
            "name_prefix": "",
            "policy": "",
            "receive_wait_time_seconds": 0,
            "redrive_allow_policy": "",
            "redrive_policy": "",
            "sqs_managed_sse_enabled": true,
            "tags": {
              "Environment": "prod",
              "Name": "recordsw-app-map-search-dlq"
            },
            "tags_all": {
              "Environment": "prod",
              "Name": "recordsw-app-map-search-dlq"
            },
            "timeouts": null,
            "url": "https://sqs.eu-north-1.amazonaws.com/537928299818/recordsw-app-map-search-dlq",
            "visibility_timeout_seconds": 30
          },
          "sensitive_attributes": [],
          "identity_schema_version": 0,
          "private": "eyJlMmJmYjczMC1lY2FhLTExZTYtOGY4OC0zNDM2M2JjN2M0YzAiOnsiY3JlYXRlIjoxODAwMDAwMDAwMDAsImRlbGV0ZSI6MTgwMDAwMDAwMDAwLCJ1cGRhdGUiOjE4MDAwMDAwMDAwMH19",
          "create_before_destroy": true
        }
      ]
    },
    {
      "mode": "managed",
      "type": "aws_sqs_queue",
      "name": "map_search_queue",
      "provider": "provider[\"registry.terraform.io/hashicorp/aws\"]",
      "instances": [
        {
          "schema_version": 0,
          "attributes": {
            "arn": "arn:aws:sqs:eu-north-1:537928299818:recordsw-app-map-search-queue",
            "content_based_deduplication": false,
            "deduplication_scope": "",
            "delay_seconds": 0,
            "fifo_queue": false,
            "fifo_throughput_limit": "",
            "id": "https://sqs.eu-north-1.amazonaws.com/537928299818/recordsw-app-map-search-queue",
            "kms_data_key_reuse_period_seconds": 300,
            "kms_master_key_id": "",
            "max_message_size": 262144,
            "message_retention_seconds": 1209600,
            "name": "recordsw-app-map-search-queue",
            "name_prefix": "",
            "policy": "{\"Statement\":[{\"Action\":[\"sqs:SendMessage\",\"sqs:ReceiveMessage\",\"sqs:DeleteMessage\",\"sqs:GetQueueAttributes\"],\"Effect\":\"Allow\",\"Principal\":{\"Service\":\"lambda.amazonaws.com\"},\"Resource\":[\"arn:aws:sqs:eu-north-1:537928299818:recordsw-app-map-search-queue\",\"arn:aws:sqs:eu-north-1:537928299818:recordsw-app-map-search-dlq\"]}],\"Version\":\"2012-10-17\"}",
            "receive_wait_time_seconds": 20,
            "redrive_allow_policy": "",
            "redrive_policy": "{\"deadLetterTargetArn\":\"arn:aws:sqs:eu-north-1:537928299818:recordsw-app-map-search-dlq\",\"maxReceiveCount\":3}",
            "sqs_managed_sse_enabled": true,
            "tags": {
              "Environment": "prod",
              "Name": "recordsw-app-map-search-queue"
            },
            "tags_all": {
              "Environment": "prod",
              "Name": "recordsw-app-map-search-queue"
            },
            "timeouts": null,
            "url": "https://sqs.eu-north-1.amazonaws.com/537928299818/recordsw-app-map-search-queue",
            "visibility_timeout_seconds": 960
          },
          "sensitive_attributes": [],
          "identity_schema_version": 0,
          "private": "eyJlMmJmYjczMC1lY2FhLTExZTYtOGY4OC0zNDM2M2JjN2M0YzAiOnsiY3JlYXRlIjoxODAwMDAwMDAwMDAsImRlbGV0ZSI6MTgwMDAwMDAwMDAwLCJ1cGRhdGUiOjE4MDAwMDAwMDAwMH19",
          "dependencies": [
            "aws_sqs_queue.map_search_dlq"
          ],
          "create_before_destroy": true
        }
      ]
    },
    {
      "mode": "managed",
      "type": "aws_sqs_queue",
      "name": "scheduler_dlq",
      "provider": "provider[\"registry.terraform.io/hashicorp/aws\"]",
      "instances": [
        {
          "schema_version": 0,
          "attributes": {
            "arn": "arn:aws:sqs:eu-north-1:537928299818:recordsw-app-scheduler-dlq",
            "content_based_deduplication": false,
            "deduplication_scope": "",
            "delay_seconds": 0,
            "fifo_queue": false,
            "fifo_throughput_limit": "",
            "id": "https://sqs.eu-north-1.amazonaws.com/537928299818/recordsw-app-scheduler-dlq",
            "kms_data_key_reuse_period_seconds": 300,
            "kms_master_key_id": "",
            "max_message_size": 262144,
            "message_retention_seconds": 1209600,
            "name": "recordsw-app-scheduler-dlq",
            "name_prefix": "",
            "policy": "",
            "receive_wait_time_seconds": 0,
            "redrive_allow_policy": "",
            "redrive_policy": "",
            "sqs_managed_sse_enabled": true,
            "tags": {
              "Environment": "prod",
              "Name": "recordsw-app-scheduler-dlq"
            },
            "tags_all": {
              "Environment": "prod",
              "Name": "recordsw-app-scheduler-dlq"
            },
            "timeouts": null,
            "url": "https://sqs.eu-north-1.amazonaws.com/537928299818/recordsw-app-scheduler-dlq",
            "visibility_timeout_seconds": 30
          },
          "sensitive_attributes": [],
          "identity_schema_version": 0,
          "private": "eyJlMmJmYjczMC1lY2FhLTExZTYtOGY4OC0zNDM2M2JjN2M0YzAiOnsiY3JlYXRlIjoxODAwMDAwMDAwMDAsImRlbGV0ZSI6MTgwMDAwMDAwMDAwLCJ1cGRhdGUiOjE4MDAwMDAwMDAwMH19",
          "create_before_destroy": true
        }
      ]
    },
    {
      "mode": "managed",
      "type": "aws_sqs_queue",
      "name": "scheduler_queue",
      "provider": "provider[\"registry.terraform.io/hashicorp/aws\"]",
      "instances": [
        {
          "schema_version": 0,
          "attributes": {
            "arn": "arn:aws:sqs:eu-north-1:537928299818:recordsw-app-scheduler-queue",
            "content_based_deduplication": false,
            "deduplication_scope": "",
            "delay_seconds": 0,
            "fifo_queue": false,
            "fifo_throughput_limit": "",
            "id": "https://sqs.eu-north-1.amazonaws.com/537928299818/recordsw-app-scheduler-queue",
            "kms_data_key_reuse_period_seconds": 300,
            "kms_master_key_id": "",
            "max_message_size": 262144,
            "message_retention_seconds": 1209600,
            "name": "recordsw-app-scheduler-queue",
            "name_prefix": "",
            "policy": "",
            "receive_wait_time_seconds": 20,
            "redrive_allow_policy": "",
            "redrive_policy": "{\"deadLetterTargetArn\":\"arn:aws:sqs:eu-north-1:537928299818:recordsw-app-scheduler-dlq\",\"maxReceiveCount\":3}",
            "sqs_managed_sse_enabled": true,
            "tags": {
              "Environment": "prod",
              "Name": "recordsw-app-scheduler-queue"
            },
            "tags_all": {
              "Environment": "prod",
              "Name": "recordsw-app-scheduler-queue"
            },
            "timeouts": null,
            "url": "https://sqs.eu-north-1.amazonaws.com/537928299818/recordsw-app-scheduler-queue",
            "visibility_timeout_seconds": 960
          },
          "sensitive_attributes": [],
          "identity_schema_version": 0,
          "private": "eyJlMmJmYjczMC1lY2FhLTExZTYtOGY4OC0zNDM2M2JjN2M0YzAiOnsiY3JlYXRlIjoxODAwMDAwMDAwMDAsImRlbGV0ZSI6MTgwMDAwMDAwMDAwLCJ1cGRhdGUiOjE4MDAwMDAwMDAwMH19",
          "dependencies": [
            "aws_sqs_queue.scheduler_dlq"
          ],
          "create_before_destroy": true
        }
      ]
    },
    {
      "mode": "managed",
      "type": "aws_sqs_queue_policy",
      "name": "map_search_queue_policy",
      "provider": "provider[\"registry.terraform.io/hashicorp/aws\"]",
      "instances": [
        {
          "schema_version": 1,
          "attributes": {
            "id": "https://sqs.eu-north-1.amazonaws.com/537928299818/recordsw-app-map-search-queue",
            "policy": "{\"Statement\":[{\"Action\":[\"sqs:SendMessage\",\"sqs:ReceiveMessage\",\"sqs:DeleteMessage\",\"sqs:GetQueueAttributes\"],\"Effect\":\"Allow\",\"Principal\":{\"Service\":\"lambda.amazonaws.com\"},\"Resource\":[\"arn:aws:sqs:eu-north-1:537928299818:recordsw-app-map-search-queue\",\"arn:aws:sqs:eu-north-1:537928299818:recordsw-app-map-search-dlq\"]}],\"Version\":\"2012-10-17\"}",
            "queue_url": "https://sqs.eu-north-1.amazonaws.com/537928299818/recordsw-app-map-search-queue"
          },
          "sensitive_attributes": [],
          "identity_schema_version": 0,
          "private": "eyJzY2hlbWFfdmVyc2lvbiI6IjEifQ==",
          "dependencies": [
            "aws_sqs_queue.map_search_dlq",
            "aws_sqs_queue.map_search_queue"
          ]
        }
      ]
    }
  ],
  "check_results": null
}
